{
  "version": 4,
  "terraform_version": "1.3.7",
  "serial": 297,
  "lineage": "907504b7-4f3c-6299-1f8a-8304281bd058",
  "outputs": {},
  "resources": [
    {
      "mode": "data",
      "type": "azurerm_client_config",
      "name": "current",
      "provider": "provider[\"registry.terraform.io/hashicorp/azurerm\"]",
      "instances": [
        {
          "schema_version": 0,
          "attributes": {
            "client_id": "04b07795-8ddb-461a-bbee-02f9e1bf7b46",
            "id": "Y2xpZW50Q29uZmlncy9jbGllbnRJZD0wNGIwNzc5NS04ZGRiLTQ2MWEtYmJlZS0wMmY5ZTFiZjdiNDY7b2JqZWN0SWQ9ZmUxYjU1YjQtNjRiMS00NDkwLTkwZmItYzc3YmZhNGYzMTAwO3N1YnNjcmlwdGlvbklkPTQxZGFmZTJlLTAxMDgtNGRkMC04MjdmLTUxMTBiMGYwNTM4ZDt0ZW5hbnRJZD0yZDBkNWZjMi1kNWM0LTQ4ODktYjk5MS00Y2YyYjllODNiYzI=",
            "object_id": "fe1b55b4-64b1-4490-90fb-c77bfa4f3100",
            "subscription_id": "41dafe2e-0108-4dd0-827f-5110b0f0538d",
            "tenant_id": "2d0d5fc2-d5c4-4889-b991-4cf2b9e83bc2",
            "timeouts": null
          },
          "sensitive_attributes": []
        }
      ]
    },
    {
      "mode": "data",
      "type": "azurerm_key_vault",
      "name": "myKV",
      "provider": "provider[\"registry.terraform.io/hashicorp/azurerm\"]",
      "instances": [
        {
          "schema_version": 0,
          "attributes": {
            "access_policy": [
              {
                "application_id": "",
                "certificate_permissions": [
                  "all"
                ],
                "key_permissions": [
                  "all"
                ],
                "object_id": "fe1b55b4-64b1-4490-90fb-c77bfa4f3100",
                "secret_permissions": [
                  "all"
                ],
                "storage_permissions": [
                  "all"
                ],
                "tenant_id": "2d0d5fc2-d5c4-4889-b991-4cf2b9e83bc2"
              }
            ],
            "enable_rbac_authorization": false,
            "enabled_for_deployment": false,
            "enabled_for_disk_encryption": false,
            "enabled_for_template_deployment": false,
            "id": "/subscriptions/41dafe2e-0108-4dd0-827f-5110b0f0538d/resourceGroups/CAZ-RCWPAVD-P-RGP-KV/providers/Microsoft.KeyVault/vaults/CAZ-VMKV-P-DKV-VM43",
            "location": "usgovvirginia",
            "name": "CAZ-VMKV-P-DKV-VM43",
            "network_acls": [],
            "public_network_access_enabled": true,
            "purge_protection_enabled": false,
            "resource_group_name": "CAZ-RCWPAVD-P-RGP-KV",
            "sku_name": "standard",
            "tags": {},
            "tenant_id": "2d0d5fc2-d5c4-4889-b991-4cf2b9e83bc2",
            "timeouts": null,
            "vault_uri": "https://caz-vmkv-p-dkv-vm43.vault.usgovcloudapi.net/"
          },
          "sensitive_attributes": []
        }
      ]
    },
    {
      "mode": "data",
      "type": "azurerm_key_vault_secret",
      "name": "vmPW",
      "provider": "provider[\"registry.terraform.io/hashicorp/azurerm\"]",
      "instances": [
        {
          "schema_version": 0,
          "attributes": {
            "content_type": "",
            "expiration_date": null,
            "id": "https://caz-vmkv-p-dkv-vm43.vault.usgovcloudapi.net/secrets/VMPassword/f8a41df0591b49c8a08b4d9b3494e0c0",
            "key_vault_id": "/subscriptions/41dafe2e-0108-4dd0-827f-5110b0f0538d/resourceGroups/CAZ-RCWPAVD-P-RGP-KV/providers/Microsoft.KeyVault/vaults/CAZ-VMKV-P-DKV-VM43",
            "name": "VMPassword",
            "not_before_date": null,
            "resource_id": "/subscriptions/41dafe2e-0108-4dd0-827f-5110b0f0538d/resourceGroups/CAZ-RCWPAVD-P-RGP-KV/providers/Microsoft.KeyVault/vaults/CAZ-VMKV-P-DKV-VM43/secrets/VMPassword/versions/f8a41df0591b49c8a08b4d9b3494e0c0",
            "resource_versionless_id": "/subscriptions/41dafe2e-0108-4dd0-827f-5110b0f0538d/resourceGroups/CAZ-RCWPAVD-P-RGP-KV/providers/Microsoft.KeyVault/vaults/CAZ-VMKV-P-DKV-VM43/secrets/VMPassword",
            "tags": {
              "file-encoding": "utf-8"
            },
            "timeouts": null,
            "value": "1qaz!QAZ2wsx@WSX",
            "version": "f8a41df0591b49c8a08b4d9b3494e0c0",
            "versionless_id": "https://caz-vmkv-p-dkv-vm43.vault.usgovcloudapi.net/secrets/VMPassword"
          },
          "sensitive_attributes": []
        }
      ]
    },
    {
      "mode": "data",
      "type": "azurerm_log_analytics_workspace",
      "name": "log_analytics_workspace",
      "provider": "provider[\"registry.terraform.io/hashicorp/azurerm\"]",
      "instances": [
        {
          "schema_version": 0,
          "attributes": {
            "daily_quota_gb": -1,
            "id": "/subscriptions/41dafe2e-0108-4dd0-827f-5110b0f0538d/resourceGroups/CAZ-RCWPAVD-P-RGP-LAW-RG/providers/Microsoft.OperationalInsights/workspaces/CAZ-RCWPAVD-P-RGP-LAW-01",
            "location": "usgovvirginia",
            "name": "CAZ-RCWPAVD-P-RGP-LAW-01",
            "primary_shared_key": "tmPX5J9cvDhTVQnvfvrppS6O5vC4iVhaOyTTP4vuNgLLltZv79Zzp1FiM3LkUx3ozIIIFusv8xXDPriVljThaA==",
            "resource_group_name": "CAZ-RCWPAVD-P-RGP-LAW-RG",
            "retention_in_days": 30,
            "secondary_shared_key": "g6VH8vPhPD0uqDHfT+3O+Biu7qbc+PvLE6zyF7PrB1YNXgh4zOrGe8LcGxMmeMMTvnFwRd6MpR0lZ3gydeUeCA==",
            "sku": "pergb2018",
            "tags": {},
            "timeouts": null,
            "workspace_id": "2094c0ff-1ff5-4136-94d5-20e87bce4405"
          },
          "sensitive_attributes": []
        }
      ]
    },
    {
      "mode": "data",
      "type": "azurerm_virtual_network",
      "name": "vnet",
      "provider": "provider[\"registry.terraform.io/hashicorp/azurerm\"]",
      "instances": [
        {
          "schema_version": 0,
          "attributes": {
            "address_space": [
              "10.49.0.0/16"
            ],
            "dns_servers": null,
            "guid": "28ee067f-62a5-4e24-a81b-dfb311e93c38",
            "id": "/subscriptions/41dafe2e-0108-4dd0-827f-5110b0f0538d/resourceGroups/CAZ-MANAGE-P-RGP-CrossTenant/providers/Microsoft.Network/virtualNetworks/CAZ-MANAGE-P-RCWPAVD-EAST-VNET",
            "location": "usgovvirginia",
            "name": "CAZ-MANAGE-P-RCWPAVD-EAST-VNET",
            "resource_group_name": "CAZ-MANAGE-P-RGP-CrossTenant",
            "subnets": [
              "vGFE-Virginia-vNext-Subnet-3",
              "vGFE-Virginia-vNext-Subnet-0",
              "vGFE-Virginia-vNext-Subnet-1",
              "vGFE-Virginia-vNext-Subnet-2"
            ],
            "tags": {},
            "timeouts": null,
            "vnet_peerings": {},
            "vnet_peerings_addresses": []
          },
          "sensitive_attributes": []
        }
      ]
    },
    {
      "mode": "managed",
      "type": "random_string",
      "name": "random",
      "provider": "provider[\"registry.terraform.io/hashicorp/random\"]",
      "instances": [
        {
          "schema_version": 2,
          "attributes": {
            "id": "gsrcs",
            "keepers": null,
            "length": 5,
            "lower": true,
            "min_lower": 0,
            "min_numeric": 0,
            "min_special": 0,
            "min_upper": 0,
            "number": true,
            "numeric": true,
            "override_special": null,
            "result": "gsrcs",
            "special": false,
            "upper": false
          },
          "sensitive_attributes": []
        }
      ]
    },
    {
      "mode": "managed",
      "type": "time_rotating",
      "name": "avd_registration_expiration",
      "provider": "provider[\"registry.terraform.io/hashicorp/time\"]",
      "instances": [
        {
          "schema_version": 0,
          "attributes": {
            "day": 8,
            "hour": 10,
            "id": "2023-06-08T10:06:46Z",
            "minute": 6,
            "month": 7,
            "rfc3339": "2023-06-08T10:06:46Z",
            "rotation_days": 30,
            "rotation_hours": null,
            "rotation_minutes": null,
            "rotation_months": null,
            "rotation_rfc3339": "2023-07-08T10:06:46Z",
            "rotation_years": null,
            "second": 46,
            "triggers": null,
            "unix": 1688810806,
            "year": 2023
          },
          "sensitive_attributes": []
        }
      ]
    },
    {
      "module": "module.hostpool_ga[0]",
      "mode": "managed",
      "type": "azurerm_monitor_diagnostic_setting",
      "name": "avd-logs",
      "provider": "provider[\"registry.terraform.io/hashicorp/azurerm\"]",
      "instances": [
        {
          "schema_version": 0,
          "attributes": {
            "enabled_log": [
              {
                "category": "AgentHealthStatus",
                "category_group": "",
                "retention_policy": [
                  {
                    "days": 0,
                    "enabled": false
                  }
                ]
              },
              {
                "category": "Checkpoint",
                "category_group": "",
                "retention_policy": [
                  {
                    "days": 0,
                    "enabled": false
                  }
                ]
              },
              {
                "category": "Connection",
                "category_group": "",
                "retention_policy": [
                  {
                    "days": 0,
                    "enabled": false
                  }
                ]
              },
              {
                "category": "Error",
                "category_group": "",
                "retention_policy": [
                  {
                    "days": 0,
                    "enabled": false
                  }
                ]
              },
              {
                "category": "HostRegistration",
                "category_group": "",
                "retention_policy": [
                  {
                    "days": 0,
                    "enabled": false
                  }
                ]
              },
              {
                "category": "Management",
                "category_group": "",
                "retention_policy": [
                  {
                    "days": 0,
                    "enabled": false
                  }
                ]
              },
              {
                "category": "NetworkData",
                "category_group": "",
                "retention_policy": [
                  {
                    "days": 0,
                    "enabled": false
                  }
                ]
              },
              {
                "category": "SessionHostManagement",
                "category_group": "",
                "retention_policy": [
                  {
                    "days": 0,
                    "enabled": false
                  }
                ]
              }
            ],
            "eventhub_authorization_rule_id": "",
            "eventhub_name": "",
            "id": "/subscriptions/41dafe2e-0108-4dd0-827f-5110b0f0538d/resourceGroups/AVD-VA-011-1-RG/providers/Microsoft.DesktopVirtualization/hostPools/AVD-VA-011-1-HP-GA|AVD-VA-011-1-HP-GAdiag-prod-avd.hp",
            "log": [
              {
                "category": "AgentHealthStatus",
                "category_group": "",
                "enabled": true,
                "retention_policy": [
                  {
                    "days": 0,
                    "enabled": false
                  }
                ]
              },
              {
                "category": "Checkpoint",
                "category_group": "",
                "enabled": true,
                "retention_policy": [
                  {
                    "days": 0,
                    "enabled": false
                  }
                ]
              },
              {
                "category": "Connection",
                "category_group": "",
                "enabled": true,
                "retention_policy": [
                  {
                    "days": 0,
                    "enabled": false
                  }
                ]
              },
              {
                "category": "Error",
                "category_group": "",
                "enabled": true,
                "retention_policy": [
                  {
                    "days": 0,
                    "enabled": false
                  }
                ]
              },
              {
                "category": "HostRegistration",
                "category_group": "",
                "enabled": true,
                "retention_policy": [
                  {
                    "days": 0,
                    "enabled": false
                  }
                ]
              },
              {
                "category": "Management",
                "category_group": "",
                "enabled": true,
                "retention_policy": [
                  {
                    "days": 0,
                    "enabled": false
                  }
                ]
              },
              {
                "category": "NetworkData",
                "category_group": "",
                "enabled": true,
                "retention_policy": [
                  {
                    "days": 0,
                    "enabled": false
                  }
                ]
              },
              {
                "category": "SessionHostManagement",
                "category_group": "",
                "enabled": true,
                "retention_policy": [
                  {
                    "days": 0,
                    "enabled": false
                  }
                ]
              }
            ],
            "log_analytics_destination_type": "",
            "log_analytics_workspace_id": "/subscriptions/41dafe2e-0108-4dd0-827f-5110b0f0538d/resourceGroups/CAZ-RCWPAVD-P-RGP-LAW-RG/providers/Microsoft.OperationalInsights/workspaces/CAZ-RCWPAVD-P-RGP-LAW-01",
            "metric": [],
            "name": "AVD-VA-011-1-HP-GAdiag-prod-avd.hp",
            "partner_solution_id": null,
            "storage_account_id": null,
            "target_resource_id": "/subscriptions/41dafe2e-0108-4dd0-827f-5110b0f0538d/resourceGroups/AVD-VA-011-1-RG/providers/Microsoft.DesktopVirtualization/hostPools/AVD-VA-011-1-HP-GA",
            "timeouts": null
          },
          "sensitive_attributes": [],
          "private": "eyJlMmJmYjczMC1lY2FhLTExZTYtOGY4OC0zNDM2M2JjN2M0YzAiOnsiY3JlYXRlIjoxODAwMDAwMDAwMDAwLCJkZWxldGUiOjM2MDAwMDAwMDAwMDAsInJlYWQiOjMwMDAwMDAwMDAwMCwidXBkYXRlIjoxODAwMDAwMDAwMDAwfX0=",
          "dependencies": [
            "data.azurerm_log_analytics_workspace.log_analytics_workspace",
            "module.hostpool_ga.azurerm_virtual_desktop_host_pool.hostpool",
            "module.rg-avd.azurerm_resource_group.myRGs"
          ]
        }
      ]
    },
    {
      "module": "module.hostpool_ga[0]",
      "mode": "managed",
      "type": "azurerm_virtual_desktop_host_pool",
      "name": "hostpool",
      "provider": "provider[\"registry.terraform.io/hashicorp/azurerm\"]",
      "instances": [
        {
          "schema_version": 1,
          "attributes": {
            "custom_rdp_properties": "targetisaadjoined:i:1;authentication level:i:0;enablerdsaadauth:i:1;audiocapturemode:i:1;audiomode:i:0;encode redirected video capture:i:1;redirectclipboard:i:0;redirectprinters:i:0;usbdevicestoredirect:s:;redirectsmartcards:i:1;camerastoredirect:s:*;drivestoredirect:s:;screen mode id:i:1;smart sizing:i:1;dynamic resolution:i:1;bandwidthautodetect:i:1;networkautodetect:i:1;compression:i:1;videoplaybackmode:i:1;redirectlocation:i:1;redirectwebauthn:i:1;autoreconnection enabled:i:1;redirectcomports:i:0;keyboardhook:i:1;devicestoredirect:s:;",
            "description": "",
            "friendly_name": "",
            "id": "/subscriptions/41dafe2e-0108-4dd0-827f-5110b0f0538d/resourceGroups/AVD-VA-011-1-RG/providers/Microsoft.DesktopVirtualization/hostPools/AVD-VA-011-1-HP-GA",
            "load_balancer_type": "BreadthFirst",
            "location": "usgovvirginia",
            "maximum_sessions_allowed": 20,
            "name": "AVD-VA-011-1-HP-GA",
            "personal_desktop_assignment_type": "",
            "preferred_app_group_type": "Desktop",
            "resource_group_name": "AVD-VA-011-1-RG",
            "scheduled_agent_updates": [
              {
                "enabled": true,
                "schedule": [
                  {
                    "day_of_week": "Saturday",
                    "hour_of_day": 2
                  }
                ],
                "timezone": "UTC",
                "use_session_host_timezone": false
              }
            ],
            "start_vm_on_connect": true,
            "tags": {},
            "timeouts": null,
            "type": "Pooled",
            "validate_environment": false
          },
          "sensitive_attributes": [],
          "private": "eyJlMmJmYjczMC1lY2FhLTExZTYtOGY4OC0zNDM2M2JjN2M0YzAiOnsiY3JlYXRlIjozNjAwMDAwMDAwMDAwLCJkZWxldGUiOjM2MDAwMDAwMDAwMDAsInJlYWQiOjMwMDAwMDAwMDAwMCwidXBkYXRlIjozNjAwMDAwMDAwMDAwfSwic2NoZW1hX3ZlcnNpb24iOiIxIn0=",
          "dependencies": [
            "module.rg-avd.azurerm_resource_group.myRGs"
          ]
        }
      ]
    },
    {
      "module": "module.hostpool_ga[0]",
      "mode": "managed",
      "type": "azurerm_virtual_desktop_host_pool_registration_info",
      "name": "token",
      "provider": "provider[\"registry.terraform.io/hashicorp/azurerm\"]",
      "instances": [
        {
          "schema_version": 0,
          "attributes": {
            "expiration_date": "2023-07-08T10:06:46Z",
            "hostpool_id": "/subscriptions/41dafe2e-0108-4dd0-827f-5110b0f0538d/resourceGroups/AVD-VA-011-1-RG/providers/Microsoft.DesktopVirtualization/hostPools/AVD-VA-011-1-HP-GA",
            "id": "/subscriptions/41dafe2e-0108-4dd0-827f-5110b0f0538d/resourceGroups/AVD-VA-011-1-RG/providers/Microsoft.DesktopVirtualization/hostPools/AVD-VA-011-1-HP-GA/registrationInfo/default",
            "timeouts": null,
            "token": "eyJhbGciOiJSUzI1NiIsImtpZCI6IjE4NjBBQzc5NTc2MUM1QUI0NUVERkJBMzQxNjVDOTlDRDNFM0FGNEMiLCJ0eXAiOiJKV1QifQ.eyJSZWdpc3RyYXRpb25JZCI6ImU5YmRhNGFjLWI5YTEtNDgxNi1hOGI5LTIyODk2NjFmMDljZSIsIkJyb2tlclVyaSI6Imh0dHBzOi8vcmRicm9rZXItZy11c2ctcjEud3ZkLmF6dXJlLnVzLyIsIkRpYWdub3N0aWNzVXJpIjoiaHR0cHM6Ly9yZGRpYWdub3N0aWNzLWctdXNnLXIxLnd2ZC5henVyZS51cy8iLCJFbmRwb2ludFBvb2xJZCI6IjVkMmU1MjQxLWNkOWEtNGZlYi1hMmE5LWMwNjdjYjJmNWE3YiIsIkdsb2JhbEJyb2tlclVyaSI6Imh0dHBzOi8vcmRicm9rZXIud3ZkLmF6dXJlLnVzLyIsIkdlb2dyYXBoeSI6IlVTRyIsIkdsb2JhbEJyb2tlclJlc291cmNlSWRVcmkiOiJodHRwczovLzVkMmU1MjQxLWNkOWEtNGZlYi1hMmE5LWMwNjdjYjJmNWE3Yi5yZGJyb2tlci53dmQuYXp1cmUudXMvIiwiQnJva2VyUmVzb3VyY2VJZFVyaSI6Imh0dHBzOi8vNWQyZTUyNDEtY2Q5YS00ZmViLWEyYTktYzA2N2NiMmY1YTdiLnJkYnJva2VyLWctdXNnLXIxLnd2ZC5henVyZS51cy8iLCJEaWFnbm9zdGljc1Jlc291cmNlSWRVcmkiOiJodHRwczovLzVkMmU1MjQxLWNkOWEtNGZlYi1hMmE5LWMwNjdjYjJmNWE3Yi5yZGRpYWdub3N0aWNzLWctdXNnLXIxLnd2ZC5henVyZS51cy8iLCJBQURUZW5hbnRJZCI6IjJkMGQ1ZmMyLWQ1YzQtNDg4OS1iOTkxLTRjZjJiOWU4M2JjMiIsIm5iZiI6MTY4NjIxODkyNywiZXhwIjoxNjg4ODEwODA2LCJpc3MiOiJSREluZnJhVG9rZW5NYW5hZ2VyIiwiYXVkIjoiUkRtaSJ9.IogJmJ_g9C3LOf0y49ciQe76y-lTvHkQSCVNDpJPDQ3OMWB_uoU7WkI-LW3pXHd4ofIbkh4bNQKiPndsb2ELJUi1JC1o5L4eZh1Ob1tGWJt2G7XCTkNfOezpSaRf1PIDqQe2Jx7uOvuqaM31j-qBWK5sJQ7o2iibSAWYFdpbKx-GW5st2iBrz-gUz4erIuHbWW-XtVRLWLpyC4JAvxqT_4xoCLmYQ1rAZyZUA_qWdWuIWPSD1SNQWEjho6r5NCieFK5iQED9nDO65lRdTjlGw0wxgdSgNpT4K834JrMnbCA_ANfCvBEqKkE91OOVQDjP2f-SQnLaoS-XQ07qbq0CxQ"
          },
          "sensitive_attributes": [],
          "private": "eyJlMmJmYjczMC1lY2FhLTExZTYtOGY4OC0zNDM2M2JjN2M0YzAiOnsiY3JlYXRlIjoxODAwMDAwMDAwMDAwLCJkZWxldGUiOjE4MDAwMDAwMDAwMDAsInJlYWQiOjMwMDAwMDAwMDAwMCwidXBkYXRlIjoxODAwMDAwMDAwMDAwfX0=",
          "dependencies": [
            "module.hostpool_ga.azurerm_virtual_desktop_host_pool.hostpool",
            "module.rg-avd.azurerm_resource_group.myRGs",
            "time_rotating.avd_registration_expiration"
          ]
        }
      ]
    },
    {
      "module": "module.hostpool_ga[1]",
      "mode": "managed",
      "type": "azurerm_monitor_diagnostic_setting",
      "name": "avd-logs",
      "provider": "provider[\"registry.terraform.io/hashicorp/azurerm\"]",
      "instances": [
        {
          "schema_version": 0,
          "attributes": {
            "enabled_log": [
              {
                "category": "AgentHealthStatus",
                "category_group": "",
                "retention_policy": [
                  {
                    "days": 0,
                    "enabled": false
                  }
                ]
              },
              {
                "category": "Checkpoint",
                "category_group": "",
                "retention_policy": [
                  {
                    "days": 0,
                    "enabled": false
                  }
                ]
              },
              {
                "category": "Connection",
                "category_group": "",
                "retention_policy": [
                  {
                    "days": 0,
                    "enabled": false
                  }
                ]
              },
              {
                "category": "Error",
                "category_group": "",
                "retention_policy": [
                  {
                    "days": 0,
                    "enabled": false
                  }
                ]
              },
              {
                "category": "HostRegistration",
                "category_group": "",
                "retention_policy": [
                  {
                    "days": 0,
                    "enabled": false
                  }
                ]
              },
              {
                "category": "Management",
                "category_group": "",
                "retention_policy": [
                  {
                    "days": 0,
                    "enabled": false
                  }
                ]
              },
              {
                "category": "NetworkData",
                "category_group": "",
                "retention_policy": [
                  {
                    "days": 0,
                    "enabled": false
                  }
                ]
              },
              {
                "category": "SessionHostManagement",
                "category_group": "",
                "retention_policy": [
                  {
                    "days": 0,
                    "enabled": false
                  }
                ]
              }
            ],
            "eventhub_authorization_rule_id": "",
            "eventhub_name": "",
            "id": "/subscriptions/41dafe2e-0108-4dd0-827f-5110b0f0538d/resourceGroups/AVD-VA-011-2-RG/providers/Microsoft.DesktopVirtualization/hostPools/AVD-VA-011-2-HP-GA|AVD-VA-011-2-HP-GAdiag-prod-avd.hp",
            "log": [
              {
                "category": "AgentHealthStatus",
                "category_group": "",
                "enabled": true,
                "retention_policy": [
                  {
                    "days": 0,
                    "enabled": false
                  }
                ]
              },
              {
                "category": "Checkpoint",
                "category_group": "",
                "enabled": true,
                "retention_policy": [
                  {
                    "days": 0,
                    "enabled": false
                  }
                ]
              },
              {
                "category": "Connection",
                "category_group": "",
                "enabled": true,
                "retention_policy": [
                  {
                    "days": 0,
                    "enabled": false
                  }
                ]
              },
              {
                "category": "Error",
                "category_group": "",
                "enabled": true,
                "retention_policy": [
                  {
                    "days": 0,
                    "enabled": false
                  }
                ]
              },
              {
                "category": "HostRegistration",
                "category_group": "",
                "enabled": true,
                "retention_policy": [
                  {
                    "days": 0,
                    "enabled": false
                  }
                ]
              },
              {
                "category": "Management",
                "category_group": "",
                "enabled": true,
                "retention_policy": [
                  {
                    "days": 0,
                    "enabled": false
                  }
                ]
              },
              {
                "category": "NetworkData",
                "category_group": "",
                "enabled": true,
                "retention_policy": [
                  {
                    "days": 0,
                    "enabled": false
                  }
                ]
              },
              {
                "category": "SessionHostManagement",
                "category_group": "",
                "enabled": true,
                "retention_policy": [
                  {
                    "days": 0,
                    "enabled": false
                  }
                ]
              }
            ],
            "log_analytics_destination_type": "",
            "log_analytics_workspace_id": "/subscriptions/41dafe2e-0108-4dd0-827f-5110b0f0538d/resourceGroups/CAZ-RCWPAVD-P-RGP-LAW-RG/providers/Microsoft.OperationalInsights/workspaces/CAZ-RCWPAVD-P-RGP-LAW-01",
            "metric": [],
            "name": "AVD-VA-011-2-HP-GAdiag-prod-avd.hp",
            "partner_solution_id": null,
            "storage_account_id": null,
            "target_resource_id": "/subscriptions/41dafe2e-0108-4dd0-827f-5110b0f0538d/resourceGroups/AVD-VA-011-2-RG/providers/Microsoft.DesktopVirtualization/hostPools/AVD-VA-011-2-HP-GA",
            "timeouts": null
          },
          "sensitive_attributes": [],
          "private": "eyJlMmJmYjczMC1lY2FhLTExZTYtOGY4OC0zNDM2M2JjN2M0YzAiOnsiY3JlYXRlIjoxODAwMDAwMDAwMDAwLCJkZWxldGUiOjM2MDAwMDAwMDAwMDAsInJlYWQiOjMwMDAwMDAwMDAwMCwidXBkYXRlIjoxODAwMDAwMDAwMDAwfX0=",
          "dependencies": [
            "data.azurerm_log_analytics_workspace.log_analytics_workspace",
            "module.hostpool_ga.azurerm_virtual_desktop_host_pool.hostpool",
            "module.rg-avd.azurerm_resource_group.myRGs"
          ]
        }
      ]
    },
    {
      "module": "module.hostpool_ga[1]",
      "mode": "managed",
      "type": "azurerm_virtual_desktop_host_pool",
      "name": "hostpool",
      "provider": "provider[\"registry.terraform.io/hashicorp/azurerm\"]",
      "instances": [
        {
          "schema_version": 1,
          "attributes": {
            "custom_rdp_properties": "targetisaadjoined:i:1;authentication level:i:0;enablerdsaadauth:i:1;audiocapturemode:i:1;audiomode:i:0;encode redirected video capture:i:1;redirectclipboard:i:0;redirectprinters:i:0;usbdevicestoredirect:s:;redirectsmartcards:i:1;camerastoredirect:s:*;drivestoredirect:s:;screen mode id:i:1;smart sizing:i:1;dynamic resolution:i:1;bandwidthautodetect:i:1;networkautodetect:i:1;compression:i:1;videoplaybackmode:i:1;redirectlocation:i:1;redirectwebauthn:i:1;autoreconnection enabled:i:1;redirectcomports:i:0;keyboardhook:i:1;devicestoredirect:s:;",
            "description": "",
            "friendly_name": "",
            "id": "/subscriptions/41dafe2e-0108-4dd0-827f-5110b0f0538d/resourceGroups/AVD-VA-011-2-RG/providers/Microsoft.DesktopVirtualization/hostPools/AVD-VA-011-2-HP-GA",
            "load_balancer_type": "BreadthFirst",
            "location": "usgovvirginia",
            "maximum_sessions_allowed": 20,
            "name": "AVD-VA-011-2-HP-GA",
            "personal_desktop_assignment_type": "",
            "preferred_app_group_type": "Desktop",
            "resource_group_name": "AVD-VA-011-2-RG",
            "scheduled_agent_updates": [
              {
                "enabled": true,
                "schedule": [
                  {
                    "day_of_week": "Saturday",
                    "hour_of_day": 2
                  }
                ],
                "timezone": "UTC",
                "use_session_host_timezone": false
              }
            ],
            "start_vm_on_connect": true,
            "tags": {},
            "timeouts": null,
            "type": "Pooled",
            "validate_environment": false
          },
          "sensitive_attributes": [],
          "private": "eyJlMmJmYjczMC1lY2FhLTExZTYtOGY4OC0zNDM2M2JjN2M0YzAiOnsiY3JlYXRlIjozNjAwMDAwMDAwMDAwLCJkZWxldGUiOjM2MDAwMDAwMDAwMDAsInJlYWQiOjMwMDAwMDAwMDAwMCwidXBkYXRlIjozNjAwMDAwMDAwMDAwfSwic2NoZW1hX3ZlcnNpb24iOiIxIn0=",
          "dependencies": [
            "module.rg-avd.azurerm_resource_group.myRGs"
          ]
        }
      ]
    },
    {
      "module": "module.hostpool_ga[1]",
      "mode": "managed",
      "type": "azurerm_virtual_desktop_host_pool_registration_info",
      "name": "token",
      "provider": "provider[\"registry.terraform.io/hashicorp/azurerm\"]",
      "instances": [
        {
          "schema_version": 0,
          "attributes": {
            "expiration_date": "2023-07-08T10:06:46Z",
            "hostpool_id": "/subscriptions/41dafe2e-0108-4dd0-827f-5110b0f0538d/resourceGroups/AVD-VA-011-2-RG/providers/Microsoft.DesktopVirtualization/hostPools/AVD-VA-011-2-HP-GA",
            "id": "/subscriptions/41dafe2e-0108-4dd0-827f-5110b0f0538d/resourceGroups/AVD-VA-011-2-RG/providers/Microsoft.DesktopVirtualization/hostPools/AVD-VA-011-2-HP-GA/registrationInfo/default",
            "timeouts": null,
            "token": "eyJhbGciOiJSUzI1NiIsImtpZCI6IjE4NjBBQzc5NTc2MUM1QUI0NUVERkJBMzQxNjVDOTlDRDNFM0FGNEMiLCJ0eXAiOiJKV1QifQ.eyJSZWdpc3RyYXRpb25JZCI6IjA1ZDA1YmZmLTI2NDEtNDY0Yi1iNzcyLWZhOGI2ZjZlOThjZiIsIkJyb2tlclVyaSI6Imh0dHBzOi8vcmRicm9rZXItZy11c2ctcjEud3ZkLmF6dXJlLnVzLyIsIkRpYWdub3N0aWNzVXJpIjoiaHR0cHM6Ly9yZGRpYWdub3N0aWNzLWctdXNnLXIxLnd2ZC5henVyZS51cy8iLCJFbmRwb2ludFBvb2xJZCI6ImI4ZjQyMjE2LTgxYjUtNGI4MS04NGQxLTE2ODEwZGU1NjhlOCIsIkdsb2JhbEJyb2tlclVyaSI6Imh0dHBzOi8vcmRicm9rZXIud3ZkLmF6dXJlLnVzLyIsIkdlb2dyYXBoeSI6IlVTRyIsIkdsb2JhbEJyb2tlclJlc291cmNlSWRVcmkiOiJodHRwczovL2I4ZjQyMjE2LTgxYjUtNGI4MS04NGQxLTE2ODEwZGU1NjhlOC5yZGJyb2tlci53dmQuYXp1cmUudXMvIiwiQnJva2VyUmVzb3VyY2VJZFVyaSI6Imh0dHBzOi8vYjhmNDIyMTYtODFiNS00YjgxLTg0ZDEtMTY4MTBkZTU2OGU4LnJkYnJva2VyLWctdXNnLXIxLnd2ZC5henVyZS51cy8iLCJEaWFnbm9zdGljc1Jlc291cmNlSWRVcmkiOiJodHRwczovL2I4ZjQyMjE2LTgxYjUtNGI4MS04NGQxLTE2ODEwZGU1NjhlOC5yZGRpYWdub3N0aWNzLWctdXNnLXIxLnd2ZC5henVyZS51cy8iLCJBQURUZW5hbnRJZCI6IjJkMGQ1ZmMyLWQ1YzQtNDg4OS1iOTkxLTRjZjJiOWU4M2JjMiIsIm5iZiI6MTY4NjIxODkyNywiZXhwIjoxNjg4ODEwODA2LCJpc3MiOiJSREluZnJhVG9rZW5NYW5hZ2VyIiwiYXVkIjoiUkRtaSJ9.MfHq8PEJPpQfbtQINoCZUGl43JqvwFa05dtwQ6YwLxhQMyxHjSDra8XXktFmdZ-on9DTIk9-19sP-7OyJ7XJrUG8DbXRbufA9OxMINSPsL8AxYUH0Rx-t_J3w33s56iNuBmj2v_19I1pPEcDsxW-Wv7hqW8DJolWHimQzG5facYcxTz0XscD_uACDPbkcI7C9I4lTVkaBWxYBRnyrVBqSe1Mdu5MyyNSPwDT77IKfimDFVI6nWTWJ8zYDtDDcZgyQiopFVulVJUAeRrwDNm39I9foso_daKuAOQHihtHHLSXVPjbYzjcf6lLplHDz0fSl58Nl1EAjRa0QPVzTdLnmg"
          },
          "sensitive_attributes": [],
          "private": "eyJlMmJmYjczMC1lY2FhLTExZTYtOGY4OC0zNDM2M2JjN2M0YzAiOnsiY3JlYXRlIjoxODAwMDAwMDAwMDAwLCJkZWxldGUiOjE4MDAwMDAwMDAwMDAsInJlYWQiOjMwMDAwMDAwMDAwMCwidXBkYXRlIjoxODAwMDAwMDAwMDAwfX0=",
          "dependencies": [
            "module.hostpool_ga.azurerm_virtual_desktop_host_pool.hostpool",
            "module.rg-avd.azurerm_resource_group.myRGs",
            "time_rotating.avd_registration_expiration"
          ]
        }
      ]
    },
    {
      "module": "module.hostpool_ga[2]",
      "mode": "managed",
      "type": "azurerm_monitor_diagnostic_setting",
      "name": "avd-logs",
      "provider": "provider[\"registry.terraform.io/hashicorp/azurerm\"]",
      "instances": [
        {
          "schema_version": 0,
          "attributes": {
            "enabled_log": [
              {
                "category": "AgentHealthStatus",
                "category_group": "",
                "retention_policy": [
                  {
                    "days": 0,
                    "enabled": false
                  }
                ]
              },
              {
                "category": "Checkpoint",
                "category_group": "",
                "retention_policy": [
                  {
                    "days": 0,
                    "enabled": false
                  }
                ]
              },
              {
                "category": "Connection",
                "category_group": "",
                "retention_policy": [
                  {
                    "days": 0,
                    "enabled": false
                  }
                ]
              },
              {
                "category": "Error",
                "category_group": "",
                "retention_policy": [
                  {
                    "days": 0,
                    "enabled": false
                  }
                ]
              },
              {
                "category": "HostRegistration",
                "category_group": "",
                "retention_policy": [
                  {
                    "days": 0,
                    "enabled": false
                  }
                ]
              },
              {
                "category": "Management",
                "category_group": "",
                "retention_policy": [
                  {
                    "days": 0,
                    "enabled": false
                  }
                ]
              },
              {
                "category": "NetworkData",
                "category_group": "",
                "retention_policy": [
                  {
                    "days": 0,
                    "enabled": false
                  }
                ]
              },
              {
                "category": "SessionHostManagement",
                "category_group": "",
                "retention_policy": [
                  {
                    "days": 0,
                    "enabled": false
                  }
                ]
              }
            ],
            "eventhub_authorization_rule_id": "",
            "eventhub_name": "",
            "id": "/subscriptions/41dafe2e-0108-4dd0-827f-5110b0f0538d/resourceGroups/AVD-VA-011-3-RG/providers/Microsoft.DesktopVirtualization/hostPools/AVD-VA-011-3-HP-GA|AVD-VA-011-3-HP-GAdiag-prod-avd.hp",
            "log": [
              {
                "category": "AgentHealthStatus",
                "category_group": "",
                "enabled": true,
                "retention_policy": [
                  {
                    "days": 0,
                    "enabled": false
                  }
                ]
              },
              {
                "category": "Checkpoint",
                "category_group": "",
                "enabled": true,
                "retention_policy": [
                  {
                    "days": 0,
                    "enabled": false
                  }
                ]
              },
              {
                "category": "Connection",
                "category_group": "",
                "enabled": true,
                "retention_policy": [
                  {
                    "days": 0,
                    "enabled": false
                  }
                ]
              },
              {
                "category": "Error",
                "category_group": "",
                "enabled": true,
                "retention_policy": [
                  {
                    "days": 0,
                    "enabled": false
                  }
                ]
              },
              {
                "category": "HostRegistration",
                "category_group": "",
                "enabled": true,
                "retention_policy": [
                  {
                    "days": 0,
                    "enabled": false
                  }
                ]
              },
              {
                "category": "Management",
                "category_group": "",
                "enabled": true,
                "retention_policy": [
                  {
                    "days": 0,
                    "enabled": false
                  }
                ]
              },
              {
                "category": "NetworkData",
                "category_group": "",
                "enabled": true,
                "retention_policy": [
                  {
                    "days": 0,
                    "enabled": false
                  }
                ]
              },
              {
                "category": "SessionHostManagement",
                "category_group": "",
                "enabled": true,
                "retention_policy": [
                  {
                    "days": 0,
                    "enabled": false
                  }
                ]
              }
            ],
            "log_analytics_destination_type": "",
            "log_analytics_workspace_id": "/subscriptions/41dafe2e-0108-4dd0-827f-5110b0f0538d/resourceGroups/CAZ-RCWPAVD-P-RGP-LAW-RG/providers/Microsoft.OperationalInsights/workspaces/CAZ-RCWPAVD-P-RGP-LAW-01",
            "metric": [],
            "name": "AVD-VA-011-3-HP-GAdiag-prod-avd.hp",
            "partner_solution_id": null,
            "storage_account_id": null,
            "target_resource_id": "/subscriptions/41dafe2e-0108-4dd0-827f-5110b0f0538d/resourceGroups/AVD-VA-011-3-RG/providers/Microsoft.DesktopVirtualization/hostPools/AVD-VA-011-3-HP-GA",
            "timeouts": null
          },
          "sensitive_attributes": [],
          "private": "eyJlMmJmYjczMC1lY2FhLTExZTYtOGY4OC0zNDM2M2JjN2M0YzAiOnsiY3JlYXRlIjoxODAwMDAwMDAwMDAwLCJkZWxldGUiOjM2MDAwMDAwMDAwMDAsInJlYWQiOjMwMDAwMDAwMDAwMCwidXBkYXRlIjoxODAwMDAwMDAwMDAwfX0=",
          "dependencies": [
            "data.azurerm_log_analytics_workspace.log_analytics_workspace",
            "module.hostpool_ga.azurerm_virtual_desktop_host_pool.hostpool",
            "module.rg-avd.azurerm_resource_group.myRGs"
          ]
        }
      ]
    },
    {
      "module": "module.hostpool_ga[2]",
      "mode": "managed",
      "type": "azurerm_virtual_desktop_host_pool",
      "name": "hostpool",
      "provider": "provider[\"registry.terraform.io/hashicorp/azurerm\"]",
      "instances": [
        {
          "schema_version": 1,
          "attributes": {
            "custom_rdp_properties": "targetisaadjoined:i:1;authentication level:i:0;enablerdsaadauth:i:1;audiocapturemode:i:1;audiomode:i:0;encode redirected video capture:i:1;redirectclipboard:i:0;redirectprinters:i:0;usbdevicestoredirect:s:;redirectsmartcards:i:1;camerastoredirect:s:*;drivestoredirect:s:;screen mode id:i:1;smart sizing:i:1;dynamic resolution:i:1;bandwidthautodetect:i:1;networkautodetect:i:1;compression:i:1;videoplaybackmode:i:1;redirectlocation:i:1;redirectwebauthn:i:1;autoreconnection enabled:i:1;redirectcomports:i:0;keyboardhook:i:1;devicestoredirect:s:;",
            "description": "",
            "friendly_name": "",
            "id": "/subscriptions/41dafe2e-0108-4dd0-827f-5110b0f0538d/resourceGroups/AVD-VA-011-3-RG/providers/Microsoft.DesktopVirtualization/hostPools/AVD-VA-011-3-HP-GA",
            "load_balancer_type": "BreadthFirst",
            "location": "usgovvirginia",
            "maximum_sessions_allowed": 20,
            "name": "AVD-VA-011-3-HP-GA",
            "personal_desktop_assignment_type": "",
            "preferred_app_group_type": "Desktop",
            "resource_group_name": "AVD-VA-011-3-RG",
            "scheduled_agent_updates": [
              {
                "enabled": true,
                "schedule": [
                  {
                    "day_of_week": "Saturday",
                    "hour_of_day": 2
                  }
                ],
                "timezone": "UTC",
                "use_session_host_timezone": false
              }
            ],
            "start_vm_on_connect": true,
            "tags": {},
            "timeouts": null,
            "type": "Pooled",
            "validate_environment": false
          },
          "sensitive_attributes": [],
          "private": "eyJlMmJmYjczMC1lY2FhLTExZTYtOGY4OC0zNDM2M2JjN2M0YzAiOnsiY3JlYXRlIjozNjAwMDAwMDAwMDAwLCJkZWxldGUiOjM2MDAwMDAwMDAwMDAsInJlYWQiOjMwMDAwMDAwMDAwMCwidXBkYXRlIjozNjAwMDAwMDAwMDAwfSwic2NoZW1hX3ZlcnNpb24iOiIxIn0=",
          "dependencies": [
            "module.rg-avd.azurerm_resource_group.myRGs"
          ]
        }
      ]
    },
    {
      "module": "module.hostpool_ga[2]",
      "mode": "managed",
      "type": "azurerm_virtual_desktop_host_pool_registration_info",
      "name": "token",
      "provider": "provider[\"registry.terraform.io/hashicorp/azurerm\"]",
      "instances": [
        {
          "schema_version": 0,
          "attributes": {
            "expiration_date": "2023-07-08T10:06:46Z",
            "hostpool_id": "/subscriptions/41dafe2e-0108-4dd0-827f-5110b0f0538d/resourceGroups/AVD-VA-011-3-RG/providers/Microsoft.DesktopVirtualization/hostPools/AVD-VA-011-3-HP-GA",
            "id": "/subscriptions/41dafe2e-0108-4dd0-827f-5110b0f0538d/resourceGroups/AVD-VA-011-3-RG/providers/Microsoft.DesktopVirtualization/hostPools/AVD-VA-011-3-HP-GA/registrationInfo/default",
            "timeouts": null,
            "token": "eyJhbGciOiJSUzI1NiIsImtpZCI6IjE4NjBBQzc5NTc2MUM1QUI0NUVERkJBMzQxNjVDOTlDRDNFM0FGNEMiLCJ0eXAiOiJKV1QifQ.eyJSZWdpc3RyYXRpb25JZCI6IjA0N2Y2ZDQ1LTEyYzgtNGE2MC1iMjlkLWI3MGNkMzU4MzIzNiIsIkJyb2tlclVyaSI6Imh0dHBzOi8vcmRicm9rZXItZy11c2ctcjEud3ZkLmF6dXJlLnVzLyIsIkRpYWdub3N0aWNzVXJpIjoiaHR0cHM6Ly9yZGRpYWdub3N0aWNzLWctdXNnLXIxLnd2ZC5henVyZS51cy8iLCJFbmRwb2ludFBvb2xJZCI6IjhmNzJlMzk4LTc4NmQtNDAwZS1iNzJiLTQ0MmViODFmN2FlZSIsIkdsb2JhbEJyb2tlclVyaSI6Imh0dHBzOi8vcmRicm9rZXIud3ZkLmF6dXJlLnVzLyIsIkdlb2dyYXBoeSI6IlVTRyIsIkdsb2JhbEJyb2tlclJlc291cmNlSWRVcmkiOiJodHRwczovLzhmNzJlMzk4LTc4NmQtNDAwZS1iNzJiLTQ0MmViODFmN2FlZS5yZGJyb2tlci53dmQuYXp1cmUudXMvIiwiQnJva2VyUmVzb3VyY2VJZFVyaSI6Imh0dHBzOi8vOGY3MmUzOTgtNzg2ZC00MDBlLWI3MmItNDQyZWI4MWY3YWVlLnJkYnJva2VyLWctdXNnLXIxLnd2ZC5henVyZS51cy8iLCJEaWFnbm9zdGljc1Jlc291cmNlSWRVcmkiOiJodHRwczovLzhmNzJlMzk4LTc4NmQtNDAwZS1iNzJiLTQ0MmViODFmN2FlZS5yZGRpYWdub3N0aWNzLWctdXNnLXIxLnd2ZC5henVyZS51cy8iLCJBQURUZW5hbnRJZCI6IjJkMGQ1ZmMyLWQ1YzQtNDg4OS1iOTkxLTRjZjJiOWU4M2JjMiIsIm5iZiI6MTY4NjIxODkyNywiZXhwIjoxNjg4ODEwODA2LCJpc3MiOiJSREluZnJhVG9rZW5NYW5hZ2VyIiwiYXVkIjoiUkRtaSJ9.Uv_ojjnN9MeKwA4R4I-VUJhgtTBEL4X4RQR10je3U-E7OVM_t3W1IpMji1WY85z1M0V7n-tTLfhoxl92a8XyPKxqw0E0Lsd6k4HJlk2RlG6KIPRKBw0s99tE0d6HYTYSoRHPRYwbTydzKeOEcWolUv6rVJNNZ76GUe5dy_fDP2eD43TvNCK6ziXoqeBP2TIWIg4e1_DE3XQu6PjqzR2y9pczXvTYRSvQyB48DpfrOu0_NIapamiDN95pDuLnQ-2ogwFiOCyp-7H7AuPBFUrZgGhbranEZCfbzRMOtY5sALCIbiG5kzUhMz5yk8c7p-bM0pTUMo4hjIPJG4sTic4Opg"
          },
          "sensitive_attributes": [],
          "private": "eyJlMmJmYjczMC1lY2FhLTExZTYtOGY4OC0zNDM2M2JjN2M0YzAiOnsiY3JlYXRlIjoxODAwMDAwMDAwMDAwLCJkZWxldGUiOjE4MDAwMDAwMDAwMDAsInJlYWQiOjMwMDAwMDAwMDAwMCwidXBkYXRlIjoxODAwMDAwMDAwMDAwfX0=",
          "dependencies": [
            "module.hostpool_ga.azurerm_virtual_desktop_host_pool.hostpool",
            "module.rg-avd.azurerm_resource_group.myRGs",
            "time_rotating.avd_registration_expiration"
          ]
        }
      ]
    },
    {
      "module": "module.hostpool_ga[3]",
      "mode": "managed",
      "type": "azurerm_monitor_diagnostic_setting",
      "name": "avd-logs",
      "provider": "provider[\"registry.terraform.io/hashicorp/azurerm\"]",
      "instances": [
        {
          "schema_version": 0,
          "attributes": {
            "enabled_log": [
              {
                "category": "AgentHealthStatus",
                "category_group": "",
                "retention_policy": [
                  {
                    "days": 0,
                    "enabled": false
                  }
                ]
              },
              {
                "category": "Checkpoint",
                "category_group": "",
                "retention_policy": [
                  {
                    "days": 0,
                    "enabled": false
                  }
                ]
              },
              {
                "category": "Connection",
                "category_group": "",
                "retention_policy": [
                  {
                    "days": 0,
                    "enabled": false
                  }
                ]
              },
              {
                "category": "Error",
                "category_group": "",
                "retention_policy": [
                  {
                    "days": 0,
                    "enabled": false
                  }
                ]
              },
              {
                "category": "HostRegistration",
                "category_group": "",
                "retention_policy": [
                  {
                    "days": 0,
                    "enabled": false
                  }
                ]
              },
              {
                "category": "Management",
                "category_group": "",
                "retention_policy": [
                  {
                    "days": 0,
                    "enabled": false
                  }
                ]
              },
              {
                "category": "NetworkData",
                "category_group": "",
                "retention_policy": [
                  {
                    "days": 0,
                    "enabled": false
                  }
                ]
              },
              {
                "category": "SessionHostManagement",
                "category_group": "",
                "retention_policy": [
                  {
                    "days": 0,
                    "enabled": false
                  }
                ]
              }
            ],
            "eventhub_authorization_rule_id": "",
            "eventhub_name": "",
            "id": "/subscriptions/41dafe2e-0108-4dd0-827f-5110b0f0538d/resourceGroups/AVD-VA-011-4-RG/providers/Microsoft.DesktopVirtualization/hostPools/AVD-VA-011-4-HP-GA|AVD-VA-011-4-HP-GAdiag-prod-avd.hp",
            "log": [
              {
                "category": "AgentHealthStatus",
                "category_group": "",
                "enabled": true,
                "retention_policy": [
                  {
                    "days": 0,
                    "enabled": false
                  }
                ]
              },
              {
                "category": "Checkpoint",
                "category_group": "",
                "enabled": true,
                "retention_policy": [
                  {
                    "days": 0,
                    "enabled": false
                  }
                ]
              },
              {
                "category": "Connection",
                "category_group": "",
                "enabled": true,
                "retention_policy": [
                  {
                    "days": 0,
                    "enabled": false
                  }
                ]
              },
              {
                "category": "Error",
                "category_group": "",
                "enabled": true,
                "retention_policy": [
                  {
                    "days": 0,
                    "enabled": false
                  }
                ]
              },
              {
                "category": "HostRegistration",
                "category_group": "",
                "enabled": true,
                "retention_policy": [
                  {
                    "days": 0,
                    "enabled": false
                  }
                ]
              },
              {
                "category": "Management",
                "category_group": "",
                "enabled": true,
                "retention_policy": [
                  {
                    "days": 0,
                    "enabled": false
                  }
                ]
              },
              {
                "category": "NetworkData",
                "category_group": "",
                "enabled": true,
                "retention_policy": [
                  {
                    "days": 0,
                    "enabled": false
                  }
                ]
              },
              {
                "category": "SessionHostManagement",
                "category_group": "",
                "enabled": true,
                "retention_policy": [
                  {
                    "days": 0,
                    "enabled": false
                  }
                ]
              }
            ],
            "log_analytics_destination_type": "",
            "log_analytics_workspace_id": "/subscriptions/41dafe2e-0108-4dd0-827f-5110b0f0538d/resourceGroups/CAZ-RCWPAVD-P-RGP-LAW-RG/providers/Microsoft.OperationalInsights/workspaces/CAZ-RCWPAVD-P-RGP-LAW-01",
            "metric": [],
            "name": "AVD-VA-011-4-HP-GAdiag-prod-avd.hp",
            "partner_solution_id": null,
            "storage_account_id": null,
            "target_resource_id": "/subscriptions/41dafe2e-0108-4dd0-827f-5110b0f0538d/resourceGroups/AVD-VA-011-4-RG/providers/Microsoft.DesktopVirtualization/hostPools/AVD-VA-011-4-HP-GA",
            "timeouts": null
          },
          "sensitive_attributes": [],
          "private": "eyJlMmJmYjczMC1lY2FhLTExZTYtOGY4OC0zNDM2M2JjN2M0YzAiOnsiY3JlYXRlIjoxODAwMDAwMDAwMDAwLCJkZWxldGUiOjM2MDAwMDAwMDAwMDAsInJlYWQiOjMwMDAwMDAwMDAwMCwidXBkYXRlIjoxODAwMDAwMDAwMDAwfX0=",
          "dependencies": [
            "data.azurerm_log_analytics_workspace.log_analytics_workspace",
            "module.hostpool_ga.azurerm_virtual_desktop_host_pool.hostpool",
            "module.rg-avd.azurerm_resource_group.myRGs"
          ]
        }
      ]
    },
    {
      "module": "module.hostpool_ga[3]",
      "mode": "managed",
      "type": "azurerm_virtual_desktop_host_pool",
      "name": "hostpool",
      "provider": "provider[\"registry.terraform.io/hashicorp/azurerm\"]",
      "instances": [
        {
          "schema_version": 1,
          "attributes": {
            "custom_rdp_properties": "targetisaadjoined:i:1;authentication level:i:0;enablerdsaadauth:i:1;audiocapturemode:i:1;audiomode:i:0;encode redirected video capture:i:1;redirectclipboard:i:0;redirectprinters:i:0;usbdevicestoredirect:s:;redirectsmartcards:i:1;camerastoredirect:s:*;drivestoredirect:s:;screen mode id:i:1;smart sizing:i:1;dynamic resolution:i:1;bandwidthautodetect:i:1;networkautodetect:i:1;compression:i:1;videoplaybackmode:i:1;redirectlocation:i:1;redirectwebauthn:i:1;autoreconnection enabled:i:1;redirectcomports:i:0;keyboardhook:i:1;devicestoredirect:s:;",
            "description": "",
            "friendly_name": "",
            "id": "/subscriptions/41dafe2e-0108-4dd0-827f-5110b0f0538d/resourceGroups/AVD-VA-011-4-RG/providers/Microsoft.DesktopVirtualization/hostPools/AVD-VA-011-4-HP-GA",
            "load_balancer_type": "BreadthFirst",
            "location": "usgovvirginia",
            "maximum_sessions_allowed": 20,
            "name": "AVD-VA-011-4-HP-GA",
            "personal_desktop_assignment_type": "",
            "preferred_app_group_type": "Desktop",
            "resource_group_name": "AVD-VA-011-4-RG",
            "scheduled_agent_updates": [
              {
                "enabled": true,
                "schedule": [
                  {
                    "day_of_week": "Saturday",
                    "hour_of_day": 2
                  }
                ],
                "timezone": "UTC",
                "use_session_host_timezone": false
              }
            ],
            "start_vm_on_connect": true,
            "tags": {},
            "timeouts": null,
            "type": "Pooled",
            "validate_environment": false
          },
          "sensitive_attributes": [],
          "private": "eyJlMmJmYjczMC1lY2FhLTExZTYtOGY4OC0zNDM2M2JjN2M0YzAiOnsiY3JlYXRlIjozNjAwMDAwMDAwMDAwLCJkZWxldGUiOjM2MDAwMDAwMDAwMDAsInJlYWQiOjMwMDAwMDAwMDAwMCwidXBkYXRlIjozNjAwMDAwMDAwMDAwfSwic2NoZW1hX3ZlcnNpb24iOiIxIn0=",
          "dependencies": [
            "module.rg-avd.azurerm_resource_group.myRGs"
          ]
        }
      ]
    },
    {
      "module": "module.hostpool_ga[3]",
      "mode": "managed",
      "type": "azurerm_virtual_desktop_host_pool_registration_info",
      "name": "token",
      "provider": "provider[\"registry.terraform.io/hashicorp/azurerm\"]",
      "instances": [
        {
          "schema_version": 0,
          "attributes": {
            "expiration_date": "2023-07-08T10:06:46Z",
            "hostpool_id": "/subscriptions/41dafe2e-0108-4dd0-827f-5110b0f0538d/resourceGroups/AVD-VA-011-4-RG/providers/Microsoft.DesktopVirtualization/hostPools/AVD-VA-011-4-HP-GA",
            "id": "/subscriptions/41dafe2e-0108-4dd0-827f-5110b0f0538d/resourceGroups/AVD-VA-011-4-RG/providers/Microsoft.DesktopVirtualization/hostPools/AVD-VA-011-4-HP-GA/registrationInfo/default",
            "timeouts": null,
            "token": "eyJhbGciOiJSUzI1NiIsImtpZCI6IjE4NjBBQzc5NTc2MUM1QUI0NUVERkJBMzQxNjVDOTlDRDNFM0FGNEMiLCJ0eXAiOiJKV1QifQ.eyJSZWdpc3RyYXRpb25JZCI6ImYwNDIzZTU3LWZlNzItNDc3Mi1hOGM1LWRlZWY1ZjdkYTE4YSIsIkJyb2tlclVyaSI6Imh0dHBzOi8vcmRicm9rZXItZy11c2ctcjEud3ZkLmF6dXJlLnVzLyIsIkRpYWdub3N0aWNzVXJpIjoiaHR0cHM6Ly9yZGRpYWdub3N0aWNzLWctdXNnLXIxLnd2ZC5henVyZS51cy8iLCJFbmRwb2ludFBvb2xJZCI6Ijg4ZGY4YTM4LWY4YjEtNDlhYi1iYjAwLTY1NjRhMDM4ODA3OSIsIkdsb2JhbEJyb2tlclVyaSI6Imh0dHBzOi8vcmRicm9rZXIud3ZkLmF6dXJlLnVzLyIsIkdlb2dyYXBoeSI6IlVTRyIsIkdsb2JhbEJyb2tlclJlc291cmNlSWRVcmkiOiJodHRwczovLzg4ZGY4YTM4LWY4YjEtNDlhYi1iYjAwLTY1NjRhMDM4ODA3OS5yZGJyb2tlci53dmQuYXp1cmUudXMvIiwiQnJva2VyUmVzb3VyY2VJZFVyaSI6Imh0dHBzOi8vODhkZjhhMzgtZjhiMS00OWFiLWJiMDAtNjU2NGEwMzg4MDc5LnJkYnJva2VyLWctdXNnLXIxLnd2ZC5henVyZS51cy8iLCJEaWFnbm9zdGljc1Jlc291cmNlSWRVcmkiOiJodHRwczovLzg4ZGY4YTM4LWY4YjEtNDlhYi1iYjAwLTY1NjRhMDM4ODA3OS5yZGRpYWdub3N0aWNzLWctdXNnLXIxLnd2ZC5henVyZS51cy8iLCJBQURUZW5hbnRJZCI6IjJkMGQ1ZmMyLWQ1YzQtNDg4OS1iOTkxLTRjZjJiOWU4M2JjMiIsIm5iZiI6MTY4NjIxODkyNywiZXhwIjoxNjg4ODEwODA2LCJpc3MiOiJSREluZnJhVG9rZW5NYW5hZ2VyIiwiYXVkIjoiUkRtaSJ9.ekeM0atZ_O0mg-jRtzYa20f8Y9wFKOu5ZTuLo0FVlPpcBOI6T44kPF_ktWcwAPUMQF3ngLSNm6BHwMp21hTfKeonbPBQ5JuXRlVKamjSbVK6jcYeb3_TsmNmR7BthcTgy-PRQxRsnMy4g_vFPXeqDDf39r_A8-gg--0tiZRbwn7DacXY5itXghdl294l_Xaxc-mCW9b3_ErjTTttoN7w1B0jqENx8pmYZSOkgNP5R0zI0JN21YS-YhChjacuG6fhLrKX4uo2rmnELaOmfoAZdRBHaWImB7ETsREhzhkWds1tzp9_qcxfFhm6anPLnXUt6oAIfYAgvqQKGJCxUUdYlA"
          },
          "sensitive_attributes": [],
          "private": "eyJlMmJmYjczMC1lY2FhLTExZTYtOGY4OC0zNDM2M2JjN2M0YzAiOnsiY3JlYXRlIjoxODAwMDAwMDAwMDAwLCJkZWxldGUiOjE4MDAwMDAwMDAwMDAsInJlYWQiOjMwMDAwMDAwMDAwMCwidXBkYXRlIjoxODAwMDAwMDAwMDAwfX0=",
          "dependencies": [
            "module.hostpool_ga.azurerm_virtual_desktop_host_pool.hostpool",
            "module.rg-avd.azurerm_resource_group.myRGs",
            "time_rotating.avd_registration_expiration"
          ]
        }
      ]
    },
    {
      "module": "module.kvsse[0]",
      "mode": "data",
      "type": "azurerm_client_config",
      "name": "current",
      "provider": "provider[\"registry.terraform.io/hashicorp/azurerm\"]",
      "instances": [
        {
          "schema_version": 0,
          "attributes": {
            "client_id": "04b07795-8ddb-461a-bbee-02f9e1bf7b46",
            "id": "Y2xpZW50Q29uZmlncy9jbGllbnRJZD0wNGIwNzc5NS04ZGRiLTQ2MWEtYmJlZS0wMmY5ZTFiZjdiNDY7b2JqZWN0SWQ9ZmUxYjU1YjQtNjRiMS00NDkwLTkwZmItYzc3YmZhNGYzMTAwO3N1YnNjcmlwdGlvbklkPTQxZGFmZTJlLTAxMDgtNGRkMC04MjdmLTUxMTBiMGYwNTM4ZDt0ZW5hbnRJZD0yZDBkNWZjMi1kNWM0LTQ4ODktYjk5MS00Y2YyYjllODNiYzI=",
            "object_id": "fe1b55b4-64b1-4490-90fb-c77bfa4f3100",
            "subscription_id": "41dafe2e-0108-4dd0-827f-5110b0f0538d",
            "tenant_id": "2d0d5fc2-d5c4-4889-b991-4cf2b9e83bc2",
            "timeouts": null
          },
          "sensitive_attributes": []
        }
      ]
    },
    {
      "module": "module.kvsse[0]",
      "mode": "managed",
      "type": "azurerm_disk_encryption_set",
      "name": "sse",
      "provider": "provider[\"registry.terraform.io/hashicorp/azurerm\"]",
      "instances": [
        {
          "schema_version": 0,
          "attributes": {
            "auto_key_rotation_enabled": false,
            "encryption_type": "EncryptionAtRestWithCustomerKey",
            "federated_client_id": "",
            "id": "/subscriptions/41dafe2e-0108-4dd0-827f-5110b0f0538d/resourceGroups/smiling-shiner-rg/providers/Microsoft.Compute/diskEncryptionSets/smiling-shiner-des",
            "identity": [
              {
                "identity_ids": [],
                "principal_id": "ea366278-8320-4670-a4e1-27246af969c1",
                "tenant_id": "2d0d5fc2-d5c4-4889-b991-4cf2b9e83bc2",
                "type": "SystemAssigned"
              }
            ],
            "key_vault_key_id": "https://smiling-shiner-kv.vault.usgovcloudapi.net/keys/ssekey/00eecb548f704e55b0361eab4aab1256",
            "location": "usgovvirginia",
            "name": "smiling-shiner-des",
            "resource_group_name": "smiling-shiner-rg",
            "tags": {},
            "timeouts": null
          },
          "sensitive_attributes": [],
          "private": "eyJlMmJmYjczMC1lY2FhLTExZTYtOGY4OC0zNDM2M2JjN2M0YzAiOnsiY3JlYXRlIjozNjAwMDAwMDAwMDAwLCJkZWxldGUiOjM2MDAwMDAwMDAwMDAsInJlYWQiOjMwMDAwMDAwMDAwMCwidXBkYXRlIjozNjAwMDAwMDAwMDAwfX0=",
          "dependencies": [
            "module.kvsse.azurerm_key_vault.sse",
            "module.kvsse.azurerm_key_vault_access_policy.current_user",
            "module.kvsse.azurerm_key_vault_key.sse",
            "module.kvsse.azurerm_resource_group.sse",
            "module.kvsse.data.azurerm_client_config.current",
            "module.kvsse.random_pet.prefix"
          ]
        }
      ]
    },
    {
      "module": "module.kvsse[0]",
      "mode": "managed",
      "type": "azurerm_key_vault",
      "name": "sse",
      "provider": "provider[\"registry.terraform.io/hashicorp/azurerm\"]",
      "instances": [
        {
          "schema_version": 2,
          "attributes": {
            "access_policy": [
              {
                "application_id": "",
                "certificate_permissions": [],
                "key_permissions": [
                  "Create",
                  "Delete",
                  "Get",
                  "Purge",
                  "Update",
                  "GetRotationPolicy"
                ],
                "object_id": "fe1b55b4-64b1-4490-90fb-c77bfa4f3100",
                "secret_permissions": [
                  "Get",
                  "Delete",
                  "Set"
                ],
                "storage_permissions": [],
                "tenant_id": "2d0d5fc2-d5c4-4889-b991-4cf2b9e83bc2"
              },
              {
                "application_id": "",
                "certificate_permissions": [],
                "key_permissions": [
                  "Get",
                  "WrapKey",
                  "UnwrapKey"
                ],
                "object_id": "ea366278-8320-4670-a4e1-27246af969c1",
                "secret_permissions": [],
                "storage_permissions": [],
                "tenant_id": "2d0d5fc2-d5c4-4889-b991-4cf2b9e83bc2"
              }
            ],
            "contact": [],
            "enable_rbac_authorization": false,
            "enabled_for_deployment": false,
            "enabled_for_disk_encryption": true,
            "enabled_for_template_deployment": false,
            "id": "/subscriptions/41dafe2e-0108-4dd0-827f-5110b0f0538d/resourceGroups/smiling-shiner-rg/providers/Microsoft.KeyVault/vaults/smiling-shiner-kv",
            "location": "usgovvirginia",
            "name": "smiling-shiner-kv",
            "network_acls": [
              {
                "bypass": "AzureServices",
                "default_action": "Allow",
                "ip_rules": [],
                "virtual_network_subnet_ids": []
              }
            ],
            "public_network_access_enabled": true,
            "purge_protection_enabled": true,
            "resource_group_name": "smiling-shiner-rg",
            "sku_name": "premium",
            "soft_delete_retention_days": 7,
            "tags": {},
            "tenant_id": "2d0d5fc2-d5c4-4889-b991-4cf2b9e83bc2",
            "timeouts": null,
            "vault_uri": "https://smiling-shiner-kv.vault.usgovcloudapi.net/"
          },
          "sensitive_attributes": [],
          "private": "eyJlMmJmYjczMC1lY2FhLTExZTYtOGY4OC0zNDM2M2JjN2M0YzAiOnsiY3JlYXRlIjoxODAwMDAwMDAwMDAwLCJkZWxldGUiOjE4MDAwMDAwMDAwMDAsInJlYWQiOjMwMDAwMDAwMDAwMCwidXBkYXRlIjoxODAwMDAwMDAwMDAwfSwic2NoZW1hX3ZlcnNpb24iOiIyIn0=",
          "dependencies": [
            "module.kvsse.azurerm_resource_group.sse",
            "module.kvsse.data.azurerm_client_config.current",
            "module.kvsse.random_pet.prefix"
          ]
        }
      ]
    },
    {
      "module": "module.kvsse[0]",
      "mode": "managed",
      "type": "azurerm_key_vault_access_policy",
      "name": "current_user",
      "provider": "provider[\"registry.terraform.io/hashicorp/azurerm\"]",
      "instances": [
        {
          "schema_version": 0,
          "attributes": {
            "application_id": "",
            "certificate_permissions": [],
            "id": "/subscriptions/41dafe2e-0108-4dd0-827f-5110b0f0538d/resourceGroups/smiling-shiner-rg/providers/Microsoft.KeyVault/vaults/smiling-shiner-kv/objectId/fe1b55b4-64b1-4490-90fb-c77bfa4f3100",
            "key_permissions": [
              "Create",
              "Delete",
              "Get",
              "Purge",
              "Update",
              "GetRotationPolicy"
            ],
            "key_vault_id": "/subscriptions/41dafe2e-0108-4dd0-827f-5110b0f0538d/resourceGroups/smiling-shiner-rg/providers/Microsoft.KeyVault/vaults/smiling-shiner-kv",
            "object_id": "fe1b55b4-64b1-4490-90fb-c77bfa4f3100",
            "secret_permissions": [
              "Get",
              "Delete",
              "Set"
            ],
            "storage_permissions": [],
            "tenant_id": "2d0d5fc2-d5c4-4889-b991-4cf2b9e83bc2",
            "timeouts": null
          },
          "sensitive_attributes": [],
          "private": "eyJlMmJmYjczMC1lY2FhLTExZTYtOGY4OC0zNDM2M2JjN2M0YzAiOnsiY3JlYXRlIjoxODAwMDAwMDAwMDAwLCJkZWxldGUiOjE4MDAwMDAwMDAwMDAsInJlYWQiOjMwMDAwMDAwMDAwMCwidXBkYXRlIjoxODAwMDAwMDAwMDAwfX0=",
          "dependencies": [
            "module.kvsse.azurerm_key_vault.sse",
            "module.kvsse.azurerm_resource_group.sse",
            "module.kvsse.data.azurerm_client_config.current",
            "module.kvsse.random_pet.prefix"
          ]
        }
      ]
    },
    {
      "module": "module.kvsse[0]",
      "mode": "managed",
      "type": "azurerm_key_vault_access_policy",
      "name": "disk-encryption",
      "provider": "provider[\"registry.terraform.io/hashicorp/azurerm\"]",
      "instances": [
        {
          "schema_version": 0,
          "attributes": {
            "application_id": "",
            "certificate_permissions": [],
            "id": "/subscriptions/41dafe2e-0108-4dd0-827f-5110b0f0538d/resourceGroups/smiling-shiner-rg/providers/Microsoft.KeyVault/vaults/smiling-shiner-kv/objectId/ea366278-8320-4670-a4e1-27246af969c1",
            "key_permissions": [
              "Get",
              "WrapKey",
              "UnwrapKey"
            ],
            "key_vault_id": "/subscriptions/41dafe2e-0108-4dd0-827f-5110b0f0538d/resourceGroups/smiling-shiner-rg/providers/Microsoft.KeyVault/vaults/smiling-shiner-kv",
            "object_id": "ea366278-8320-4670-a4e1-27246af969c1",
            "secret_permissions": [],
            "storage_permissions": [],
            "tenant_id": "2d0d5fc2-d5c4-4889-b991-4cf2b9e83bc2",
            "timeouts": null
          },
          "sensitive_attributes": [],
          "private": "eyJlMmJmYjczMC1lY2FhLTExZTYtOGY4OC0zNDM2M2JjN2M0YzAiOnsiY3JlYXRlIjoxODAwMDAwMDAwMDAwLCJkZWxldGUiOjE4MDAwMDAwMDAwMDAsInJlYWQiOjMwMDAwMDAwMDAwMCwidXBkYXRlIjoxODAwMDAwMDAwMDAwfX0=",
          "dependencies": [
            "module.kvsse.azurerm_disk_encryption_set.sse",
            "module.kvsse.azurerm_key_vault.sse",
            "module.kvsse.azurerm_key_vault_access_policy.current_user",
            "module.kvsse.azurerm_key_vault_key.sse",
            "module.kvsse.azurerm_resource_group.sse",
            "module.kvsse.data.azurerm_client_config.current",
            "module.kvsse.random_pet.prefix"
          ]
        }
      ]
    },
    {
      "module": "module.kvsse[0]",
      "mode": "managed",
      "type": "azurerm_key_vault_key",
      "name": "sse",
      "provider": "provider[\"registry.terraform.io/hashicorp/azurerm\"]",
      "instances": [
        {
          "schema_version": 0,
          "attributes": {
            "curve": "",
            "e": "AQAB",
            "expiration_date": null,
            "id": "https://smiling-shiner-kv.vault.usgovcloudapi.net/keys/ssekey/00eecb548f704e55b0361eab4aab1256",
            "key_opts": [
              "decrypt",
              "encrypt",
              "sign",
              "unwrapKey",
              "verify",
              "wrapKey"
            ],
            "key_size": 4096,
            "key_type": "RSA-HSM",
            "key_vault_id": "/subscriptions/41dafe2e-0108-4dd0-827f-5110b0f0538d/resourceGroups/smiling-shiner-rg/providers/Microsoft.KeyVault/vaults/smiling-shiner-kv",
            "n": "uuRxCWbigcK7SguWM-h0-qYzTtxLvnmE5oEVIyuhiF8PkwKJ4UQL-ECJUMFzTRun_JsALLkSrvjOu7l7DbWyPPUs7F-jJQzB1CXSkbKceDIkEGc-58PCtsU2K5QooD9LDbaajlmI4GK-MyPSm8Ho1SO_ROphl5Tg67u8HRzcR7SuIX-LSL4fDppcn2JMaHNuSg8AO7SWaj92fLHjAc7SXHoORVp7f4BrGXgR0KoRJXuGNSHpEDsqE2W4c4AJ2E9UFPpj91XjqZxw15wf_1nN_ObB72Mx1UzCvrEhP_o00uW1MyXKgSfWc-WZuYCj3wNV8QjfcDUw-4VZCR6W-Lrjfes0K1kTd7XQ1nhbV-MibD7qjloXrLYdWSmN6bz3jMH7OkrjpQCKNhHXyDt2ZvQhRg24DVCc-XYN_iyKD1L7MsmrxUntImMBTutvoAgUbJWxhsoz-Awq9BFgt8ZazUmCFrq0DPLQsyo5CnGoJ6VKrei7x_RLKh2xG92pSWKl6wtlm2PhHcf8__ogIj3VkQsscKXB2bnz-4OHsz0dIyB52Aju3HR9lHjF6-8ODNsy9cMY3HHFsxDsmvyXPJXoD3rqioWwEO1TLdB5ezT-Hucf36RuymnsZW0nDDkByFjtkqAchEwBSdGWDKXr4HPKUmRYXpJDAJnFENQ_Z__lrjxP1f8",
            "name": "ssekey",
            "not_before_date": null,
            "public_key_openssh": "ssh-rsa AAAAB3NzaC1yc2EAAAADAQABAAACAQC65HEJZuKBwrtKC5Yz6HT6pjNO3Eu+eYTmgRUjK6GIXw+TAonhRAv4QIlQwXNNG6f8mwAsuRKu+M67uXsNtbI89SzsX6MlDMHUJdKRspx4MiQQZz7nw8K2xTYrlCigP0sNtpqOWYjgYr4zI9KbwejVI79E6mGXlODru7wdHNxHtK4hf4tIvh8OmlyfYkxoc25KDwA7tJZqP3Z8seMBztJceg5FWnt/gGsZeBHQqhEle4Y1IekQOyoTZbhzgAnYT1QU+mP3VeOpnHDXnB//Wc385sHvYzHVTMK+sSE/+jTS5bUzJcqBJ9Zz5Zm5gKPfA1XxCN9wNTD7hVkJHpb4uuN96zQrWRN3tdDWeFtX4yJsPuqOWhesth1ZKY3pvPeMwfs6SuOlAIo2EdfIO3Zm9CFGDbgNUJz5dg3+LIoPUvsyyavFSe0iYwFO62+gCBRslbGGyjP4DCr0EWC3xlrNSYIWurQM8tCzKjkKcagnpUqt6LvH9EsqHbEb3alJYqXrC2WbY+Edx/z/+iAiPdWRCyxwpcHZufP7g4ezPR0jIHnYCO7cdH2UeMXr7w4M2zL1wxjcccWzEOya/Jc8legPeuqKhbAQ7VMt0Hl7NP4e5x/fpG7KaexlbScMOQHIWO2SoByETAFJ0ZYMpevgc8pSZFhekkMAmcUQ1D9n/+WuPE/V/w==\n",
            "public_key_pem": "-----BEGIN PUBLIC KEY-----\nMIICIjANBgkqhkiG9w0BAQEFAAOCAg8AMIICCgKCAgEAuuRxCWbigcK7SguWM+h0\n+qYzTtxLvnmE5oEVIyuhiF8PkwKJ4UQL+ECJUMFzTRun/JsALLkSrvjOu7l7DbWy\nPPUs7F+jJQzB1CXSkbKceDIkEGc+58PCtsU2K5QooD9LDbaajlmI4GK+MyPSm8Ho\n1SO/ROphl5Tg67u8HRzcR7SuIX+LSL4fDppcn2JMaHNuSg8AO7SWaj92fLHjAc7S\nXHoORVp7f4BrGXgR0KoRJXuGNSHpEDsqE2W4c4AJ2E9UFPpj91XjqZxw15wf/1nN\n/ObB72Mx1UzCvrEhP/o00uW1MyXKgSfWc+WZuYCj3wNV8QjfcDUw+4VZCR6W+Lrj\nfes0K1kTd7XQ1nhbV+MibD7qjloXrLYdWSmN6bz3jMH7OkrjpQCKNhHXyDt2ZvQh\nRg24DVCc+XYN/iyKD1L7MsmrxUntImMBTutvoAgUbJWxhsoz+Awq9BFgt8ZazUmC\nFrq0DPLQsyo5CnGoJ6VKrei7x/RLKh2xG92pSWKl6wtlm2PhHcf8//ogIj3VkQss\ncKXB2bnz+4OHsz0dIyB52Aju3HR9lHjF6+8ODNsy9cMY3HHFsxDsmvyXPJXoD3rq\nioWwEO1TLdB5ezT+Hucf36RuymnsZW0nDDkByFjtkqAchEwBSdGWDKXr4HPKUmRY\nXpJDAJnFENQ/Z//lrjxP1f8CAwEAAQ==\n-----END PUBLIC KEY-----\n",
            "resource_id": "/subscriptions/41dafe2e-0108-4dd0-827f-5110b0f0538d/resourceGroups/smiling-shiner-rg/providers/Microsoft.KeyVault/vaults/smiling-shiner-kv/keys/ssekey/versions/00eecb548f704e55b0361eab4aab1256",
            "resource_versionless_id": "/subscriptions/41dafe2e-0108-4dd0-827f-5110b0f0538d/resourceGroups/smiling-shiner-rg/providers/Microsoft.KeyVault/vaults/smiling-shiner-kv/keys/ssekey",
            "rotation_policy": [
              {
                "automatic": [],
                "expire_after": "",
                "notify_before_expiry": ""
              }
            ],
            "tags": {},
            "timeouts": null,
            "version": "00eecb548f704e55b0361eab4aab1256",
            "versionless_id": "https://smiling-shiner-kv.vault.usgovcloudapi.net/keys/ssekey",
            "x": "",
            "y": ""
          },
          "sensitive_attributes": [],
          "private": "eyJlMmJmYjczMC1lY2FhLTExZTYtOGY4OC0zNDM2M2JjN2M0YzAiOnsiY3JlYXRlIjoxODAwMDAwMDAwMDAwLCJkZWxldGUiOjE4MDAwMDAwMDAwMDAsInJlYWQiOjE4MDAwMDAwMDAwMDAsInVwZGF0ZSI6MTgwMDAwMDAwMDAwMH19",
          "dependencies": [
            "module.kvsse.azurerm_key_vault.sse",
            "module.kvsse.azurerm_key_vault_access_policy.current_user",
            "module.kvsse.azurerm_resource_group.sse",
            "module.kvsse.data.azurerm_client_config.current",
            "module.kvsse.random_pet.prefix"
          ]
        }
      ]
    },
    {
      "module": "module.kvsse[0]",
      "mode": "managed",
      "type": "azurerm_resource_group",
      "name": "sse",
      "provider": "provider[\"registry.terraform.io/hashicorp/azurerm\"]",
      "instances": [
        {
          "schema_version": 0,
          "attributes": {
            "id": "/subscriptions/41dafe2e-0108-4dd0-827f-5110b0f0538d/resourceGroups/smiling-shiner-rg",
            "location": "usgovvirginia",
            "name": "smiling-shiner-rg",
            "tags": {},
            "timeouts": null
          },
          "sensitive_attributes": [],
          "private": "eyJlMmJmYjczMC1lY2FhLTExZTYtOGY4OC0zNDM2M2JjN2M0YzAiOnsiY3JlYXRlIjo1NDAwMDAwMDAwMDAwLCJkZWxldGUiOjU0MDAwMDAwMDAwMDAsInJlYWQiOjMwMDAwMDAwMDAwMCwidXBkYXRlIjo1NDAwMDAwMDAwMDAwfX0=",
          "dependencies": [
            "module.kvsse.random_pet.prefix"
          ]
        }
      ]
    },
    {
      "module": "module.kvsse[0]",
      "mode": "managed",
      "type": "random_pet",
      "name": "prefix",
      "provider": "provider[\"registry.terraform.io/hashicorp/random\"]",
      "instances": [
        {
          "schema_version": 0,
          "attributes": {
            "id": "smiling-shiner",
            "keepers": null,
            "length": 2,
            "prefix": null,
            "separator": "-"
          },
          "sensitive_attributes": []
        }
      ]
    },
    {
      "module": "module.kvsse[1]",
      "mode": "data",
      "type": "azurerm_client_config",
      "name": "current",
      "provider": "provider[\"registry.terraform.io/hashicorp/azurerm\"]",
      "instances": [
        {
          "schema_version": 0,
          "attributes": {
            "client_id": "04b07795-8ddb-461a-bbee-02f9e1bf7b46",
            "id": "Y2xpZW50Q29uZmlncy9jbGllbnRJZD0wNGIwNzc5NS04ZGRiLTQ2MWEtYmJlZS0wMmY5ZTFiZjdiNDY7b2JqZWN0SWQ9ZmUxYjU1YjQtNjRiMS00NDkwLTkwZmItYzc3YmZhNGYzMTAwO3N1YnNjcmlwdGlvbklkPTQxZGFmZTJlLTAxMDgtNGRkMC04MjdmLTUxMTBiMGYwNTM4ZDt0ZW5hbnRJZD0yZDBkNWZjMi1kNWM0LTQ4ODktYjk5MS00Y2YyYjllODNiYzI=",
            "object_id": "fe1b55b4-64b1-4490-90fb-c77bfa4f3100",
            "subscription_id": "41dafe2e-0108-4dd0-827f-5110b0f0538d",
            "tenant_id": "2d0d5fc2-d5c4-4889-b991-4cf2b9e83bc2",
            "timeouts": null
          },
          "sensitive_attributes": []
        }
      ]
    },
    {
      "module": "module.kvsse[1]",
      "mode": "managed",
      "type": "azurerm_disk_encryption_set",
      "name": "sse",
      "provider": "provider[\"registry.terraform.io/hashicorp/azurerm\"]",
      "instances": [
        {
          "schema_version": 0,
          "attributes": {
            "auto_key_rotation_enabled": false,
            "encryption_type": "EncryptionAtRestWithCustomerKey",
            "federated_client_id": "",
            "id": "/subscriptions/41dafe2e-0108-4dd0-827f-5110b0f0538d/resourceGroups/holy-whippet-rg/providers/Microsoft.Compute/diskEncryptionSets/holy-whippet-des",
            "identity": [
              {
                "identity_ids": [],
                "principal_id": "bc76acc5-e2dd-4808-9919-e1ee71f54b42",
                "tenant_id": "2d0d5fc2-d5c4-4889-b991-4cf2b9e83bc2",
                "type": "SystemAssigned"
              }
            ],
            "key_vault_key_id": "https://holy-whippet-kv.vault.usgovcloudapi.net/keys/ssekey/a0ca745f204c497398897ed28f65ca9d",
            "location": "usgovvirginia",
            "name": "holy-whippet-des",
            "resource_group_name": "holy-whippet-rg",
            "tags": {},
            "timeouts": null
          },
          "sensitive_attributes": [],
          "private": "eyJlMmJmYjczMC1lY2FhLTExZTYtOGY4OC0zNDM2M2JjN2M0YzAiOnsiY3JlYXRlIjozNjAwMDAwMDAwMDAwLCJkZWxldGUiOjM2MDAwMDAwMDAwMDAsInJlYWQiOjMwMDAwMDAwMDAwMCwidXBkYXRlIjozNjAwMDAwMDAwMDAwfX0=",
          "dependencies": [
            "module.kvsse.azurerm_key_vault.sse",
            "module.kvsse.azurerm_key_vault_access_policy.current_user",
            "module.kvsse.azurerm_key_vault_key.sse",
            "module.kvsse.azurerm_resource_group.sse",
            "module.kvsse.data.azurerm_client_config.current",
            "module.kvsse.random_pet.prefix"
          ]
        }
      ]
    },
    {
      "module": "module.kvsse[1]",
      "mode": "managed",
      "type": "azurerm_key_vault",
      "name": "sse",
      "provider": "provider[\"registry.terraform.io/hashicorp/azurerm\"]",
      "instances": [
        {
          "schema_version": 2,
          "attributes": {
            "access_policy": [
              {
                "application_id": "",
                "certificate_permissions": [],
                "key_permissions": [
                  "Create",
                  "Delete",
                  "Get",
                  "Purge",
                  "Update",
                  "GetRotationPolicy"
                ],
                "object_id": "fe1b55b4-64b1-4490-90fb-c77bfa4f3100",
                "secret_permissions": [
                  "Get",
                  "Delete",
                  "Set"
                ],
                "storage_permissions": [],
                "tenant_id": "2d0d5fc2-d5c4-4889-b991-4cf2b9e83bc2"
              },
              {
                "application_id": "",
                "certificate_permissions": [],
                "key_permissions": [
                  "Get",
                  "WrapKey",
                  "UnwrapKey"
                ],
                "object_id": "bc76acc5-e2dd-4808-9919-e1ee71f54b42",
                "secret_permissions": [],
                "storage_permissions": [],
                "tenant_id": "2d0d5fc2-d5c4-4889-b991-4cf2b9e83bc2"
              }
            ],
            "contact": [],
            "enable_rbac_authorization": false,
            "enabled_for_deployment": false,
            "enabled_for_disk_encryption": true,
            "enabled_for_template_deployment": false,
            "id": "/subscriptions/41dafe2e-0108-4dd0-827f-5110b0f0538d/resourceGroups/holy-whippet-rg/providers/Microsoft.KeyVault/vaults/holy-whippet-kv",
            "location": "usgovvirginia",
            "name": "holy-whippet-kv",
            "network_acls": [
              {
                "bypass": "AzureServices",
                "default_action": "Allow",
                "ip_rules": [],
                "virtual_network_subnet_ids": []
              }
            ],
            "public_network_access_enabled": true,
            "purge_protection_enabled": true,
            "resource_group_name": "holy-whippet-rg",
            "sku_name": "premium",
            "soft_delete_retention_days": 7,
            "tags": {},
            "tenant_id": "2d0d5fc2-d5c4-4889-b991-4cf2b9e83bc2",
            "timeouts": null,
            "vault_uri": "https://holy-whippet-kv.vault.usgovcloudapi.net/"
          },
          "sensitive_attributes": [],
          "private": "eyJlMmJmYjczMC1lY2FhLTExZTYtOGY4OC0zNDM2M2JjN2M0YzAiOnsiY3JlYXRlIjoxODAwMDAwMDAwMDAwLCJkZWxldGUiOjE4MDAwMDAwMDAwMDAsInJlYWQiOjMwMDAwMDAwMDAwMCwidXBkYXRlIjoxODAwMDAwMDAwMDAwfSwic2NoZW1hX3ZlcnNpb24iOiIyIn0=",
          "dependencies": [
            "module.kvsse.azurerm_resource_group.sse",
            "module.kvsse.data.azurerm_client_config.current",
            "module.kvsse.random_pet.prefix"
          ]
        }
      ]
    },
    {
      "module": "module.kvsse[1]",
      "mode": "managed",
      "type": "azurerm_key_vault_access_policy",
      "name": "current_user",
      "provider": "provider[\"registry.terraform.io/hashicorp/azurerm\"]",
      "instances": [
        {
          "schema_version": 0,
          "attributes": {
            "application_id": "",
            "certificate_permissions": [],
            "id": "/subscriptions/41dafe2e-0108-4dd0-827f-5110b0f0538d/resourceGroups/holy-whippet-rg/providers/Microsoft.KeyVault/vaults/holy-whippet-kv/objectId/fe1b55b4-64b1-4490-90fb-c77bfa4f3100",
            "key_permissions": [
              "Create",
              "Delete",
              "Get",
              "Purge",
              "Update",
              "GetRotationPolicy"
            ],
            "key_vault_id": "/subscriptions/41dafe2e-0108-4dd0-827f-5110b0f0538d/resourceGroups/holy-whippet-rg/providers/Microsoft.KeyVault/vaults/holy-whippet-kv",
            "object_id": "fe1b55b4-64b1-4490-90fb-c77bfa4f3100",
            "secret_permissions": [
              "Get",
              "Delete",
              "Set"
            ],
            "storage_permissions": [],
            "tenant_id": "2d0d5fc2-d5c4-4889-b991-4cf2b9e83bc2",
            "timeouts": null
          },
          "sensitive_attributes": [],
          "private": "eyJlMmJmYjczMC1lY2FhLTExZTYtOGY4OC0zNDM2M2JjN2M0YzAiOnsiY3JlYXRlIjoxODAwMDAwMDAwMDAwLCJkZWxldGUiOjE4MDAwMDAwMDAwMDAsInJlYWQiOjMwMDAwMDAwMDAwMCwidXBkYXRlIjoxODAwMDAwMDAwMDAwfX0=",
          "dependencies": [
            "module.kvsse.azurerm_key_vault.sse",
            "module.kvsse.azurerm_resource_group.sse",
            "module.kvsse.data.azurerm_client_config.current",
            "module.kvsse.random_pet.prefix"
          ]
        }
      ]
    },
    {
      "module": "module.kvsse[1]",
      "mode": "managed",
      "type": "azurerm_key_vault_access_policy",
      "name": "disk-encryption",
      "provider": "provider[\"registry.terraform.io/hashicorp/azurerm\"]",
      "instances": [
        {
          "schema_version": 0,
          "attributes": {
            "application_id": "",
            "certificate_permissions": [],
            "id": "/subscriptions/41dafe2e-0108-4dd0-827f-5110b0f0538d/resourceGroups/holy-whippet-rg/providers/Microsoft.KeyVault/vaults/holy-whippet-kv/objectId/bc76acc5-e2dd-4808-9919-e1ee71f54b42",
            "key_permissions": [
              "Get",
              "WrapKey",
              "UnwrapKey"
            ],
            "key_vault_id": "/subscriptions/41dafe2e-0108-4dd0-827f-5110b0f0538d/resourceGroups/holy-whippet-rg/providers/Microsoft.KeyVault/vaults/holy-whippet-kv",
            "object_id": "bc76acc5-e2dd-4808-9919-e1ee71f54b42",
            "secret_permissions": [],
            "storage_permissions": [],
            "tenant_id": "2d0d5fc2-d5c4-4889-b991-4cf2b9e83bc2",
            "timeouts": null
          },
          "sensitive_attributes": [],
          "private": "eyJlMmJmYjczMC1lY2FhLTExZTYtOGY4OC0zNDM2M2JjN2M0YzAiOnsiY3JlYXRlIjoxODAwMDAwMDAwMDAwLCJkZWxldGUiOjE4MDAwMDAwMDAwMDAsInJlYWQiOjMwMDAwMDAwMDAwMCwidXBkYXRlIjoxODAwMDAwMDAwMDAwfX0=",
          "dependencies": [
            "module.kvsse.azurerm_disk_encryption_set.sse",
            "module.kvsse.azurerm_key_vault.sse",
            "module.kvsse.azurerm_key_vault_access_policy.current_user",
            "module.kvsse.azurerm_key_vault_key.sse",
            "module.kvsse.azurerm_resource_group.sse",
            "module.kvsse.data.azurerm_client_config.current",
            "module.kvsse.random_pet.prefix"
          ]
        }
      ]
    },
    {
      "module": "module.kvsse[1]",
      "mode": "managed",
      "type": "azurerm_key_vault_key",
      "name": "sse",
      "provider": "provider[\"registry.terraform.io/hashicorp/azurerm\"]",
      "instances": [
        {
          "schema_version": 0,
          "attributes": {
            "curve": "",
            "e": "AQAB",
            "expiration_date": null,
            "id": "https://holy-whippet-kv.vault.usgovcloudapi.net/keys/ssekey/a0ca745f204c497398897ed28f65ca9d",
            "key_opts": [
              "decrypt",
              "encrypt",
              "sign",
              "unwrapKey",
              "verify",
              "wrapKey"
            ],
            "key_size": 4096,
            "key_type": "RSA-HSM",
            "key_vault_id": "/subscriptions/41dafe2e-0108-4dd0-827f-5110b0f0538d/resourceGroups/holy-whippet-rg/providers/Microsoft.KeyVault/vaults/holy-whippet-kv",
            "n": "qXFkDVDRgN0Wwfmhu6LdPI7O_gphD2DqI2yVO-MZL0aEZnnsAdq3gj9xWZ4eZ2Ji9YORAhYbsoKVUhRRpaQpNb-bV46mCXGFa0Vto8RtEhNmZflOn8HqQQmd-oS5C3ihyLuVwE8pLvKMXY7yYu5L4rqo_o3O8TtObDtDYMaMdB8cDkEyoopNczeKI8EhK6SKAnwylt7Z8PZ8BWf0IYHhNbM_lb8prwS3qmuxA1v6_iqw7rAUV03k5Gx7pNIKAamWoVYGV4TGAb6aNaL9dEhUNBHudq97zqqjBO8SpMsVivxYI5ZTjAkdLWLOdpl6XaX1_SM0HN96u70NA3JXrDl5StzFJ6u9LTeEJlSZjDVYPPg1GNOw_LMN3s6Mr0ToADq1MmPcm8yHVczbbCZwoK6uf7aDgYmP3uZhnFYw5KH7hwFM45tqs28JPDLmQwSIlrGhfk-5yMfV5-WFdcDoZXwJ1UL5v6EKWoGZiPHhprxyIstLV_ewnlq3R28DjPayKuX8iBPVSnG8g6NEiHlVKwtWj7ZSjhXixG84EmL54Ma8C1-thmlZFFlv1RdkEjfF554yiC40kjZ2_UWJsIs86ZWdRkfdlSjRVUVr6p1_y42YQHt3fEsJmJjMzXDroQ4XGHQ0dhhptf8IQ1IOLj9g5Z4bQ2HSQ_3aOdvjdP8cVIisDpE",
            "name": "ssekey",
            "not_before_date": null,
            "public_key_openssh": "ssh-rsa AAAAB3NzaC1yc2EAAAADAQABAAACAQCpcWQNUNGA3RbB+aG7ot08js7+CmEPYOojbJU74xkvRoRmeewB2reCP3FZnh5nYmL1g5ECFhuygpVSFFGlpCk1v5tXjqYJcYVrRW2jxG0SE2Zl+U6fwepBCZ36hLkLeKHIu5XATyku8oxdjvJi7kviuqj+jc7xO05sO0Ngxox0HxwOQTKiik1zN4ojwSErpIoCfDKW3tnw9nwFZ/QhgeE1sz+VvymvBLeqa7EDW/r+KrDusBRXTeTkbHuk0goBqZahVgZXhMYBvpo1ov10SFQ0Ee52r3vOqqME7xKkyxWK/FgjllOMCR0tYs52mXpdpfX9IzQc33q7vQ0DclesOXlK3MUnq70tN4QmVJmMNVg8+DUY07D8sw3ezoyvROgAOrUyY9ybzIdVzNtsJnCgrq5/toOBiY/e5mGcVjDkofuHAUzjm2qzbwk8MuZDBIiWsaF+T7nIx9Xn5YV1wOhlfAnVQvm/oQpagZmI8eGmvHIiy0tX97CeWrdHbwOM9rIq5fyIE9VKcbyDo0SIeVUrC1aPtlKOFeLEbzgSYvngxrwLX62GaVkUWW/VF2QSN8XnnjKILjSSNnb9RYmwizzplZ1GR92VKNFVRWvqnX/LjZhAe3d8SwmYmMzNcOuhDhcYdDR2GGm1/whDUg4uP2DlnhtDYdJD/do52+N0/xxUiKwOkQ==\n",
            "public_key_pem": "-----BEGIN PUBLIC KEY-----\nMIICIjANBgkqhkiG9w0BAQEFAAOCAg8AMIICCgKCAgEAqXFkDVDRgN0Wwfmhu6Ld\nPI7O/gphD2DqI2yVO+MZL0aEZnnsAdq3gj9xWZ4eZ2Ji9YORAhYbsoKVUhRRpaQp\nNb+bV46mCXGFa0Vto8RtEhNmZflOn8HqQQmd+oS5C3ihyLuVwE8pLvKMXY7yYu5L\n4rqo/o3O8TtObDtDYMaMdB8cDkEyoopNczeKI8EhK6SKAnwylt7Z8PZ8BWf0IYHh\nNbM/lb8prwS3qmuxA1v6/iqw7rAUV03k5Gx7pNIKAamWoVYGV4TGAb6aNaL9dEhU\nNBHudq97zqqjBO8SpMsVivxYI5ZTjAkdLWLOdpl6XaX1/SM0HN96u70NA3JXrDl5\nStzFJ6u9LTeEJlSZjDVYPPg1GNOw/LMN3s6Mr0ToADq1MmPcm8yHVczbbCZwoK6u\nf7aDgYmP3uZhnFYw5KH7hwFM45tqs28JPDLmQwSIlrGhfk+5yMfV5+WFdcDoZXwJ\n1UL5v6EKWoGZiPHhprxyIstLV/ewnlq3R28DjPayKuX8iBPVSnG8g6NEiHlVKwtW\nj7ZSjhXixG84EmL54Ma8C1+thmlZFFlv1RdkEjfF554yiC40kjZ2/UWJsIs86ZWd\nRkfdlSjRVUVr6p1/y42YQHt3fEsJmJjMzXDroQ4XGHQ0dhhptf8IQ1IOLj9g5Z4b\nQ2HSQ/3aOdvjdP8cVIisDpECAwEAAQ==\n-----END PUBLIC KEY-----\n",
            "resource_id": "/subscriptions/41dafe2e-0108-4dd0-827f-5110b0f0538d/resourceGroups/holy-whippet-rg/providers/Microsoft.KeyVault/vaults/holy-whippet-kv/keys/ssekey/versions/a0ca745f204c497398897ed28f65ca9d",
            "resource_versionless_id": "/subscriptions/41dafe2e-0108-4dd0-827f-5110b0f0538d/resourceGroups/holy-whippet-rg/providers/Microsoft.KeyVault/vaults/holy-whippet-kv/keys/ssekey",
            "rotation_policy": [
              {
                "automatic": [],
                "expire_after": "",
                "notify_before_expiry": ""
              }
            ],
            "tags": {},
            "timeouts": null,
            "version": "a0ca745f204c497398897ed28f65ca9d",
            "versionless_id": "https://holy-whippet-kv.vault.usgovcloudapi.net/keys/ssekey",
            "x": "",
            "y": ""
          },
          "sensitive_attributes": [],
          "private": "eyJlMmJmYjczMC1lY2FhLTExZTYtOGY4OC0zNDM2M2JjN2M0YzAiOnsiY3JlYXRlIjoxODAwMDAwMDAwMDAwLCJkZWxldGUiOjE4MDAwMDAwMDAwMDAsInJlYWQiOjE4MDAwMDAwMDAwMDAsInVwZGF0ZSI6MTgwMDAwMDAwMDAwMH19",
          "dependencies": [
            "module.kvsse.azurerm_key_vault.sse",
            "module.kvsse.azurerm_key_vault_access_policy.current_user",
            "module.kvsse.azurerm_resource_group.sse",
            "module.kvsse.data.azurerm_client_config.current",
            "module.kvsse.random_pet.prefix"
          ]
        }
      ]
    },
    {
      "module": "module.kvsse[1]",
      "mode": "managed",
      "type": "azurerm_resource_group",
      "name": "sse",
      "provider": "provider[\"registry.terraform.io/hashicorp/azurerm\"]",
      "instances": [
        {
          "schema_version": 0,
          "attributes": {
            "id": "/subscriptions/41dafe2e-0108-4dd0-827f-5110b0f0538d/resourceGroups/holy-whippet-rg",
            "location": "usgovvirginia",
            "name": "holy-whippet-rg",
            "tags": {},
            "timeouts": null
          },
          "sensitive_attributes": [],
          "private": "eyJlMmJmYjczMC1lY2FhLTExZTYtOGY4OC0zNDM2M2JjN2M0YzAiOnsiY3JlYXRlIjo1NDAwMDAwMDAwMDAwLCJkZWxldGUiOjU0MDAwMDAwMDAwMDAsInJlYWQiOjMwMDAwMDAwMDAwMCwidXBkYXRlIjo1NDAwMDAwMDAwMDAwfX0=",
          "dependencies": [
            "module.kvsse.random_pet.prefix"
          ]
        }
      ]
    },
    {
      "module": "module.kvsse[1]",
      "mode": "managed",
      "type": "random_pet",
      "name": "prefix",
      "provider": "provider[\"registry.terraform.io/hashicorp/random\"]",
      "instances": [
        {
          "schema_version": 0,
          "attributes": {
            "id": "holy-whippet",
            "keepers": null,
            "length": 2,
            "prefix": null,
            "separator": "-"
          },
          "sensitive_attributes": []
        }
      ]
    },
    {
      "module": "module.kvsse[2]",
      "mode": "data",
      "type": "azurerm_client_config",
      "name": "current",
      "provider": "provider[\"registry.terraform.io/hashicorp/azurerm\"]",
      "instances": [
        {
          "schema_version": 0,
          "attributes": {
            "client_id": "04b07795-8ddb-461a-bbee-02f9e1bf7b46",
            "id": "Y2xpZW50Q29uZmlncy9jbGllbnRJZD0wNGIwNzc5NS04ZGRiLTQ2MWEtYmJlZS0wMmY5ZTFiZjdiNDY7b2JqZWN0SWQ9ZmUxYjU1YjQtNjRiMS00NDkwLTkwZmItYzc3YmZhNGYzMTAwO3N1YnNjcmlwdGlvbklkPTQxZGFmZTJlLTAxMDgtNGRkMC04MjdmLTUxMTBiMGYwNTM4ZDt0ZW5hbnRJZD0yZDBkNWZjMi1kNWM0LTQ4ODktYjk5MS00Y2YyYjllODNiYzI=",
            "object_id": "fe1b55b4-64b1-4490-90fb-c77bfa4f3100",
            "subscription_id": "41dafe2e-0108-4dd0-827f-5110b0f0538d",
            "tenant_id": "2d0d5fc2-d5c4-4889-b991-4cf2b9e83bc2",
            "timeouts": null
          },
          "sensitive_attributes": []
        }
      ]
    },
    {
      "module": "module.kvsse[2]",
      "mode": "managed",
      "type": "azurerm_disk_encryption_set",
      "name": "sse",
      "provider": "provider[\"registry.terraform.io/hashicorp/azurerm\"]",
      "instances": [
        {
          "schema_version": 0,
          "attributes": {
            "auto_key_rotation_enabled": false,
            "encryption_type": "EncryptionAtRestWithCustomerKey",
            "federated_client_id": "",
            "id": "/subscriptions/41dafe2e-0108-4dd0-827f-5110b0f0538d/resourceGroups/related-mouse-rg/providers/Microsoft.Compute/diskEncryptionSets/related-mouse-des",
            "identity": [
              {
                "identity_ids": [],
                "principal_id": "1e390b37-1c11-434e-8871-ee173c2146b1",
                "tenant_id": "2d0d5fc2-d5c4-4889-b991-4cf2b9e83bc2",
                "type": "SystemAssigned"
              }
            ],
            "key_vault_key_id": "https://related-mouse-kv.vault.usgovcloudapi.net/keys/ssekey/5d18f559458345fb8b7f813d631c7979",
            "location": "usgovvirginia",
            "name": "related-mouse-des",
            "resource_group_name": "related-mouse-rg",
            "tags": {},
            "timeouts": null
          },
          "sensitive_attributes": [],
          "private": "eyJlMmJmYjczMC1lY2FhLTExZTYtOGY4OC0zNDM2M2JjN2M0YzAiOnsiY3JlYXRlIjozNjAwMDAwMDAwMDAwLCJkZWxldGUiOjM2MDAwMDAwMDAwMDAsInJlYWQiOjMwMDAwMDAwMDAwMCwidXBkYXRlIjozNjAwMDAwMDAwMDAwfX0=",
          "dependencies": [
            "module.kvsse.azurerm_key_vault.sse",
            "module.kvsse.azurerm_key_vault_access_policy.current_user",
            "module.kvsse.azurerm_key_vault_key.sse",
            "module.kvsse.azurerm_resource_group.sse",
            "module.kvsse.data.azurerm_client_config.current",
            "module.kvsse.random_pet.prefix"
          ]
        }
      ]
    },
    {
      "module": "module.kvsse[2]",
      "mode": "managed",
      "type": "azurerm_key_vault",
      "name": "sse",
      "provider": "provider[\"registry.terraform.io/hashicorp/azurerm\"]",
      "instances": [
        {
          "schema_version": 2,
          "attributes": {
            "access_policy": [
              {
                "application_id": "",
                "certificate_permissions": [],
                "key_permissions": [
                  "Create",
                  "Delete",
                  "Get",
                  "Purge",
                  "Update",
                  "GetRotationPolicy"
                ],
                "object_id": "fe1b55b4-64b1-4490-90fb-c77bfa4f3100",
                "secret_permissions": [
                  "Get",
                  "Delete",
                  "Set"
                ],
                "storage_permissions": [],
                "tenant_id": "2d0d5fc2-d5c4-4889-b991-4cf2b9e83bc2"
              },
              {
                "application_id": "",
                "certificate_permissions": [],
                "key_permissions": [
                  "Get",
                  "WrapKey",
                  "UnwrapKey"
                ],
                "object_id": "1e390b37-1c11-434e-8871-ee173c2146b1",
                "secret_permissions": [],
                "storage_permissions": [],
                "tenant_id": "2d0d5fc2-d5c4-4889-b991-4cf2b9e83bc2"
              }
            ],
            "contact": [],
            "enable_rbac_authorization": false,
            "enabled_for_deployment": false,
            "enabled_for_disk_encryption": true,
            "enabled_for_template_deployment": false,
            "id": "/subscriptions/41dafe2e-0108-4dd0-827f-5110b0f0538d/resourceGroups/related-mouse-rg/providers/Microsoft.KeyVault/vaults/related-mouse-kv",
            "location": "usgovvirginia",
            "name": "related-mouse-kv",
            "network_acls": [
              {
                "bypass": "AzureServices",
                "default_action": "Allow",
                "ip_rules": [],
                "virtual_network_subnet_ids": []
              }
            ],
            "public_network_access_enabled": true,
            "purge_protection_enabled": true,
            "resource_group_name": "related-mouse-rg",
            "sku_name": "premium",
            "soft_delete_retention_days": 7,
            "tags": {},
            "tenant_id": "2d0d5fc2-d5c4-4889-b991-4cf2b9e83bc2",
            "timeouts": null,
            "vault_uri": "https://related-mouse-kv.vault.usgovcloudapi.net/"
          },
          "sensitive_attributes": [],
          "private": "eyJlMmJmYjczMC1lY2FhLTExZTYtOGY4OC0zNDM2M2JjN2M0YzAiOnsiY3JlYXRlIjoxODAwMDAwMDAwMDAwLCJkZWxldGUiOjE4MDAwMDAwMDAwMDAsInJlYWQiOjMwMDAwMDAwMDAwMCwidXBkYXRlIjoxODAwMDAwMDAwMDAwfSwic2NoZW1hX3ZlcnNpb24iOiIyIn0=",
          "dependencies": [
            "module.kvsse.azurerm_resource_group.sse",
            "module.kvsse.data.azurerm_client_config.current",
            "module.kvsse.random_pet.prefix"
          ]
        }
      ]
    },
    {
      "module": "module.kvsse[2]",
      "mode": "managed",
      "type": "azurerm_key_vault_access_policy",
      "name": "current_user",
      "provider": "provider[\"registry.terraform.io/hashicorp/azurerm\"]",
      "instances": [
        {
          "schema_version": 0,
          "attributes": {
            "application_id": "",
            "certificate_permissions": [],
            "id": "/subscriptions/41dafe2e-0108-4dd0-827f-5110b0f0538d/resourceGroups/related-mouse-rg/providers/Microsoft.KeyVault/vaults/related-mouse-kv/objectId/fe1b55b4-64b1-4490-90fb-c77bfa4f3100",
            "key_permissions": [
              "Create",
              "Delete",
              "Get",
              "Purge",
              "Update",
              "GetRotationPolicy"
            ],
            "key_vault_id": "/subscriptions/41dafe2e-0108-4dd0-827f-5110b0f0538d/resourceGroups/related-mouse-rg/providers/Microsoft.KeyVault/vaults/related-mouse-kv",
            "object_id": "fe1b55b4-64b1-4490-90fb-c77bfa4f3100",
            "secret_permissions": [
              "Get",
              "Delete",
              "Set"
            ],
            "storage_permissions": [],
            "tenant_id": "2d0d5fc2-d5c4-4889-b991-4cf2b9e83bc2",
            "timeouts": null
          },
          "sensitive_attributes": [],
          "private": "eyJlMmJmYjczMC1lY2FhLTExZTYtOGY4OC0zNDM2M2JjN2M0YzAiOnsiY3JlYXRlIjoxODAwMDAwMDAwMDAwLCJkZWxldGUiOjE4MDAwMDAwMDAwMDAsInJlYWQiOjMwMDAwMDAwMDAwMCwidXBkYXRlIjoxODAwMDAwMDAwMDAwfX0=",
          "dependencies": [
            "module.kvsse.azurerm_key_vault.sse",
            "module.kvsse.azurerm_resource_group.sse",
            "module.kvsse.data.azurerm_client_config.current",
            "module.kvsse.random_pet.prefix"
          ]
        }
      ]
    },
    {
      "module": "module.kvsse[2]",
      "mode": "managed",
      "type": "azurerm_key_vault_access_policy",
      "name": "disk-encryption",
      "provider": "provider[\"registry.terraform.io/hashicorp/azurerm\"]",
      "instances": [
        {
          "schema_version": 0,
          "attributes": {
            "application_id": "",
            "certificate_permissions": [],
            "id": "/subscriptions/41dafe2e-0108-4dd0-827f-5110b0f0538d/resourceGroups/related-mouse-rg/providers/Microsoft.KeyVault/vaults/related-mouse-kv/objectId/1e390b37-1c11-434e-8871-ee173c2146b1",
            "key_permissions": [
              "Get",
              "WrapKey",
              "UnwrapKey"
            ],
            "key_vault_id": "/subscriptions/41dafe2e-0108-4dd0-827f-5110b0f0538d/resourceGroups/related-mouse-rg/providers/Microsoft.KeyVault/vaults/related-mouse-kv",
            "object_id": "1e390b37-1c11-434e-8871-ee173c2146b1",
            "secret_permissions": [],
            "storage_permissions": [],
            "tenant_id": "2d0d5fc2-d5c4-4889-b991-4cf2b9e83bc2",
            "timeouts": null
          },
          "sensitive_attributes": [],
          "private": "eyJlMmJmYjczMC1lY2FhLTExZTYtOGY4OC0zNDM2M2JjN2M0YzAiOnsiY3JlYXRlIjoxODAwMDAwMDAwMDAwLCJkZWxldGUiOjE4MDAwMDAwMDAwMDAsInJlYWQiOjMwMDAwMDAwMDAwMCwidXBkYXRlIjoxODAwMDAwMDAwMDAwfX0=",
          "dependencies": [
            "module.kvsse.azurerm_disk_encryption_set.sse",
            "module.kvsse.azurerm_key_vault.sse",
            "module.kvsse.azurerm_key_vault_access_policy.current_user",
            "module.kvsse.azurerm_key_vault_key.sse",
            "module.kvsse.azurerm_resource_group.sse",
            "module.kvsse.data.azurerm_client_config.current",
            "module.kvsse.random_pet.prefix"
          ]
        }
      ]
    },
    {
      "module": "module.kvsse[2]",
      "mode": "managed",
      "type": "azurerm_key_vault_key",
      "name": "sse",
      "provider": "provider[\"registry.terraform.io/hashicorp/azurerm\"]",
      "instances": [
        {
          "schema_version": 0,
          "attributes": {
            "curve": "",
            "e": "AQAB",
            "expiration_date": null,
            "id": "https://related-mouse-kv.vault.usgovcloudapi.net/keys/ssekey/5d18f559458345fb8b7f813d631c7979",
            "key_opts": [
              "decrypt",
              "encrypt",
              "sign",
              "unwrapKey",
              "verify",
              "wrapKey"
            ],
            "key_size": 4096,
            "key_type": "RSA-HSM",
            "key_vault_id": "/subscriptions/41dafe2e-0108-4dd0-827f-5110b0f0538d/resourceGroups/related-mouse-rg/providers/Microsoft.KeyVault/vaults/related-mouse-kv",
            "n": "qjk9TGegVFI5LSVChZdxPd_B6asQ6Pqr3SoRwMZKHwEGOvVBLStEqjgmDSmQE43ssihmw1cq5VcholYUFme-2Dc9NnPmGhIHOUa2UHKurqbfblQ7GESDMWUkIzqDQFKof3l_l-C9b9YUcY_EtO3PKyKIz2fW1UgMkI_vetN5BEl_tLXN_5DMLxlxVofZjkIL2YzB-bEuiv1oQcOfJeALGbbKGGwCtapNpu96xj-UFUBa-_hoAVN5tndUb8J8zfvmjfdOOnwVNfCB5_FaII2EoY43HnMyeMfikYB2r7E1Kmrt--j4ZXdENW5PThK6QpbKN_RGAQ-yfZJzhnDyipdMAmAcKjGREiAoyPD8ZQzqhqHdHLW6RAck5GM9TVrcna_tyOb7EWYCAESS5QCsZ0J-bF_Gg2iGwh48WTwAYRQUMXE1ADB7box4NEMLI2byJJD0OSMOTATh-wteSSsupy3Sl-_iP5jm73inkxM9U9iGG_rsbM5rENaW9fH1KZbyjzA8IsVYcfX0jQcfToD2Aqz8ggMDz-Sf1bCDoyBnDpDvQQ1gAdPdfON5A-l7-kZ26Mj7vjGWUUd_oSSS-oeYQpo_irsaAKNbQrHGHbisR96IkNWVSyfpoZzScfGhcSly7BY0SlUfos3PxBWH0RZL9tpeQMSJVlUYzP7VH4hJr4D6KCk",
            "name": "ssekey",
            "not_before_date": null,
            "public_key_openssh": "ssh-rsa AAAAB3NzaC1yc2EAAAADAQABAAACAQCqOT1MZ6BUUjktJUKFl3E938HpqxDo+qvdKhHAxkofAQY69UEtK0SqOCYNKZATjeyyKGbDVyrlVyGiVhQWZ77YNz02c+YaEgc5RrZQcq6upt9uVDsYRIMxZSQjOoNAUqh/eX+X4L1v1hRxj8S07c8rIojPZ9bVSAyQj+9603kESX+0tc3/kMwvGXFWh9mOQgvZjMH5sS6K/WhBw58l4AsZtsoYbAK1qk2m73rGP5QVQFr7+GgBU3m2d1RvwnzN++aN9046fBU18IHn8VogjYShjjceczJ4x+KRgHavsTUqau376Phld0Q1bk9OErpClso39EYBD7J9knOGcPKKl0wCYBwqMZESICjI8PxlDOqGod0ctbpEByTkYz1NWtydr+3I5vsRZgIARJLlAKxnQn5sX8aDaIbCHjxZPABhFBQxcTUAMHtujHg0QwsjZvIkkPQ5Iw5MBOH7C15JKy6nLdKX7+I/mObveKeTEz1T2IYb+uxszmsQ1pb18fUplvKPMDwixVhx9fSNBx9OgPYCrPyCAwPP5J/VsIOjIGcOkO9BDWAB091843kD6Xv6RnboyPu+MZZRR3+hJJL6h5hCmj+KuxoAo1tCscYduKxH3oiQ1ZVLJ+mhnNJx8aFxKXLsFjRKVR+izc/EFYfRFkv22l5AxIlWVRjM/tUfiEmvgPooKQ==\n",
            "public_key_pem": "-----BEGIN PUBLIC KEY-----\nMIICIjANBgkqhkiG9w0BAQEFAAOCAg8AMIICCgKCAgEAqjk9TGegVFI5LSVChZdx\nPd/B6asQ6Pqr3SoRwMZKHwEGOvVBLStEqjgmDSmQE43ssihmw1cq5VcholYUFme+\n2Dc9NnPmGhIHOUa2UHKurqbfblQ7GESDMWUkIzqDQFKof3l/l+C9b9YUcY/EtO3P\nKyKIz2fW1UgMkI/vetN5BEl/tLXN/5DMLxlxVofZjkIL2YzB+bEuiv1oQcOfJeAL\nGbbKGGwCtapNpu96xj+UFUBa+/hoAVN5tndUb8J8zfvmjfdOOnwVNfCB5/FaII2E\noY43HnMyeMfikYB2r7E1Kmrt++j4ZXdENW5PThK6QpbKN/RGAQ+yfZJzhnDyipdM\nAmAcKjGREiAoyPD8ZQzqhqHdHLW6RAck5GM9TVrcna/tyOb7EWYCAESS5QCsZ0J+\nbF/Gg2iGwh48WTwAYRQUMXE1ADB7box4NEMLI2byJJD0OSMOTATh+wteSSsupy3S\nl+/iP5jm73inkxM9U9iGG/rsbM5rENaW9fH1KZbyjzA8IsVYcfX0jQcfToD2Aqz8\nggMDz+Sf1bCDoyBnDpDvQQ1gAdPdfON5A+l7+kZ26Mj7vjGWUUd/oSSS+oeYQpo/\nirsaAKNbQrHGHbisR96IkNWVSyfpoZzScfGhcSly7BY0SlUfos3PxBWH0RZL9tpe\nQMSJVlUYzP7VH4hJr4D6KCkCAwEAAQ==\n-----END PUBLIC KEY-----\n",
            "resource_id": "/subscriptions/41dafe2e-0108-4dd0-827f-5110b0f0538d/resourceGroups/related-mouse-rg/providers/Microsoft.KeyVault/vaults/related-mouse-kv/keys/ssekey/versions/5d18f559458345fb8b7f813d631c7979",
            "resource_versionless_id": "/subscriptions/41dafe2e-0108-4dd0-827f-5110b0f0538d/resourceGroups/related-mouse-rg/providers/Microsoft.KeyVault/vaults/related-mouse-kv/keys/ssekey",
            "rotation_policy": [
              {
                "automatic": [],
                "expire_after": "",
                "notify_before_expiry": ""
              }
            ],
            "tags": {},
            "timeouts": null,
            "version": "5d18f559458345fb8b7f813d631c7979",
            "versionless_id": "https://related-mouse-kv.vault.usgovcloudapi.net/keys/ssekey",
            "x": "",
            "y": ""
          },
          "sensitive_attributes": [],
          "private": "eyJlMmJmYjczMC1lY2FhLTExZTYtOGY4OC0zNDM2M2JjN2M0YzAiOnsiY3JlYXRlIjoxODAwMDAwMDAwMDAwLCJkZWxldGUiOjE4MDAwMDAwMDAwMDAsInJlYWQiOjE4MDAwMDAwMDAwMDAsInVwZGF0ZSI6MTgwMDAwMDAwMDAwMH19",
          "dependencies": [
            "module.kvsse.azurerm_key_vault.sse",
            "module.kvsse.azurerm_key_vault_access_policy.current_user",
            "module.kvsse.azurerm_resource_group.sse",
            "module.kvsse.data.azurerm_client_config.current",
            "module.kvsse.random_pet.prefix"
          ]
        }
      ]
    },
    {
      "module": "module.kvsse[2]",
      "mode": "managed",
      "type": "azurerm_resource_group",
      "name": "sse",
      "provider": "provider[\"registry.terraform.io/hashicorp/azurerm\"]",
      "instances": [
        {
          "schema_version": 0,
          "attributes": {
            "id": "/subscriptions/41dafe2e-0108-4dd0-827f-5110b0f0538d/resourceGroups/related-mouse-rg",
            "location": "usgovvirginia",
            "name": "related-mouse-rg",
            "tags": {},
            "timeouts": null
          },
          "sensitive_attributes": [],
          "private": "eyJlMmJmYjczMC1lY2FhLTExZTYtOGY4OC0zNDM2M2JjN2M0YzAiOnsiY3JlYXRlIjo1NDAwMDAwMDAwMDAwLCJkZWxldGUiOjU0MDAwMDAwMDAwMDAsInJlYWQiOjMwMDAwMDAwMDAwMCwidXBkYXRlIjo1NDAwMDAwMDAwMDAwfX0=",
          "dependencies": [
            "module.kvsse.random_pet.prefix"
          ]
        }
      ]
    },
    {
      "module": "module.kvsse[2]",
      "mode": "managed",
      "type": "random_pet",
      "name": "prefix",
      "provider": "provider[\"registry.terraform.io/hashicorp/random\"]",
      "instances": [
        {
          "schema_version": 0,
          "attributes": {
            "id": "related-mouse",
            "keepers": null,
            "length": 2,
            "prefix": null,
            "separator": "-"
          },
          "sensitive_attributes": []
        }
      ]
    },
    {
      "module": "module.kvsse[3]",
      "mode": "data",
      "type": "azurerm_client_config",
      "name": "current",
      "provider": "provider[\"registry.terraform.io/hashicorp/azurerm\"]",
      "instances": [
        {
          "schema_version": 0,
          "attributes": {
            "client_id": "04b07795-8ddb-461a-bbee-02f9e1bf7b46",
            "id": "Y2xpZW50Q29uZmlncy9jbGllbnRJZD0wNGIwNzc5NS04ZGRiLTQ2MWEtYmJlZS0wMmY5ZTFiZjdiNDY7b2JqZWN0SWQ9ZmUxYjU1YjQtNjRiMS00NDkwLTkwZmItYzc3YmZhNGYzMTAwO3N1YnNjcmlwdGlvbklkPTQxZGFmZTJlLTAxMDgtNGRkMC04MjdmLTUxMTBiMGYwNTM4ZDt0ZW5hbnRJZD0yZDBkNWZjMi1kNWM0LTQ4ODktYjk5MS00Y2YyYjllODNiYzI=",
            "object_id": "fe1b55b4-64b1-4490-90fb-c77bfa4f3100",
            "subscription_id": "41dafe2e-0108-4dd0-827f-5110b0f0538d",
            "tenant_id": "2d0d5fc2-d5c4-4889-b991-4cf2b9e83bc2",
            "timeouts": null
          },
          "sensitive_attributes": []
        }
      ]
    },
    {
      "module": "module.kvsse[3]",
      "mode": "managed",
      "type": "azurerm_disk_encryption_set",
      "name": "sse",
      "provider": "provider[\"registry.terraform.io/hashicorp/azurerm\"]",
      "instances": [
        {
          "schema_version": 0,
          "attributes": {
            "auto_key_rotation_enabled": false,
            "encryption_type": "EncryptionAtRestWithCustomerKey",
            "federated_client_id": "",
            "id": "/subscriptions/41dafe2e-0108-4dd0-827f-5110b0f0538d/resourceGroups/integral-walleye-rg/providers/Microsoft.Compute/diskEncryptionSets/integral-walleye-des",
            "identity": [
              {
                "identity_ids": [],
                "principal_id": "a1ba5881-4feb-4e0b-a772-6a1c76ea5231",
                "tenant_id": "2d0d5fc2-d5c4-4889-b991-4cf2b9e83bc2",
                "type": "SystemAssigned"
              }
            ],
            "key_vault_key_id": "https://integral-walleye-kv.vault.usgovcloudapi.net/keys/ssekey/ae957ce1dd3d4436af9087afae513275",
            "location": "usgovvirginia",
            "name": "integral-walleye-des",
            "resource_group_name": "integral-walleye-rg",
            "tags": {},
            "timeouts": null
          },
          "sensitive_attributes": [],
          "private": "eyJlMmJmYjczMC1lY2FhLTExZTYtOGY4OC0zNDM2M2JjN2M0YzAiOnsiY3JlYXRlIjozNjAwMDAwMDAwMDAwLCJkZWxldGUiOjM2MDAwMDAwMDAwMDAsInJlYWQiOjMwMDAwMDAwMDAwMCwidXBkYXRlIjozNjAwMDAwMDAwMDAwfX0=",
          "dependencies": [
            "module.kvsse.azurerm_key_vault.sse",
            "module.kvsse.azurerm_key_vault_access_policy.current_user",
            "module.kvsse.azurerm_key_vault_key.sse",
            "module.kvsse.azurerm_resource_group.sse",
            "module.kvsse.data.azurerm_client_config.current",
            "module.kvsse.random_pet.prefix"
          ]
        }
      ]
    },
    {
      "module": "module.kvsse[3]",
      "mode": "managed",
      "type": "azurerm_key_vault",
      "name": "sse",
      "provider": "provider[\"registry.terraform.io/hashicorp/azurerm\"]",
      "instances": [
        {
          "schema_version": 2,
          "attributes": {
            "access_policy": [
              {
                "application_id": "",
                "certificate_permissions": [],
                "key_permissions": [
                  "Create",
                  "Delete",
                  "Get",
                  "Purge",
                  "Update",
                  "GetRotationPolicy"
                ],
                "object_id": "fe1b55b4-64b1-4490-90fb-c77bfa4f3100",
                "secret_permissions": [
                  "Get",
                  "Delete",
                  "Set"
                ],
                "storage_permissions": [],
                "tenant_id": "2d0d5fc2-d5c4-4889-b991-4cf2b9e83bc2"
              },
              {
                "application_id": "",
                "certificate_permissions": [],
                "key_permissions": [
                  "Get",
                  "WrapKey",
                  "UnwrapKey"
                ],
                "object_id": "a1ba5881-4feb-4e0b-a772-6a1c76ea5231",
                "secret_permissions": [],
                "storage_permissions": [],
                "tenant_id": "2d0d5fc2-d5c4-4889-b991-4cf2b9e83bc2"
              }
            ],
            "contact": [],
            "enable_rbac_authorization": false,
            "enabled_for_deployment": false,
            "enabled_for_disk_encryption": true,
            "enabled_for_template_deployment": false,
            "id": "/subscriptions/41dafe2e-0108-4dd0-827f-5110b0f0538d/resourceGroups/integral-walleye-rg/providers/Microsoft.KeyVault/vaults/integral-walleye-kv",
            "location": "usgovvirginia",
            "name": "integral-walleye-kv",
            "network_acls": [
              {
                "bypass": "AzureServices",
                "default_action": "Allow",
                "ip_rules": [],
                "virtual_network_subnet_ids": []
              }
            ],
            "public_network_access_enabled": true,
            "purge_protection_enabled": true,
            "resource_group_name": "integral-walleye-rg",
            "sku_name": "premium",
            "soft_delete_retention_days": 7,
            "tags": {},
            "tenant_id": "2d0d5fc2-d5c4-4889-b991-4cf2b9e83bc2",
            "timeouts": null,
            "vault_uri": "https://integral-walleye-kv.vault.usgovcloudapi.net/"
          },
          "sensitive_attributes": [],
          "private": "eyJlMmJmYjczMC1lY2FhLTExZTYtOGY4OC0zNDM2M2JjN2M0YzAiOnsiY3JlYXRlIjoxODAwMDAwMDAwMDAwLCJkZWxldGUiOjE4MDAwMDAwMDAwMDAsInJlYWQiOjMwMDAwMDAwMDAwMCwidXBkYXRlIjoxODAwMDAwMDAwMDAwfSwic2NoZW1hX3ZlcnNpb24iOiIyIn0=",
          "dependencies": [
            "module.kvsse.azurerm_resource_group.sse",
            "module.kvsse.data.azurerm_client_config.current",
            "module.kvsse.random_pet.prefix"
          ]
        }
      ]
    },
    {
      "module": "module.kvsse[3]",
      "mode": "managed",
      "type": "azurerm_key_vault_access_policy",
      "name": "current_user",
      "provider": "provider[\"registry.terraform.io/hashicorp/azurerm\"]",
      "instances": [
        {
          "schema_version": 0,
          "attributes": {
            "application_id": "",
            "certificate_permissions": [],
            "id": "/subscriptions/41dafe2e-0108-4dd0-827f-5110b0f0538d/resourceGroups/integral-walleye-rg/providers/Microsoft.KeyVault/vaults/integral-walleye-kv/objectId/fe1b55b4-64b1-4490-90fb-c77bfa4f3100",
            "key_permissions": [
              "Create",
              "Delete",
              "Get",
              "Purge",
              "Update",
              "GetRotationPolicy"
            ],
            "key_vault_id": "/subscriptions/41dafe2e-0108-4dd0-827f-5110b0f0538d/resourceGroups/integral-walleye-rg/providers/Microsoft.KeyVault/vaults/integral-walleye-kv",
            "object_id": "fe1b55b4-64b1-4490-90fb-c77bfa4f3100",
            "secret_permissions": [
              "Get",
              "Delete",
              "Set"
            ],
            "storage_permissions": [],
            "tenant_id": "2d0d5fc2-d5c4-4889-b991-4cf2b9e83bc2",
            "timeouts": null
          },
          "sensitive_attributes": [],
          "private": "eyJlMmJmYjczMC1lY2FhLTExZTYtOGY4OC0zNDM2M2JjN2M0YzAiOnsiY3JlYXRlIjoxODAwMDAwMDAwMDAwLCJkZWxldGUiOjE4MDAwMDAwMDAwMDAsInJlYWQiOjMwMDAwMDAwMDAwMCwidXBkYXRlIjoxODAwMDAwMDAwMDAwfX0=",
          "dependencies": [
            "module.kvsse.azurerm_key_vault.sse",
            "module.kvsse.azurerm_resource_group.sse",
            "module.kvsse.data.azurerm_client_config.current",
            "module.kvsse.random_pet.prefix"
          ]
        }
      ]
    },
    {
      "module": "module.kvsse[3]",
      "mode": "managed",
      "type": "azurerm_key_vault_access_policy",
      "name": "disk-encryption",
      "provider": "provider[\"registry.terraform.io/hashicorp/azurerm\"]",
      "instances": [
        {
          "schema_version": 0,
          "attributes": {
            "application_id": "",
            "certificate_permissions": [],
            "id": "/subscriptions/41dafe2e-0108-4dd0-827f-5110b0f0538d/resourceGroups/integral-walleye-rg/providers/Microsoft.KeyVault/vaults/integral-walleye-kv/objectId/a1ba5881-4feb-4e0b-a772-6a1c76ea5231",
            "key_permissions": [
              "Get",
              "WrapKey",
              "UnwrapKey"
            ],
            "key_vault_id": "/subscriptions/41dafe2e-0108-4dd0-827f-5110b0f0538d/resourceGroups/integral-walleye-rg/providers/Microsoft.KeyVault/vaults/integral-walleye-kv",
            "object_id": "a1ba5881-4feb-4e0b-a772-6a1c76ea5231",
            "secret_permissions": [],
            "storage_permissions": [],
            "tenant_id": "2d0d5fc2-d5c4-4889-b991-4cf2b9e83bc2",
            "timeouts": null
          },
          "sensitive_attributes": [],
          "private": "eyJlMmJmYjczMC1lY2FhLTExZTYtOGY4OC0zNDM2M2JjN2M0YzAiOnsiY3JlYXRlIjoxODAwMDAwMDAwMDAwLCJkZWxldGUiOjE4MDAwMDAwMDAwMDAsInJlYWQiOjMwMDAwMDAwMDAwMCwidXBkYXRlIjoxODAwMDAwMDAwMDAwfX0=",
          "dependencies": [
            "module.kvsse.azurerm_disk_encryption_set.sse",
            "module.kvsse.azurerm_key_vault.sse",
            "module.kvsse.azurerm_key_vault_access_policy.current_user",
            "module.kvsse.azurerm_key_vault_key.sse",
            "module.kvsse.azurerm_resource_group.sse",
            "module.kvsse.data.azurerm_client_config.current",
            "module.kvsse.random_pet.prefix"
          ]
        }
      ]
    },
    {
      "module": "module.kvsse[3]",
      "mode": "managed",
      "type": "azurerm_key_vault_key",
      "name": "sse",
      "provider": "provider[\"registry.terraform.io/hashicorp/azurerm\"]",
      "instances": [
        {
          "schema_version": 0,
          "attributes": {
            "curve": "",
            "e": "AQAB",
            "expiration_date": null,
            "id": "https://integral-walleye-kv.vault.usgovcloudapi.net/keys/ssekey/ae957ce1dd3d4436af9087afae513275",
            "key_opts": [
              "decrypt",
              "encrypt",
              "sign",
              "unwrapKey",
              "verify",
              "wrapKey"
            ],
            "key_size": 4096,
            "key_type": "RSA-HSM",
            "key_vault_id": "/subscriptions/41dafe2e-0108-4dd0-827f-5110b0f0538d/resourceGroups/integral-walleye-rg/providers/Microsoft.KeyVault/vaults/integral-walleye-kv",
            "n": "m7QbL2sF-jv58MwCKc2PfAQWwT3oLh2UY_8lKZ4A7o6xhKB5Noo--7awHwoSDr9iks1Lvr0JJy48ox6JJnNSHlNwGEM_10kODXdl3MJ_wvDW73ZY8Mno3oMwcDkvm7Bh4d2IP_XWUMkzP9417KfvIBtbKFOzrWKZ45Y1AgclN61RrF6wr3Ut8SUyUGSWbenG1x06yynaBrj-kGpxKmFfEk1keuJyzDfoCqlOEq2ipa5tlEKoMTr1gslKlJilUeWQmeH90SBzIIx288xzv6eTTQyeqj30V2PZRUTB5wdDkFR3NgibRFzwVvud4hMxJ7qdO808UODH3NjF0WcFgekkGH6bzwIdntdfJb90DMEGgk5OuTLfl2_aCalhxSVimqnbxiFqoNKVMm1yTmjtgiIYa8SmIpQacN3rtdrHpKgRBu6-FQTqlDtnPLybpMLbtFivZNEfqAhz_twAHILyKPPFYO-L6svLcT0kAjj1vw7ily5n3oa8lRhXOtwtvcYATUPWQWJ6ZjFHDuoynw6MTW2TI7ufCXQNuQL_CaqV8iiGnOIS2ikMQTGm9VQgE-cV03P6Hz1Bv8Jg9bG1d0XSc5UTMG6E6HU44AOL-we-PaUvfCGXiO78rzhQ-v_Xab4Zyw5ZbT9wximAqJi8JI-nWNPeYLcJrGL-KDDIjzoOagmYTQc",
            "name": "ssekey",
            "not_before_date": null,
            "public_key_openssh": "ssh-rsa AAAAB3NzaC1yc2EAAAADAQABAAACAQCbtBsvawX6O/nwzAIpzY98BBbBPeguHZRj/yUpngDujrGEoHk2ij77trAfChIOv2KSzUu+vQknLjyjHokmc1IeU3AYQz/XSQ4Nd2Xcwn/C8NbvdljwyejegzBwOS+bsGHh3Yg/9dZQyTM/3jXsp+8gG1soU7OtYpnjljUCByU3rVGsXrCvdS3xJTJQZJZt6cbXHTrLKdoGuP6QanEqYV8STWR64nLMN+gKqU4SraKlrm2UQqgxOvWCyUqUmKVR5ZCZ4f3RIHMgjHbzzHO/p5NNDJ6qPfRXY9lFRMHnB0OQVHc2CJtEXPBW+53iEzEnup07zTxQ4Mfc2MXRZwWB6SQYfpvPAh2e118lv3QMwQaCTk65Mt+Xb9oJqWHFJWKaqdvGIWqg0pUybXJOaO2CIhhrxKYilBpw3eu12sekqBEG7r4VBOqUO2c8vJukwtu0WK9k0R+oCHP+3AAcgvIo88Vg74vqy8txPSQCOPW/DuKXLmfehryVGFc63C29xgBNQ9ZBYnpmMUcO6jKfDoxNbZMju58JdA25Av8JqpXyKIac4hLaKQxBMab1VCAT5xXTc/ofPUG/wmD1sbV3RdJzlRMwboTodTjgA4v7B749pS98IZeI7vyvOFD6/9dpvhnLDlltP3DGKYComLwkj6dY095gtwmsYv4oMMiPOg5qCZhNBw==\n",
            "public_key_pem": "-----BEGIN PUBLIC KEY-----\nMIICIjANBgkqhkiG9w0BAQEFAAOCAg8AMIICCgKCAgEAm7QbL2sF+jv58MwCKc2P\nfAQWwT3oLh2UY/8lKZ4A7o6xhKB5Noo++7awHwoSDr9iks1Lvr0JJy48ox6JJnNS\nHlNwGEM/10kODXdl3MJ/wvDW73ZY8Mno3oMwcDkvm7Bh4d2IP/XWUMkzP9417Kfv\nIBtbKFOzrWKZ45Y1AgclN61RrF6wr3Ut8SUyUGSWbenG1x06yynaBrj+kGpxKmFf\nEk1keuJyzDfoCqlOEq2ipa5tlEKoMTr1gslKlJilUeWQmeH90SBzIIx288xzv6eT\nTQyeqj30V2PZRUTB5wdDkFR3NgibRFzwVvud4hMxJ7qdO808UODH3NjF0WcFgekk\nGH6bzwIdntdfJb90DMEGgk5OuTLfl2/aCalhxSVimqnbxiFqoNKVMm1yTmjtgiIY\na8SmIpQacN3rtdrHpKgRBu6+FQTqlDtnPLybpMLbtFivZNEfqAhz/twAHILyKPPF\nYO+L6svLcT0kAjj1vw7ily5n3oa8lRhXOtwtvcYATUPWQWJ6ZjFHDuoynw6MTW2T\nI7ufCXQNuQL/CaqV8iiGnOIS2ikMQTGm9VQgE+cV03P6Hz1Bv8Jg9bG1d0XSc5UT\nMG6E6HU44AOL+we+PaUvfCGXiO78rzhQ+v/Xab4Zyw5ZbT9wximAqJi8JI+nWNPe\nYLcJrGL+KDDIjzoOagmYTQcCAwEAAQ==\n-----END PUBLIC KEY-----\n",
            "resource_id": "/subscriptions/41dafe2e-0108-4dd0-827f-5110b0f0538d/resourceGroups/integral-walleye-rg/providers/Microsoft.KeyVault/vaults/integral-walleye-kv/keys/ssekey/versions/ae957ce1dd3d4436af9087afae513275",
            "resource_versionless_id": "/subscriptions/41dafe2e-0108-4dd0-827f-5110b0f0538d/resourceGroups/integral-walleye-rg/providers/Microsoft.KeyVault/vaults/integral-walleye-kv/keys/ssekey",
            "rotation_policy": [
              {
                "automatic": [],
                "expire_after": "",
                "notify_before_expiry": ""
              }
            ],
            "tags": {},
            "timeouts": null,
            "version": "ae957ce1dd3d4436af9087afae513275",
            "versionless_id": "https://integral-walleye-kv.vault.usgovcloudapi.net/keys/ssekey",
            "x": "",
            "y": ""
          },
          "sensitive_attributes": [],
          "private": "eyJlMmJmYjczMC1lY2FhLTExZTYtOGY4OC0zNDM2M2JjN2M0YzAiOnsiY3JlYXRlIjoxODAwMDAwMDAwMDAwLCJkZWxldGUiOjE4MDAwMDAwMDAwMDAsInJlYWQiOjE4MDAwMDAwMDAwMDAsInVwZGF0ZSI6MTgwMDAwMDAwMDAwMH19",
          "dependencies": [
            "module.kvsse.azurerm_key_vault.sse",
            "module.kvsse.azurerm_key_vault_access_policy.current_user",
            "module.kvsse.azurerm_resource_group.sse",
            "module.kvsse.data.azurerm_client_config.current",
            "module.kvsse.random_pet.prefix"
          ]
        }
      ]
    },
    {
      "module": "module.kvsse[3]",
      "mode": "managed",
      "type": "azurerm_resource_group",
      "name": "sse",
      "provider": "provider[\"registry.terraform.io/hashicorp/azurerm\"]",
      "instances": [
        {
          "schema_version": 0,
          "attributes": {
            "id": "/subscriptions/41dafe2e-0108-4dd0-827f-5110b0f0538d/resourceGroups/integral-walleye-rg",
            "location": "usgovvirginia",
            "name": "integral-walleye-rg",
            "tags": {},
            "timeouts": null
          },
          "sensitive_attributes": [],
          "private": "eyJlMmJmYjczMC1lY2FhLTExZTYtOGY4OC0zNDM2M2JjN2M0YzAiOnsiY3JlYXRlIjo1NDAwMDAwMDAwMDAwLCJkZWxldGUiOjU0MDAwMDAwMDAwMDAsInJlYWQiOjMwMDAwMDAwMDAwMCwidXBkYXRlIjo1NDAwMDAwMDAwMDAwfX0=",
          "dependencies": [
            "module.kvsse.random_pet.prefix"
          ]
        }
      ]
    },
    {
      "module": "module.kvsse[3]",
      "mode": "managed",
      "type": "random_pet",
      "name": "prefix",
      "provider": "provider[\"registry.terraform.io/hashicorp/random\"]",
      "instances": [
        {
          "schema_version": 0,
          "attributes": {
            "id": "integral-walleye",
            "keepers": null,
            "length": 2,
            "prefix": null,
            "separator": "-"
          },
          "sensitive_attributes": []
        }
      ]
    },
    {
      "module": "module.rg-avd[0]",
      "mode": "managed",
      "type": "azurerm_resource_group",
      "name": "myRGs",
      "provider": "provider[\"registry.terraform.io/hashicorp/azurerm\"]",
      "instances": [
        {
          "schema_version": 0,
          "attributes": {
            "id": "/subscriptions/41dafe2e-0108-4dd0-827f-5110b0f0538d/resourceGroups/AVD-VA-011-1-RG",
            "location": "usgovvirginia",
            "name": "AVD-VA-011-1-RG",
            "tags": {},
            "timeouts": null
          },
          "sensitive_attributes": [],
          "private": "eyJlMmJmYjczMC1lY2FhLTExZTYtOGY4OC0zNDM2M2JjN2M0YzAiOnsiY3JlYXRlIjo1NDAwMDAwMDAwMDAwLCJkZWxldGUiOjU0MDAwMDAwMDAwMDAsInJlYWQiOjMwMDAwMDAwMDAwMCwidXBkYXRlIjo1NDAwMDAwMDAwMDAwfX0="
        }
      ]
    },
    {
      "module": "module.rg-avd[1]",
      "mode": "managed",
      "type": "azurerm_resource_group",
      "name": "myRGs",
      "provider": "provider[\"registry.terraform.io/hashicorp/azurerm\"]",
      "instances": [
        {
          "schema_version": 0,
          "attributes": {
            "id": "/subscriptions/41dafe2e-0108-4dd0-827f-5110b0f0538d/resourceGroups/AVD-VA-011-2-RG",
            "location": "usgovvirginia",
            "name": "AVD-VA-011-2-RG",
            "tags": {},
            "timeouts": null
          },
          "sensitive_attributes": [],
          "private": "eyJlMmJmYjczMC1lY2FhLTExZTYtOGY4OC0zNDM2M2JjN2M0YzAiOnsiY3JlYXRlIjo1NDAwMDAwMDAwMDAwLCJkZWxldGUiOjU0MDAwMDAwMDAwMDAsInJlYWQiOjMwMDAwMDAwMDAwMCwidXBkYXRlIjo1NDAwMDAwMDAwMDAwfX0="
        }
      ]
    },
    {
      "module": "module.rg-avd[2]",
      "mode": "managed",
      "type": "azurerm_resource_group",
      "name": "myRGs",
      "provider": "provider[\"registry.terraform.io/hashicorp/azurerm\"]",
      "instances": [
        {
          "schema_version": 0,
          "attributes": {
            "id": "/subscriptions/41dafe2e-0108-4dd0-827f-5110b0f0538d/resourceGroups/AVD-VA-011-3-RG",
            "location": "usgovvirginia",
            "name": "AVD-VA-011-3-RG",
            "tags": {},
            "timeouts": null
          },
          "sensitive_attributes": [],
          "private": "eyJlMmJmYjczMC1lY2FhLTExZTYtOGY4OC0zNDM2M2JjN2M0YzAiOnsiY3JlYXRlIjo1NDAwMDAwMDAwMDAwLCJkZWxldGUiOjU0MDAwMDAwMDAwMDAsInJlYWQiOjMwMDAwMDAwMDAwMCwidXBkYXRlIjo1NDAwMDAwMDAwMDAwfX0="
        }
      ]
    },
    {
      "module": "module.rg-avd[3]",
      "mode": "managed",
      "type": "azurerm_resource_group",
      "name": "myRGs",
      "provider": "provider[\"registry.terraform.io/hashicorp/azurerm\"]",
      "instances": [
        {
          "schema_version": 0,
          "attributes": {
            "id": "/subscriptions/41dafe2e-0108-4dd0-827f-5110b0f0538d/resourceGroups/AVD-VA-011-4-RG",
            "location": "usgovvirginia",
            "name": "AVD-VA-011-4-RG",
            "tags": {},
            "timeouts": null
          },
          "sensitive_attributes": [],
          "private": "eyJlMmJmYjczMC1lY2FhLTExZTYtOGY4OC0zNDM2M2JjN2M0YzAiOnsiY3JlYXRlIjo1NDAwMDAwMDAwMDAwLCJkZWxldGUiOjU0MDAwMDAwMDAwMDAsInJlYWQiOjMwMDAwMDAwMDAwMCwidXBkYXRlIjo1NDAwMDAwMDAwMDAwfX0="
        }
      ]
    },
    {
      "module": "module.session_hosts[0]",
      "mode": "data",
      "type": "azurerm_client_config",
      "name": "current",
      "provider": "provider[\"registry.terraform.io/hashicorp/azurerm\"]",
      "instances": [
        {
          "schema_version": 0,
          "attributes": {
            "client_id": "04b07795-8ddb-461a-bbee-02f9e1bf7b46",
            "id": "Y2xpZW50Q29uZmlncy9jbGllbnRJZD0wNGIwNzc5NS04ZGRiLTQ2MWEtYmJlZS0wMmY5ZTFiZjdiNDY7b2JqZWN0SWQ9ZmUxYjU1YjQtNjRiMS00NDkwLTkwZmItYzc3YmZhNGYzMTAwO3N1YnNjcmlwdGlvbklkPTQxZGFmZTJlLTAxMDgtNGRkMC04MjdmLTUxMTBiMGYwNTM4ZDt0ZW5hbnRJZD0yZDBkNWZjMi1kNWM0LTQ4ODktYjk5MS00Y2YyYjllODNiYzI=",
            "object_id": "fe1b55b4-64b1-4490-90fb-c77bfa4f3100",
            "subscription_id": "41dafe2e-0108-4dd0-827f-5110b0f0538d",
            "tenant_id": "2d0d5fc2-d5c4-4889-b991-4cf2b9e83bc2",
            "timeouts": null
          },
          "sensitive_attributes": []
        }
      ]
    },
    {
      "module": "module.session_hosts[0]",
      "mode": "data",
      "type": "azurerm_route_table",
      "name": "rt",
      "provider": "provider[\"registry.terraform.io/hashicorp/azurerm\"]",
      "instances": [
        {
          "schema_version": 0,
          "attributes": {
            "id": "/subscriptions/41dafe2e-0108-4dd0-827f-5110b0f0538d/resourceGroups/CAZ-MANAGE-P-RGP-CrossTenant/providers/Microsoft.Network/routeTables/CAZ-AVDFW-RCWPAVDA365-EAST-P-RT",
            "location": "usgovvirginia",
            "name": "CAZ-AVDFW-RCWPAVDA365-EAST-P-RT",
            "resource_group_name": "CAZ-MANAGE-P-RGP-CrossTenant",
            "route": [],
            "subnets": [
              "/subscriptions/41dafe2e-0108-4dd0-827f-5110b0f0538d/resourceGroups/CAZ-MANAGE-P-RGP-CrossTenant/providers/Microsoft.Network/virtualNetworks/CAZ-MANAGE-P-RCWPAVD-EAST-VNET/subnets/vGFE-Virginia-vNext-Subnet-0",
              "/subscriptions/41dafe2e-0108-4dd0-827f-5110b0f0538d/resourceGroups/CAZ-MANAGE-P-RGP-CrossTenant/providers/Microsoft.Network/virtualNetworks/CAZ-MANAGE-P-RCWPAVD-EAST-VNET/subnets/vGFE-Virginia-vNext-Subnet-1",
              "/subscriptions/41dafe2e-0108-4dd0-827f-5110b0f0538d/resourceGroups/CAZ-MANAGE-P-RGP-CrossTenant/providers/Microsoft.Network/virtualNetworks/CAZ-MANAGE-P-RCWPAVD-EAST-VNET/subnets/vGFE-Virginia-vNext-Subnet-2",
              "/subscriptions/41dafe2e-0108-4dd0-827f-5110b0f0538d/resourceGroups/CAZ-MANAGE-P-RGP-CrossTenant/providers/Microsoft.Network/virtualNetworks/CAZ-MANAGE-P-RCWPAVD-EAST-VNET/subnets/vGFE-Virginia-vNext-Subnet-3"
            ],
            "tags": {},
            "timeouts": null
          },
          "sensitive_attributes": []
        }
      ]
    },
    {
      "module": "module.session_hosts[0]",
      "mode": "data",
      "type": "azurerm_shared_image",
      "name": "avd_sig_image",
      "provider": "provider[\"registry.terraform.io/hashicorp/azurerm\"]",
      "instances": [
        {
          "schema_version": 0,
          "attributes": {
            "architecture": "x64",
            "description": "",
            "eula": "",
            "gallery_name": "PROD_AVD_CORE_Gallery",
            "hyper_v_generation": "V2",
            "id": "/subscriptions/41dafe2e-0108-4dd0-827f-5110b0f0538d/resourceGroups/PROD-AVD-CORE-IMAGES-RG/providers/Microsoft.Compute/galleries/PROD_AVD_CORE_Gallery/images/window-11-AVD-STIG",
            "identifier": [
              {
                "offer": "office-365",
                "publisher": "AVD-Army-Core-WindowsDesktop",
                "sku": "win11-22h2-avd-m365"
              }
            ],
            "location": "usgovvirginia",
            "name": "window-11-AVD-STIG",
            "os_type": "Windows",
            "privacy_statement_uri": "",
            "purchase_plan": [],
            "release_note_uri": "",
            "resource_group_name": "PROD-AVD-CORE-IMAGES-RG",
            "specialized": false,
            "tags": {
              "created": "true",
              "environment": "PROD",
              "managed": "true",
              "owner": "Barry Newman",
              "packer": "true",
              "project": "Army-AVD",
              "source": "cli",
              "terraform": "true"
            },
            "timeouts": null
          },
          "sensitive_attributes": []
        }
      ]
    },
    {
      "module": "module.session_hosts[0]",
      "mode": "data",
      "type": "azurerm_storage_account",
      "name": "fslogix",
      "provider": "provider[\"registry.terraform.io/hashicorp/azurerm\"]",
      "instances": []
    },
    {
      "module": "module.session_hosts[0]",
      "mode": "data",
      "type": "azurerm_virtual_network",
      "name": "vnet",
      "provider": "provider[\"registry.terraform.io/hashicorp/azurerm\"]",
      "instances": [
        {
          "schema_version": 0,
          "attributes": {
            "address_space": [
              "10.49.0.0/16"
            ],
            "dns_servers": null,
            "guid": "28ee067f-62a5-4e24-a81b-dfb311e93c38",
            "id": "/subscriptions/41dafe2e-0108-4dd0-827f-5110b0f0538d/resourceGroups/CAZ-MANAGE-P-RGP-CrossTenant/providers/Microsoft.Network/virtualNetworks/CAZ-MANAGE-P-RCWPAVD-EAST-VNET",
            "location": "usgovvirginia",
            "name": "CAZ-MANAGE-P-RCWPAVD-EAST-VNET",
            "resource_group_name": "CAZ-MANAGE-P-RGP-CrossTenant",
            "subnets": [
              "vGFE-Virginia-vNext-Subnet-3",
              "vGFE-Virginia-vNext-Subnet-0",
              "vGFE-Virginia-vNext-Subnet-1",
              "vGFE-Virginia-vNext-Subnet-2"
            ],
            "tags": {},
            "timeouts": null,
            "vnet_peerings": {},
            "vnet_peerings_addresses": []
          },
          "sensitive_attributes": []
        }
      ]
    },
    {
      "module": "module.session_hosts[0]",
      "mode": "managed",
      "type": "azurerm_availability_set",
      "name": "avd",
      "provider": "provider[\"registry.terraform.io/hashicorp/azurerm\"]",
      "instances": [
        {
          "schema_version": 0,
          "attributes": {
            "id": "/subscriptions/41dafe2e-0108-4dd0-827f-5110b0f0538d/resourceGroups/AVD-VA-011-1-RG/providers/Microsoft.Compute/availabilitySets/AVD-VA-011-1-availability-set",
            "location": "usgovvirginia",
            "managed": true,
            "name": "AVD-VA-011-1-availability-set",
            "platform_fault_domain_count": 2,
            "platform_update_domain_count": 2,
            "proximity_placement_group_id": null,
            "resource_group_name": "AVD-VA-011-1-RG",
            "tags": {},
            "timeouts": null
          },
          "sensitive_attributes": [],
          "private": "eyJlMmJmYjczMC1lY2FhLTExZTYtOGY4OC0zNDM2M2JjN2M0YzAiOnsiY3JlYXRlIjoxODAwMDAwMDAwMDAwLCJkZWxldGUiOjE4MDAwMDAwMDAwMDAsInJlYWQiOjMwMDAwMDAwMDAwMCwidXBkYXRlIjoxODAwMDAwMDAwMDAwfX0=",
          "dependencies": [
            "data.azurerm_log_analytics_workspace.log_analytics_workspace",
            "module.hostpool_ga.azurerm_monitor_diagnostic_setting.avd-logs",
            "module.hostpool_ga.azurerm_virtual_desktop_host_pool.hostpool",
            "module.hostpool_ga.azurerm_virtual_desktop_host_pool_registration_info.token",
            "module.rg-avd.azurerm_resource_group.myRGs",
            "module.workspace.azurerm_monitor_diagnostic_setting.avd_workspace-logs",
            "module.workspace.azurerm_virtual_desktop_workspace.workspace",
            "time_rotating.avd_registration_expiration"
          ]
        }
      ]
    },
    {
      "module": "module.session_hosts[0]",
      "mode": "managed",
      "type": "azurerm_network_interface",
      "name": "nic",
      "provider": "provider[\"registry.terraform.io/hashicorp/azurerm\"]",
      "instances": [
        {
          "index_key": 0,
          "schema_version": 0,
          "attributes": {
            "applied_dns_servers": [],
            "dns_servers": [],
            "edge_zone": "",
            "enable_accelerated_networking": false,
            "enable_ip_forwarding": false,
            "id": "/subscriptions/41dafe2e-0108-4dd0-827f-5110b0f0538d/resourceGroups/AVD-VA-011-1-RG/providers/Microsoft.Network/networkInterfaces/AVD-A-mcnt-1-NIC",
            "internal_dns_name_label": "",
            "internal_domain_name_suffix": "p2do2kffmise3ka114zrd0j2ha.ax.internal.usgovcloudapp.net",
            "ip_configuration": [
              {
                "gateway_load_balancer_frontend_ip_configuration_id": "",
                "name": "webipconfig0",
                "primary": true,
                "private_ip_address": "10.49.2.4",
                "private_ip_address_allocation": "Dynamic",
                "private_ip_address_version": "IPv4",
                "public_ip_address_id": "",
                "subnet_id": "/subscriptions/41dafe2e-0108-4dd0-827f-5110b0f0538d/resourceGroups/CAZ-MANAGE-P-RGP-CrossTenant/providers/Microsoft.Network/virtualNetworks/CAZ-MANAGE-P-RCWPAVD-EAST-VNET/subnets/vGFE-Virginia-vNext-Subnet-0"
              }
            ],
            "location": "usgovvirginia",
            "mac_address": "",
            "name": "AVD-A-mcnt-1-NIC",
            "private_ip_address": "10.49.2.4",
            "private_ip_addresses": [
              "10.49.2.4"
            ],
            "resource_group_name": "AVD-VA-011-1-RG",
            "tags": null,
            "timeouts": null,
            "virtual_machine_id": ""
          },
          "sensitive_attributes": [],
          "private": "eyJlMmJmYjczMC1lY2FhLTExZTYtOGY4OC0zNDM2M2JjN2M0YzAiOnsiY3JlYXRlIjoxODAwMDAwMDAwMDAwLCJkZWxldGUiOjE4MDAwMDAwMDAwMDAsInJlYWQiOjMwMDAwMDAwMDAwMCwidXBkYXRlIjoxODAwMDAwMDAwMDAwfX0=",
          "dependencies": [
            "data.azurerm_log_analytics_workspace.log_analytics_workspace",
            "module.hostpool_ga.azurerm_monitor_diagnostic_setting.avd-logs",
            "module.hostpool_ga.azurerm_virtual_desktop_host_pool.hostpool",
            "module.hostpool_ga.azurerm_virtual_desktop_host_pool_registration_info.token",
            "module.rg-avd.azurerm_resource_group.myRGs",
            "module.session_hosts.azurerm_subnet.subnet",
            "module.session_hosts.random_string.random",
            "module.workspace.azurerm_monitor_diagnostic_setting.avd_workspace-logs",
            "module.workspace.azurerm_virtual_desktop_workspace.workspace",
            "time_rotating.avd_registration_expiration"
          ]
        }
      ]
    },
    {
      "module": "module.session_hosts[0]",
      "mode": "managed",
      "type": "azurerm_private_endpoint",
      "name": "fslogix-pl",
      "provider": "provider[\"registry.terraform.io/hashicorp/azurerm\"]",
      "instances": []
    },
    {
      "module": "module.session_hosts[0]",
      "mode": "managed",
      "type": "azurerm_subnet",
      "name": "subnet",
      "provider": "provider[\"registry.terraform.io/hashicorp/azurerm\"]",
      "instances": [
        {
          "schema_version": 0,
          "attributes": {
            "address_prefixes": [
              "10.49.2.0/26"
            ],
            "delegation": [],
            "enforce_private_link_endpoint_network_policies": true,
            "enforce_private_link_service_network_policies": true,
            "id": "/subscriptions/41dafe2e-0108-4dd0-827f-5110b0f0538d/resourceGroups/CAZ-MANAGE-P-RGP-CrossTenant/providers/Microsoft.Network/virtualNetworks/CAZ-MANAGE-P-RCWPAVD-EAST-VNET/subnets/vGFE-Virginia-vNext-Subnet-0",
            "name": "vGFE-Virginia-vNext-Subnet-0",
            "private_endpoint_network_policies_enabled": false,
            "private_link_service_network_policies_enabled": false,
            "resource_group_name": "CAZ-MANAGE-P-RGP-CrossTenant",
            "service_endpoint_policy_ids": [],
            "service_endpoints": [],
            "timeouts": null,
            "virtual_network_name": "CAZ-MANAGE-P-RCWPAVD-EAST-VNET"
          },
          "sensitive_attributes": [],
          "private": "eyJlMmJmYjczMC1lY2FhLTExZTYtOGY4OC0zNDM2M2JjN2M0YzAiOnsiY3JlYXRlIjoxODAwMDAwMDAwMDAwLCJkZWxldGUiOjE4MDAwMDAwMDAwMDAsInJlYWQiOjMwMDAwMDAwMDAwMCwidXBkYXRlIjoxODAwMDAwMDAwMDAwfX0=",
          "dependencies": [
            "data.azurerm_log_analytics_workspace.log_analytics_workspace",
            "module.hostpool_ga.azurerm_monitor_diagnostic_setting.avd-logs",
            "module.hostpool_ga.azurerm_virtual_desktop_host_pool.hostpool",
            "module.hostpool_ga.azurerm_virtual_desktop_host_pool_registration_info.token",
            "module.rg-avd.azurerm_resource_group.myRGs",
            "module.session_hosts.data.azurerm_virtual_network.vnet",
            "module.workspace.azurerm_monitor_diagnostic_setting.avd_workspace-logs",
            "module.workspace.azurerm_virtual_desktop_workspace.workspace",
            "time_rotating.avd_registration_expiration"
          ]
        }
      ]
    },
    {
      "module": "module.session_hosts[0]",
      "mode": "managed",
      "type": "azurerm_subnet_route_table_association",
      "name": "session_hosts",
      "provider": "provider[\"registry.terraform.io/hashicorp/azurerm\"]",
      "instances": [
        {
          "schema_version": 0,
          "attributes": {
            "id": "/subscriptions/41dafe2e-0108-4dd0-827f-5110b0f0538d/resourceGroups/CAZ-MANAGE-P-RGP-CrossTenant/providers/Microsoft.Network/virtualNetworks/CAZ-MANAGE-P-RCWPAVD-EAST-VNET/subnets/vGFE-Virginia-vNext-Subnet-0",
            "route_table_id": "/subscriptions/41dafe2e-0108-4dd0-827f-5110b0f0538d/resourceGroups/CAZ-MANAGE-P-RGP-CrossTenant/providers/Microsoft.Network/routeTables/CAZ-AVDFW-RCWPAVDA365-EAST-P-RT",
            "subnet_id": "/subscriptions/41dafe2e-0108-4dd0-827f-5110b0f0538d/resourceGroups/CAZ-MANAGE-P-RGP-CrossTenant/providers/Microsoft.Network/virtualNetworks/CAZ-MANAGE-P-RCWPAVD-EAST-VNET/subnets/vGFE-Virginia-vNext-Subnet-0",
            "timeouts": null
          },
          "sensitive_attributes": [],
          "private": "eyJlMmJmYjczMC1lY2FhLTExZTYtOGY4OC0zNDM2M2JjN2M0YzAiOnsiY3JlYXRlIjoxODAwMDAwMDAwMDAwLCJkZWxldGUiOjE4MDAwMDAwMDAwMDAsInJlYWQiOjMwMDAwMDAwMDAwMCwidXBkYXRlIjoxODAwMDAwMDAwMDAwfX0=",
          "dependencies": [
            "data.azurerm_log_analytics_workspace.log_analytics_workspace",
            "module.hostpool_ga.azurerm_monitor_diagnostic_setting.avd-logs",
            "module.hostpool_ga.azurerm_virtual_desktop_host_pool.hostpool",
            "module.hostpool_ga.azurerm_virtual_desktop_host_pool_registration_info.token",
            "module.rg-avd.azurerm_resource_group.myRGs",
            "module.session_hosts.azurerm_subnet.subnet",
            "module.session_hosts.data.azurerm_route_table.rt",
            "module.session_hosts.data.azurerm_virtual_network.vnet",
            "module.workspace.azurerm_monitor_diagnostic_setting.avd_workspace-logs",
            "module.workspace.azurerm_virtual_desktop_workspace.workspace",
            "time_rotating.avd_registration_expiration"
          ]
        }
      ]
    },
    {
      "module": "module.session_hosts[0]",
      "mode": "managed",
      "type": "azurerm_virtual_machine_extension",
      "name": "bootstrap",
      "provider": "provider[\"registry.terraform.io/hashicorp/azurerm\"]",
      "instances": [
        {
          "index_key": 0,
          "schema_version": 0,
          "attributes": {
            "auto_upgrade_minor_version": true,
            "automatic_upgrade_enabled": false,
            "failure_suppression_enabled": false,
            "id": "/subscriptions/41dafe2e-0108-4dd0-827f-5110b0f0538d/resourceGroups/AVD-VA-011-1-RG/providers/Microsoft.Compute/virtualMachines/AVD-VA-011-1-A-mcnt/extensions/ext-custom-FileBootstrap",
            "name": "ext-custom-FileBootstrap",
            "protected_settings": "    {\r\n        \"commandToExecute\": \"powershell.exe -ExecutionPolicy Unrestricted -NoProfile -NonInteractive -command \\\"cp c:/azuredata/customdata.bin c:/azuredata/dscpak.ps1;\\\"\"\r\n    }\r\n",
            "protected_settings_from_key_vault": [],
            "publisher": "Microsoft.Compute",
            "settings": null,
            "tags": null,
            "timeouts": {
              "create": "60m",
              "delete": null,
              "read": null,
              "update": null
            },
            "type": "CustomScriptExtension",
            "type_handler_version": "1.10",
            "virtual_machine_id": "/subscriptions/41dafe2e-0108-4dd0-827f-5110b0f0538d/resourceGroups/AVD-VA-011-1-RG/providers/Microsoft.Compute/virtualMachines/AVD-VA-011-1-A-mcnt"
          },
          "sensitive_attributes": [],
          "private": "eyJlMmJmYjczMC1lY2FhLTExZTYtOGY4OC0zNDM2M2JjN2M0YzAiOnsiY3JlYXRlIjozNjAwMDAwMDAwMDAwLCJkZWxldGUiOjE4MDAwMDAwMDAwMDAsInJlYWQiOjMwMDAwMDAwMDAwMCwidXBkYXRlIjoxODAwMDAwMDAwMDAwfX0=",
          "dependencies": [
            "data.azurerm_key_vault_secret.vmPW",
            "data.azurerm_log_analytics_workspace.log_analytics_workspace",
            "module.hostpool_ga.azurerm_monitor_diagnostic_setting.avd-logs",
            "module.hostpool_ga.azurerm_virtual_desktop_host_pool.hostpool",
            "module.hostpool_ga.azurerm_virtual_desktop_host_pool_registration_info.token",
            "module.rg-avd.azurerm_resource_group.myRGs",
            "module.session_hosts.azurerm_availability_set.avd",
            "module.session_hosts.azurerm_network_interface.nic",
            "module.session_hosts.azurerm_subnet.subnet",
            "module.session_hosts.azurerm_virtual_machine_extension.joinsessionhost",
            "module.session_hosts.azurerm_virtual_machine_extension.monitoragent",
            "module.session_hosts.azurerm_windows_virtual_machine.vm",
            "module.session_hosts.random_string.random",
            "module.workspace.azurerm_monitor_diagnostic_setting.avd_workspace-logs",
            "module.workspace.azurerm_virtual_desktop_workspace.workspace",
            "time_rotating.avd_registration_expiration"
          ]
        }
      ]
    },
    {
      "module": "module.session_hosts[0]",
      "mode": "managed",
      "type": "azurerm_virtual_machine_extension",
      "name": "joinsessionhost",
      "provider": "provider[\"registry.terraform.io/hashicorp/azurerm\"]",
      "instances": [
        {
          "index_key": 0,
          "schema_version": 0,
          "attributes": {
            "auto_upgrade_minor_version": true,
            "automatic_upgrade_enabled": false,
            "failure_suppression_enabled": false,
            "id": "/subscriptions/41dafe2e-0108-4dd0-827f-5110b0f0538d/resourceGroups/AVD-VA-011-1-RG/providers/Microsoft.Compute/virtualMachines/AVD-VA-011-1-A-mcnt/extensions/ext-joinsessionhost",
            "name": "ext-joinsessionhost",
            "protected_settings": "  {\r\n    \"properties\": {\r\n      \"registrationInfoToken\": \"eyJhbGciOiJSUzI1NiIsImtpZCI6IjE4NjBBQzc5NTc2MUM1QUI0NUVERkJBMzQxNjVDOTlDRDNFM0FGNEMiLCJ0eXAiOiJKV1QifQ.eyJSZWdpc3RyYXRpb25JZCI6ImU5YmRhNGFjLWI5YTEtNDgxNi1hOGI5LTIyODk2NjFmMDljZSIsIkJyb2tlclVyaSI6Imh0dHBzOi8vcmRicm9rZXItZy11c2ctcjEud3ZkLmF6dXJlLnVzLyIsIkRpYWdub3N0aWNzVXJpIjoiaHR0cHM6Ly9yZGRpYWdub3N0aWNzLWctdXNnLXIxLnd2ZC5henVyZS51cy8iLCJFbmRwb2ludFBvb2xJZCI6IjVkMmU1MjQxLWNkOWEtNGZlYi1hMmE5LWMwNjdjYjJmNWE3YiIsIkdsb2JhbEJyb2tlclVyaSI6Imh0dHBzOi8vcmRicm9rZXIud3ZkLmF6dXJlLnVzLyIsIkdlb2dyYXBoeSI6IlVTRyIsIkdsb2JhbEJyb2tlclJlc291cmNlSWRVcmkiOiJodHRwczovLzVkMmU1MjQxLWNkOWEtNGZlYi1hMmE5LWMwNjdjYjJmNWE3Yi5yZGJyb2tlci53dmQuYXp1cmUudXMvIiwiQnJva2VyUmVzb3VyY2VJZFVyaSI6Imh0dHBzOi8vNWQyZTUyNDEtY2Q5YS00ZmViLWEyYTktYzA2N2NiMmY1YTdiLnJkYnJva2VyLWctdXNnLXIxLnd2ZC5henVyZS51cy8iLCJEaWFnbm9zdGljc1Jlc291cmNlSWRVcmkiOiJodHRwczovLzVkMmU1MjQxLWNkOWEtNGZlYi1hMmE5LWMwNjdjYjJmNWE3Yi5yZGRpYWdub3N0aWNzLWctdXNnLXIxLnd2ZC5henVyZS51cy8iLCJBQURUZW5hbnRJZCI6IjJkMGQ1ZmMyLWQ1YzQtNDg4OS1iOTkxLTRjZjJiOWU4M2JjMiIsIm5iZiI6MTY4NjIxODkyNywiZXhwIjoxNjg4ODEwODA2LCJpc3MiOiJSREluZnJhVG9rZW5NYW5hZ2VyIiwiYXVkIjoiUkRtaSJ9.IogJmJ_g9C3LOf0y49ciQe76y-lTvHkQSCVNDpJPDQ3OMWB_uoU7WkI-LW3pXHd4ofIbkh4bNQKiPndsb2ELJUi1JC1o5L4eZh1Ob1tGWJt2G7XCTkNfOezpSaRf1PIDqQe2Jx7uOvuqaM31j-qBWK5sJQ7o2iibSAWYFdpbKx-GW5st2iBrz-gUz4erIuHbWW-XtVRLWLpyC4JAvxqT_4xoCLmYQ1rAZyZUA_qWdWuIWPSD1SNQWEjho6r5NCieFK5iQED9nDO65lRdTjlGw0wxgdSgNpT4K834JrMnbCA_ANfCvBEqKkE91OOVQDjP2f-SQnLaoS-XQ07qbq0CxQ\"\r\n    }\r\n  }\r\n",
            "protected_settings_from_key_vault": [],
            "publisher": "Microsoft.Powershell",
            "settings": "{\"configurationFunction\":\"Configuration.ps1\\\\AddSessionHost\",\"modulesUrl\":\"https://wvdportalstorageblob.blob.core.windows.net/galleryartifacts/Configuration_09-08-2022.zip\",\"properties\":{\"HostPoolName\":\"AVD-VA-011-1-HP-GA\"}}",
            "tags": null,
            "timeouts": null,
            "type": "DSC",
            "type_handler_version": "2.73",
            "virtual_machine_id": "/subscriptions/41dafe2e-0108-4dd0-827f-5110b0f0538d/resourceGroups/AVD-VA-011-1-RG/providers/Microsoft.Compute/virtualMachines/AVD-VA-011-1-A-mcnt"
          },
          "sensitive_attributes": [
            [
              {
                "type": "get_attr",
                "value": "protected_settings"
              }
            ]
          ],
          "private": "eyJlMmJmYjczMC1lY2FhLTExZTYtOGY4OC0zNDM2M2JjN2M0YzAiOnsiY3JlYXRlIjoxODAwMDAwMDAwMDAwLCJkZWxldGUiOjE4MDAwMDAwMDAwMDAsInJlYWQiOjMwMDAwMDAwMDAwMCwidXBkYXRlIjoxODAwMDAwMDAwMDAwfX0=",
          "dependencies": [
            "data.azurerm_key_vault_secret.vmPW",
            "data.azurerm_log_analytics_workspace.log_analytics_workspace",
            "module.hostpool_ga.azurerm_monitor_diagnostic_setting.avd-logs",
            "module.hostpool_ga.azurerm_virtual_desktop_host_pool.hostpool",
            "module.hostpool_ga.azurerm_virtual_desktop_host_pool_registration_info.token",
            "module.rg-avd.azurerm_resource_group.myRGs",
            "module.session_hosts.azurerm_availability_set.avd",
            "module.session_hosts.azurerm_network_interface.nic",
            "module.session_hosts.azurerm_subnet.subnet",
            "module.session_hosts.azurerm_windows_virtual_machine.vm",
            "module.session_hosts.random_string.random",
            "module.workspace.azurerm_monitor_diagnostic_setting.avd_workspace-logs",
            "module.workspace.azurerm_virtual_desktop_workspace.workspace",
            "time_rotating.avd_registration_expiration"
          ]
        }
      ]
    },
    {
      "module": "module.session_hosts[0]",
      "mode": "managed",
      "type": "azurerm_virtual_machine_extension",
      "name": "monitoragent",
      "provider": "provider[\"registry.terraform.io/hashicorp/azurerm\"]",
      "instances": [
        {
          "index_key": 0,
          "schema_version": 0,
          "attributes": {
            "auto_upgrade_minor_version": true,
            "automatic_upgrade_enabled": false,
            "failure_suppression_enabled": false,
            "id": "/subscriptions/41dafe2e-0108-4dd0-827f-5110b0f0538d/resourceGroups/AVD-VA-011-1-RG/providers/Microsoft.Compute/virtualMachines/AVD-VA-011-1-A-mcnt/extensions/ext-MicrosoftMonitoringAgent",
            "name": "ext-MicrosoftMonitoringAgent",
            "protected_settings": "    {\r\n      \"workspaceKey\": \"tmPX5J9cvDhTVQnvfvrppS6O5vC4iVhaOyTTP4vuNgLLltZv79Zzp1FiM3LkUx3ozIIIFusv8xXDPriVljThaA==\"\r\n    }\r\n",
            "protected_settings_from_key_vault": [],
            "publisher": "Microsoft.EnterpriseCloud.Monitoring",
            "settings": "{\"workspaceId\":\"2094c0ff-1ff5-4136-94d5-20e87bce4405\"}",
            "tags": null,
            "timeouts": null,
            "type": "MicrosoftMonitoringAgent",
            "type_handler_version": "1.0",
            "virtual_machine_id": "/subscriptions/41dafe2e-0108-4dd0-827f-5110b0f0538d/resourceGroups/AVD-VA-011-1-RG/providers/Microsoft.Compute/virtualMachines/AVD-VA-011-1-A-mcnt"
          },
          "sensitive_attributes": [
            [
              {
                "type": "get_attr",
                "value": "protected_settings"
              }
            ]
          ],
          "private": "eyJlMmJmYjczMC1lY2FhLTExZTYtOGY4OC0zNDM2M2JjN2M0YzAiOnsiY3JlYXRlIjoxODAwMDAwMDAwMDAwLCJkZWxldGUiOjE4MDAwMDAwMDAwMDAsInJlYWQiOjMwMDAwMDAwMDAwMCwidXBkYXRlIjoxODAwMDAwMDAwMDAwfX0=",
          "dependencies": [
            "data.azurerm_key_vault_secret.vmPW",
            "data.azurerm_log_analytics_workspace.log_analytics_workspace",
            "module.hostpool_ga.azurerm_monitor_diagnostic_setting.avd-logs",
            "module.hostpool_ga.azurerm_virtual_desktop_host_pool.hostpool",
            "module.hostpool_ga.azurerm_virtual_desktop_host_pool_registration_info.token",
            "module.rg-avd.azurerm_resource_group.myRGs",
            "module.session_hosts.azurerm_availability_set.avd",
            "module.session_hosts.azurerm_network_interface.nic",
            "module.session_hosts.azurerm_subnet.subnet",
            "module.session_hosts.azurerm_virtual_machine_extension.joinsessionhost",
            "module.session_hosts.azurerm_windows_virtual_machine.vm",
            "module.session_hosts.random_string.random",
            "module.workspace.azurerm_monitor_diagnostic_setting.avd_workspace-logs",
            "module.workspace.azurerm_virtual_desktop_workspace.workspace",
            "time_rotating.avd_registration_expiration"
          ]
        }
      ]
    },
    {
      "module": "module.session_hosts[0]",
      "mode": "managed",
      "type": "azurerm_windows_virtual_machine",
      "name": "vm",
      "provider": "provider[\"registry.terraform.io/hashicorp/azurerm\"]",
      "instances": [
        {
          "index_key": 0,
          "schema_version": 0,
          "attributes": {
            "additional_capabilities": [],
            "additional_unattend_content": [],
            "admin_password": "1qaz!QAZ2wsx@WSX",
            "admin_username": "localadmin",
            "allow_extension_operations": true,
            "availability_set_id": "/subscriptions/41dafe2e-0108-4dd0-827f-5110b0f0538d/resourceGroups/AVD-VA-011-1-RG/providers/Microsoft.Compute/availabilitySets/AVD-VA-011-1-AVAILABILITY-SET",
            "boot_diagnostics": [],
            "capacity_reservation_group_id": "",
            "computer_name": "AVD-A-mcnt1",
            "custom_data": "W0NtZGxldGJpbmRpbmcoKV0NClBhcmFtKA0KICAgIFtwYXJhbWV0ZXIoTWFuZGF0b3J5KV0NCiAgICBbc3RyaW5nXQ0KICAgICRmc2xvZ2l4X2hvc3RuYW1lLA0KDQogICAgW3BhcmFtZXRlcihNYW5kYXRvcnkpXQ0KICAgIFtzdHJpbmddDQogICAgJGZzbG9naXhfa2V5DQoNCikNCg0KDQpmdW5jdGlvbiBHZXQtV2ViRmlsZQ0Kew0KICAgIHBhcmFtKA0KICAgICAgICBbcGFyYW1ldGVyKE1hbmRhdG9yeSldDQogICAgICAgIFtzdHJpbmddJEZpbGVOYW1lLA0KDQogICAgICAgIFtwYXJhbWV0ZXIoTWFuZGF0b3J5KV0NCiAgICAgICAgW3N0cmluZ10kVVJMDQogICAgKQ0KICAgICRDb3VudGVyID0gMA0KICAgIGRvDQogICAgew0KICAgICAgICBJbnZva2UtV2ViUmVxdWVzdCAtVXJpICRVUkwgLU91dEZpbGUgJEZpbGVOYW1lIC1FcnJvckFjdGlvbiAnU2lsZW50bHlDb250aW51ZScNCiAgICAgICAgaWYoJENvdW50ZXIgLWd0IDApDQogICAgICAgIHsNCiAgICAgICAgICAgIFN0YXJ0LVNsZWVwIC1TZWNvbmRzIDMwDQogICAgICAgIH0NCiAgICAgICAgJENvdW50ZXIrKw0KICAgIH0NCiAgICB1bnRpbCgoVGVzdC1QYXRoICRGaWxlTmFtZSkgLW9yICRDb3VudGVyIC1lcSA5KQ0KfQ0KDQpmdW5jdGlvbiBXcml0ZS1Mb2cNCnsNCiAgICBwYXJhbSgNCiAgICAgICAgW3BhcmFtZXRlcihNYW5kYXRvcnkpXQ0KICAgICAgICBbc3RyaW5nXSRNZXNzYWdlLA0KICAgICAgICANCiAgICAgICAgW3BhcmFtZXRlcihNYW5kYXRvcnkpXQ0KICAgICAgICBbc3RyaW5nXSRUeXBlDQogICAgKQ0KICAgICRQYXRoID0gJ0M6XHdpbmRvd3NcdGVtcFxhcHBsb2cudHh0Jw0KICAgIGlmKCEoVGVzdC1QYXRoIC1QYXRoICRQYXRoKSkNCiAgICB7DQogICAgICAgIE5ldy1JdGVtIC1QYXRoICdDOlx3aW5kb3dzXHRlbXBcJyAtTmFtZSAnYXBwbG9nLnR4dCcgfCBPdXQtTnVsbA0KICAgIH0NCiAgICAkVGltZXN0YW1wID0gR2V0LURhdGUgLUZvcm1hdCAnTU0vZGQveXl5eSBISDptbTpzcy5mZicNCiAgICAkRW50cnkgPSAnWycgKyAkVGltZXN0YW1wICsgJ10gWycgKyAkVHlwZSArICddICcgKyAkTWVzc2FnZQ0KICAgICRFbnRyeSB8IE91dC1GaWxlIC1GaWxlUGF0aCAkUGF0aCAtQXBwZW5kDQp9DQojIHdyaXRlLWhvc3QgInNldHRpbmcgaG9zdHMiDQojICRIb3N0RmlsZSA9ICJDOlxXaW5kb3dzXHN5c3RlbTMyXGRyaXZlcnNcZXRjXGhvc3RzIg0KIyAkZGF0ZUZvcm1hdCA9IChHZXQtRGF0ZSkuVG9TdHJpbmcoJ2RkLU1NLXl5eXkgaGgtbW0tc3MnKQ0KIyAkRmlsZUNvcHkgPSAkSG9zdEZpbGUgKyAnLicgKyAkZGF0ZUZvcm1hdCAgKyAnLmNvcHknDQojIE1vdmUtSXRlbSAkSG9zdEZpbGUgLURlc3RpbmF0aW9uICRGaWxlQ29weQ0KI0hvc3RzIHRvIEFkZA0KDQpJbnZva2UtV2ViUmVxdWVzdCAnaHR0cHM6Ly9wZXJzaXN0YXZkLmJsb2IuY29yZS51c2dvdmNsb3VkYXBpLm5ldC9zaGFyZXMvbGdwb3Bhay56aXA/c3Y9MjAyMS0xMC0wNCZzdD0yMDIzLTAyLTIyVDIwJTNBMjglM0EzNFomc2U9MjAyNS0wNC0yNFQyMCUzQTI4JTNBMDBaJnNyPWImc3A9ciZzaWc9ZG5tJTJCU1R2ckJmNjFRcjlHeXFvblolMkZsJTJCVVhBcEs1VDl2ampnNDAxNzVKWSUzRCcgLU91dEZpbGUgYzpcd2luZG93c1x0ZW1wXGxncG9wYWsuemlwDQpFeHBhbmQtQXJjaGl2ZSBDOlxXaW5kb3dzXFRlbXBcbGdwb3Bhay56aXAgQzpcV2luZG93c1xUZW1wXCAtZm9yY2UNCmNwIEM6XHdpbmRvd3NcVGVtcFxsZ3BvcGFrXGRlcHNcTEdQTy5leGUgQzpcV2luZG93cw0KDQojIFdyaXRlLU91dHB1dCAiJGZzbG9naXhfaXAgJGZzbG9naXhfaG9zdG5hbWUuYmxvYi5jb3JlLnVzZ292Y2xvdWRhcGkubmV0IiA+ICRIb3N0RmlsZQ0KIyBXcml0ZS1PdXRwdXQgIiRwZXJzaXN0YXZkX2lwIHBlcnNpc3RhdmQuYmxvYi5jb3JlLnVzZ292Y2xvdWRhcGkubmV0IiA+PiAkSG9zdEZpbGUNCg0KI1dyaXRlLU91dHB1dCAiJGtleXZhdWx0X2lkICRrZXl2YXVsdF9ob3N0bmFtZS5ibG9iLmNvcmUudXNnb3ZjbG91ZGFwaS5uZXQiID4+ICRIb3N0RmlsZQ0KDQpJbnZva2UtV2ViUmVxdWVzdCAiaHR0cHM6Ly9wZXJzaXN0YXZkLmJsb2IuY29yZS51c2dvdmNsb3VkYXBpLm5ldC9zaGFyZXMvRUNNQS1XQ0YtVFJVU1RFRC5jcnQ/c3Y9MjAyMS0xMC0wNCZzdD0yMDIzLTAyLTIyVDAwJTNBMjIlM0E0NFomc2U9MjAyNS0wMi0yNlQwMCUzQTIyJTNBMDBaJnNyPWImc3A9ciZzaWc9VyUyRjFOQkpxdUliWTUwVEtTOFZsSGN1N0FaMUFTeFJuWXQlMkZVVExlRWxhNjAlM0QiIC1vdXRmaWxlIGM6XHdpbmRvd3NcdGVtcFxFQ01BLVdDRi1UUlVTVEVELmNydA0KSW1wb3J0LUNlcnRpZmljYXRlIC1GaWxlUGF0aCBjOlx3aW5kb3dzXHRlbXBcRUNNQS1XQ0YtVFJVU1RFRC5jcnQgLUNlcnRTdG9yZUxvY2F0aW9uIENlcnQ6XExvY2FsTWFjaGluZVxyb290DQogICAgDQp3cml0ZS1ob3N0ICJzZXR0aW5ndXAgZnNsb2dpYyINCiMgJERyaXZlTGV0dGVyID0gJ2YnDQokRlNMb2dpeEFkbWlucyA9ICdhZG1pbmlzdHJhdG9ycycNCiRGU0xvZ2l4VXNlcnMgPSAndXNlcnMnDQokcHJvZmlsZUxvY2F0aW9uID0gIkM6XFByb2dyYW0gRmlsZXNcRlNMb2dpeCINCiRmc2xvZ2l4UGF0aCA9ICJIS0xNOlxTb2Z0d2FyZVxGU0xvZ2l4XFByb2ZpbGVzIg0KDQokc2l6ZSA9IChHZXQtUGFydGl0aW9uU3VwcG9ydGVkU2l6ZSAtRHJpdmVMZXR0ZXIgYykgDQpSZXNpemUtUGFydGl0aW9uIGANCiAgICAtRHJpdmVMZXR0ZXIgYyBgDQogICAgLVNpemUgJHNpemUuU2l6ZU1heA0KDQojIEdldC1EaXNrIHwgV2hlcmUgUGFydGl0aW9uU3R5bGUgLWVxICdyYXcnIHwNCiMgICAgIEluaXRpYWxpemUtRGlzayAtUGFydGl0aW9uU3R5bGUgTUJSIC1QYXNzVGhydSB8DQojICAgICBOZXctUGFydGl0aW9uIC1Bc3NpZ25Ecml2ZUxldHRlciAtVXNlTWF4aW11bVNpemUgfA0KIyAgICAgRm9ybWF0LVZvbHVtZSAtRmlsZVN5c3RlbSBOVEZTIC1OZXdGaWxlU3lzdGVtTGFiZWwgImZzbG9naXhkYXRhIiAtQ29uZmlybTokZmFsc2UNCg0KIyBHZXQtUGFydGl0aW9uIC1kaXNrbnVtYmVyIDEgfCBzZXQtcGFydGl0aW9uIC1uZXdkcml2ZWxldHRlciAkRHJpdmVMZXR0ZXINCg0KIyBta2RpciAkcHJvZmlsZUxvY2F0aW9uDQoNCiMgJEZTTG9naXhGb2xkZXIgPSAkcHJvZmlsZUxvY2F0aW9uDQoNCiMgSUNBQ0xTICgiZjpcIikgL3Jlc2V0DQojIElDQUNMUyAoIkY6XCIpIC9kZW55IEV2ZXJ5b25lOihPSSkoQ0kpRiAvdCAvYw0KIyBJQ0FDTFMgKCJGOlwiKSAvZGVueSBVc2VyczooT0kpKENJKUYgL3QgL2MNCiMgSUNBQ0xTICgiRjpcIikgL2luaGVyaXRhbmNlOnINCg0KIyAjQ2xlYXIgYWxsIEV4cGxpY2l0IFBlcm1pc3Npb25zIG9uIHRoZSBmb2xkZXINCiMgSUNBQ0xTICgiJEZTTG9naXhGb2xkZXIiKSAvcmVzZXQNCg0KIyAjQWRkIENSRUFUT1IgT1dORVIgcGVybWlzc2lvbg0KIyBJQ0FDTFMgKCIkRlNMb2dpeEZvbGRlciIpIC9ncmFudCAoIkNSRUFUT1IgT1dORVIiICsgJzooT0kpKENJKShJTylGJykNCg0KIyAjQWRkIFNZU1RFTSBwZXJtaXNzaW9uDQojIElDQUNMUyAoIiRGU0xvZ2l4Rm9sZGVyIikgL2dyYW50ICgiU1lTVEVNIiArICc6KE9JKShDSSlGJykNCg0KIyAjR2l2ZSBEb21haW4gQWRtaW5zIEZ1bGwgQ29udHJvbA0KIyBJQ0FDTFMgKCIkRlNMb2dpeEZvbGRlciIpIC9ncmFudCAoIiRGU0xvZ2l4QWRtaW5zIiArICc6KE9JKShDSSlGJykNCg0KIyAjQXBwbHkgQ3JlYXRlIEZvbGRlci9BcHBlbmQgRGF0YSwgTGlzdCBGb2xkZXIvUmVhZCBEYXRhLCBSZWFkIEF0dHJpYnV0ZXMsIFRyYXZlcnNlIEZvbGRlci9FeGVjdXRlIEZpbGUsIFJlYWQgcGVybWlzc2lvbnMgdG8gdGhpcyBmb2xkZXIgb25seS4gU3luY2hyb25pemUgaXMgcmVxdWlyZWQgaW4gb3JkZXIgZm9yIHRoZSBwZXJtaXNzaW9ucyB0byB3b3JrDQojIElDQUNMUyAoIiRGU0xvZ2l4Rm9sZGVyIikgL2dyYW50ICgiJEZTTG9naXhVc2VycyIgKyAnOihBRCxSRUEsUkEsWCxSQyxSRCxTKScpDQoNCiMgI0Rpc2FibGUgSW5oZXJpdGFuY2Ugb24gdGhlIEZvbGRlci4gVGhpcyBpcyBkb25lIGxhc3QgdG8gYXZvaWQgcGVybWlzc2lvbiBlcnJvcnMuDQojIElDQUNMUyAoIiRGU0xvZ2l4Rm9sZGVyIikgL2luaGVyaXRhbmNlOnINCg0KIyBpZiAoIShUZXN0LVBhdGggJGZzbG9naXhQYXRoKSkgew0KIyAgICAgTmV3LUl0ZW0gLVBhdGggJGZzbG9naXhQYXRoIC1Gb3JjZSB8IE91dC1OdWxsDQojIH0NCg0KTmV3LUl0ZW1Qcm9wZXJ0eSAtUGF0aCAkZnNsb2dpeFBhdGggLU5hbWUgRW5hYmxlZCAtVmFsdWUgMSAtUHJvcGVydHlUeXBlIERXT1JEIC1Gb3JjZSB8IE91dC1OdWxsDQpOZXctSXRlbVByb3BlcnR5IC1QYXRoICRmc2xvZ2l4UGF0aCAtTmFtZSBGbGlwRmxvcFByb2ZpbGVEaXJlY3RvcnlOYW1lIC1WYWx1ZSAxIC1Qcm9wZXJ0eVR5cGUgRFdPUkQgLUZvcmNlIHwgT3V0LU51bGwNClNldC1JdGVtUHJvcGVydHkgLVBhdGggJ0hLTE06XFNPRlRXQVJFXEZTTG9naXhcUHJvZmlsZXMnIC1OYW1lICdQcmV2ZW50TG9naW5XaXRoRmFpbHVyZScgLVZhbHVlIDEgLUZvcmNlDQpTZXQtSXRlbVByb3BlcnR5IC1QYXRoICdIS0xNOlxTT0ZUV0FSRVxGU0xvZ2l4XFByb2ZpbGVzJyAtTmFtZSAnUHJldmVudExvZ2luV2l0aFRlbXBQcm9maWxlJyAtVmFsdWUgMSAtRm9yY2UNClNldC1JdGVtUHJvcGVydHkgLVBhdGggJ0hLTE06XFNPRlRXQVJFXEZTTG9naXhcUHJvZmlsZXMnIC1OYW1lICdFbmFibGVkJyAtVmFsdWUgMSAtRm9yY2UNClNldC1JdGVtUHJvcGVydHkgLVBhdGggJ0hLTE06XFNvZnR3YXJlXEZTTG9naXhcUHJvZmlsZXMnIC1OYW1lIEluc3RhbGxBcHB4UGFja2FnZXMgLVZhbHVlIDAgLUZvcmNlDQoNClNldC1JdGVtUHJvcGVydHkgLVBhdGggJ0hLTE06XFNvZnR3YXJlXFBvbGljaWVzXEZTTG9naXhcUHJvZmlsZXMnIC1uYW1lICJSZW1vdmVPcnBoYW5lZE9TVEZpbGVzT25Mb2dvZmYiIC1WYWx1ZSAxIC1Gb3JjZQ0KU2V0LUl0ZW1Qcm9wZXJ0eSAtUGF0aCAnSEtMTTpcU29mdHdhcmVcUG9saWNpZXNcRlNMb2dpeFxQcm9maWxlcycgLU5hbWUgIlZvbHVtZVR5cGUiIC1WYWx1ZSBWRE1YIC1Gb3JjZQ0KU2V0LUl0ZW1Qcm9wZXJ0eSAtUGF0aCAnSEtMTTpcU29mdHdhcmVcUG9saWNpZXNcRlNMb2dpeFxQcm9maWxlcycgLU5hbWUgIlZIRFhTZWN0b3JTaXplIiAtVmFsdWUgIjQwOTYiIC1Gb3JjZQ0KU2V0LUl0ZW1Qcm9wZXJ0eSAtUGF0aCAnSEtMTTpcU09GVFdBUkVcUG9saWNpZXNcRlNMb2dpeFxPREZDJyAtTmFtZSAiQ2xlYXJDYWNoZU9uTG9nb2ZmIiAtVmFsdWUgMSAtRm9yY2UNCg0KQWRkLUxvY2FsR3JvdXBNZW1iZXIgLUdyb3VwICdGU0xvZ2l4IFByb2ZpbGUgRXhjbHVkZSBMaXN0JyAtTWVtYmVyICdsb2NhbGFkbWluJ3wgT3V0LU51bGwNCkFkZC1Mb2NhbEdyb3VwTWVtYmVyIC1Hcm91cCAnRlNMb2dpeCBPREZDIEV4Y2x1ZGUgTGlzdCcgLU1lbWJlciAnbG9jYWxhZG1pbid8IE91dC1OdWxsDQoNCkFkZC1Mb2NhbEdyb3VwTWVtYmVyIC1Hcm91cCAnRlNMb2dpeCBQcm9maWxlIEV4Y2x1ZGUgTGlzdCcgLU1lbWJlciAnQWRtaW5pc3RyYXRvcnMnfCBPdXQtTnVsbA0KQWRkLUxvY2FsR3JvdXBNZW1iZXIgLUdyb3VwICdGU0xvZ2l4IE9ERkMgRXhjbHVkZSBMaXN0JyAtTWVtYmVyICdBZG1pbmlzdHJhdG9ycycgfCBPdXQtTnVsbA0KV3JpdGUtT3V0cHV0ICJFbmZvcmNlbWVudCBTZXQgIiRlbnY6Q09NUFVURVJOQU1FIi4uLiINCg0KJGNvbm5lY3Rpb25zdHJpbmcgPSAnIkRlZmF1bHRFbmRwb2ludHNQcm90b2NvbD1odHRwczsnICsgIkFjY291bnROYW1lPSRmc2xvZ2l4X2hvc3RuYW1lOyIgKyAiQWNjb3VudEtleT0kZnNsb2dpeF9rZXk7IiArICdFbmRwb2ludFN1ZmZpeD1jb3JlLnVzZ292Y2xvdWRhcGkubmV0IicNCiYgJ0M6XFByb2dyYW0gRmlsZXNcRlNMb2dpeFxBcHBzXGZyeC5leGUnIGFkZC1zZWN1cmUta2V5IC1rZXkgY29ubmVjdGlvbnN0cmluZyAtdmFsdWUgJGNvbm5lY3Rpb25zdHJpbmcNCk5ldy1JdGVtUHJvcGVydHkgLVBhdGggJGZzbG9naXhQYXRoIC1Gb3JjZSAtTmFtZSBDQ0RMb2NhdGlvbnMgLVByb3BlcnR5VHlwZSBtdWx0aXN0cmluZyAtVmFsdWUgInR5cGU9YXp1cmUsY29ubmVjdGlvblN0cmluZz18ZnNsb2dpeC9jb25uZWN0aW9uc3RyaW5nfCJ8IE91dC1OdWxsDQoNCk5ldy1JdGVtUHJvcGVydHkgLVBhdGggJGZzbG9naXhQYXRoIC1OYW1lIERlbGV0ZUxvY2FsUHJvZmlsZVdoZW5WSERTaG91bGRBcHBseSAtVmFsdWUgMSAtUHJvcGVydHlUeXBlIERXT1JEIC1Gb3JjZSB8IE91dC1OdWxsDQojTmV3LUl0ZW1Qcm9wZXJ0eSAtUGF0aCBIS0xNOlNZU1RFTVxDdXJyZW50Q29udHJvbFNldFxTZXJ2aWNlc1xmcnhjY2RcUGFyYW1ldGVycyAtTmFtZSBDYWNoZURpcmVjdG9yeSAtVmFsdWUgJHByb2ZpbGVMb2NhdGlvbiAtUHJvcGVydHlUeXBlIFN0cmluZyAtRm9yY2UgfCBPdXQtTnVsbA0KV3JpdGUtSW5mb3JtYXRpb24gIkNvbmZpZ3VyaW5nIGZzbG9naXggcHJvZmlsZSBsb2NhdGlvbiINCg0KDQojIyMNCldyaXRlLVZlcmJvc2UgIkFkZCBSZWRpclhNTFNvdXJjZUZvbGRlciBGb2xkZXJhbmQgY29udGVudC4uIg0KTmV3LUl0ZW0gJHByb2ZpbGVMb2NhdGlvblxSZWRpclhNTFNvdXJjZUZvbGRlciAtSXRlbVR5cGUgRGlyZWN0b3J5IHwgT3V0LU51bGwNCg0KaWYgKCEodGVzdC1wYXRoIC1wYXRoICRwcm9maWxlTG9jYXRpb25cUmVkaXJYTUxTb3VyY2VGb2xkZXJcUmVkaXJlY3Rpb25zLnhtbCkpIHtuZXctaXRlbSAtcGF0aCAkcHJvZmlsZUxvY2F0aW9uXFJlZGlyWE1MU291cmNlRm9sZGVyIC1uYW1lIFJlZGlyZWN0aW9ucy54bWwgLUl0ZW1UeXBlIEZpbGUgLVZhbHVlICcNCjw/eG1sIHZlcnNpb249IjEuMCIgZW5jb2Rpbmc9IlVURi04Ij8+DQoNCjxGcnhQcm9maWxlRm9sZGVyUmVkaXJlY3Rpb24gRXhjbHVkZUNvbW1vbkZvbGRlcnM9IjAiPg0KCQ0KPEV4Y2x1ZGVzPgkJDQogPEV4Y2x1ZGUgQ29weT0iMCI+QXBwRGF0YVxMb2NhbFxHb29nbGVcQ2hyb21lXFVzZXIgRGF0YVxEZWZhdWx0XENhY2hlPC9FeGNsdWRlPg0KIDxFeGNsdWRlIENvcHk9IjAiPkFwcERhdGFcTG9jYWxcR29vZ2xlXENocm9tZVxVc2VyIERhdGFcRGVmYXVsdFxDYWNoZWQgVGhlbWUgSW1hZ2U8L0V4Y2x1ZGU+DQogPEV4Y2x1ZGUgQ29weT0iMCI+QXBwRGF0YVxMb2NhbFxHb29nbGVcQ2hyb21lXFVzZXIgRGF0YVxEZWZhdWx0XEp1bXBMaXN0SWNvbnM8L0V4Y2x1ZGU+DQogPEV4Y2x1ZGUgQ29weT0iMCI+QXBwRGF0YVxMb2NhbFxHb29nbGVcQ2hyb21lXFVzZXIgRGF0YVxEZWZhdWx0XEp1bXBMaXN0SWNvbnNPbGQ8L0V4Y2x1ZGU+DQogPEV4Y2x1ZGUgQ29weT0iMCI+QXBwRGF0YVxMb2NhbFxHb29nbGVcQ2hyb21lXFVzZXIgRGF0YVxEZWZhdWx0XFN0b3JhZ2U8L0V4Y2x1ZGU+DQogPEV4Y2x1ZGUgQ29weT0iMCI+QXBwRGF0YVxMb2NhbFxHb29nbGVcQ2hyb21lXFVzZXIgRGF0YVxEZWZhdWx0XExvY2FsIFN0b3JhZ2U8L0V4Y2x1ZGU+DQogPEV4Y2x1ZGUgQ29weT0iMCI+QXBwRGF0YVxMb2NhbFxHb29nbGVcQ2hyb21lXFVzZXIgRGF0YVxEZWZhdWx0XFNlc3Npb25TdG9yYWdlPC9FeGNsdWRlPg0KIDxFeGNsdWRlIENvcHk9IjAiPkFwcERhdGFcTG9jYWxcR29vZ2xlXENocm9tZVxVc2VyIERhdGFcRGVmYXVsdFxNZWRpYSBDYWNoZTwvRXhjbHVkZT4NCiA8RXhjbHVkZSBDb3B5PSIwIj5BcHBEYXRhXExvY2FsXEdvb2dsZVxDaHJvbWVcVXNlciBEYXRhXERlZmF1bHRcR1BVQ2FjaGU8L0V4Y2x1ZGU+DQogPEV4Y2x1ZGUgQ29weT0iMCI+QXBwRGF0YVxMb2NhbFxHb29nbGVcQ2hyb21lXFVzZXIgRGF0YVxEZWZhdWx0XFdlYkFwcGxpY2F0aW9uczwvRXhjbHVkZT4NCiA8RXhjbHVkZSBDb3B5PSIwIj5BcHBEYXRhXExvY2FsXEdvb2dsZVxDaHJvbWVcVXNlciBEYXRhXERlZmF1bHRcU3luY0RhdGE8L0V4Y2x1ZGU+DQogPEV4Y2x1ZGUgQ29weT0iMCI+QXBwRGF0YVxMb2NhbFxHb29nbGVcQ2hyb21lXFVzZXIgRGF0YVxEZWZhdWx0XFN5bmNEYXRhQmFja3VwPC9FeGNsdWRlPg0KIDxFeGNsdWRlIENvcHk9IjAiPkFwcERhdGFcTG9jYWxcR29vZ2xlXENocm9tZVxVc2VyIERhdGFcRGVmYXVsdFxQZXBwZXIgRGF0YVxTaG9ja3dhdmUgRmxhc2hcQ2FjaGVXcml0ZWFibGVBZG9iZVJvb3Q8L0V4Y2x1ZGU+DQogPEV4Y2x1ZGUgQ29weT0iMCI+QXBwRGF0YVxMb2NhbFxHb29nbGVcQ2hyb21lXFVzZXIgRGF0YVxXaWRldmluZUNETTwvRXhjbHVkZT4NCiA8RXhjbHVkZSBDb3B5PSIwIj5BcHBEYXRhXExvY2FsXEdvb2dsZVxDaHJvbWVcVXNlciBEYXRhXEVWV2hpdGVsaXN0PC9FeGNsdWRlPg0KIDxFeGNsdWRlIENvcHk9IjAiPkFwcERhdGFcTG9jYWxcR29vZ2xlXENocm9tZVxVc2VyIERhdGFccG5hY2w8L0V4Y2x1ZGU+DQogPEV4Y2x1ZGUgQ29weT0iMCI+QXBwRGF0YVxMb2NhbFxHb29nbGVcQ2hyb21lXFVzZXIgRGF0YVxyZWNvdmVyeTwvRXhjbHVkZT4NCiA8RXhjbHVkZSBDb3B5PSIwIj5BcHBEYXRhXExvY2FsXEdvb2dsZVxDaHJvbWVcVXNlciBEYXRhXFNoYWRlckNhY2hlPC9FeGNsdWRlPg0KIDxFeGNsdWRlIENvcHk9IjAiPkFwcERhdGFcTG9jYWxcR29vZ2xlXENocm9tZVxVc2VyIERhdGFcU3dSZXBvcnRlcjwvRXhjbHVkZT4NCiA8RXhjbHVkZSBDb3B5PSIwIj5BcHBEYXRhXExvY2FsXEdvb2dsZVxDaHJvbWVcVXNlciBEYXRhXFN3aWZ0U2hhZGVyPC9FeGNsdWRlPg0KIDxFeGNsdWRlIENvcHk9IjAiPkFwcERhdGFcTG9jYWxcR29vZ2xlXENocm9tZVxVc2VyIERhdGFcUGVwcGVyRmxhc2g8L0V4Y2x1ZGU+DQogPEV4Y2x1ZGUgQ29weT0iMCI+QXBwRGF0YVxMb2NhbFxNaWNyb3NvZnRcRWRnZVxVc2VyIERhdGFcRGVmYXVsdFxDYWNoZTwvRXhjbHVkZT4NCiA8RXhjbHVkZSBDb3B5PSIwIj5BcHBEYXRhXExvY2FsXFBhY2thZ2VzXE1pY3Jvc29mdC5NaWNyb3NvZnRFZGdlXzh3ZWt5YjNkOGJid2VcQUNcTWljcm9zb2Z0RWRnZVxDYWNoZTwvRXhjbHVkZT4NCiA8RXhjbHVkZSBDb3B5PSIwIj5BcHBEYXRhXExvY2FsXEJyYXZlU29mdHdhcmVcQnJhdmUtQnJvd3NlclxVc2VyIERhdGFcRGVmYXVsdFxDYWNoZTwvRXhjbHVkZT4NCiA8RXhjbHVkZSBDb3B5PSIwIj5BcHBEYXRhXExvY2FsXE1pY3Jvc29mdFxXaW5kb3dzXFdFUjwvRXhjbHVkZT4NCiA8RXhjbHVkZSBDb3B5PSIwIj5BcHBEYXRhXExvY2FsXE1pY3Jvc29mdFxUZXJtaW5hbCBTZXJ2ZXIgQ2xpZW50XENhY2hlPC9FeGNsdWRlPg0KIDxFeGNsdWRlIENvcHk9IjAiPkFwcERhdGFcUm9hbWluZ1xEb3dubG9hZGVkIEluc3RhbGxhdGlvbnM8L0V4Y2x1ZGU+DQogPEV4Y2x1ZGUgQ29weT0iMCI+QXBwRGF0YVxMb2NhbFxEb3dubG9hZGVkIEluc3RhbGxhdGlvbnM8L0V4Y2x1ZGU+DQogPEV4Y2x1ZGUgQ29weT0iMCI+QXBwRGF0YVxMb2NhbFxNaWNyb3NvZnRcT2ZmaWNlXDE2LjBcTHluY1xUcmFjaW5nPC9FeGNsdWRlPg0KIDxFeGNsdWRlIENvcHk9IjAiPkFwcERhdGFcTG9jYWxcTWljcm9zb2Z0XE1TT0lkZW50aXR5Q1JMXFRyYWNpbmc8L0V4Y2x1ZGU+DQogPEV4Y2x1ZGUgQ29weT0iMCI+QXBwRGF0YVxMb2NhbFxNaWNyb3NvZnRcT25lTm90ZVwxNi4wXEJhY2t1cDwvRXhjbHVkZT4NCiA8RXhjbHVkZSBDb3B5PSIwIj5BcHBEYXRhXExvY2FsXENyYXNoRHVtcHM8L0V4Y2x1ZGU+DQogPEV4Y2x1ZGUgQ29weT0iMCI+QXBwRGF0YVxMb2NhbFxTcXVpcnJlbFRlbXA8L0V4Y2x1ZGU+DQogPEV4Y2x1ZGUgQ29weT0iMCI+QXBwRGF0YVxMb2NhbFxNaWNyb3NvZnRcVGVhbXNcQ3VycmVudFxMb2NhbGVzPC9FeGNsdWRlPg0KIDxFeGNsdWRlIENvcHk9IjAiPkFwcERhdGFcTG9jYWxcTWljcm9zb2Z0XFRlYW1zXFBhY2thZ2VzXFNxdWlycmVsVGVtcDwvRXhjbHVkZT4NCiA8RXhjbHVkZSBDb3B5PSIwIj5BcHBEYXRhXExvY2FsXE1pY3Jvc29mdFxUZWFtc1xjdXJyZW50XHJlc291cmNlc1xsb2NhbGVzPC9FeGNsdWRlPg0KIDxFeGNsdWRlIENvcHk9IjAiPkFwcERhdGFcTG9jYWxcTWljcm9zb2Z0XFRlYW1zXEN1cnJlbnRcTG9jYWxlczwvRXhjbHVkZT4NCiA8RXhjbHVkZSBDb3B5PSIwIj5BcHBEYXRhXFJvYW1pbmdcTWljcm9zb2Z0XFRlYW1zXFNlcnZpY2UgV29ya2VyXENhY2hlU3RvcmFnZTwvRXhjbHVkZT4NCiA8RXhjbHVkZSBDb3B5PSIwIj5BcHBEYXRhXFJvYW1pbmdcTWljcm9zb2Z0XFRlYW1zXEFwcGxpY2F0aW9uIENhY2hlPC9FeGNsdWRlPg0KIDxFeGNsdWRlIENvcHk9IjAiPkFwcERhdGFcUm9hbWluZ1xNaWNyb3NvZnRcVGVhbXNcQ2FjaGU8L0V4Y2x1ZGU+DQogPEV4Y2x1ZGUgQ29weT0iMCI+QXBwRGF0YVxSb2FtaW5nXE1pY3Jvc29mdCBUZWFtc1xMb2dzPC9FeGNsdWRlPg0KIDxFeGNsdWRlIENvcHk9IjAiPkFwcERhdGFcUm9hbWluZ1xNaWNyb3NvZnRcVGVhbXNcbWVkaWEtc3RhY2s8L0V4Y2x1ZGU+DQo8L0V4Y2x1ZGVzPg0KICANCjxJbmNsdWRlcz4NCiA8SW5jbHVkZSBDb3B5PSIzIj5BcHBEYXRhXExvY2FsTG93XFN1blxKYXZhXERlcGxveW1lbnRcc2VjdXJpdHk8L0luY2x1ZGU+DQo8L0luY2x1ZGVzPg0KDQo8L0ZyeFByb2ZpbGVGb2xkZXJSZWRpcmVjdGlvbj4nDQp9DQoNCiMjIyBPZmZpY2UgSW5zdGFsbA0KIyB3cml0ZS1ob3N0ICJJbnN0YWxsIE9mZmljZSINCiMgd2dldCAiaHR0cHM6Ly9zaGFyZTJjdXN0LmJsb2IuY29yZS51c2dvdmNsb3VkYXBpLm5ldC9vcGVuc2hhcmUvT2ZmaWNlLnppcD9zdj0yMDIxLTEwLTA0JnN0PTIwMjItMTItMjhUMTklM0ExNCUzQTM0WiZzZT0yMDI0LTEyLTI2VDE5JTNBMTQlM0EwMFomc3I9YiZzcD1yJnNpZz1ickJpQyUyRmdVZTNZb1FKZ25ZRU44VGNhald2TyUyRlROZVZjTXlnUEZQbFM1dyUzRCIgLU91dEZpbGUgQzpcV2luZG93c1xUZW1wXE9mZmljZS56aXANCiMgRXhwYW5kLUFyY2hpdmUgLUxpdGVyYWxQYXRoIEM6XFdpbmRvd3NcVGVtcFxPZmZpY2UuemlwIC1EZXN0aW5hdGlvblBhdGggQzpcV2luZG93c1xUZW1wXE9mZmljZSAtRm9yY2UNCiMgcm0gQzpcV2luZG93c1xUZW1wXE9mZmljZS56aXAgLUZvcmNlDQojIFN0YXJ0LVByb2Nlc3MgLUZpbGVQYXRoICdDOlx3aW5kb3dzXHRlbXBcb2ZmaWNlXHNldHVwLmV4ZScgLUFyZ3VtZW50TGlzdCAiL2NvbmZpZ3VyZSBDOlx3aW5kb3dzXHRlbXBcb2ZmaWNlXGNvbmZpZ3VyYXRpb24tT2ZmaWNlMzY1LXg2NC54bWwiIC1XYWl0IC1QYXNzVGhydQ0KIyBXcml0ZS1Ib3N0ICdJbnN0YWxsZWQgTWljcm9zb2Z0IFByb2plY3QgJiBWaXNpbycNCiMgcm0gQzpcV2luZG93c1xUZW1wXG9mZmljZSAgLUZvcmNlIC1SZWN1cnNlDQoNCg0KU2V0LUl0ZW1Qcm9wZXJ0eSAtUGF0aCAnSEtMTTpcU29mdHdhcmVcRlNMb2dpeFxQcm9maWxlcycgLU5hbWUgUmVkaXJYTUxTb3VyY2VGb2xkZXIgLVZhbHVlICIkcHJvZmlsZUxvY2F0aW9uXFJlZGlyWE1MU291cmNlRm9sZGVyIiAtRm9yY2UNCiMjIyBwcm9maWxlIHJlZGlyZXQNCg0KIyNyZW1vdmUgZGVza3RvcCBhcHBzDQpSZW1vdmUtSXRlbSBjOlx1c2Vyc1xwdWJsaWNcRGVza3RvcFwqIC1Gb3JjZQ0KDQoNCiNTZXQgV2luZG93cyBEZWZlbmRlciBFeGNsdXNpb25zIGZvciBGU0xvZ2l4DQpBZGQtTXBQcmVmZXJlbmNlIC1FeGNsdXNpb25QYXRoICIlUHJvZ3JhbUZpbGVzJVxGU0xvZ2l4XEFwcHNcZnJ4ZHJ2LnN5cyINCkFkZC1NcFByZWZlcmVuY2UgLUV4Y2x1c2lvblBhdGggIiVQcm9ncmFtRmlsZXMlXEZTTG9naXhcQXBwc1xmcnhkcnZ2dC5zeXMiDQpBZGQtTXBQcmVmZXJlbmNlIC1FeGNsdXNpb25QYXRoICIlUHJvZ3JhbUZpbGVzJVxGU0xvZ2l4XEFwcHNcZnJ4Y2NkLnN5cyINCkFkZC1NcFByZWZlcmVuY2UgLUV4Y2x1c2lvblBhdGggIiVURU1QJVwqLlZIRCINCkFkZC1NcFByZWZlcmVuY2UgLUV4Y2x1c2lvblBhdGggIiVURU1QJVwqLlZIRFgiDQpBZGQtTXBQcmVmZXJlbmNlIC1FeGNsdXNpb25QYXRoICIlV2luZGlyJVxURU1QXCouVkhEIg0KQWRkLU1wUHJlZmVyZW5jZSAtRXhjbHVzaW9uUGF0aCAiJVdpbmRpciVcVEVNUFwqLlZIRFgiDQpBZGQtTXBQcmVmZXJlbmNlIC1FeGNsdXNpb25QYXRoICIkcHJvZmlsZUxvY2F0aW9uXCoqLlZIRCINCkFkZC1NcFByZWZlcmVuY2UgLUV4Y2x1c2lvblBhdGggIiRwcm9maWxlTG9jYXRpb25cKiouVkhEWCINCg0KQWRkLU1wUHJlZmVyZW5jZSAtRXhjbHVzaW9uUHJvY2VzcyAiJVByb2dyYW1GaWxlcyVcRlNMb2dpeFxBcHBzXGZyeGNjZC5leGUiDQpBZGQtTXBQcmVmZXJlbmNlIC1FeGNsdXNpb25Qcm9jZXNzICIlUHJvZ3JhbUZpbGVzJVxGU0xvZ2l4XEFwcHNcZnJ4Y2Nkcy5leGUiDQpBZGQtTXBQcmVmZXJlbmNlIC1FeGNsdXNpb25Qcm9jZXNzICIlUHJvZ3JhbUZpbGVzJVxGU0xvZ2l4XEFwcHNcZnJ4c3ZjLmV4ZSINCg0KIyMjIHJlbW92ZSBwdWJsaWMgYWNjZXNzDQpJQ0FDTFMgKCJDOlx1c2Vyc1xQdWJsaWMiKSAvcmVzZXQNCklDQUNMUyAoIkM6XHVzZXJzXFB1YmxpYyIpIC9kZW55IEV2ZXJ5b25lOihPSSkoQ0kpRiAvdCAvYw0KSUNBQ0xTICgiQzpcdXNlcnNcUHVibGljIikgL2dyYW50ICgiU1lTVEVNIiArICc6KE9JKShDSSlGJykNCklDQUNMUyAoIiRGU0xvZ2l4Rm9sZGVyIikgL2RlbnkgKCJDUkVBVE9SIE9XTkVSIiArICc6KE9JKShDSSkoSU8pRicpDQpJQ0FDTFMgKCJDOlx1c2Vyc1xQdWJsaWMiKSAvZ3JhbnQgKCIkRlNMb2dpeEFkbWlucyIgKyAnOihPSSkoQ0kpRicpDQoNCiMgZGlzYWJsZSBtZW51IHNlYXJjaA0KIyBOZXctSXRlbSAtcGF0aCAiSEtMTTpcU09GVFdBUkVcUG9saWNpZXNcTWljcm9zb2Z0XFdpbmRvd3NcRXhwbG9yZXIiIC1OYW1lICJEaXNhYmxlU2VhcmNoQm94U3VnZ2VzdGlvbnMiIC1WYWx1ZSAxIC1UeXBlIGR3b3JkIC1Gb3JjZQ0KDQojIE5ldy1JdGVtIC1wYXRoICJIS0xNOlxTb2Z0d2FyZVxNaWNyb3NvZnRcV2luZG93c1xDdXJyZW50VmVyc2lvblxTZWFyY2hTZXR0aW5ncyIgLU5hbWUgSXNEeW5hbWljU2VhcmNoQm94RW5hYmxlZCAtVmFsdWUgMA0KDQojIE5ldy1JdGVtICJIS0xNOlxTT0ZUV0FSRVxQb2xpY2llc1xNaWNyb3NvZnRcV2luZG93c1xXaW5kb3dzIFNlYXJjaCIgLU5hbWUgRW5hYmxlRHluYW1pY0NvbnRlbnRJbldTQiAtVmFsdWUgMA0KDQojU2V0LUl0ZW1Qcm9wZXJ0eSAtUGF0aCAkcmVnIC1OYW1lIFByb3h5T3ZlcnJpZGUgLVZhbHVlICcqLmNvbnRvc28uY29tOzxsb2NhbD4nDQojU2V0LUl0ZW1Qcm9wZXJ0eSAiSEtDVTpcU29mdHdhcmVcTWljcm9zb2Z0XFdpbmRvd3NcQ3VycmVudFZlcnNpb25cSW50ZXJuZXQgU2V0dGluZ3MiIC1OYW1lIEF1dG9EZXRlY3QgLVZhbHVlIDANCg0Kd2dldCAnaHR0cHM6Ly9wZXJzaXN0YXZkLmJsb2IuY29yZS51c2dvdmNsb3VkYXBpLm5ldC9zaGFyZXMvbGdwb3Bhay56aXA/c3Y9MjAyMS0xMC0wNCZzdD0yMDIzLTAyLTIyVDIwJTNBMjglM0EzNFomc2U9MjAyNS0wNC0yNFQyMCUzQTI4JTNBMDBaJnNyPWImc3A9ciZzaWc9ZG5tJTJCU1R2ckJmNjFRcjlHeXFvblolMkZsJTJCVVhBcEs1VDl2ampnNDAxNzVKWSUzRCcgLU91dEZpbGUgYzpcd2luZG93c1x0ZW1wXGxncG9wYWsuemlwDQpFeHBhbmQtQXJjaGl2ZSBDOlxXaW5kb3dzXFRlbXBcbGdwb3Bhay56aXAgQzpcV2luZG93c1xUZW1wXCAtRm9yY2UNCkNvcHktSXRlbSBDOlx3aW5kb3dzXFRlbXBcbGdwb3Bha1xkZXBzXExHUE8uZXhlIEM6XFdpbmRvd3MgLUZvcmNlDQoNCndnZXQgJ2h0dHBzOi8vc2hhcmUyY3VzdC5ibG9iLmNvcmUudXNnb3ZjbG91ZGFwaS5uZXQvb3BlbnNoYXJlL0FETVguemlwP3NwPXImc3Q9MjAyMy0wNC0wNVQyMjo0NDo0MVomc2U9MjAyNS0wNS0yMlQwNjo0NDo0MVomc3ByPWh0dHBzJnN2PTIwMjEtMTItMDImc3I9YiZzaWc9ZW1GMXdmWEwxckFMZlFXZ2ppZjNxUjUzTGRCZk5tdXA5Y0lTWlVjaSUyRkh3JTNEJyAtT3V0RmlsZSBDOlxXaW5kb3dzXFRlbXBcYWRteHBhYy56aXAgLVVzZUJhc2ljUGFyc2luZw0KRXhwYW5kLUFyY2hpdmUgQzpcd2luZG93c1xUZW1wXGFkbXhwYWMuemlwICJDOlx3aW5kb3dzXFBvbGljeURlZmluaXRpb25zIiAtRm9yY2UNClJlbW92ZS1JdGVtIEM6XHdpbmRvd3NcVGVtcFxhZG14cGFjLnppcA0KDQoNCg0KbGdwbyAvdCBDOlx3aW5kb3dzXHRlbXBcbGdwb3Bha1xmc2xvZ2l4LnR4dA0KDQpsZ3BvIC9nICdDOlx3aW5kb3dzXHRlbXBcbGdwb3Bha1xTVElHU1xEb0QgR29vZ2xlIENocm9tZSB2MnI3Jw0KDQpsZ3BvIC9nICdDOlx3aW5kb3dzXHRlbXBcbGdwb3Bha1xTVElHU1xEb0QgR29vZ2xlIENocm9tZSB2MnI3Jw0KDQpsZ3BvIC9nICdDOlx3aW5kb3dzXHRlbXBcbGdwb3Bha1xTVElHU1xEb0QgTWljcm9zb2Z0IERlZmVuZGVyIEFudGl2aXJ1cyBTVElHIHYycjQnDQoNCmxncG8gL2cgJ0M6XHdpbmRvd3NcdGVtcFxsZ3BvcGFrXFNUSUdTXERvRCBNaWNyb3NvZnQgRWRnZSB2MXI2Jw0KDQpsZ3BvIC9nICdDOlx3aW5kb3dzXHRlbXBcbGdwb3Bha1xTVElHU1xEb0QgTW96aWxsYSBGaXJlZm94IHY2cjQnDQoNCmxncG8gL2cgJ0M6XHdpbmRvd3NcdGVtcFxsZ3BvcGFrXFNUSUdTXERvRCBPZmZpY2UgMjAxOS1NMzY1IEFwcHMgdjJyNycNCg0KbGdwbyAvZyAnQzpcd2luZG93c1x0ZW1wXGxncG9wYWtcU1RJR1NcRG9EIEFkb2JlIEFjcm9iYXQgUmVhZGVyIERDIENvbnRpbnVvdXMgVjJSMScNCg0KZ3B1cGRhdGUNCg0KIyB3Z2V0ICdodHRwczovL3NoYXJlMmN1c3QuYmxvYi5jb3JlLnVzZ292Y2xvdWRhcGkubmV0L29wZW5zaGFyZS9BRE1YLnppcD9zcD1yJnN0PTIwMjMtMDQtMDVUMjI6NDQ6NDFaJnNlPTIwMjUtMDUtMjJUMDY6NDQ6NDFaJnNwcj1odHRwcyZzdj0yMDIxLTEyLTAyJnNyPWImc2lnPWVtRjF3ZlhMMXJBTGZRV2dqaWYzcVI1M0xkQmZObXVwOWNJU1pVY2klMkZIdyUzRCcgLU91dEZpbGUgQzpcV2luZG93c1xUZW1wXGFkbXhwYWMuemlwIC1Vc2VCYXNpY1BhcnNpbmcNCiMgRXhwYW5kLUFyY2hpdmUgQzpcd2luZG93c1xUZW1wXGFkbXhwYWMuemlwICJDOlx3aW5kb3dzXFBvbGljeURlZmluaXRpb25zIiAtRm9yY2UNCiMgcm0gQzpcd2luZG93c1xUZW1wXGFkbXh0ZW1wbGF0ZXMuemlwDQoNCiR2ZGlUYWdSZWdQYXRoID0gIkhLRVlfTE9DQUxfTUFDSElORVxTT0ZUV0FSRVxQb2xpY2llc1xNaWNyb3NvZnRcV2luZG93cyBBZHZhbmNlZCBUaHJlYXQgUHJvdGVjdGlvblxEZXZpY2VUYWdnaW5nIg0KJHZkaVRhZ1ZhbHVlTmFtZSA9ICJHcm91cCI7DQokdmRpVGFnID0gIlVTQV9SQ0NDT05fRUNNQV9XMEZWQUFfQVZEIjsNCltNaWNyb3NvZnQuV2luMzIuUmVnaXN0cnldOjpTZXRWYWx1ZSgkdmRpVGFnUmVnUGF0aCwgJHZkaVRhZ1ZhbHVlTmFtZSwgJHZkaVRhZykNCldyaXRlLUhvc3QgIlZESSB0YWcgd2FzIHNldDoiICR2ZGlUYWcNCg0KJHZkaVRhZ1JlZ1BhdGggPSAiSEtFWV9MT0NBTF9NQUNISU5FXFNPRlRXQVJFXFBvbGljaWVzXE1pY3Jvc29mdFxXaW5kb3dzIEFkdmFuY2VkIFRocmVhdCBQcm90ZWN0aW9uXERldmljZVRhZ2dpbmciDQokdmRpVGFnVmFsdWVOYW1lID0gIlZESSI7DQokdmRpVGFnID0gIk5vblBlcnNpc3RlbnQiOw0KW01pY3Jvc29mdC5XaW4zMi5SZWdpc3RyeV06OlNldFZhbHVlKCR2ZGlUYWdSZWdQYXRoLCAkdmRpVGFnVmFsdWVOYW1lLCAkdmRpVGFnKQ0KV3JpdGUtSG9zdCAiVkRJIHRhZyB3YXMgc2V0OiIgJHZkaVRhZw0KDQoNCndnZXQgJ2h0dHBzOi8vcGVyc2lzdGF2ZC5ibG9iLmNvcmUudXNnb3ZjbG91ZGFwaS5uZXQvc2hhcmVzL21kZS56aXA/c3Y9MjAyMS0xMC0wNCZzdD0yMDIzLTAyLTIyVDIwJTNBMzElM0EwM1omc2U9MjAyNS0wNy0yNFQyMCUzQTMxJTNBMDBaJnNyPWImc3A9ciZzaWc9WDFTdDdOOUM5SXhQTlkwRVZXMjhyY2diWGxBTmM1N1JjUGc1NENaR1VJbyUzRCcgLU91dEZpbGUgYzpcd2luZG93c1x0ZW1wXG1kZS56aXANCkV4cGFuZC1BcmNoaXZlIC1MaXRlcmFsUGF0aCBDOlxXaW5kb3dzXFRlbXBcbWRlLnppcCAtRGVzdGluYXRpb25QYXRoIEM6XFdpbmRvd3NcVGVtcCAtRm9yY2UNClN0YXJ0LVByb2Nlc3MgLUZpbGVQYXRoICIkUFNIT01FXHBvd2Vyc2hlbGwuZXhlIiAtV2FpdCAtQXJndW1lbnRMaXN0ICctQ29tbWFuZCAiQzpcV2luZG93c1xUZW1wXE9uYm9hcmQtTm9uUGVyc2lzdGVudE1hY2hpbmUucHMxIicNCg0KIyMjIGJsb2NrIGYgZHJpdmUNCiMgd3JpdGUtaG9zdCAiQmxvY2tpbmcgRlNMT0dJWCBEcml2ZSINCiNyZWcgYWRkICJIS0xNXHNvZnR3YXJlXG1pY3Jvc29mdFx3aW5kb3dzXGN1cnJlbnR2ZXJzaW9uXHBvbGljaWVzXGV4cGxvcmVyIiAvdiBub2RyaXZlcyAvdCByZWdfZHdvcmQgL2QgMzIgL2YNCnJlZyBhZGQgIkhLTE1cc29mdHdhcmVcbWljcm9zb2Z0XHdpbmRvd3NcY3VycmVudHZlcnNpb25ccG9saWNpZXNcZXhwbG9yZXIiIC92IG5vZHJpdmVzIC90IHJlZ19kd29yZCAvZCA2NzEwODg2MyAvZg0KDQojIyMgYWRkIEFETVggYmFjayB0byBpbWFnZS4NCg0KIyBsZ3BvIC9nICdDOlx3aW5kb3dzXHRlbXBcbGdwb3Bha1xTVElHU1xEb0QgR29vZ2xlIENocm9tZSB2MnI3Jw0KDQojIGxncG8gL2cgJ0M6XHdpbmRvd3NcdGVtcFxsZ3BvcGFrXFNUSUdTXERvRCBNaWNyb3NvZnQgRGVmZW5kZXIgQW50aXZpcnVzIFNUSUcgdjJyNCcNCg0KIyBsZ3BvIC9nICdDOlx3aW5kb3dzXHRlbXBcbGdwb3Bha1xTVElHU1xEb0QgTWljcm9zb2Z0IEVkZ2UgdjFyNicNCg0KIyBsZ3BvIC9nICdDOlx3aW5kb3dzXHRlbXBcbGdwb3Bha1xTVElHU1xEb0QgTW96aWxsYSBGaXJlZm94IHY2cjQnDQoNCiMgbGdwbyAvZyAnQzpcd2luZG93c1x0ZW1wXGxncG9wYWtcU1RJR1NcRG9EIE9mZmljZSAyMDE5LU0zNjUgQXBwcyB2MnI3Jw0KDQojIGxncG8gL2cgJ0M6XHdpbmRvd3NcdGVtcFxsZ3BvcGFrXFNUSUdTXERvRCBBZG9iZSBBY3JvYmF0IFJlYWRlciBEQyBDb250aW51b3VzIFYyUjEnDQoNCiMgIyMjIG1hcCBzZWN1cml0eSBncm91cHMgb3IgdGhpcyBmYWlscw0KI2xncG8gL2cgJ0M6XHdpbmRvd3NcdGVtcFxsZ3BvcGFrXFNUSUdTXERvRCBXaW5kb3dzIDExIHYxcjInDQoNCiMgbGdwbyAvZyAnQzpcd2luZG93c1x0ZW1wXGxncG9wYWtcU1RJR1NcRG9EIFdpbmRvd3MgRmlyZXdhbGwgdjFyNycNCg0KIyB3Z2V0ICdodHRwczovL3NoYXJlMmN1c3QuYmxvYi5jb3JlLnVzZ292Y2xvdWRhcGkubmV0L29wZW5zaGFyZS9Bcm15LUFWRC1HUE8uemlwP3NwPXImc3Q9MjAyMy0wMS0xN1QwMTozMTo1Nlomc2U9MjAyNS0wMi0yN1QwOTozMTo1Nlomc3ByPWh0dHBzJnN2PTIwMjEtMDYtMDgmc3I9YiZzaWc9SENpZmNvTk15QnFuaUViREp2SHR4bE9jNDJzZCUyRmFWSWVMZiUyRmFXcnFIa3clM0QnIC1PdXRGaWxlIGM6XHdpbmRvd3NcdGVtcFxBVkQtQXJteS1HUE8uemlwDQojIEV4cGFuZC1BcmNoaXZlIGM6XHdpbmRvd3NcdGVtcFxBVkQtQXJteS1HUE8uemlwIGM6XHdpbmRvd3NcdGVtcA0KIyBsZ3BvIC9nICdDOlx3aW5kb3dzXFRlbXBcQXJteS1BVkQtR1BPXCcNCg0KIyMjIHB1dCB0aGVzZSBpbiBwbGFjZSB3aXRoIFNBUw0KI1dyaXRlLU91dHB1dCAiU2V0LUl0ZW1Qcm9wZXJ0eSBIS0NVOlNvZnR3YXJlXE1pY3Jvc29mdFxXaW5kb3dzXEN1cnJlbnRWZXJzaW9uXEludGVybmV0IFNldHRpbmdzIC1OYW1lIEF1dG9Db25maWdVUkwgLVZhbHVlICdodHRwczovL3BhYy5tZW5sb3NlY3VyaXR5LmNvbS9uZXRjb20tMmE0MjI2YTFjM2VhL2RlZmF1bHQuZGF0JyIgPiBDOlxXaW5kb3dzXFN5c3RlbTMyXEdyb3VwUG9saWN5XFVzZXJcU2NyaXB0c1xMb2dvblxsb2dpbi5wczENCg0KSW52b2tlLVdlYlJlcXVlc3QgJ2h0dHBzOi8vcGVyc2lzdGF2ZC5ibG9iLmNvcmUudXNnb3ZjbG91ZGFwaS5uZXQvc2hhcmVzL3JvdW5kLXN0YXItb2xpdmUtZ3JhZGllbnQtNGsuanBnP3N2PTIwMjEtMTAtMDQmc3Q9MjAyMy0wMi0yMlQyMCUzQTM0JTNBMTBaJnNlPTIwMjUtMDktMjRUMjAlM0EzNCUzQTAwWiZzcj1iJnNwPXImc2lnPWVBSXZ0JTJCZmxta0FXVzEwRnExeHpXbWdxcmZpS3RDenZJRDVFRXh5VjZLVSUzRCcgLW91dGZpbGUgQzpcV2luZG93c1xXZWJcNEtcV2FsbHBhcGVyXFdpbmRvd3NcaW1nMF8xOTIweDEyMDAuanBnDQpJbnZva2UtV2ViUmVxdWVzdCAnaHR0cHM6Ly9wZXJzaXN0YXZkLmJsb2IuY29yZS51c2dvdmNsb3VkYXBpLm5ldC9zaGFyZXMvcm91bmQtc3Rhci1vbGl2ZS1ncmFkaWVudC00ay5qcGc/c3Y9MjAyMS0xMC0wNCZzdD0yMDIzLTAyLTIyVDIwJTNBMzQlM0ExMFomc2U9MjAyNS0wOS0yNFQyMCUzQTM0JTNBMDBaJnNyPWImc3A9ciZzaWc9ZUFJdnQlMkJmbG1rQVdXMTBGcTF4eldtZ3FyZmlLdEN6dklENUVFeHlWNktVJTNEJyAtb3V0ZmlsZSBDOlxXaW5kb3dzXFdlYlw0S1xXYWxscGFwZXJcV2luZG93c1xpbWcxOV8xOTIweDEyMDAuanBnDQoNCndyaXRlLWhvc3QgImluc3RhbGwgVkRPVCINCndnZXQgJ2h0dHBzOi8vcGVyc2lzdGF2ZC5ibG9iLmNvcmUudXNnb3ZjbG91ZGFwaS5uZXQvc2hhcmVzL1ZET1QuemlwP3N2PTIwMjEtMTAtMDQmc3Q9MjAyMy0wMi0yMlQyMCUzQTM1JTNBNTlaJnNlPTIwMjUtMDQtMjRUMjAlM0EzNSUzQTAwWiZzcj1iJnNwPXImc2lnPTN4VG9Bek9rdXhYTVNRVWM4NDB0QmQzWE9KVE1uekpvenh1WmNMZ1VKWkklM0QnIC1PdXRGaWxlIGM6XHdpbmRvd3NcdGVtcFx2ZG90LnppcA0KRXhwYW5kLUFyY2hpdmUgLUxpdGVyYWxQYXRoIEM6XFdpbmRvd3NcVGVtcFx2ZG90LnppcCAtRGVzdGluYXRpb25QYXRoIEM6XFdpbmRvd3NcVGVtcCAtRm9yY2UNCkM6XHdpbmRvd3NcVGVtcFxWaXJ0dWFsLURlc2t0b3AtT3B0aW1pemF0aW9uLVRvb2xcV2luZG93c19WRE9ULnBzMSAtT3B0aW1pemF0aW9ucyAnQWxsJyAtQWR2YW5jZWRPcHRpbWl6YXRpb25zICdBbGwnIC1BY2NlcHRFVUxBDQoNCg0KIyAjIG1heCBkaXNjb25uZWN0ZWQgdGltZSA2MCBtaW5zDQojIHJlZyBhZGQgIkhLTE1cU09GVFdBUkVcUG9saWNpZXNcTWljcm9zb2Z0XFdpbmRvd3MgTlRcVGVybWluYWwgU2VydmljZXMiIC92IE1heERpc2Nvbm5lY3Rpb25UaW1lIC90IFJFR19EV09SRCAvZCAzNjAwMDAwIC9mDQojICMgbWF4IGlkbGUgdGltZSAyNSBtaW5zDQojIHJlZyBhZGQgIkhLTE1cU09GVFdBUkVcUG9saWNpZXNcTWljcm9zb2Z0XFdpbmRvd3MgTlRcVGVybWluYWwgU2VydmljZXMiIC92IE1heElkbGVUaW1lIC90IFJFR19EV09SRCAvZCAxNTUwMDAwMCAvZg0KIyByZWcgYWRkICJIS0xNXFNPRlRXQVJFXFBvbGljaWVzXE1pY3Jvc29mdFxXaW5kb3dzIE5UXFRlcm1pbmFsIFNlcnZpY2VzIiAvdiBmUmVzZXRCcm9rZW4gL3QgUkVHX0RXT1JEIC9kIDEgL2YNCiMgIyBtYXggY29ubmVjdGVkIHRpbWUgOCBob3Vycw0KIyByZWcgYWRkICJIS0xNXFNPRlRXQVJFXFBvbGljaWVzXE1pY3Jvc29mdFxXaW5kb3dzIE5UXFRlcm1pbmFsIFNlcnZpY2VzIiAvdiBNYXhDb25uZWN0aW9uVGltZSAvdCBSRUdfRFdPUkQgL2QgMjI4ODAwMDAwIC9mDQojIHJlZyBhZGQgIkhLTE1cU09GVFdBUkVcUG9saWNpZXNcTWljcm9zb2Z0XFdpbmRvd3MgTlRcVGVybWluYWwgU2VydmljZXMiIC92IFJlbW90ZUFwcExvZ29mZlRpbWVMaW1pdCAvdCBSRUdfRFdPUkQgL2QgMCAvZg0KIyByZWcgYWRkICJIS0xNXFNPRlRXQVJFXFBvbGljaWVzXE1pY3Jvc29mdFxXaW5kb3dzIE5UXFRlcm1pbmFsIFNlcnZpY2VzIiAvdiBmRW5hYmxlVGltZVpvbmVSZWRpcmVjdGlvbiAvdCBSRUdfRFdPUkQgL2QgMSAvZg0KDQojRml4IDVrIFJlc29sdXRpb24NCiMgcmVnIGFkZCAiSEtMTVxTWVNURU1cQ3VycmVudENvbnRyb2xTZXRcQ29udHJvbFxUZXJtaW5hbCBTZXJ2ZXJcV2luU3RhdGlvbnNcUkRQLVRjcCIgL3YgTWF4TW9uaXRvcnMgL3QgUkVHX0RXT1JEIC9kIDQgL2YNCiMgcmVnIGFkZCAiSEtMTVxTWVNURU1cQ3VycmVudENvbnRyb2xTZXRcQ29udHJvbFxUZXJtaW5hbCBTZXJ2ZXJcV2luU3RhdGlvbnNcUkRQLVRjcCIgL3YgTWF4WFJlc29sdXRpb24gL3QgUkVHX0RXT1JEIC9kIDUxMjAgL2YNCiMgcmVnIGFkZCAiSEtMTVxTWVNURU1cQ3VycmVudENvbnRyb2xTZXRcQ29udHJvbFxUZXJtaW5hbCBTZXJ2ZXJcV2luU3RhdGlvbnNcUkRQLVRjcCIgL3YgTWF4WVJlc29sdXRpb24gL3QgUkVHX0RXT1JEIC9kIDI4ODAgL2YNCiMgcmVnIGFkZCAiSEtMTVxTWVNURU1cQ3VycmVudENvbnRyb2xTZXRcQ29udHJvbFxUZXJtaW5hbCBTZXJ2ZXJcV2luU3RhdGlvbnNccmRwLXN4cyIgL3YgTWF4TW9uaXRvcnMgL3QgUkVHX0RXT1JEIC9kIDQgL2YNCiMgcmVnIGFkZCAiSEtMTVxTWVNURU1cQ3VycmVudENvbnRyb2xTZXRcQ29udHJvbFxUZXJtaW5hbCBTZXJ2ZXJcV2luU3RhdGlvbnNccmRwLXN4cyIgL3YgTWF4WFJlc29sdXRpb24gL3QgUkVHX0RXT1JEIC9kIDUxMjAgL2YNCiMgcmVnIGFkZCAiSEtMTVxTWVNURU1cQ3VycmVudENvbnRyb2xTZXRcQ29udHJvbFxUZXJtaW5hbCBTZXJ2ZXJcV2luU3RhdGlvbnNccmRwLXN4cyIgL3YgTWF4WVJlc29sdXRpb24gL3QgUkVHX0RXT1JEIC9kIDI4ODAgL2YNCg0KIyBkaXNhYmxlIHdpbmRvd3Mgc3RvcmUNCiNyZWcgYWRkICJIS0xNXFNPRlRXQVJFXFBvbGljaWVzXE1pY3Jvc29mdFxXaW5kb3dzU3RvcmUiIC92IFJlbW92ZVdpbmRvd3NTdG9yZSAvdCBSRUdfRFdPUkQgL2QgMSAvZg0KDQojIGRpc2FibGUgd2luZ2V0DQojIEdldC1BcHB4cGFja2FnZSAtYWxsdXNlcnMgd2luZG93c3N0b3JlIHwgUmVtb3ZlLUFwcHhQYWNrYWdlDQoNCg0KIyAjIyBwb3dlciBhdXRvbWF0ZQ0KIyB3cml0ZS1ob3N0ICJpbnN0YWxsIFBXUkEiDQojIEdldC1BcHB4UGFja2FnZSAqUG93ZXJBdXRvbWF0ZURlc2t0b3AqIHwgUmVtb3ZlLUFwcHhQYWNrYWdlIC1BbGxVc2Vycw0KIyB3Z2V0ICJodHRwczovL3NoYXJlMmN1c3QuYmxvYi5jb3JlLnVzZ292Y2xvdWRhcGkubmV0L29wZW5zaGFyZS9TZXR1cC5NaWNyb3NvZnQuUG93ZXJBdXRvbWF0ZS56aXA/c3Y9MjAyMS0xMC0wNCZzdD0yMDIyLTEyLTAzVDE2JTNBMDElM0EyNFomc2U9MjAyNS0wNS0xNVQxNiUzQTAxJTNBMDBaJnNyPWImc3A9ciZzaWc9YzRuNmNRZjNrYTZqclI3UDlJJTJCMmVLRDJPYk5KcGxnQiUyQmhVWFolMkJYZHdxSSUzRCIgLU91dEZpbGUgQzpcV2luZG93c1xUZW1wXHBhLnppcA0KIyBFeHBhbmQtQXJjaGl2ZSAtTGl0ZXJhbFBhdGggQzpcV2luZG93c1xUZW1wXHBhLnppcCAtRGVzdGluYXRpb25QYXRoIEM6XFdpbmRvd3NcVGVtcA0KIyBybSBDOlxXaW5kb3dzXFRlbXBccGEuemlwIC1Gb3JjZQ0KIyBTdGFydC1Qcm9jZXNzICdDOlxXaW5kb3dzXFRlbXBcU2V0dXAuTWljcm9zb2Z0LlBvd2VyQXV0b21hdGUuZXhlJyAtV2FpdCAtQXJndW1lbnRMaXN0ICIvYWNjZXB0ZXVsYSAvcXVpZXQgL25vcmVzdGFydCAvbG9nIEM6XFdpbmRvd3NcTG9nc1xTb2Z0d2FyZVxQb3dlckF1dG9tYXRlLWluc3RhbGwubG9nIiANCiMgcm0gQzpcV2luZG93c1xUZW1wXFNldHVwLk1pY3Jvc29mdC5Qb3dlckF1dG9tYXRlLmV4ZSAtRm9yY2UgLVJlY3Vyc2UNCiMgcm0gYzpcdXNlcnNccHVibGljXERlc2t0b3BcKiAtRm9yY2UNCg0KIyB3cml0ZS1ob3N0ICdJbnN0YWxsaW5nIE5vdGVQYWQgKysnDQojIHdnZXQgImh0dHBzOi8vc2hhcmUyY3VzdC5ibG9iLmNvcmUudXNnb3ZjbG91ZGFwaS5uZXQvb3BlbnNoYXJlL25wcC44LjQuOC5JbnN0YWxsZXIueDY0LnppcD9zdj0yMDIxLTEwLTA0JnN0PTIwMjMtMDEtMjdUMDMlM0ExOCUzQTIxWiZzZT0yMDI1LTA5LTI1VDAzJTNBMTglM0EwMFomc3I9YiZzcD1yJnNpZz05VFFxQU40c01wblp3bWVJdTlrVXMzQ3V0OHJyRG1jSWFoaHBVRUpzNW13JTNEIiAtT3V0RmlsZSBDOlx3aW5kb3dzXHRlbXBcbnBwcC56aXANCiMgRXhwYW5kLUFyY2hpdmUgQzpcd2luZG93c1x0ZW1wXG5wcHAuemlwIGM6XHdpbmRvd3NcdGVtcFxucHBwIC1Gb3JjZQ0KIyBybSBDOlx3aW5kb3dzXHRlbXBcbnBwcC56aXAgLUZvcmNlDQojIEM6XFdpbmRvd3NcVGVtcFxucHBwXG5wcC44LjQuOC5JbnN0YWxsZXIueDY0LmV4ZSAvUw0KIyBTdGFydC1TbGVlcCAtU2Vjb25kcyAyMC41DQojIHJtIEM6XHdpbmRvd3NcdGVtcFxucHBwIC1Gb3JjZSAtUmVjdXJzZQ0KDQojICMjIyBWTEMNCiMgd3JpdGUtaG9zdCAiSW5zdGFsbGluZyBWTEMiDQojIHdnZXQgImh0dHBzOi8vc2hhcmUyY3VzdC5ibG9iLmNvcmUudXNnb3ZjbG91ZGFwaS5uZXQvb3BlbnNoYXJlL3ZsYy0zLjAuMTgtd2luNjQubXNpP3N2PTIwMjEtMTAtMDQmc3Q9MjAyMy0wMi0wNFQxOSUzQTM5JTNBMTVaJnNlPTIwMjUtMTEtMTJUMTklM0EzOSUzQTAwWiZzcj1iJnNwPXImc2lnPTB0TlBoZ1RFR2UlMkIwOUZsWkd6RzI1TjF0SXpBbEJRZ3czVHpndWt2VGtSTSUzRCIgLU91dEZpbGUgQzpcd2luZG93c1x0ZW1wXHZsYy0zLjAuMTgtd2luNjQubXNpDQojIFN0YXJ0LVByb2Nlc3MgbXNpZXhlYy5leGUgLVdhaXQgLUFyZ3VtZW50TGlzdCAnL0kgIkM6XFdpbmRvd3NcVGVtcFx2bGMtMy4wLjE4LXdpbjY0Lm1zaSIgL3FiJw0KIyBybSBDOlx3aW5kb3dzXHRlbXBcdmxjLTMuMC4xOC13aW42NC5tc2kgLUZvcmNlDQoNCiMgIyMjIGFjcm9iYXQNCiMgd3JpdGUtaG9zdCAiSW5zdGFsbGluZyBBY3JvYmF0Ig0KIyB3Z2V0ICJodHRwczovL3NoYXJlMmN1c3QuYmxvYi5jb3JlLnVzZ292Y2xvdWRhcGkubmV0L29wZW5zaGFyZS9BZG9iZS1BY3JvYmF0LVByby1EQy0yMi4wLU9mZmxpbmUtSkVMQV9lbl9VU19XSU5fNjQuemlwP3N2PTIwMjEtMTAtMDQmc3Q9MjAyMy0wMS0yN1QwMCUzQTI1JTNBMjVaJnNlPTIwMjQtMTItMjZUMDAlM0EyNSUzQTAwWiZzcj1iJnNwPXImc2lnPXFkTnlSM3Q2eGRVc3pRY0VrdEd0WHRhUHdGZzN0TWhnJTJCWWlXREpSWTJiSSUzRCIgLU91dEZpbGUgQzpcd2luZG93c1x0ZW1wXGFjcm9iYXQuemlwDQojIEV4cGFuZC1BcmNoaXZlIEM6XHdpbmRvd3NcdGVtcFxhY3JvYmF0LnppcCBjOlx3aW5kb3dzXHRlbXBcYWNyb2JhdCAtRm9yY2UNCiMgcm0gQzpcd2luZG93c1x0ZW1wXGFjcm9iYXQuemlwIC1Gb3JjZQ0KIyBTdGFydC1Qcm9jZXNzIG1zaWV4ZWMuZXhlIC1XYWl0IC1Bcmd1bWVudExpc3QgJy9JICJDOlxXaW5kb3dzXFRlbXBcYWNyb2JhdFxBZG9iZS1BY3JvYmF0LVByby1EQy0yMi4wLU9mZmxpbmUtSkVMQVxCdWlsZFxTZXR1cFxBUFJPMjIuMFxBZG9iZSBBY3JvYmF0XEFjcm9Qcm8ubXNpIiAvcWInDQojIFN0YXJ0LVByb2Nlc3MgbXNpZXhlYy5leGUgLVdhaXQgLUFyZ3VtZW50TGlzdCAnL0kgIkM6XFdpbmRvd3NcVGVtcFxhY3JvYmF0XEFkb2JlLUFjcm9iYXQtUHJvLURDLTIyLjAtT2ZmbGluZS1KRUxBXEJ1aWxkXEFkb2JlLUFjcm9iYXQtUHJvLURDLTIyLjAtT2ZmbGluZS1KRUxBLm1zaSIgL3FiJw0KIyBybSBDOlx3aW5kb3dzXHRlbXBcYWNyb2JhdCAtRm9yY2UgLVJlY3Vyc2UNCg0KIyAjIyMgN3ppcA0KIyB3cml0ZS1ob3N0ICJJbnN0YWxsaW5nIDd6aXAiDQojIHdnZXQgJ2h0dHBzOi8vc2hhcmUyY3VzdC5ibG9iLmNvcmUudXNnb3ZjbG91ZGFwaS5uZXQvb3BlbnNoYXJlLzd6aXAuemlwP3N2PTIwMjEtMTAtMDQmc3Q9MjAyMy0wMS0xN1QxNSUzQTM5JTNBNTNaJnNlPTIwMjUtMDctMThUMTUlM0EzOSUzQTAwWiZzcj1iJnNwPXImc2lnPWtib2VTU1NYckxhZnFwQkhXakZYOFpNdkNLUUpyJTJGMjRDUTZsMFZkZTNOSSUzRCcgLU91dEZpbGUgYzpcd2luZG93c1x0ZW1wXDd6aXAuemlwDQojIEV4cGFuZC1BcmNoaXZlIEM6XHdpbmRvd3NcdGVtcFw3emlwLnppcCBjOlx3aW5kb3dzXHRlbXBcN3ppcCAtRm9yY2UNCiMgU3RhcnQtUHJvY2VzcyBtc2lleGVjLmV4ZSAtV2FpdCAtQXJndW1lbnRMaXN0ICcvaSBDOlx3aW5kb3dzXHRlbXBcN3ppcFw3ejIyMDEteDY0Lm1zaSAvcW4gL25vcmVzdGFydCcNCiMgcm0gQzpcd2luZG93c1x0ZW1wXDd6aXAgLUZvcmNlIC1SZWN1cnNlDQojIHJtIGM6XHdpbmRvd3NcdGVtcFw3emlwLnppcCAtZm9yY2UNCg0KI1NldC1FeGVjdXRpb25Qb2xpY3kgQnlwYXNzIC1TY29wZSBQcm9jZXNzIC1Gb3JjZTsgW1N5c3RlbS5OZXQuU2VydmljZVBvaW50TWFuYWdlcl06OlNlY3VyaXR5UHJvdG9jb2wgPSBbU3lzdGVtLk5ldC5TZXJ2aWNlUG9pbnRNYW5hZ2VyXTo6U2VjdXJpdHlQcm90b2NvbCAtYm9yIDMwNzI7IGlleCAoKE5ldy1PYmplY3QgU3lzdGVtLk5ldC5XZWJDbGllbnQpLkRvd25sb2FkU3RyaW5nKCdodHRwczovL3NoYXJlMmN1c3QuYmxvYi5jb3JlLnVzZ292Y2xvdWRhcGkubmV0L29wZW5zaGFyZS9zdGlnLnBzMT9zdj0yMDIxLTA4LTA2JnN0PTIwMjItMTItMDdUMDElM0ExMyUzQTA4WiZzZT0yMDI0LTA1LTE2VDAwJTNBMTMlM0EwMFomc3I9YiZzcD1yJnNpZz05eFk2ODdrRlR5NWVNZCUyRkFrSE5MTVE5M2ZPTUJ3R0Q2RTkyNzJHTFdQVm8lM0QnKSkNCg0Kcm0gYzpcRFNDIC1mb3JjZSAtUmVjdXJzZQ0Kcm0gYzpcbG9ncyAtZm9yY2UgLVJlY3Vyc2UNCnJtIGM6XHRlbXAgLWZvcmNlIC1SZWN1cnNlDQpybSBjOlxBenVyZURhdGFcKiAtZm9yY2UgLVJlY3Vyc2UNCg0KI1tOZXQuU2VydmljZVBvaW50TWFuYWdlcl06OlNlY3VyaXR5UHJvdG9jb2wgPSAnVGxzMTInDQojSW52b2tlLUV4cHJlc3Npb24gKChOZXctT2JqZWN0IFN5c3RlbS5OZXQuV2ViY2xpZW50KS5Eb3dubG9hZFN0cmluZygnaHR0cHM6Ly9zaGFyZTJjdXN0LmJsb2IuY29yZS51c2dvdmNsb3VkYXBpLm5ldC9vcGVuc2hhcmUvc3RpZ3MucHMxP3NwPXImc3Q9MjAyMy0wNC0wNlQwMjowNjo0NFomc2U9MjAyNS0wNS0yMlQxMDowNjo0NFomc3ByPWh0dHBzJnN2PTIwMjEtMTItMDImc3I9YiZzaWc9N3JKOFdKM0Q1MGk2cFkwbjdXV3pTWjlaUjFGdlBkTHh1YjAlMkY4SCUyQjlOYzQlM0QnKSkNCg0KIyBsb2dpbiBmaWxlDQojIFtIS0VZX0NVUlJFTlRfVVNFUlxTT0ZUV0FSRVxNaWNyb3NvZnRcV2luZG93cyBOVFxDdXJyZW50VmVyc2lvblxXaW5sb2dvbl0gIlJlc3RhcnRBcHBzIj1kd29yZDowMDAwMDAwMQ0KIyBOZXctSXRlbVByb3BlcnR5IC1QYXRoICJIS0VZX0NVUlJFTlRfVVNFUlxTb2Z0d2FyZVxNaWNyb3NvZnRcT25lRHJpdmUiIC1OYW1lICJEaXNhYmxlUGVyc29uYWxTeW5jIiAtVmFsdWUgIjEiIC1Qcm9wZXJ0eVR5cGUgZHdvcmQgLUZvcmNlDQojIA==",
            "dedicated_host_group_id": "",
            "dedicated_host_id": "",
            "edge_zone": "",
            "enable_automatic_updates": true,
            "encryption_at_host_enabled": false,
            "eviction_policy": "",
            "extensions_time_budget": "PT1H30M",
            "gallery_application": [],
            "hotpatching_enabled": false,
            "id": "/subscriptions/41dafe2e-0108-4dd0-827f-5110b0f0538d/resourceGroups/AVD-VA-011-1-RG/providers/Microsoft.Compute/virtualMachines/AVD-VA-011-1-A-mcnt",
            "identity": [
              {
                "identity_ids": null,
                "principal_id": "c3611982-b01c-4489-bf4e-5c37dd0749f4",
                "tenant_id": "2d0d5fc2-d5c4-4889-b991-4cf2b9e83bc2",
                "type": "SystemAssigned"
              }
            ],
            "license_type": "Windows_Client",
            "location": "usgovvirginia",
            "max_bid_price": -1,
            "name": "AVD-VA-011-1-A-mcnt",
            "network_interface_ids": [
              "/subscriptions/41dafe2e-0108-4dd0-827f-5110b0f0538d/resourceGroups/AVD-VA-011-1-RG/providers/Microsoft.Network/networkInterfaces/AVD-A-mcnt-1-NIC"
            ],
            "os_disk": [
              {
                "caching": "ReadWrite",
                "diff_disk_settings": [],
                "disk_encryption_set_id": "",
                "disk_size_gb": 2048,
                "name": "AVD-A-mcnt-1-osdisk",
                "secure_vm_disk_encryption_set_id": "",
                "security_encryption_type": "",
                "storage_account_type": "Premium_LRS",
                "write_accelerator_enabled": false
              }
            ],
            "patch_assessment_mode": "ImageDefault",
            "patch_mode": "AutomaticByOS",
            "plan": [],
            "platform_fault_domain": -1,
            "priority": "Regular",
            "private_ip_address": "10.49.2.4",
            "private_ip_addresses": [
              "10.49.2.4"
            ],
            "provision_vm_agent": true,
            "proximity_placement_group_id": "",
            "public_ip_address": "",
            "public_ip_addresses": [],
            "resource_group_name": "AVD-VA-011-1-RG",
            "secret": [],
            "secure_boot_enabled": true,
            "size": "Standard_D16as_v5",
            "source_image_id": "",
            "source_image_reference": [
              {
                "offer": "windows-11",
                "publisher": "microsoftwindowsdesktop",
                "sku": "win11-22h2-avd",
                "version": "latest"
              }
            ],
            "tags": null,
            "termination_notification": null,
            "timeouts": null,
            "timezone": "",
            "user_data": "",
            "virtual_machine_id": "42dcf57a-a12a-4ea5-9a9d-647e8529fb42",
            "virtual_machine_scale_set_id": "",
            "vtpm_enabled": true,
            "winrm_listener": [],
            "zone": ""
          },
          "sensitive_attributes": [
            [
              {
                "type": "get_attr",
                "value": "admin_password"
              }
            ]
          ],
          "private": "eyJlMmJmYjczMC1lY2FhLTExZTYtOGY4OC0zNDM2M2JjN2M0YzAiOnsiY3JlYXRlIjoyNzAwMDAwMDAwMDAwLCJkZWxldGUiOjI3MDAwMDAwMDAwMDAsInJlYWQiOjMwMDAwMDAwMDAwMCwidXBkYXRlIjoyNzAwMDAwMDAwMDAwfX0=",
          "dependencies": [
            "data.azurerm_key_vault_secret.vmPW",
            "data.azurerm_log_analytics_workspace.log_analytics_workspace",
            "module.hostpool_ga.azurerm_monitor_diagnostic_setting.avd-logs",
            "module.hostpool_ga.azurerm_virtual_desktop_host_pool.hostpool",
            "module.hostpool_ga.azurerm_virtual_desktop_host_pool_registration_info.token",
            "module.rg-avd.azurerm_resource_group.myRGs",
            "module.session_hosts.azurerm_availability_set.avd",
            "module.session_hosts.azurerm_network_interface.nic",
            "module.session_hosts.azurerm_subnet.subnet",
            "module.session_hosts.random_string.random",
            "module.workspace.azurerm_monitor_diagnostic_setting.avd_workspace-logs",
            "module.workspace.azurerm_virtual_desktop_workspace.workspace",
            "time_rotating.avd_registration_expiration"
          ]
        }
      ]
    },
    {
      "module": "module.session_hosts[0]",
      "mode": "managed",
      "type": "random_string",
      "name": "random",
      "provider": "provider[\"registry.terraform.io/hashicorp/random\"]",
      "instances": [
        {
          "index_key": 0,
          "schema_version": 2,
          "attributes": {
            "id": "mcnt",
            "keepers": null,
            "length": 4,
            "lower": true,
            "min_lower": 0,
            "min_numeric": 0,
            "min_special": 0,
            "min_upper": 0,
            "number": true,
            "numeric": true,
            "override_special": null,
            "result": "mcnt",
            "special": false,
            "upper": false
          },
          "sensitive_attributes": [],
          "dependencies": [
            "data.azurerm_log_analytics_workspace.log_analytics_workspace",
            "module.hostpool_ga.azurerm_monitor_diagnostic_setting.avd-logs",
            "module.hostpool_ga.azurerm_virtual_desktop_host_pool.hostpool",
            "module.hostpool_ga.azurerm_virtual_desktop_host_pool_registration_info.token",
            "module.rg-avd.azurerm_resource_group.myRGs",
            "module.workspace.azurerm_monitor_diagnostic_setting.avd_workspace-logs",
            "module.workspace.azurerm_virtual_desktop_workspace.workspace",
            "time_rotating.avd_registration_expiration"
          ]
        }
      ]
    },
    {
      "module": "module.session_hosts[1]",
      "mode": "data",
      "type": "azurerm_client_config",
      "name": "current",
      "provider": "provider[\"registry.terraform.io/hashicorp/azurerm\"]",
      "instances": [
        {
          "schema_version": 0,
          "attributes": {
            "client_id": "04b07795-8ddb-461a-bbee-02f9e1bf7b46",
            "id": "Y2xpZW50Q29uZmlncy9jbGllbnRJZD0wNGIwNzc5NS04ZGRiLTQ2MWEtYmJlZS0wMmY5ZTFiZjdiNDY7b2JqZWN0SWQ9ZmUxYjU1YjQtNjRiMS00NDkwLTkwZmItYzc3YmZhNGYzMTAwO3N1YnNjcmlwdGlvbklkPTQxZGFmZTJlLTAxMDgtNGRkMC04MjdmLTUxMTBiMGYwNTM4ZDt0ZW5hbnRJZD0yZDBkNWZjMi1kNWM0LTQ4ODktYjk5MS00Y2YyYjllODNiYzI=",
            "object_id": "fe1b55b4-64b1-4490-90fb-c77bfa4f3100",
            "subscription_id": "41dafe2e-0108-4dd0-827f-5110b0f0538d",
            "tenant_id": "2d0d5fc2-d5c4-4889-b991-4cf2b9e83bc2",
            "timeouts": null
          },
          "sensitive_attributes": []
        }
      ]
    },
    {
      "module": "module.session_hosts[1]",
      "mode": "data",
      "type": "azurerm_route_table",
      "name": "rt",
      "provider": "provider[\"registry.terraform.io/hashicorp/azurerm\"]",
      "instances": [
        {
          "schema_version": 0,
          "attributes": {
            "id": "/subscriptions/41dafe2e-0108-4dd0-827f-5110b0f0538d/resourceGroups/CAZ-MANAGE-P-RGP-CrossTenant/providers/Microsoft.Network/routeTables/CAZ-AVDFW-RCWPAVDA365-EAST-P-RT",
            "location": "usgovvirginia",
            "name": "CAZ-AVDFW-RCWPAVDA365-EAST-P-RT",
            "resource_group_name": "CAZ-MANAGE-P-RGP-CrossTenant",
            "route": [],
            "subnets": [
              "/subscriptions/41dafe2e-0108-4dd0-827f-5110b0f0538d/resourceGroups/CAZ-MANAGE-P-RGP-CrossTenant/providers/Microsoft.Network/virtualNetworks/CAZ-MANAGE-P-RCWPAVD-EAST-VNET/subnets/vGFE-Virginia-vNext-Subnet-0",
              "/subscriptions/41dafe2e-0108-4dd0-827f-5110b0f0538d/resourceGroups/CAZ-MANAGE-P-RGP-CrossTenant/providers/Microsoft.Network/virtualNetworks/CAZ-MANAGE-P-RCWPAVD-EAST-VNET/subnets/vGFE-Virginia-vNext-Subnet-1",
              "/subscriptions/41dafe2e-0108-4dd0-827f-5110b0f0538d/resourceGroups/CAZ-MANAGE-P-RGP-CrossTenant/providers/Microsoft.Network/virtualNetworks/CAZ-MANAGE-P-RCWPAVD-EAST-VNET/subnets/vGFE-Virginia-vNext-Subnet-2",
              "/subscriptions/41dafe2e-0108-4dd0-827f-5110b0f0538d/resourceGroups/CAZ-MANAGE-P-RGP-CrossTenant/providers/Microsoft.Network/virtualNetworks/CAZ-MANAGE-P-RCWPAVD-EAST-VNET/subnets/vGFE-Virginia-vNext-Subnet-3"
            ],
            "tags": {},
            "timeouts": null
          },
          "sensitive_attributes": []
        }
      ]
    },
    {
      "module": "module.session_hosts[1]",
      "mode": "data",
      "type": "azurerm_shared_image",
      "name": "avd_sig_image",
      "provider": "provider[\"registry.terraform.io/hashicorp/azurerm\"]",
      "instances": [
        {
          "schema_version": 0,
          "attributes": {
            "architecture": "x64",
            "description": "",
            "eula": "",
            "gallery_name": "PROD_AVD_CORE_Gallery",
            "hyper_v_generation": "V2",
            "id": "/subscriptions/41dafe2e-0108-4dd0-827f-5110b0f0538d/resourceGroups/PROD-AVD-CORE-IMAGES-RG/providers/Microsoft.Compute/galleries/PROD_AVD_CORE_Gallery/images/window-11-AVD-STIG",
            "identifier": [
              {
                "offer": "office-365",
                "publisher": "AVD-Army-Core-WindowsDesktop",
                "sku": "win11-22h2-avd-m365"
              }
            ],
            "location": "usgovvirginia",
            "name": "window-11-AVD-STIG",
            "os_type": "Windows",
            "privacy_statement_uri": "",
            "purchase_plan": [],
            "release_note_uri": "",
            "resource_group_name": "PROD-AVD-CORE-IMAGES-RG",
            "specialized": false,
            "tags": {
              "created": "true",
              "environment": "PROD",
              "managed": "true",
              "owner": "Barry Newman",
              "packer": "true",
              "project": "Army-AVD",
              "source": "cli",
              "terraform": "true"
            },
            "timeouts": null
          },
          "sensitive_attributes": []
        }
      ]
    },
    {
      "module": "module.session_hosts[1]",
      "mode": "data",
      "type": "azurerm_storage_account",
      "name": "fslogix",
      "provider": "provider[\"registry.terraform.io/hashicorp/azurerm\"]",
      "instances": []
    },
    {
      "module": "module.session_hosts[1]",
      "mode": "data",
      "type": "azurerm_virtual_network",
      "name": "vnet",
      "provider": "provider[\"registry.terraform.io/hashicorp/azurerm\"]",
      "instances": [
        {
          "schema_version": 0,
          "attributes": {
            "address_space": [
              "10.49.0.0/16"
            ],
            "dns_servers": null,
            "guid": "28ee067f-62a5-4e24-a81b-dfb311e93c38",
            "id": "/subscriptions/41dafe2e-0108-4dd0-827f-5110b0f0538d/resourceGroups/CAZ-MANAGE-P-RGP-CrossTenant/providers/Microsoft.Network/virtualNetworks/CAZ-MANAGE-P-RCWPAVD-EAST-VNET",
            "location": "usgovvirginia",
            "name": "CAZ-MANAGE-P-RCWPAVD-EAST-VNET",
            "resource_group_name": "CAZ-MANAGE-P-RGP-CrossTenant",
            "subnets": [
              "vGFE-Virginia-vNext-Subnet-3",
              "vGFE-Virginia-vNext-Subnet-0",
              "vGFE-Virginia-vNext-Subnet-1",
              "vGFE-Virginia-vNext-Subnet-2"
            ],
            "tags": {},
            "timeouts": null,
            "vnet_peerings": {},
            "vnet_peerings_addresses": []
          },
          "sensitive_attributes": []
        }
      ]
    },
    {
      "module": "module.session_hosts[1]",
      "mode": "managed",
      "type": "azurerm_availability_set",
      "name": "avd",
      "provider": "provider[\"registry.terraform.io/hashicorp/azurerm\"]",
      "instances": [
        {
          "schema_version": 0,
          "attributes": {
            "id": "/subscriptions/41dafe2e-0108-4dd0-827f-5110b0f0538d/resourceGroups/AVD-VA-011-2-RG/providers/Microsoft.Compute/availabilitySets/AVD-VA-011-2-availability-set",
            "location": "usgovvirginia",
            "managed": true,
            "name": "AVD-VA-011-2-availability-set",
            "platform_fault_domain_count": 2,
            "platform_update_domain_count": 2,
            "proximity_placement_group_id": null,
            "resource_group_name": "AVD-VA-011-2-RG",
            "tags": {},
            "timeouts": null
          },
          "sensitive_attributes": [],
          "private": "eyJlMmJmYjczMC1lY2FhLTExZTYtOGY4OC0zNDM2M2JjN2M0YzAiOnsiY3JlYXRlIjoxODAwMDAwMDAwMDAwLCJkZWxldGUiOjE4MDAwMDAwMDAwMDAsInJlYWQiOjMwMDAwMDAwMDAwMCwidXBkYXRlIjoxODAwMDAwMDAwMDAwfX0=",
          "dependencies": [
            "data.azurerm_log_analytics_workspace.log_analytics_workspace",
            "module.hostpool_ga.azurerm_monitor_diagnostic_setting.avd-logs",
            "module.hostpool_ga.azurerm_virtual_desktop_host_pool.hostpool",
            "module.hostpool_ga.azurerm_virtual_desktop_host_pool_registration_info.token",
            "module.rg-avd.azurerm_resource_group.myRGs",
            "module.workspace.azurerm_monitor_diagnostic_setting.avd_workspace-logs",
            "module.workspace.azurerm_virtual_desktop_workspace.workspace",
            "time_rotating.avd_registration_expiration"
          ]
        }
      ]
    },
    {
      "module": "module.session_hosts[1]",
      "mode": "managed",
      "type": "azurerm_network_interface",
      "name": "nic",
      "provider": "provider[\"registry.terraform.io/hashicorp/azurerm\"]",
      "instances": [
        {
          "index_key": 0,
          "schema_version": 0,
          "attributes": {
            "applied_dns_servers": [],
            "dns_servers": [],
            "edge_zone": "",
            "enable_accelerated_networking": false,
            "enable_ip_forwarding": false,
            "id": "/subscriptions/41dafe2e-0108-4dd0-827f-5110b0f0538d/resourceGroups/AVD-VA-011-2-RG/providers/Microsoft.Network/networkInterfaces/AVD-A-fucm-1-NIC",
            "internal_dns_name_label": "",
            "internal_domain_name_suffix": "p2do2kffmise3ka114zrd0j2ha.ax.internal.usgovcloudapp.net",
            "ip_configuration": [
              {
                "gateway_load_balancer_frontend_ip_configuration_id": "",
                "name": "webipconfig0",
                "primary": true,
                "private_ip_address": "10.49.2.68",
                "private_ip_address_allocation": "Dynamic",
                "private_ip_address_version": "IPv4",
                "public_ip_address_id": "",
                "subnet_id": "/subscriptions/41dafe2e-0108-4dd0-827f-5110b0f0538d/resourceGroups/CAZ-MANAGE-P-RGP-CrossTenant/providers/Microsoft.Network/virtualNetworks/CAZ-MANAGE-P-RCWPAVD-EAST-VNET/subnets/vGFE-Virginia-vNext-Subnet-1"
              }
            ],
            "location": "usgovvirginia",
            "mac_address": "",
            "name": "AVD-A-fucm-1-NIC",
            "private_ip_address": "10.49.2.68",
            "private_ip_addresses": [
              "10.49.2.68"
            ],
            "resource_group_name": "AVD-VA-011-2-RG",
            "tags": null,
            "timeouts": null,
            "virtual_machine_id": ""
          },
          "sensitive_attributes": [],
          "private": "eyJlMmJmYjczMC1lY2FhLTExZTYtOGY4OC0zNDM2M2JjN2M0YzAiOnsiY3JlYXRlIjoxODAwMDAwMDAwMDAwLCJkZWxldGUiOjE4MDAwMDAwMDAwMDAsInJlYWQiOjMwMDAwMDAwMDAwMCwidXBkYXRlIjoxODAwMDAwMDAwMDAwfX0=",
          "dependencies": [
            "data.azurerm_log_analytics_workspace.log_analytics_workspace",
            "module.hostpool_ga.azurerm_monitor_diagnostic_setting.avd-logs",
            "module.hostpool_ga.azurerm_virtual_desktop_host_pool.hostpool",
            "module.hostpool_ga.azurerm_virtual_desktop_host_pool_registration_info.token",
            "module.rg-avd.azurerm_resource_group.myRGs",
            "module.session_hosts.azurerm_subnet.subnet",
            "module.session_hosts.random_string.random",
            "module.workspace.azurerm_monitor_diagnostic_setting.avd_workspace-logs",
            "module.workspace.azurerm_virtual_desktop_workspace.workspace",
            "time_rotating.avd_registration_expiration"
          ]
        }
      ]
    },
    {
      "module": "module.session_hosts[1]",
      "mode": "managed",
      "type": "azurerm_private_endpoint",
      "name": "fslogix-pl",
      "provider": "provider[\"registry.terraform.io/hashicorp/azurerm\"]",
      "instances": []
    },
    {
      "module": "module.session_hosts[1]",
      "mode": "managed",
      "type": "azurerm_subnet",
      "name": "subnet",
      "provider": "provider[\"registry.terraform.io/hashicorp/azurerm\"]",
      "instances": [
        {
          "schema_version": 0,
          "attributes": {
            "address_prefixes": [
              "10.49.2.64/26"
            ],
            "delegation": [],
            "enforce_private_link_endpoint_network_policies": true,
            "enforce_private_link_service_network_policies": true,
            "id": "/subscriptions/41dafe2e-0108-4dd0-827f-5110b0f0538d/resourceGroups/CAZ-MANAGE-P-RGP-CrossTenant/providers/Microsoft.Network/virtualNetworks/CAZ-MANAGE-P-RCWPAVD-EAST-VNET/subnets/vGFE-Virginia-vNext-Subnet-1",
            "name": "vGFE-Virginia-vNext-Subnet-1",
            "private_endpoint_network_policies_enabled": false,
            "private_link_service_network_policies_enabled": false,
            "resource_group_name": "CAZ-MANAGE-P-RGP-CrossTenant",
            "service_endpoint_policy_ids": [],
            "service_endpoints": [],
            "timeouts": null,
            "virtual_network_name": "CAZ-MANAGE-P-RCWPAVD-EAST-VNET"
          },
          "sensitive_attributes": [],
          "private": "eyJlMmJmYjczMC1lY2FhLTExZTYtOGY4OC0zNDM2M2JjN2M0YzAiOnsiY3JlYXRlIjoxODAwMDAwMDAwMDAwLCJkZWxldGUiOjE4MDAwMDAwMDAwMDAsInJlYWQiOjMwMDAwMDAwMDAwMCwidXBkYXRlIjoxODAwMDAwMDAwMDAwfX0=",
          "dependencies": [
            "data.azurerm_log_analytics_workspace.log_analytics_workspace",
            "module.hostpool_ga.azurerm_monitor_diagnostic_setting.avd-logs",
            "module.hostpool_ga.azurerm_virtual_desktop_host_pool.hostpool",
            "module.hostpool_ga.azurerm_virtual_desktop_host_pool_registration_info.token",
            "module.rg-avd.azurerm_resource_group.myRGs",
            "module.session_hosts.data.azurerm_virtual_network.vnet",
            "module.workspace.azurerm_monitor_diagnostic_setting.avd_workspace-logs",
            "module.workspace.azurerm_virtual_desktop_workspace.workspace",
            "time_rotating.avd_registration_expiration"
          ]
        }
      ]
    },
    {
      "module": "module.session_hosts[1]",
      "mode": "managed",
      "type": "azurerm_subnet_route_table_association",
      "name": "session_hosts",
      "provider": "provider[\"registry.terraform.io/hashicorp/azurerm\"]",
      "instances": [
        {
          "schema_version": 0,
          "attributes": {
            "id": "/subscriptions/41dafe2e-0108-4dd0-827f-5110b0f0538d/resourceGroups/CAZ-MANAGE-P-RGP-CrossTenant/providers/Microsoft.Network/virtualNetworks/CAZ-MANAGE-P-RCWPAVD-EAST-VNET/subnets/vGFE-Virginia-vNext-Subnet-1",
            "route_table_id": "/subscriptions/41dafe2e-0108-4dd0-827f-5110b0f0538d/resourceGroups/CAZ-MANAGE-P-RGP-CrossTenant/providers/Microsoft.Network/routeTables/CAZ-AVDFW-RCWPAVDA365-EAST-P-RT",
            "subnet_id": "/subscriptions/41dafe2e-0108-4dd0-827f-5110b0f0538d/resourceGroups/CAZ-MANAGE-P-RGP-CrossTenant/providers/Microsoft.Network/virtualNetworks/CAZ-MANAGE-P-RCWPAVD-EAST-VNET/subnets/vGFE-Virginia-vNext-Subnet-1",
            "timeouts": null
          },
          "sensitive_attributes": [],
          "private": "eyJlMmJmYjczMC1lY2FhLTExZTYtOGY4OC0zNDM2M2JjN2M0YzAiOnsiY3JlYXRlIjoxODAwMDAwMDAwMDAwLCJkZWxldGUiOjE4MDAwMDAwMDAwMDAsInJlYWQiOjMwMDAwMDAwMDAwMCwidXBkYXRlIjoxODAwMDAwMDAwMDAwfX0=",
          "dependencies": [
            "data.azurerm_log_analytics_workspace.log_analytics_workspace",
            "module.hostpool_ga.azurerm_monitor_diagnostic_setting.avd-logs",
            "module.hostpool_ga.azurerm_virtual_desktop_host_pool.hostpool",
            "module.hostpool_ga.azurerm_virtual_desktop_host_pool_registration_info.token",
            "module.rg-avd.azurerm_resource_group.myRGs",
            "module.session_hosts.azurerm_subnet.subnet",
            "module.session_hosts.data.azurerm_route_table.rt",
            "module.session_hosts.data.azurerm_virtual_network.vnet",
            "module.workspace.azurerm_monitor_diagnostic_setting.avd_workspace-logs",
            "module.workspace.azurerm_virtual_desktop_workspace.workspace",
            "time_rotating.avd_registration_expiration"
          ]
        }
      ]
    },
    {
      "module": "module.session_hosts[1]",
      "mode": "managed",
      "type": "azurerm_virtual_machine_extension",
      "name": "bootstrap",
      "provider": "provider[\"registry.terraform.io/hashicorp/azurerm\"]",
      "instances": [
        {
          "index_key": 0,
          "schema_version": 0,
          "attributes": {
            "auto_upgrade_minor_version": true,
            "automatic_upgrade_enabled": false,
            "failure_suppression_enabled": false,
            "id": "/subscriptions/41dafe2e-0108-4dd0-827f-5110b0f0538d/resourceGroups/AVD-VA-011-2-RG/providers/Microsoft.Compute/virtualMachines/AVD-VA-011-2-A-fucm/extensions/ext-custom-FileBootstrap",
            "name": "ext-custom-FileBootstrap",
            "protected_settings": "    {\r\n        \"commandToExecute\": \"powershell.exe -ExecutionPolicy Unrestricted -NoProfile -NonInteractive -command \\\"cp c:/azuredata/customdata.bin c:/azuredata/dscpak.ps1;\\\"\"\r\n    }\r\n",
            "protected_settings_from_key_vault": [],
            "publisher": "Microsoft.Compute",
            "settings": null,
            "tags": null,
            "timeouts": {
              "create": "60m",
              "delete": null,
              "read": null,
              "update": null
            },
            "type": "CustomScriptExtension",
            "type_handler_version": "1.10",
            "virtual_machine_id": "/subscriptions/41dafe2e-0108-4dd0-827f-5110b0f0538d/resourceGroups/AVD-VA-011-2-RG/providers/Microsoft.Compute/virtualMachines/AVD-VA-011-2-A-fucm"
          },
          "sensitive_attributes": [],
          "private": "eyJlMmJmYjczMC1lY2FhLTExZTYtOGY4OC0zNDM2M2JjN2M0YzAiOnsiY3JlYXRlIjozNjAwMDAwMDAwMDAwLCJkZWxldGUiOjE4MDAwMDAwMDAwMDAsInJlYWQiOjMwMDAwMDAwMDAwMCwidXBkYXRlIjoxODAwMDAwMDAwMDAwfX0=",
          "dependencies": [
            "data.azurerm_key_vault_secret.vmPW",
            "data.azurerm_log_analytics_workspace.log_analytics_workspace",
            "module.hostpool_ga.azurerm_monitor_diagnostic_setting.avd-logs",
            "module.hostpool_ga.azurerm_virtual_desktop_host_pool.hostpool",
            "module.hostpool_ga.azurerm_virtual_desktop_host_pool_registration_info.token",
            "module.rg-avd.azurerm_resource_group.myRGs",
            "module.session_hosts.azurerm_availability_set.avd",
            "module.session_hosts.azurerm_network_interface.nic",
            "module.session_hosts.azurerm_subnet.subnet",
            "module.session_hosts.azurerm_virtual_machine_extension.joinsessionhost",
            "module.session_hosts.azurerm_virtual_machine_extension.monitoragent",
            "module.session_hosts.azurerm_windows_virtual_machine.vm",
            "module.session_hosts.random_string.random",
            "module.workspace.azurerm_monitor_diagnostic_setting.avd_workspace-logs",
            "module.workspace.azurerm_virtual_desktop_workspace.workspace",
            "time_rotating.avd_registration_expiration"
          ]
        }
      ]
    },
    {
      "module": "module.session_hosts[1]",
      "mode": "managed",
      "type": "azurerm_virtual_machine_extension",
      "name": "joinsessionhost",
      "provider": "provider[\"registry.terraform.io/hashicorp/azurerm\"]",
      "instances": [
        {
          "index_key": 0,
          "schema_version": 0,
          "attributes": {
            "auto_upgrade_minor_version": true,
            "automatic_upgrade_enabled": false,
            "failure_suppression_enabled": false,
            "id": "/subscriptions/41dafe2e-0108-4dd0-827f-5110b0f0538d/resourceGroups/AVD-VA-011-2-RG/providers/Microsoft.Compute/virtualMachines/AVD-VA-011-2-A-fucm/extensions/ext-joinsessionhost",
            "name": "ext-joinsessionhost",
            "protected_settings": "  {\r\n    \"properties\": {\r\n      \"registrationInfoToken\": \"eyJhbGciOiJSUzI1NiIsImtpZCI6IjE4NjBBQzc5NTc2MUM1QUI0NUVERkJBMzQxNjVDOTlDRDNFM0FGNEMiLCJ0eXAiOiJKV1QifQ.eyJSZWdpc3RyYXRpb25JZCI6IjA1ZDA1YmZmLTI2NDEtNDY0Yi1iNzcyLWZhOGI2ZjZlOThjZiIsIkJyb2tlclVyaSI6Imh0dHBzOi8vcmRicm9rZXItZy11c2ctcjEud3ZkLmF6dXJlLnVzLyIsIkRpYWdub3N0aWNzVXJpIjoiaHR0cHM6Ly9yZGRpYWdub3N0aWNzLWctdXNnLXIxLnd2ZC5henVyZS51cy8iLCJFbmRwb2ludFBvb2xJZCI6ImI4ZjQyMjE2LTgxYjUtNGI4MS04NGQxLTE2ODEwZGU1NjhlOCIsIkdsb2JhbEJyb2tlclVyaSI6Imh0dHBzOi8vcmRicm9rZXIud3ZkLmF6dXJlLnVzLyIsIkdlb2dyYXBoeSI6IlVTRyIsIkdsb2JhbEJyb2tlclJlc291cmNlSWRVcmkiOiJodHRwczovL2I4ZjQyMjE2LTgxYjUtNGI4MS04NGQxLTE2ODEwZGU1NjhlOC5yZGJyb2tlci53dmQuYXp1cmUudXMvIiwiQnJva2VyUmVzb3VyY2VJZFVyaSI6Imh0dHBzOi8vYjhmNDIyMTYtODFiNS00YjgxLTg0ZDEtMTY4MTBkZTU2OGU4LnJkYnJva2VyLWctdXNnLXIxLnd2ZC5henVyZS51cy8iLCJEaWFnbm9zdGljc1Jlc291cmNlSWRVcmkiOiJodHRwczovL2I4ZjQyMjE2LTgxYjUtNGI4MS04NGQxLTE2ODEwZGU1NjhlOC5yZGRpYWdub3N0aWNzLWctdXNnLXIxLnd2ZC5henVyZS51cy8iLCJBQURUZW5hbnRJZCI6IjJkMGQ1ZmMyLWQ1YzQtNDg4OS1iOTkxLTRjZjJiOWU4M2JjMiIsIm5iZiI6MTY4NjIxODkyNywiZXhwIjoxNjg4ODEwODA2LCJpc3MiOiJSREluZnJhVG9rZW5NYW5hZ2VyIiwiYXVkIjoiUkRtaSJ9.MfHq8PEJPpQfbtQINoCZUGl43JqvwFa05dtwQ6YwLxhQMyxHjSDra8XXktFmdZ-on9DTIk9-19sP-7OyJ7XJrUG8DbXRbufA9OxMINSPsL8AxYUH0Rx-t_J3w33s56iNuBmj2v_19I1pPEcDsxW-Wv7hqW8DJolWHimQzG5facYcxTz0XscD_uACDPbkcI7C9I4lTVkaBWxYBRnyrVBqSe1Mdu5MyyNSPwDT77IKfimDFVI6nWTWJ8zYDtDDcZgyQiopFVulVJUAeRrwDNm39I9foso_daKuAOQHihtHHLSXVPjbYzjcf6lLplHDz0fSl58Nl1EAjRa0QPVzTdLnmg\"\r\n    }\r\n  }\r\n",
            "protected_settings_from_key_vault": [],
            "publisher": "Microsoft.Powershell",
            "settings": "{\"configurationFunction\":\"Configuration.ps1\\\\AddSessionHost\",\"modulesUrl\":\"https://wvdportalstorageblob.blob.core.windows.net/galleryartifacts/Configuration_09-08-2022.zip\",\"properties\":{\"HostPoolName\":\"AVD-VA-011-2-HP-GA\"}}",
            "tags": null,
            "timeouts": null,
            "type": "DSC",
            "type_handler_version": "2.73",
            "virtual_machine_id": "/subscriptions/41dafe2e-0108-4dd0-827f-5110b0f0538d/resourceGroups/AVD-VA-011-2-RG/providers/Microsoft.Compute/virtualMachines/AVD-VA-011-2-A-fucm"
          },
          "sensitive_attributes": [
            [
              {
                "type": "get_attr",
                "value": "protected_settings"
              }
            ]
          ],
          "private": "eyJlMmJmYjczMC1lY2FhLTExZTYtOGY4OC0zNDM2M2JjN2M0YzAiOnsiY3JlYXRlIjoxODAwMDAwMDAwMDAwLCJkZWxldGUiOjE4MDAwMDAwMDAwMDAsInJlYWQiOjMwMDAwMDAwMDAwMCwidXBkYXRlIjoxODAwMDAwMDAwMDAwfX0=",
          "dependencies": [
            "data.azurerm_key_vault_secret.vmPW",
            "data.azurerm_log_analytics_workspace.log_analytics_workspace",
            "module.hostpool_ga.azurerm_monitor_diagnostic_setting.avd-logs",
            "module.hostpool_ga.azurerm_virtual_desktop_host_pool.hostpool",
            "module.hostpool_ga.azurerm_virtual_desktop_host_pool_registration_info.token",
            "module.rg-avd.azurerm_resource_group.myRGs",
            "module.session_hosts.azurerm_availability_set.avd",
            "module.session_hosts.azurerm_network_interface.nic",
            "module.session_hosts.azurerm_subnet.subnet",
            "module.session_hosts.azurerm_windows_virtual_machine.vm",
            "module.session_hosts.random_string.random",
            "module.workspace.azurerm_monitor_diagnostic_setting.avd_workspace-logs",
            "module.workspace.azurerm_virtual_desktop_workspace.workspace",
            "time_rotating.avd_registration_expiration"
          ]
        }
      ]
    },
    {
      "module": "module.session_hosts[1]",
      "mode": "managed",
      "type": "azurerm_virtual_machine_extension",
      "name": "monitoragent",
      "provider": "provider[\"registry.terraform.io/hashicorp/azurerm\"]",
      "instances": [
        {
          "index_key": 0,
          "schema_version": 0,
          "attributes": {
            "auto_upgrade_minor_version": true,
            "automatic_upgrade_enabled": false,
            "failure_suppression_enabled": false,
            "id": "/subscriptions/41dafe2e-0108-4dd0-827f-5110b0f0538d/resourceGroups/AVD-VA-011-2-RG/providers/Microsoft.Compute/virtualMachines/AVD-VA-011-2-A-fucm/extensions/ext-MicrosoftMonitoringAgent",
            "name": "ext-MicrosoftMonitoringAgent",
            "protected_settings": "    {\r\n      \"workspaceKey\": \"tmPX5J9cvDhTVQnvfvrppS6O5vC4iVhaOyTTP4vuNgLLltZv79Zzp1FiM3LkUx3ozIIIFusv8xXDPriVljThaA==\"\r\n    }\r\n",
            "protected_settings_from_key_vault": [],
            "publisher": "Microsoft.EnterpriseCloud.Monitoring",
            "settings": "{\"workspaceId\":\"2094c0ff-1ff5-4136-94d5-20e87bce4405\"}",
            "tags": null,
            "timeouts": null,
            "type": "MicrosoftMonitoringAgent",
            "type_handler_version": "1.0",
            "virtual_machine_id": "/subscriptions/41dafe2e-0108-4dd0-827f-5110b0f0538d/resourceGroups/AVD-VA-011-2-RG/providers/Microsoft.Compute/virtualMachines/AVD-VA-011-2-A-fucm"
          },
          "sensitive_attributes": [
            [
              {
                "type": "get_attr",
                "value": "protected_settings"
              }
            ]
          ],
          "private": "eyJlMmJmYjczMC1lY2FhLTExZTYtOGY4OC0zNDM2M2JjN2M0YzAiOnsiY3JlYXRlIjoxODAwMDAwMDAwMDAwLCJkZWxldGUiOjE4MDAwMDAwMDAwMDAsInJlYWQiOjMwMDAwMDAwMDAwMCwidXBkYXRlIjoxODAwMDAwMDAwMDAwfX0=",
          "dependencies": [
            "data.azurerm_key_vault_secret.vmPW",
            "data.azurerm_log_analytics_workspace.log_analytics_workspace",
            "module.hostpool_ga.azurerm_monitor_diagnostic_setting.avd-logs",
            "module.hostpool_ga.azurerm_virtual_desktop_host_pool.hostpool",
            "module.hostpool_ga.azurerm_virtual_desktop_host_pool_registration_info.token",
            "module.rg-avd.azurerm_resource_group.myRGs",
            "module.session_hosts.azurerm_availability_set.avd",
            "module.session_hosts.azurerm_network_interface.nic",
            "module.session_hosts.azurerm_subnet.subnet",
            "module.session_hosts.azurerm_virtual_machine_extension.joinsessionhost",
            "module.session_hosts.azurerm_windows_virtual_machine.vm",
            "module.session_hosts.random_string.random",
            "module.workspace.azurerm_monitor_diagnostic_setting.avd_workspace-logs",
            "module.workspace.azurerm_virtual_desktop_workspace.workspace",
            "time_rotating.avd_registration_expiration"
          ]
        }
      ]
    },
    {
      "module": "module.session_hosts[1]",
      "mode": "managed",
      "type": "azurerm_windows_virtual_machine",
      "name": "vm",
      "provider": "provider[\"registry.terraform.io/hashicorp/azurerm\"]",
      "instances": [
        {
          "index_key": 0,
          "schema_version": 0,
          "attributes": {
            "additional_capabilities": [],
            "additional_unattend_content": [],
            "admin_password": "1qaz!QAZ2wsx@WSX",
            "admin_username": "localadmin",
            "allow_extension_operations": true,
            "availability_set_id": "/subscriptions/41dafe2e-0108-4dd0-827f-5110b0f0538d/resourceGroups/AVD-VA-011-2-RG/providers/Microsoft.Compute/availabilitySets/AVD-VA-011-2-AVAILABILITY-SET",
            "boot_diagnostics": [],
            "capacity_reservation_group_id": "",
            "computer_name": "AVD-A-fucm1",
            "custom_data": "W0NtZGxldGJpbmRpbmcoKV0NClBhcmFtKA0KICAgIFtwYXJhbWV0ZXIoTWFuZGF0b3J5KV0NCiAgICBbc3RyaW5nXQ0KICAgICRmc2xvZ2l4X2hvc3RuYW1lLA0KDQogICAgW3BhcmFtZXRlcihNYW5kYXRvcnkpXQ0KICAgIFtzdHJpbmddDQogICAgJGZzbG9naXhfa2V5DQoNCikNCg0KDQpmdW5jdGlvbiBHZXQtV2ViRmlsZQ0Kew0KICAgIHBhcmFtKA0KICAgICAgICBbcGFyYW1ldGVyKE1hbmRhdG9yeSldDQogICAgICAgIFtzdHJpbmddJEZpbGVOYW1lLA0KDQogICAgICAgIFtwYXJhbWV0ZXIoTWFuZGF0b3J5KV0NCiAgICAgICAgW3N0cmluZ10kVVJMDQogICAgKQ0KICAgICRDb3VudGVyID0gMA0KICAgIGRvDQogICAgew0KICAgICAgICBJbnZva2UtV2ViUmVxdWVzdCAtVXJpICRVUkwgLU91dEZpbGUgJEZpbGVOYW1lIC1FcnJvckFjdGlvbiAnU2lsZW50bHlDb250aW51ZScNCiAgICAgICAgaWYoJENvdW50ZXIgLWd0IDApDQogICAgICAgIHsNCiAgICAgICAgICAgIFN0YXJ0LVNsZWVwIC1TZWNvbmRzIDMwDQogICAgICAgIH0NCiAgICAgICAgJENvdW50ZXIrKw0KICAgIH0NCiAgICB1bnRpbCgoVGVzdC1QYXRoICRGaWxlTmFtZSkgLW9yICRDb3VudGVyIC1lcSA5KQ0KfQ0KDQpmdW5jdGlvbiBXcml0ZS1Mb2cNCnsNCiAgICBwYXJhbSgNCiAgICAgICAgW3BhcmFtZXRlcihNYW5kYXRvcnkpXQ0KICAgICAgICBbc3RyaW5nXSRNZXNzYWdlLA0KICAgICAgICANCiAgICAgICAgW3BhcmFtZXRlcihNYW5kYXRvcnkpXQ0KICAgICAgICBbc3RyaW5nXSRUeXBlDQogICAgKQ0KICAgICRQYXRoID0gJ0M6XHdpbmRvd3NcdGVtcFxhcHBsb2cudHh0Jw0KICAgIGlmKCEoVGVzdC1QYXRoIC1QYXRoICRQYXRoKSkNCiAgICB7DQogICAgICAgIE5ldy1JdGVtIC1QYXRoICdDOlx3aW5kb3dzXHRlbXBcJyAtTmFtZSAnYXBwbG9nLnR4dCcgfCBPdXQtTnVsbA0KICAgIH0NCiAgICAkVGltZXN0YW1wID0gR2V0LURhdGUgLUZvcm1hdCAnTU0vZGQveXl5eSBISDptbTpzcy5mZicNCiAgICAkRW50cnkgPSAnWycgKyAkVGltZXN0YW1wICsgJ10gWycgKyAkVHlwZSArICddICcgKyAkTWVzc2FnZQ0KICAgICRFbnRyeSB8IE91dC1GaWxlIC1GaWxlUGF0aCAkUGF0aCAtQXBwZW5kDQp9DQojIHdyaXRlLWhvc3QgInNldHRpbmcgaG9zdHMiDQojICRIb3N0RmlsZSA9ICJDOlxXaW5kb3dzXHN5c3RlbTMyXGRyaXZlcnNcZXRjXGhvc3RzIg0KIyAkZGF0ZUZvcm1hdCA9IChHZXQtRGF0ZSkuVG9TdHJpbmcoJ2RkLU1NLXl5eXkgaGgtbW0tc3MnKQ0KIyAkRmlsZUNvcHkgPSAkSG9zdEZpbGUgKyAnLicgKyAkZGF0ZUZvcm1hdCAgKyAnLmNvcHknDQojIE1vdmUtSXRlbSAkSG9zdEZpbGUgLURlc3RpbmF0aW9uICRGaWxlQ29weQ0KI0hvc3RzIHRvIEFkZA0KDQpJbnZva2UtV2ViUmVxdWVzdCAnaHR0cHM6Ly9wZXJzaXN0YXZkLmJsb2IuY29yZS51c2dvdmNsb3VkYXBpLm5ldC9zaGFyZXMvbGdwb3Bhay56aXA/c3Y9MjAyMS0xMC0wNCZzdD0yMDIzLTAyLTIyVDIwJTNBMjglM0EzNFomc2U9MjAyNS0wNC0yNFQyMCUzQTI4JTNBMDBaJnNyPWImc3A9ciZzaWc9ZG5tJTJCU1R2ckJmNjFRcjlHeXFvblolMkZsJTJCVVhBcEs1VDl2ampnNDAxNzVKWSUzRCcgLU91dEZpbGUgYzpcd2luZG93c1x0ZW1wXGxncG9wYWsuemlwDQpFeHBhbmQtQXJjaGl2ZSBDOlxXaW5kb3dzXFRlbXBcbGdwb3Bhay56aXAgQzpcV2luZG93c1xUZW1wXCAtZm9yY2UNCmNwIEM6XHdpbmRvd3NcVGVtcFxsZ3BvcGFrXGRlcHNcTEdQTy5leGUgQzpcV2luZG93cw0KDQojIFdyaXRlLU91dHB1dCAiJGZzbG9naXhfaXAgJGZzbG9naXhfaG9zdG5hbWUuYmxvYi5jb3JlLnVzZ292Y2xvdWRhcGkubmV0IiA+ICRIb3N0RmlsZQ0KIyBXcml0ZS1PdXRwdXQgIiRwZXJzaXN0YXZkX2lwIHBlcnNpc3RhdmQuYmxvYi5jb3JlLnVzZ292Y2xvdWRhcGkubmV0IiA+PiAkSG9zdEZpbGUNCg0KI1dyaXRlLU91dHB1dCAiJGtleXZhdWx0X2lkICRrZXl2YXVsdF9ob3N0bmFtZS5ibG9iLmNvcmUudXNnb3ZjbG91ZGFwaS5uZXQiID4+ICRIb3N0RmlsZQ0KDQpJbnZva2UtV2ViUmVxdWVzdCAiaHR0cHM6Ly9wZXJzaXN0YXZkLmJsb2IuY29yZS51c2dvdmNsb3VkYXBpLm5ldC9zaGFyZXMvRUNNQS1XQ0YtVFJVU1RFRC5jcnQ/c3Y9MjAyMS0xMC0wNCZzdD0yMDIzLTAyLTIyVDAwJTNBMjIlM0E0NFomc2U9MjAyNS0wMi0yNlQwMCUzQTIyJTNBMDBaJnNyPWImc3A9ciZzaWc9VyUyRjFOQkpxdUliWTUwVEtTOFZsSGN1N0FaMUFTeFJuWXQlMkZVVExlRWxhNjAlM0QiIC1vdXRmaWxlIGM6XHdpbmRvd3NcdGVtcFxFQ01BLVdDRi1UUlVTVEVELmNydA0KSW1wb3J0LUNlcnRpZmljYXRlIC1GaWxlUGF0aCBjOlx3aW5kb3dzXHRlbXBcRUNNQS1XQ0YtVFJVU1RFRC5jcnQgLUNlcnRTdG9yZUxvY2F0aW9uIENlcnQ6XExvY2FsTWFjaGluZVxyb290DQogICAgDQp3cml0ZS1ob3N0ICJzZXR0aW5ndXAgZnNsb2dpYyINCiMgJERyaXZlTGV0dGVyID0gJ2YnDQokRlNMb2dpeEFkbWlucyA9ICdhZG1pbmlzdHJhdG9ycycNCiRGU0xvZ2l4VXNlcnMgPSAndXNlcnMnDQokcHJvZmlsZUxvY2F0aW9uID0gIkM6XFByb2dyYW0gRmlsZXNcRlNMb2dpeCINCiRmc2xvZ2l4UGF0aCA9ICJIS0xNOlxTb2Z0d2FyZVxGU0xvZ2l4XFByb2ZpbGVzIg0KDQokc2l6ZSA9IChHZXQtUGFydGl0aW9uU3VwcG9ydGVkU2l6ZSAtRHJpdmVMZXR0ZXIgYykgDQpSZXNpemUtUGFydGl0aW9uIGANCiAgICAtRHJpdmVMZXR0ZXIgYyBgDQogICAgLVNpemUgJHNpemUuU2l6ZU1heA0KDQojIEdldC1EaXNrIHwgV2hlcmUgUGFydGl0aW9uU3R5bGUgLWVxICdyYXcnIHwNCiMgICAgIEluaXRpYWxpemUtRGlzayAtUGFydGl0aW9uU3R5bGUgTUJSIC1QYXNzVGhydSB8DQojICAgICBOZXctUGFydGl0aW9uIC1Bc3NpZ25Ecml2ZUxldHRlciAtVXNlTWF4aW11bVNpemUgfA0KIyAgICAgRm9ybWF0LVZvbHVtZSAtRmlsZVN5c3RlbSBOVEZTIC1OZXdGaWxlU3lzdGVtTGFiZWwgImZzbG9naXhkYXRhIiAtQ29uZmlybTokZmFsc2UNCg0KIyBHZXQtUGFydGl0aW9uIC1kaXNrbnVtYmVyIDEgfCBzZXQtcGFydGl0aW9uIC1uZXdkcml2ZWxldHRlciAkRHJpdmVMZXR0ZXINCg0KIyBta2RpciAkcHJvZmlsZUxvY2F0aW9uDQoNCiMgJEZTTG9naXhGb2xkZXIgPSAkcHJvZmlsZUxvY2F0aW9uDQoNCiMgSUNBQ0xTICgiZjpcIikgL3Jlc2V0DQojIElDQUNMUyAoIkY6XCIpIC9kZW55IEV2ZXJ5b25lOihPSSkoQ0kpRiAvdCAvYw0KIyBJQ0FDTFMgKCJGOlwiKSAvZGVueSBVc2VyczooT0kpKENJKUYgL3QgL2MNCiMgSUNBQ0xTICgiRjpcIikgL2luaGVyaXRhbmNlOnINCg0KIyAjQ2xlYXIgYWxsIEV4cGxpY2l0IFBlcm1pc3Npb25zIG9uIHRoZSBmb2xkZXINCiMgSUNBQ0xTICgiJEZTTG9naXhGb2xkZXIiKSAvcmVzZXQNCg0KIyAjQWRkIENSRUFUT1IgT1dORVIgcGVybWlzc2lvbg0KIyBJQ0FDTFMgKCIkRlNMb2dpeEZvbGRlciIpIC9ncmFudCAoIkNSRUFUT1IgT1dORVIiICsgJzooT0kpKENJKShJTylGJykNCg0KIyAjQWRkIFNZU1RFTSBwZXJtaXNzaW9uDQojIElDQUNMUyAoIiRGU0xvZ2l4Rm9sZGVyIikgL2dyYW50ICgiU1lTVEVNIiArICc6KE9JKShDSSlGJykNCg0KIyAjR2l2ZSBEb21haW4gQWRtaW5zIEZ1bGwgQ29udHJvbA0KIyBJQ0FDTFMgKCIkRlNMb2dpeEZvbGRlciIpIC9ncmFudCAoIiRGU0xvZ2l4QWRtaW5zIiArICc6KE9JKShDSSlGJykNCg0KIyAjQXBwbHkgQ3JlYXRlIEZvbGRlci9BcHBlbmQgRGF0YSwgTGlzdCBGb2xkZXIvUmVhZCBEYXRhLCBSZWFkIEF0dHJpYnV0ZXMsIFRyYXZlcnNlIEZvbGRlci9FeGVjdXRlIEZpbGUsIFJlYWQgcGVybWlzc2lvbnMgdG8gdGhpcyBmb2xkZXIgb25seS4gU3luY2hyb25pemUgaXMgcmVxdWlyZWQgaW4gb3JkZXIgZm9yIHRoZSBwZXJtaXNzaW9ucyB0byB3b3JrDQojIElDQUNMUyAoIiRGU0xvZ2l4Rm9sZGVyIikgL2dyYW50ICgiJEZTTG9naXhVc2VycyIgKyAnOihBRCxSRUEsUkEsWCxSQyxSRCxTKScpDQoNCiMgI0Rpc2FibGUgSW5oZXJpdGFuY2Ugb24gdGhlIEZvbGRlci4gVGhpcyBpcyBkb25lIGxhc3QgdG8gYXZvaWQgcGVybWlzc2lvbiBlcnJvcnMuDQojIElDQUNMUyAoIiRGU0xvZ2l4Rm9sZGVyIikgL2luaGVyaXRhbmNlOnINCg0KIyBpZiAoIShUZXN0LVBhdGggJGZzbG9naXhQYXRoKSkgew0KIyAgICAgTmV3LUl0ZW0gLVBhdGggJGZzbG9naXhQYXRoIC1Gb3JjZSB8IE91dC1OdWxsDQojIH0NCg0KTmV3LUl0ZW1Qcm9wZXJ0eSAtUGF0aCAkZnNsb2dpeFBhdGggLU5hbWUgRW5hYmxlZCAtVmFsdWUgMSAtUHJvcGVydHlUeXBlIERXT1JEIC1Gb3JjZSB8IE91dC1OdWxsDQpOZXctSXRlbVByb3BlcnR5IC1QYXRoICRmc2xvZ2l4UGF0aCAtTmFtZSBGbGlwRmxvcFByb2ZpbGVEaXJlY3RvcnlOYW1lIC1WYWx1ZSAxIC1Qcm9wZXJ0eVR5cGUgRFdPUkQgLUZvcmNlIHwgT3V0LU51bGwNClNldC1JdGVtUHJvcGVydHkgLVBhdGggJ0hLTE06XFNPRlRXQVJFXEZTTG9naXhcUHJvZmlsZXMnIC1OYW1lICdQcmV2ZW50TG9naW5XaXRoRmFpbHVyZScgLVZhbHVlIDEgLUZvcmNlDQpTZXQtSXRlbVByb3BlcnR5IC1QYXRoICdIS0xNOlxTT0ZUV0FSRVxGU0xvZ2l4XFByb2ZpbGVzJyAtTmFtZSAnUHJldmVudExvZ2luV2l0aFRlbXBQcm9maWxlJyAtVmFsdWUgMSAtRm9yY2UNClNldC1JdGVtUHJvcGVydHkgLVBhdGggJ0hLTE06XFNPRlRXQVJFXEZTTG9naXhcUHJvZmlsZXMnIC1OYW1lICdFbmFibGVkJyAtVmFsdWUgMSAtRm9yY2UNClNldC1JdGVtUHJvcGVydHkgLVBhdGggJ0hLTE06XFNvZnR3YXJlXEZTTG9naXhcUHJvZmlsZXMnIC1OYW1lIEluc3RhbGxBcHB4UGFja2FnZXMgLVZhbHVlIDAgLUZvcmNlDQoNClNldC1JdGVtUHJvcGVydHkgLVBhdGggJ0hLTE06XFNvZnR3YXJlXFBvbGljaWVzXEZTTG9naXhcUHJvZmlsZXMnIC1uYW1lICJSZW1vdmVPcnBoYW5lZE9TVEZpbGVzT25Mb2dvZmYiIC1WYWx1ZSAxIC1Gb3JjZQ0KU2V0LUl0ZW1Qcm9wZXJ0eSAtUGF0aCAnSEtMTTpcU29mdHdhcmVcUG9saWNpZXNcRlNMb2dpeFxQcm9maWxlcycgLU5hbWUgIlZvbHVtZVR5cGUiIC1WYWx1ZSBWRE1YIC1Gb3JjZQ0KU2V0LUl0ZW1Qcm9wZXJ0eSAtUGF0aCAnSEtMTTpcU29mdHdhcmVcUG9saWNpZXNcRlNMb2dpeFxQcm9maWxlcycgLU5hbWUgIlZIRFhTZWN0b3JTaXplIiAtVmFsdWUgIjQwOTYiIC1Gb3JjZQ0KU2V0LUl0ZW1Qcm9wZXJ0eSAtUGF0aCAnSEtMTTpcU09GVFdBUkVcUG9saWNpZXNcRlNMb2dpeFxPREZDJyAtTmFtZSAiQ2xlYXJDYWNoZU9uTG9nb2ZmIiAtVmFsdWUgMSAtRm9yY2UNCg0KQWRkLUxvY2FsR3JvdXBNZW1iZXIgLUdyb3VwICdGU0xvZ2l4IFByb2ZpbGUgRXhjbHVkZSBMaXN0JyAtTWVtYmVyICdsb2NhbGFkbWluJ3wgT3V0LU51bGwNCkFkZC1Mb2NhbEdyb3VwTWVtYmVyIC1Hcm91cCAnRlNMb2dpeCBPREZDIEV4Y2x1ZGUgTGlzdCcgLU1lbWJlciAnbG9jYWxhZG1pbid8IE91dC1OdWxsDQoNCkFkZC1Mb2NhbEdyb3VwTWVtYmVyIC1Hcm91cCAnRlNMb2dpeCBQcm9maWxlIEV4Y2x1ZGUgTGlzdCcgLU1lbWJlciAnQWRtaW5pc3RyYXRvcnMnfCBPdXQtTnVsbA0KQWRkLUxvY2FsR3JvdXBNZW1iZXIgLUdyb3VwICdGU0xvZ2l4IE9ERkMgRXhjbHVkZSBMaXN0JyAtTWVtYmVyICdBZG1pbmlzdHJhdG9ycycgfCBPdXQtTnVsbA0KV3JpdGUtT3V0cHV0ICJFbmZvcmNlbWVudCBTZXQgIiRlbnY6Q09NUFVURVJOQU1FIi4uLiINCg0KJGNvbm5lY3Rpb25zdHJpbmcgPSAnIkRlZmF1bHRFbmRwb2ludHNQcm90b2NvbD1odHRwczsnICsgIkFjY291bnROYW1lPSRmc2xvZ2l4X2hvc3RuYW1lOyIgKyAiQWNjb3VudEtleT0kZnNsb2dpeF9rZXk7IiArICdFbmRwb2ludFN1ZmZpeD1jb3JlLnVzZ292Y2xvdWRhcGkubmV0IicNCiYgJ0M6XFByb2dyYW0gRmlsZXNcRlNMb2dpeFxBcHBzXGZyeC5leGUnIGFkZC1zZWN1cmUta2V5IC1rZXkgY29ubmVjdGlvbnN0cmluZyAtdmFsdWUgJGNvbm5lY3Rpb25zdHJpbmcNCk5ldy1JdGVtUHJvcGVydHkgLVBhdGggJGZzbG9naXhQYXRoIC1Gb3JjZSAtTmFtZSBDQ0RMb2NhdGlvbnMgLVByb3BlcnR5VHlwZSBtdWx0aXN0cmluZyAtVmFsdWUgInR5cGU9YXp1cmUsY29ubmVjdGlvblN0cmluZz18ZnNsb2dpeC9jb25uZWN0aW9uc3RyaW5nfCJ8IE91dC1OdWxsDQoNCk5ldy1JdGVtUHJvcGVydHkgLVBhdGggJGZzbG9naXhQYXRoIC1OYW1lIERlbGV0ZUxvY2FsUHJvZmlsZVdoZW5WSERTaG91bGRBcHBseSAtVmFsdWUgMSAtUHJvcGVydHlUeXBlIERXT1JEIC1Gb3JjZSB8IE91dC1OdWxsDQojTmV3LUl0ZW1Qcm9wZXJ0eSAtUGF0aCBIS0xNOlNZU1RFTVxDdXJyZW50Q29udHJvbFNldFxTZXJ2aWNlc1xmcnhjY2RcUGFyYW1ldGVycyAtTmFtZSBDYWNoZURpcmVjdG9yeSAtVmFsdWUgJHByb2ZpbGVMb2NhdGlvbiAtUHJvcGVydHlUeXBlIFN0cmluZyAtRm9yY2UgfCBPdXQtTnVsbA0KV3JpdGUtSW5mb3JtYXRpb24gIkNvbmZpZ3VyaW5nIGZzbG9naXggcHJvZmlsZSBsb2NhdGlvbiINCg0KDQojIyMNCldyaXRlLVZlcmJvc2UgIkFkZCBSZWRpclhNTFNvdXJjZUZvbGRlciBGb2xkZXJhbmQgY29udGVudC4uIg0KTmV3LUl0ZW0gJHByb2ZpbGVMb2NhdGlvblxSZWRpclhNTFNvdXJjZUZvbGRlciAtSXRlbVR5cGUgRGlyZWN0b3J5IHwgT3V0LU51bGwNCg0KaWYgKCEodGVzdC1wYXRoIC1wYXRoICRwcm9maWxlTG9jYXRpb25cUmVkaXJYTUxTb3VyY2VGb2xkZXJcUmVkaXJlY3Rpb25zLnhtbCkpIHtuZXctaXRlbSAtcGF0aCAkcHJvZmlsZUxvY2F0aW9uXFJlZGlyWE1MU291cmNlRm9sZGVyIC1uYW1lIFJlZGlyZWN0aW9ucy54bWwgLUl0ZW1UeXBlIEZpbGUgLVZhbHVlICcNCjw/eG1sIHZlcnNpb249IjEuMCIgZW5jb2Rpbmc9IlVURi04Ij8+DQoNCjxGcnhQcm9maWxlRm9sZGVyUmVkaXJlY3Rpb24gRXhjbHVkZUNvbW1vbkZvbGRlcnM9IjAiPg0KCQ0KPEV4Y2x1ZGVzPgkJDQogPEV4Y2x1ZGUgQ29weT0iMCI+QXBwRGF0YVxMb2NhbFxHb29nbGVcQ2hyb21lXFVzZXIgRGF0YVxEZWZhdWx0XENhY2hlPC9FeGNsdWRlPg0KIDxFeGNsdWRlIENvcHk9IjAiPkFwcERhdGFcTG9jYWxcR29vZ2xlXENocm9tZVxVc2VyIERhdGFcRGVmYXVsdFxDYWNoZWQgVGhlbWUgSW1hZ2U8L0V4Y2x1ZGU+DQogPEV4Y2x1ZGUgQ29weT0iMCI+QXBwRGF0YVxMb2NhbFxHb29nbGVcQ2hyb21lXFVzZXIgRGF0YVxEZWZhdWx0XEp1bXBMaXN0SWNvbnM8L0V4Y2x1ZGU+DQogPEV4Y2x1ZGUgQ29weT0iMCI+QXBwRGF0YVxMb2NhbFxHb29nbGVcQ2hyb21lXFVzZXIgRGF0YVxEZWZhdWx0XEp1bXBMaXN0SWNvbnNPbGQ8L0V4Y2x1ZGU+DQogPEV4Y2x1ZGUgQ29weT0iMCI+QXBwRGF0YVxMb2NhbFxHb29nbGVcQ2hyb21lXFVzZXIgRGF0YVxEZWZhdWx0XFN0b3JhZ2U8L0V4Y2x1ZGU+DQogPEV4Y2x1ZGUgQ29weT0iMCI+QXBwRGF0YVxMb2NhbFxHb29nbGVcQ2hyb21lXFVzZXIgRGF0YVxEZWZhdWx0XExvY2FsIFN0b3JhZ2U8L0V4Y2x1ZGU+DQogPEV4Y2x1ZGUgQ29weT0iMCI+QXBwRGF0YVxMb2NhbFxHb29nbGVcQ2hyb21lXFVzZXIgRGF0YVxEZWZhdWx0XFNlc3Npb25TdG9yYWdlPC9FeGNsdWRlPg0KIDxFeGNsdWRlIENvcHk9IjAiPkFwcERhdGFcTG9jYWxcR29vZ2xlXENocm9tZVxVc2VyIERhdGFcRGVmYXVsdFxNZWRpYSBDYWNoZTwvRXhjbHVkZT4NCiA8RXhjbHVkZSBDb3B5PSIwIj5BcHBEYXRhXExvY2FsXEdvb2dsZVxDaHJvbWVcVXNlciBEYXRhXERlZmF1bHRcR1BVQ2FjaGU8L0V4Y2x1ZGU+DQogPEV4Y2x1ZGUgQ29weT0iMCI+QXBwRGF0YVxMb2NhbFxHb29nbGVcQ2hyb21lXFVzZXIgRGF0YVxEZWZhdWx0XFdlYkFwcGxpY2F0aW9uczwvRXhjbHVkZT4NCiA8RXhjbHVkZSBDb3B5PSIwIj5BcHBEYXRhXExvY2FsXEdvb2dsZVxDaHJvbWVcVXNlciBEYXRhXERlZmF1bHRcU3luY0RhdGE8L0V4Y2x1ZGU+DQogPEV4Y2x1ZGUgQ29weT0iMCI+QXBwRGF0YVxMb2NhbFxHb29nbGVcQ2hyb21lXFVzZXIgRGF0YVxEZWZhdWx0XFN5bmNEYXRhQmFja3VwPC9FeGNsdWRlPg0KIDxFeGNsdWRlIENvcHk9IjAiPkFwcERhdGFcTG9jYWxcR29vZ2xlXENocm9tZVxVc2VyIERhdGFcRGVmYXVsdFxQZXBwZXIgRGF0YVxTaG9ja3dhdmUgRmxhc2hcQ2FjaGVXcml0ZWFibGVBZG9iZVJvb3Q8L0V4Y2x1ZGU+DQogPEV4Y2x1ZGUgQ29weT0iMCI+QXBwRGF0YVxMb2NhbFxHb29nbGVcQ2hyb21lXFVzZXIgRGF0YVxXaWRldmluZUNETTwvRXhjbHVkZT4NCiA8RXhjbHVkZSBDb3B5PSIwIj5BcHBEYXRhXExvY2FsXEdvb2dsZVxDaHJvbWVcVXNlciBEYXRhXEVWV2hpdGVsaXN0PC9FeGNsdWRlPg0KIDxFeGNsdWRlIENvcHk9IjAiPkFwcERhdGFcTG9jYWxcR29vZ2xlXENocm9tZVxVc2VyIERhdGFccG5hY2w8L0V4Y2x1ZGU+DQogPEV4Y2x1ZGUgQ29weT0iMCI+QXBwRGF0YVxMb2NhbFxHb29nbGVcQ2hyb21lXFVzZXIgRGF0YVxyZWNvdmVyeTwvRXhjbHVkZT4NCiA8RXhjbHVkZSBDb3B5PSIwIj5BcHBEYXRhXExvY2FsXEdvb2dsZVxDaHJvbWVcVXNlciBEYXRhXFNoYWRlckNhY2hlPC9FeGNsdWRlPg0KIDxFeGNsdWRlIENvcHk9IjAiPkFwcERhdGFcTG9jYWxcR29vZ2xlXENocm9tZVxVc2VyIERhdGFcU3dSZXBvcnRlcjwvRXhjbHVkZT4NCiA8RXhjbHVkZSBDb3B5PSIwIj5BcHBEYXRhXExvY2FsXEdvb2dsZVxDaHJvbWVcVXNlciBEYXRhXFN3aWZ0U2hhZGVyPC9FeGNsdWRlPg0KIDxFeGNsdWRlIENvcHk9IjAiPkFwcERhdGFcTG9jYWxcR29vZ2xlXENocm9tZVxVc2VyIERhdGFcUGVwcGVyRmxhc2g8L0V4Y2x1ZGU+DQogPEV4Y2x1ZGUgQ29weT0iMCI+QXBwRGF0YVxMb2NhbFxNaWNyb3NvZnRcRWRnZVxVc2VyIERhdGFcRGVmYXVsdFxDYWNoZTwvRXhjbHVkZT4NCiA8RXhjbHVkZSBDb3B5PSIwIj5BcHBEYXRhXExvY2FsXFBhY2thZ2VzXE1pY3Jvc29mdC5NaWNyb3NvZnRFZGdlXzh3ZWt5YjNkOGJid2VcQUNcTWljcm9zb2Z0RWRnZVxDYWNoZTwvRXhjbHVkZT4NCiA8RXhjbHVkZSBDb3B5PSIwIj5BcHBEYXRhXExvY2FsXEJyYXZlU29mdHdhcmVcQnJhdmUtQnJvd3NlclxVc2VyIERhdGFcRGVmYXVsdFxDYWNoZTwvRXhjbHVkZT4NCiA8RXhjbHVkZSBDb3B5PSIwIj5BcHBEYXRhXExvY2FsXE1pY3Jvc29mdFxXaW5kb3dzXFdFUjwvRXhjbHVkZT4NCiA8RXhjbHVkZSBDb3B5PSIwIj5BcHBEYXRhXExvY2FsXE1pY3Jvc29mdFxUZXJtaW5hbCBTZXJ2ZXIgQ2xpZW50XENhY2hlPC9FeGNsdWRlPg0KIDxFeGNsdWRlIENvcHk9IjAiPkFwcERhdGFcUm9hbWluZ1xEb3dubG9hZGVkIEluc3RhbGxhdGlvbnM8L0V4Y2x1ZGU+DQogPEV4Y2x1ZGUgQ29weT0iMCI+QXBwRGF0YVxMb2NhbFxEb3dubG9hZGVkIEluc3RhbGxhdGlvbnM8L0V4Y2x1ZGU+DQogPEV4Y2x1ZGUgQ29weT0iMCI+QXBwRGF0YVxMb2NhbFxNaWNyb3NvZnRcT2ZmaWNlXDE2LjBcTHluY1xUcmFjaW5nPC9FeGNsdWRlPg0KIDxFeGNsdWRlIENvcHk9IjAiPkFwcERhdGFcTG9jYWxcTWljcm9zb2Z0XE1TT0lkZW50aXR5Q1JMXFRyYWNpbmc8L0V4Y2x1ZGU+DQogPEV4Y2x1ZGUgQ29weT0iMCI+QXBwRGF0YVxMb2NhbFxNaWNyb3NvZnRcT25lTm90ZVwxNi4wXEJhY2t1cDwvRXhjbHVkZT4NCiA8RXhjbHVkZSBDb3B5PSIwIj5BcHBEYXRhXExvY2FsXENyYXNoRHVtcHM8L0V4Y2x1ZGU+DQogPEV4Y2x1ZGUgQ29weT0iMCI+QXBwRGF0YVxMb2NhbFxTcXVpcnJlbFRlbXA8L0V4Y2x1ZGU+DQogPEV4Y2x1ZGUgQ29weT0iMCI+QXBwRGF0YVxMb2NhbFxNaWNyb3NvZnRcVGVhbXNcQ3VycmVudFxMb2NhbGVzPC9FeGNsdWRlPg0KIDxFeGNsdWRlIENvcHk9IjAiPkFwcERhdGFcTG9jYWxcTWljcm9zb2Z0XFRlYW1zXFBhY2thZ2VzXFNxdWlycmVsVGVtcDwvRXhjbHVkZT4NCiA8RXhjbHVkZSBDb3B5PSIwIj5BcHBEYXRhXExvY2FsXE1pY3Jvc29mdFxUZWFtc1xjdXJyZW50XHJlc291cmNlc1xsb2NhbGVzPC9FeGNsdWRlPg0KIDxFeGNsdWRlIENvcHk9IjAiPkFwcERhdGFcTG9jYWxcTWljcm9zb2Z0XFRlYW1zXEN1cnJlbnRcTG9jYWxlczwvRXhjbHVkZT4NCiA8RXhjbHVkZSBDb3B5PSIwIj5BcHBEYXRhXFJvYW1pbmdcTWljcm9zb2Z0XFRlYW1zXFNlcnZpY2UgV29ya2VyXENhY2hlU3RvcmFnZTwvRXhjbHVkZT4NCiA8RXhjbHVkZSBDb3B5PSIwIj5BcHBEYXRhXFJvYW1pbmdcTWljcm9zb2Z0XFRlYW1zXEFwcGxpY2F0aW9uIENhY2hlPC9FeGNsdWRlPg0KIDxFeGNsdWRlIENvcHk9IjAiPkFwcERhdGFcUm9hbWluZ1xNaWNyb3NvZnRcVGVhbXNcQ2FjaGU8L0V4Y2x1ZGU+DQogPEV4Y2x1ZGUgQ29weT0iMCI+QXBwRGF0YVxSb2FtaW5nXE1pY3Jvc29mdCBUZWFtc1xMb2dzPC9FeGNsdWRlPg0KIDxFeGNsdWRlIENvcHk9IjAiPkFwcERhdGFcUm9hbWluZ1xNaWNyb3NvZnRcVGVhbXNcbWVkaWEtc3RhY2s8L0V4Y2x1ZGU+DQo8L0V4Y2x1ZGVzPg0KICANCjxJbmNsdWRlcz4NCiA8SW5jbHVkZSBDb3B5PSIzIj5BcHBEYXRhXExvY2FsTG93XFN1blxKYXZhXERlcGxveW1lbnRcc2VjdXJpdHk8L0luY2x1ZGU+DQo8L0luY2x1ZGVzPg0KDQo8L0ZyeFByb2ZpbGVGb2xkZXJSZWRpcmVjdGlvbj4nDQp9DQoNCiMjIyBPZmZpY2UgSW5zdGFsbA0KIyB3cml0ZS1ob3N0ICJJbnN0YWxsIE9mZmljZSINCiMgd2dldCAiaHR0cHM6Ly9zaGFyZTJjdXN0LmJsb2IuY29yZS51c2dvdmNsb3VkYXBpLm5ldC9vcGVuc2hhcmUvT2ZmaWNlLnppcD9zdj0yMDIxLTEwLTA0JnN0PTIwMjItMTItMjhUMTklM0ExNCUzQTM0WiZzZT0yMDI0LTEyLTI2VDE5JTNBMTQlM0EwMFomc3I9YiZzcD1yJnNpZz1ickJpQyUyRmdVZTNZb1FKZ25ZRU44VGNhald2TyUyRlROZVZjTXlnUEZQbFM1dyUzRCIgLU91dEZpbGUgQzpcV2luZG93c1xUZW1wXE9mZmljZS56aXANCiMgRXhwYW5kLUFyY2hpdmUgLUxpdGVyYWxQYXRoIEM6XFdpbmRvd3NcVGVtcFxPZmZpY2UuemlwIC1EZXN0aW5hdGlvblBhdGggQzpcV2luZG93c1xUZW1wXE9mZmljZSAtRm9yY2UNCiMgcm0gQzpcV2luZG93c1xUZW1wXE9mZmljZS56aXAgLUZvcmNlDQojIFN0YXJ0LVByb2Nlc3MgLUZpbGVQYXRoICdDOlx3aW5kb3dzXHRlbXBcb2ZmaWNlXHNldHVwLmV4ZScgLUFyZ3VtZW50TGlzdCAiL2NvbmZpZ3VyZSBDOlx3aW5kb3dzXHRlbXBcb2ZmaWNlXGNvbmZpZ3VyYXRpb24tT2ZmaWNlMzY1LXg2NC54bWwiIC1XYWl0IC1QYXNzVGhydQ0KIyBXcml0ZS1Ib3N0ICdJbnN0YWxsZWQgTWljcm9zb2Z0IFByb2plY3QgJiBWaXNpbycNCiMgcm0gQzpcV2luZG93c1xUZW1wXG9mZmljZSAgLUZvcmNlIC1SZWN1cnNlDQoNCg0KU2V0LUl0ZW1Qcm9wZXJ0eSAtUGF0aCAnSEtMTTpcU29mdHdhcmVcRlNMb2dpeFxQcm9maWxlcycgLU5hbWUgUmVkaXJYTUxTb3VyY2VGb2xkZXIgLVZhbHVlICIkcHJvZmlsZUxvY2F0aW9uXFJlZGlyWE1MU291cmNlRm9sZGVyIiAtRm9yY2UNCiMjIyBwcm9maWxlIHJlZGlyZXQNCg0KIyNyZW1vdmUgZGVza3RvcCBhcHBzDQpSZW1vdmUtSXRlbSBjOlx1c2Vyc1xwdWJsaWNcRGVza3RvcFwqIC1Gb3JjZQ0KDQoNCiNTZXQgV2luZG93cyBEZWZlbmRlciBFeGNsdXNpb25zIGZvciBGU0xvZ2l4DQpBZGQtTXBQcmVmZXJlbmNlIC1FeGNsdXNpb25QYXRoICIlUHJvZ3JhbUZpbGVzJVxGU0xvZ2l4XEFwcHNcZnJ4ZHJ2LnN5cyINCkFkZC1NcFByZWZlcmVuY2UgLUV4Y2x1c2lvblBhdGggIiVQcm9ncmFtRmlsZXMlXEZTTG9naXhcQXBwc1xmcnhkcnZ2dC5zeXMiDQpBZGQtTXBQcmVmZXJlbmNlIC1FeGNsdXNpb25QYXRoICIlUHJvZ3JhbUZpbGVzJVxGU0xvZ2l4XEFwcHNcZnJ4Y2NkLnN5cyINCkFkZC1NcFByZWZlcmVuY2UgLUV4Y2x1c2lvblBhdGggIiVURU1QJVwqLlZIRCINCkFkZC1NcFByZWZlcmVuY2UgLUV4Y2x1c2lvblBhdGggIiVURU1QJVwqLlZIRFgiDQpBZGQtTXBQcmVmZXJlbmNlIC1FeGNsdXNpb25QYXRoICIlV2luZGlyJVxURU1QXCouVkhEIg0KQWRkLU1wUHJlZmVyZW5jZSAtRXhjbHVzaW9uUGF0aCAiJVdpbmRpciVcVEVNUFwqLlZIRFgiDQpBZGQtTXBQcmVmZXJlbmNlIC1FeGNsdXNpb25QYXRoICIkcHJvZmlsZUxvY2F0aW9uXCoqLlZIRCINCkFkZC1NcFByZWZlcmVuY2UgLUV4Y2x1c2lvblBhdGggIiRwcm9maWxlTG9jYXRpb25cKiouVkhEWCINCg0KQWRkLU1wUHJlZmVyZW5jZSAtRXhjbHVzaW9uUHJvY2VzcyAiJVByb2dyYW1GaWxlcyVcRlNMb2dpeFxBcHBzXGZyeGNjZC5leGUiDQpBZGQtTXBQcmVmZXJlbmNlIC1FeGNsdXNpb25Qcm9jZXNzICIlUHJvZ3JhbUZpbGVzJVxGU0xvZ2l4XEFwcHNcZnJ4Y2Nkcy5leGUiDQpBZGQtTXBQcmVmZXJlbmNlIC1FeGNsdXNpb25Qcm9jZXNzICIlUHJvZ3JhbUZpbGVzJVxGU0xvZ2l4XEFwcHNcZnJ4c3ZjLmV4ZSINCg0KIyMjIHJlbW92ZSBwdWJsaWMgYWNjZXNzDQpJQ0FDTFMgKCJDOlx1c2Vyc1xQdWJsaWMiKSAvcmVzZXQNCklDQUNMUyAoIkM6XHVzZXJzXFB1YmxpYyIpIC9kZW55IEV2ZXJ5b25lOihPSSkoQ0kpRiAvdCAvYw0KSUNBQ0xTICgiQzpcdXNlcnNcUHVibGljIikgL2dyYW50ICgiU1lTVEVNIiArICc6KE9JKShDSSlGJykNCklDQUNMUyAoIiRGU0xvZ2l4Rm9sZGVyIikgL2RlbnkgKCJDUkVBVE9SIE9XTkVSIiArICc6KE9JKShDSSkoSU8pRicpDQpJQ0FDTFMgKCJDOlx1c2Vyc1xQdWJsaWMiKSAvZ3JhbnQgKCIkRlNMb2dpeEFkbWlucyIgKyAnOihPSSkoQ0kpRicpDQoNCiMgZGlzYWJsZSBtZW51IHNlYXJjaA0KIyBOZXctSXRlbSAtcGF0aCAiSEtMTTpcU09GVFdBUkVcUG9saWNpZXNcTWljcm9zb2Z0XFdpbmRvd3NcRXhwbG9yZXIiIC1OYW1lICJEaXNhYmxlU2VhcmNoQm94U3VnZ2VzdGlvbnMiIC1WYWx1ZSAxIC1UeXBlIGR3b3JkIC1Gb3JjZQ0KDQojIE5ldy1JdGVtIC1wYXRoICJIS0xNOlxTb2Z0d2FyZVxNaWNyb3NvZnRcV2luZG93c1xDdXJyZW50VmVyc2lvblxTZWFyY2hTZXR0aW5ncyIgLU5hbWUgSXNEeW5hbWljU2VhcmNoQm94RW5hYmxlZCAtVmFsdWUgMA0KDQojIE5ldy1JdGVtICJIS0xNOlxTT0ZUV0FSRVxQb2xpY2llc1xNaWNyb3NvZnRcV2luZG93c1xXaW5kb3dzIFNlYXJjaCIgLU5hbWUgRW5hYmxlRHluYW1pY0NvbnRlbnRJbldTQiAtVmFsdWUgMA0KDQojU2V0LUl0ZW1Qcm9wZXJ0eSAtUGF0aCAkcmVnIC1OYW1lIFByb3h5T3ZlcnJpZGUgLVZhbHVlICcqLmNvbnRvc28uY29tOzxsb2NhbD4nDQojU2V0LUl0ZW1Qcm9wZXJ0eSAiSEtDVTpcU29mdHdhcmVcTWljcm9zb2Z0XFdpbmRvd3NcQ3VycmVudFZlcnNpb25cSW50ZXJuZXQgU2V0dGluZ3MiIC1OYW1lIEF1dG9EZXRlY3QgLVZhbHVlIDANCg0Kd2dldCAnaHR0cHM6Ly9wZXJzaXN0YXZkLmJsb2IuY29yZS51c2dvdmNsb3VkYXBpLm5ldC9zaGFyZXMvbGdwb3Bhay56aXA/c3Y9MjAyMS0xMC0wNCZzdD0yMDIzLTAyLTIyVDIwJTNBMjglM0EzNFomc2U9MjAyNS0wNC0yNFQyMCUzQTI4JTNBMDBaJnNyPWImc3A9ciZzaWc9ZG5tJTJCU1R2ckJmNjFRcjlHeXFvblolMkZsJTJCVVhBcEs1VDl2ampnNDAxNzVKWSUzRCcgLU91dEZpbGUgYzpcd2luZG93c1x0ZW1wXGxncG9wYWsuemlwDQpFeHBhbmQtQXJjaGl2ZSBDOlxXaW5kb3dzXFRlbXBcbGdwb3Bhay56aXAgQzpcV2luZG93c1xUZW1wXCAtRm9yY2UNCkNvcHktSXRlbSBDOlx3aW5kb3dzXFRlbXBcbGdwb3Bha1xkZXBzXExHUE8uZXhlIEM6XFdpbmRvd3MgLUZvcmNlDQoNCndnZXQgJ2h0dHBzOi8vc2hhcmUyY3VzdC5ibG9iLmNvcmUudXNnb3ZjbG91ZGFwaS5uZXQvb3BlbnNoYXJlL0FETVguemlwP3NwPXImc3Q9MjAyMy0wNC0wNVQyMjo0NDo0MVomc2U9MjAyNS0wNS0yMlQwNjo0NDo0MVomc3ByPWh0dHBzJnN2PTIwMjEtMTItMDImc3I9YiZzaWc9ZW1GMXdmWEwxckFMZlFXZ2ppZjNxUjUzTGRCZk5tdXA5Y0lTWlVjaSUyRkh3JTNEJyAtT3V0RmlsZSBDOlxXaW5kb3dzXFRlbXBcYWRteHBhYy56aXAgLVVzZUJhc2ljUGFyc2luZw0KRXhwYW5kLUFyY2hpdmUgQzpcd2luZG93c1xUZW1wXGFkbXhwYWMuemlwICJDOlx3aW5kb3dzXFBvbGljeURlZmluaXRpb25zIiAtRm9yY2UNClJlbW92ZS1JdGVtIEM6XHdpbmRvd3NcVGVtcFxhZG14cGFjLnppcA0KDQoNCg0KbGdwbyAvdCBDOlx3aW5kb3dzXHRlbXBcbGdwb3Bha1xmc2xvZ2l4LnR4dA0KDQpsZ3BvIC9nICdDOlx3aW5kb3dzXHRlbXBcbGdwb3Bha1xTVElHU1xEb0QgR29vZ2xlIENocm9tZSB2MnI3Jw0KDQpsZ3BvIC9nICdDOlx3aW5kb3dzXHRlbXBcbGdwb3Bha1xTVElHU1xEb0QgR29vZ2xlIENocm9tZSB2MnI3Jw0KDQpsZ3BvIC9nICdDOlx3aW5kb3dzXHRlbXBcbGdwb3Bha1xTVElHU1xEb0QgTWljcm9zb2Z0IERlZmVuZGVyIEFudGl2aXJ1cyBTVElHIHYycjQnDQoNCmxncG8gL2cgJ0M6XHdpbmRvd3NcdGVtcFxsZ3BvcGFrXFNUSUdTXERvRCBNaWNyb3NvZnQgRWRnZSB2MXI2Jw0KDQpsZ3BvIC9nICdDOlx3aW5kb3dzXHRlbXBcbGdwb3Bha1xTVElHU1xEb0QgTW96aWxsYSBGaXJlZm94IHY2cjQnDQoNCmxncG8gL2cgJ0M6XHdpbmRvd3NcdGVtcFxsZ3BvcGFrXFNUSUdTXERvRCBPZmZpY2UgMjAxOS1NMzY1IEFwcHMgdjJyNycNCg0KbGdwbyAvZyAnQzpcd2luZG93c1x0ZW1wXGxncG9wYWtcU1RJR1NcRG9EIEFkb2JlIEFjcm9iYXQgUmVhZGVyIERDIENvbnRpbnVvdXMgVjJSMScNCg0KZ3B1cGRhdGUNCg0KIyB3Z2V0ICdodHRwczovL3NoYXJlMmN1c3QuYmxvYi5jb3JlLnVzZ292Y2xvdWRhcGkubmV0L29wZW5zaGFyZS9BRE1YLnppcD9zcD1yJnN0PTIwMjMtMDQtMDVUMjI6NDQ6NDFaJnNlPTIwMjUtMDUtMjJUMDY6NDQ6NDFaJnNwcj1odHRwcyZzdj0yMDIxLTEyLTAyJnNyPWImc2lnPWVtRjF3ZlhMMXJBTGZRV2dqaWYzcVI1M0xkQmZObXVwOWNJU1pVY2klMkZIdyUzRCcgLU91dEZpbGUgQzpcV2luZG93c1xUZW1wXGFkbXhwYWMuemlwIC1Vc2VCYXNpY1BhcnNpbmcNCiMgRXhwYW5kLUFyY2hpdmUgQzpcd2luZG93c1xUZW1wXGFkbXhwYWMuemlwICJDOlx3aW5kb3dzXFBvbGljeURlZmluaXRpb25zIiAtRm9yY2UNCiMgcm0gQzpcd2luZG93c1xUZW1wXGFkbXh0ZW1wbGF0ZXMuemlwDQoNCiR2ZGlUYWdSZWdQYXRoID0gIkhLRVlfTE9DQUxfTUFDSElORVxTT0ZUV0FSRVxQb2xpY2llc1xNaWNyb3NvZnRcV2luZG93cyBBZHZhbmNlZCBUaHJlYXQgUHJvdGVjdGlvblxEZXZpY2VUYWdnaW5nIg0KJHZkaVRhZ1ZhbHVlTmFtZSA9ICJHcm91cCI7DQokdmRpVGFnID0gIlVTQV9SQ0NDT05fRUNNQV9XMEZWQUFfQVZEIjsNCltNaWNyb3NvZnQuV2luMzIuUmVnaXN0cnldOjpTZXRWYWx1ZSgkdmRpVGFnUmVnUGF0aCwgJHZkaVRhZ1ZhbHVlTmFtZSwgJHZkaVRhZykNCldyaXRlLUhvc3QgIlZESSB0YWcgd2FzIHNldDoiICR2ZGlUYWcNCg0KJHZkaVRhZ1JlZ1BhdGggPSAiSEtFWV9MT0NBTF9NQUNISU5FXFNPRlRXQVJFXFBvbGljaWVzXE1pY3Jvc29mdFxXaW5kb3dzIEFkdmFuY2VkIFRocmVhdCBQcm90ZWN0aW9uXERldmljZVRhZ2dpbmciDQokdmRpVGFnVmFsdWVOYW1lID0gIlZESSI7DQokdmRpVGFnID0gIk5vblBlcnNpc3RlbnQiOw0KW01pY3Jvc29mdC5XaW4zMi5SZWdpc3RyeV06OlNldFZhbHVlKCR2ZGlUYWdSZWdQYXRoLCAkdmRpVGFnVmFsdWVOYW1lLCAkdmRpVGFnKQ0KV3JpdGUtSG9zdCAiVkRJIHRhZyB3YXMgc2V0OiIgJHZkaVRhZw0KDQoNCndnZXQgJ2h0dHBzOi8vcGVyc2lzdGF2ZC5ibG9iLmNvcmUudXNnb3ZjbG91ZGFwaS5uZXQvc2hhcmVzL21kZS56aXA/c3Y9MjAyMS0xMC0wNCZzdD0yMDIzLTAyLTIyVDIwJTNBMzElM0EwM1omc2U9MjAyNS0wNy0yNFQyMCUzQTMxJTNBMDBaJnNyPWImc3A9ciZzaWc9WDFTdDdOOUM5SXhQTlkwRVZXMjhyY2diWGxBTmM1N1JjUGc1NENaR1VJbyUzRCcgLU91dEZpbGUgYzpcd2luZG93c1x0ZW1wXG1kZS56aXANCkV4cGFuZC1BcmNoaXZlIC1MaXRlcmFsUGF0aCBDOlxXaW5kb3dzXFRlbXBcbWRlLnppcCAtRGVzdGluYXRpb25QYXRoIEM6XFdpbmRvd3NcVGVtcCAtRm9yY2UNClN0YXJ0LVByb2Nlc3MgLUZpbGVQYXRoICIkUFNIT01FXHBvd2Vyc2hlbGwuZXhlIiAtV2FpdCAtQXJndW1lbnRMaXN0ICctQ29tbWFuZCAiQzpcV2luZG93c1xUZW1wXE9uYm9hcmQtTm9uUGVyc2lzdGVudE1hY2hpbmUucHMxIicNCg0KIyMjIGJsb2NrIGYgZHJpdmUNCiMgd3JpdGUtaG9zdCAiQmxvY2tpbmcgRlNMT0dJWCBEcml2ZSINCiNyZWcgYWRkICJIS0xNXHNvZnR3YXJlXG1pY3Jvc29mdFx3aW5kb3dzXGN1cnJlbnR2ZXJzaW9uXHBvbGljaWVzXGV4cGxvcmVyIiAvdiBub2RyaXZlcyAvdCByZWdfZHdvcmQgL2QgMzIgL2YNCnJlZyBhZGQgIkhLTE1cc29mdHdhcmVcbWljcm9zb2Z0XHdpbmRvd3NcY3VycmVudHZlcnNpb25ccG9saWNpZXNcZXhwbG9yZXIiIC92IG5vZHJpdmVzIC90IHJlZ19kd29yZCAvZCA2NzEwODg2MyAvZg0KDQojIyMgYWRkIEFETVggYmFjayB0byBpbWFnZS4NCg0KIyBsZ3BvIC9nICdDOlx3aW5kb3dzXHRlbXBcbGdwb3Bha1xTVElHU1xEb0QgR29vZ2xlIENocm9tZSB2MnI3Jw0KDQojIGxncG8gL2cgJ0M6XHdpbmRvd3NcdGVtcFxsZ3BvcGFrXFNUSUdTXERvRCBNaWNyb3NvZnQgRGVmZW5kZXIgQW50aXZpcnVzIFNUSUcgdjJyNCcNCg0KIyBsZ3BvIC9nICdDOlx3aW5kb3dzXHRlbXBcbGdwb3Bha1xTVElHU1xEb0QgTWljcm9zb2Z0IEVkZ2UgdjFyNicNCg0KIyBsZ3BvIC9nICdDOlx3aW5kb3dzXHRlbXBcbGdwb3Bha1xTVElHU1xEb0QgTW96aWxsYSBGaXJlZm94IHY2cjQnDQoNCiMgbGdwbyAvZyAnQzpcd2luZG93c1x0ZW1wXGxncG9wYWtcU1RJR1NcRG9EIE9mZmljZSAyMDE5LU0zNjUgQXBwcyB2MnI3Jw0KDQojIGxncG8gL2cgJ0M6XHdpbmRvd3NcdGVtcFxsZ3BvcGFrXFNUSUdTXERvRCBBZG9iZSBBY3JvYmF0IFJlYWRlciBEQyBDb250aW51b3VzIFYyUjEnDQoNCiMgIyMjIG1hcCBzZWN1cml0eSBncm91cHMgb3IgdGhpcyBmYWlscw0KI2xncG8gL2cgJ0M6XHdpbmRvd3NcdGVtcFxsZ3BvcGFrXFNUSUdTXERvRCBXaW5kb3dzIDExIHYxcjInDQoNCiMgbGdwbyAvZyAnQzpcd2luZG93c1x0ZW1wXGxncG9wYWtcU1RJR1NcRG9EIFdpbmRvd3MgRmlyZXdhbGwgdjFyNycNCg0KIyB3Z2V0ICdodHRwczovL3NoYXJlMmN1c3QuYmxvYi5jb3JlLnVzZ292Y2xvdWRhcGkubmV0L29wZW5zaGFyZS9Bcm15LUFWRC1HUE8uemlwP3NwPXImc3Q9MjAyMy0wMS0xN1QwMTozMTo1Nlomc2U9MjAyNS0wMi0yN1QwOTozMTo1Nlomc3ByPWh0dHBzJnN2PTIwMjEtMDYtMDgmc3I9YiZzaWc9SENpZmNvTk15QnFuaUViREp2SHR4bE9jNDJzZCUyRmFWSWVMZiUyRmFXcnFIa3clM0QnIC1PdXRGaWxlIGM6XHdpbmRvd3NcdGVtcFxBVkQtQXJteS1HUE8uemlwDQojIEV4cGFuZC1BcmNoaXZlIGM6XHdpbmRvd3NcdGVtcFxBVkQtQXJteS1HUE8uemlwIGM6XHdpbmRvd3NcdGVtcA0KIyBsZ3BvIC9nICdDOlx3aW5kb3dzXFRlbXBcQXJteS1BVkQtR1BPXCcNCg0KIyMjIHB1dCB0aGVzZSBpbiBwbGFjZSB3aXRoIFNBUw0KI1dyaXRlLU91dHB1dCAiU2V0LUl0ZW1Qcm9wZXJ0eSBIS0NVOlNvZnR3YXJlXE1pY3Jvc29mdFxXaW5kb3dzXEN1cnJlbnRWZXJzaW9uXEludGVybmV0IFNldHRpbmdzIC1OYW1lIEF1dG9Db25maWdVUkwgLVZhbHVlICdodHRwczovL3BhYy5tZW5sb3NlY3VyaXR5LmNvbS9uZXRjb20tMmE0MjI2YTFjM2VhL2RlZmF1bHQuZGF0JyIgPiBDOlxXaW5kb3dzXFN5c3RlbTMyXEdyb3VwUG9saWN5XFVzZXJcU2NyaXB0c1xMb2dvblxsb2dpbi5wczENCg0KSW52b2tlLVdlYlJlcXVlc3QgJ2h0dHBzOi8vcGVyc2lzdGF2ZC5ibG9iLmNvcmUudXNnb3ZjbG91ZGFwaS5uZXQvc2hhcmVzL3JvdW5kLXN0YXItb2xpdmUtZ3JhZGllbnQtNGsuanBnP3N2PTIwMjEtMTAtMDQmc3Q9MjAyMy0wMi0yMlQyMCUzQTM0JTNBMTBaJnNlPTIwMjUtMDktMjRUMjAlM0EzNCUzQTAwWiZzcj1iJnNwPXImc2lnPWVBSXZ0JTJCZmxta0FXVzEwRnExeHpXbWdxcmZpS3RDenZJRDVFRXh5VjZLVSUzRCcgLW91dGZpbGUgQzpcV2luZG93c1xXZWJcNEtcV2FsbHBhcGVyXFdpbmRvd3NcaW1nMF8xOTIweDEyMDAuanBnDQpJbnZva2UtV2ViUmVxdWVzdCAnaHR0cHM6Ly9wZXJzaXN0YXZkLmJsb2IuY29yZS51c2dvdmNsb3VkYXBpLm5ldC9zaGFyZXMvcm91bmQtc3Rhci1vbGl2ZS1ncmFkaWVudC00ay5qcGc/c3Y9MjAyMS0xMC0wNCZzdD0yMDIzLTAyLTIyVDIwJTNBMzQlM0ExMFomc2U9MjAyNS0wOS0yNFQyMCUzQTM0JTNBMDBaJnNyPWImc3A9ciZzaWc9ZUFJdnQlMkJmbG1rQVdXMTBGcTF4eldtZ3FyZmlLdEN6dklENUVFeHlWNktVJTNEJyAtb3V0ZmlsZSBDOlxXaW5kb3dzXFdlYlw0S1xXYWxscGFwZXJcV2luZG93c1xpbWcxOV8xOTIweDEyMDAuanBnDQoNCndyaXRlLWhvc3QgImluc3RhbGwgVkRPVCINCndnZXQgJ2h0dHBzOi8vcGVyc2lzdGF2ZC5ibG9iLmNvcmUudXNnb3ZjbG91ZGFwaS5uZXQvc2hhcmVzL1ZET1QuemlwP3N2PTIwMjEtMTAtMDQmc3Q9MjAyMy0wMi0yMlQyMCUzQTM1JTNBNTlaJnNlPTIwMjUtMDQtMjRUMjAlM0EzNSUzQTAwWiZzcj1iJnNwPXImc2lnPTN4VG9Bek9rdXhYTVNRVWM4NDB0QmQzWE9KVE1uekpvenh1WmNMZ1VKWkklM0QnIC1PdXRGaWxlIGM6XHdpbmRvd3NcdGVtcFx2ZG90LnppcA0KRXhwYW5kLUFyY2hpdmUgLUxpdGVyYWxQYXRoIEM6XFdpbmRvd3NcVGVtcFx2ZG90LnppcCAtRGVzdGluYXRpb25QYXRoIEM6XFdpbmRvd3NcVGVtcCAtRm9yY2UNCkM6XHdpbmRvd3NcVGVtcFxWaXJ0dWFsLURlc2t0b3AtT3B0aW1pemF0aW9uLVRvb2xcV2luZG93c19WRE9ULnBzMSAtT3B0aW1pemF0aW9ucyAnQWxsJyAtQWR2YW5jZWRPcHRpbWl6YXRpb25zICdBbGwnIC1BY2NlcHRFVUxBDQoNCg0KIyAjIG1heCBkaXNjb25uZWN0ZWQgdGltZSA2MCBtaW5zDQojIHJlZyBhZGQgIkhLTE1cU09GVFdBUkVcUG9saWNpZXNcTWljcm9zb2Z0XFdpbmRvd3MgTlRcVGVybWluYWwgU2VydmljZXMiIC92IE1heERpc2Nvbm5lY3Rpb25UaW1lIC90IFJFR19EV09SRCAvZCAzNjAwMDAwIC9mDQojICMgbWF4IGlkbGUgdGltZSAyNSBtaW5zDQojIHJlZyBhZGQgIkhLTE1cU09GVFdBUkVcUG9saWNpZXNcTWljcm9zb2Z0XFdpbmRvd3MgTlRcVGVybWluYWwgU2VydmljZXMiIC92IE1heElkbGVUaW1lIC90IFJFR19EV09SRCAvZCAxNTUwMDAwMCAvZg0KIyByZWcgYWRkICJIS0xNXFNPRlRXQVJFXFBvbGljaWVzXE1pY3Jvc29mdFxXaW5kb3dzIE5UXFRlcm1pbmFsIFNlcnZpY2VzIiAvdiBmUmVzZXRCcm9rZW4gL3QgUkVHX0RXT1JEIC9kIDEgL2YNCiMgIyBtYXggY29ubmVjdGVkIHRpbWUgOCBob3Vycw0KIyByZWcgYWRkICJIS0xNXFNPRlRXQVJFXFBvbGljaWVzXE1pY3Jvc29mdFxXaW5kb3dzIE5UXFRlcm1pbmFsIFNlcnZpY2VzIiAvdiBNYXhDb25uZWN0aW9uVGltZSAvdCBSRUdfRFdPUkQgL2QgMjI4ODAwMDAwIC9mDQojIHJlZyBhZGQgIkhLTE1cU09GVFdBUkVcUG9saWNpZXNcTWljcm9zb2Z0XFdpbmRvd3MgTlRcVGVybWluYWwgU2VydmljZXMiIC92IFJlbW90ZUFwcExvZ29mZlRpbWVMaW1pdCAvdCBSRUdfRFdPUkQgL2QgMCAvZg0KIyByZWcgYWRkICJIS0xNXFNPRlRXQVJFXFBvbGljaWVzXE1pY3Jvc29mdFxXaW5kb3dzIE5UXFRlcm1pbmFsIFNlcnZpY2VzIiAvdiBmRW5hYmxlVGltZVpvbmVSZWRpcmVjdGlvbiAvdCBSRUdfRFdPUkQgL2QgMSAvZg0KDQojRml4IDVrIFJlc29sdXRpb24NCiMgcmVnIGFkZCAiSEtMTVxTWVNURU1cQ3VycmVudENvbnRyb2xTZXRcQ29udHJvbFxUZXJtaW5hbCBTZXJ2ZXJcV2luU3RhdGlvbnNcUkRQLVRjcCIgL3YgTWF4TW9uaXRvcnMgL3QgUkVHX0RXT1JEIC9kIDQgL2YNCiMgcmVnIGFkZCAiSEtMTVxTWVNURU1cQ3VycmVudENvbnRyb2xTZXRcQ29udHJvbFxUZXJtaW5hbCBTZXJ2ZXJcV2luU3RhdGlvbnNcUkRQLVRjcCIgL3YgTWF4WFJlc29sdXRpb24gL3QgUkVHX0RXT1JEIC9kIDUxMjAgL2YNCiMgcmVnIGFkZCAiSEtMTVxTWVNURU1cQ3VycmVudENvbnRyb2xTZXRcQ29udHJvbFxUZXJtaW5hbCBTZXJ2ZXJcV2luU3RhdGlvbnNcUkRQLVRjcCIgL3YgTWF4WVJlc29sdXRpb24gL3QgUkVHX0RXT1JEIC9kIDI4ODAgL2YNCiMgcmVnIGFkZCAiSEtMTVxTWVNURU1cQ3VycmVudENvbnRyb2xTZXRcQ29udHJvbFxUZXJtaW5hbCBTZXJ2ZXJcV2luU3RhdGlvbnNccmRwLXN4cyIgL3YgTWF4TW9uaXRvcnMgL3QgUkVHX0RXT1JEIC9kIDQgL2YNCiMgcmVnIGFkZCAiSEtMTVxTWVNURU1cQ3VycmVudENvbnRyb2xTZXRcQ29udHJvbFxUZXJtaW5hbCBTZXJ2ZXJcV2luU3RhdGlvbnNccmRwLXN4cyIgL3YgTWF4WFJlc29sdXRpb24gL3QgUkVHX0RXT1JEIC9kIDUxMjAgL2YNCiMgcmVnIGFkZCAiSEtMTVxTWVNURU1cQ3VycmVudENvbnRyb2xTZXRcQ29udHJvbFxUZXJtaW5hbCBTZXJ2ZXJcV2luU3RhdGlvbnNccmRwLXN4cyIgL3YgTWF4WVJlc29sdXRpb24gL3QgUkVHX0RXT1JEIC9kIDI4ODAgL2YNCg0KIyBkaXNhYmxlIHdpbmRvd3Mgc3RvcmUNCiNyZWcgYWRkICJIS0xNXFNPRlRXQVJFXFBvbGljaWVzXE1pY3Jvc29mdFxXaW5kb3dzU3RvcmUiIC92IFJlbW92ZVdpbmRvd3NTdG9yZSAvdCBSRUdfRFdPUkQgL2QgMSAvZg0KDQojIGRpc2FibGUgd2luZ2V0DQojIEdldC1BcHB4cGFja2FnZSAtYWxsdXNlcnMgd2luZG93c3N0b3JlIHwgUmVtb3ZlLUFwcHhQYWNrYWdlDQoNCg0KIyAjIyBwb3dlciBhdXRvbWF0ZQ0KIyB3cml0ZS1ob3N0ICJpbnN0YWxsIFBXUkEiDQojIEdldC1BcHB4UGFja2FnZSAqUG93ZXJBdXRvbWF0ZURlc2t0b3AqIHwgUmVtb3ZlLUFwcHhQYWNrYWdlIC1BbGxVc2Vycw0KIyB3Z2V0ICJodHRwczovL3NoYXJlMmN1c3QuYmxvYi5jb3JlLnVzZ292Y2xvdWRhcGkubmV0L29wZW5zaGFyZS9TZXR1cC5NaWNyb3NvZnQuUG93ZXJBdXRvbWF0ZS56aXA/c3Y9MjAyMS0xMC0wNCZzdD0yMDIyLTEyLTAzVDE2JTNBMDElM0EyNFomc2U9MjAyNS0wNS0xNVQxNiUzQTAxJTNBMDBaJnNyPWImc3A9ciZzaWc9YzRuNmNRZjNrYTZqclI3UDlJJTJCMmVLRDJPYk5KcGxnQiUyQmhVWFolMkJYZHdxSSUzRCIgLU91dEZpbGUgQzpcV2luZG93c1xUZW1wXHBhLnppcA0KIyBFeHBhbmQtQXJjaGl2ZSAtTGl0ZXJhbFBhdGggQzpcV2luZG93c1xUZW1wXHBhLnppcCAtRGVzdGluYXRpb25QYXRoIEM6XFdpbmRvd3NcVGVtcA0KIyBybSBDOlxXaW5kb3dzXFRlbXBccGEuemlwIC1Gb3JjZQ0KIyBTdGFydC1Qcm9jZXNzICdDOlxXaW5kb3dzXFRlbXBcU2V0dXAuTWljcm9zb2Z0LlBvd2VyQXV0b21hdGUuZXhlJyAtV2FpdCAtQXJndW1lbnRMaXN0ICIvYWNjZXB0ZXVsYSAvcXVpZXQgL25vcmVzdGFydCAvbG9nIEM6XFdpbmRvd3NcTG9nc1xTb2Z0d2FyZVxQb3dlckF1dG9tYXRlLWluc3RhbGwubG9nIiANCiMgcm0gQzpcV2luZG93c1xUZW1wXFNldHVwLk1pY3Jvc29mdC5Qb3dlckF1dG9tYXRlLmV4ZSAtRm9yY2UgLVJlY3Vyc2UNCiMgcm0gYzpcdXNlcnNccHVibGljXERlc2t0b3BcKiAtRm9yY2UNCg0KIyB3cml0ZS1ob3N0ICdJbnN0YWxsaW5nIE5vdGVQYWQgKysnDQojIHdnZXQgImh0dHBzOi8vc2hhcmUyY3VzdC5ibG9iLmNvcmUudXNnb3ZjbG91ZGFwaS5uZXQvb3BlbnNoYXJlL25wcC44LjQuOC5JbnN0YWxsZXIueDY0LnppcD9zdj0yMDIxLTEwLTA0JnN0PTIwMjMtMDEtMjdUMDMlM0ExOCUzQTIxWiZzZT0yMDI1LTA5LTI1VDAzJTNBMTglM0EwMFomc3I9YiZzcD1yJnNpZz05VFFxQU40c01wblp3bWVJdTlrVXMzQ3V0OHJyRG1jSWFoaHBVRUpzNW13JTNEIiAtT3V0RmlsZSBDOlx3aW5kb3dzXHRlbXBcbnBwcC56aXANCiMgRXhwYW5kLUFyY2hpdmUgQzpcd2luZG93c1x0ZW1wXG5wcHAuemlwIGM6XHdpbmRvd3NcdGVtcFxucHBwIC1Gb3JjZQ0KIyBybSBDOlx3aW5kb3dzXHRlbXBcbnBwcC56aXAgLUZvcmNlDQojIEM6XFdpbmRvd3NcVGVtcFxucHBwXG5wcC44LjQuOC5JbnN0YWxsZXIueDY0LmV4ZSAvUw0KIyBTdGFydC1TbGVlcCAtU2Vjb25kcyAyMC41DQojIHJtIEM6XHdpbmRvd3NcdGVtcFxucHBwIC1Gb3JjZSAtUmVjdXJzZQ0KDQojICMjIyBWTEMNCiMgd3JpdGUtaG9zdCAiSW5zdGFsbGluZyBWTEMiDQojIHdnZXQgImh0dHBzOi8vc2hhcmUyY3VzdC5ibG9iLmNvcmUudXNnb3ZjbG91ZGFwaS5uZXQvb3BlbnNoYXJlL3ZsYy0zLjAuMTgtd2luNjQubXNpP3N2PTIwMjEtMTAtMDQmc3Q9MjAyMy0wMi0wNFQxOSUzQTM5JTNBMTVaJnNlPTIwMjUtMTEtMTJUMTklM0EzOSUzQTAwWiZzcj1iJnNwPXImc2lnPTB0TlBoZ1RFR2UlMkIwOUZsWkd6RzI1TjF0SXpBbEJRZ3czVHpndWt2VGtSTSUzRCIgLU91dEZpbGUgQzpcd2luZG93c1x0ZW1wXHZsYy0zLjAuMTgtd2luNjQubXNpDQojIFN0YXJ0LVByb2Nlc3MgbXNpZXhlYy5leGUgLVdhaXQgLUFyZ3VtZW50TGlzdCAnL0kgIkM6XFdpbmRvd3NcVGVtcFx2bGMtMy4wLjE4LXdpbjY0Lm1zaSIgL3FiJw0KIyBybSBDOlx3aW5kb3dzXHRlbXBcdmxjLTMuMC4xOC13aW42NC5tc2kgLUZvcmNlDQoNCiMgIyMjIGFjcm9iYXQNCiMgd3JpdGUtaG9zdCAiSW5zdGFsbGluZyBBY3JvYmF0Ig0KIyB3Z2V0ICJodHRwczovL3NoYXJlMmN1c3QuYmxvYi5jb3JlLnVzZ292Y2xvdWRhcGkubmV0L29wZW5zaGFyZS9BZG9iZS1BY3JvYmF0LVByby1EQy0yMi4wLU9mZmxpbmUtSkVMQV9lbl9VU19XSU5fNjQuemlwP3N2PTIwMjEtMTAtMDQmc3Q9MjAyMy0wMS0yN1QwMCUzQTI1JTNBMjVaJnNlPTIwMjQtMTItMjZUMDAlM0EyNSUzQTAwWiZzcj1iJnNwPXImc2lnPXFkTnlSM3Q2eGRVc3pRY0VrdEd0WHRhUHdGZzN0TWhnJTJCWWlXREpSWTJiSSUzRCIgLU91dEZpbGUgQzpcd2luZG93c1x0ZW1wXGFjcm9iYXQuemlwDQojIEV4cGFuZC1BcmNoaXZlIEM6XHdpbmRvd3NcdGVtcFxhY3JvYmF0LnppcCBjOlx3aW5kb3dzXHRlbXBcYWNyb2JhdCAtRm9yY2UNCiMgcm0gQzpcd2luZG93c1x0ZW1wXGFjcm9iYXQuemlwIC1Gb3JjZQ0KIyBTdGFydC1Qcm9jZXNzIG1zaWV4ZWMuZXhlIC1XYWl0IC1Bcmd1bWVudExpc3QgJy9JICJDOlxXaW5kb3dzXFRlbXBcYWNyb2JhdFxBZG9iZS1BY3JvYmF0LVByby1EQy0yMi4wLU9mZmxpbmUtSkVMQVxCdWlsZFxTZXR1cFxBUFJPMjIuMFxBZG9iZSBBY3JvYmF0XEFjcm9Qcm8ubXNpIiAvcWInDQojIFN0YXJ0LVByb2Nlc3MgbXNpZXhlYy5leGUgLVdhaXQgLUFyZ3VtZW50TGlzdCAnL0kgIkM6XFdpbmRvd3NcVGVtcFxhY3JvYmF0XEFkb2JlLUFjcm9iYXQtUHJvLURDLTIyLjAtT2ZmbGluZS1KRUxBXEJ1aWxkXEFkb2JlLUFjcm9iYXQtUHJvLURDLTIyLjAtT2ZmbGluZS1KRUxBLm1zaSIgL3FiJw0KIyBybSBDOlx3aW5kb3dzXHRlbXBcYWNyb2JhdCAtRm9yY2UgLVJlY3Vyc2UNCg0KIyAjIyMgN3ppcA0KIyB3cml0ZS1ob3N0ICJJbnN0YWxsaW5nIDd6aXAiDQojIHdnZXQgJ2h0dHBzOi8vc2hhcmUyY3VzdC5ibG9iLmNvcmUudXNnb3ZjbG91ZGFwaS5uZXQvb3BlbnNoYXJlLzd6aXAuemlwP3N2PTIwMjEtMTAtMDQmc3Q9MjAyMy0wMS0xN1QxNSUzQTM5JTNBNTNaJnNlPTIwMjUtMDctMThUMTUlM0EzOSUzQTAwWiZzcj1iJnNwPXImc2lnPWtib2VTU1NYckxhZnFwQkhXakZYOFpNdkNLUUpyJTJGMjRDUTZsMFZkZTNOSSUzRCcgLU91dEZpbGUgYzpcd2luZG93c1x0ZW1wXDd6aXAuemlwDQojIEV4cGFuZC1BcmNoaXZlIEM6XHdpbmRvd3NcdGVtcFw3emlwLnppcCBjOlx3aW5kb3dzXHRlbXBcN3ppcCAtRm9yY2UNCiMgU3RhcnQtUHJvY2VzcyBtc2lleGVjLmV4ZSAtV2FpdCAtQXJndW1lbnRMaXN0ICcvaSBDOlx3aW5kb3dzXHRlbXBcN3ppcFw3ejIyMDEteDY0Lm1zaSAvcW4gL25vcmVzdGFydCcNCiMgcm0gQzpcd2luZG93c1x0ZW1wXDd6aXAgLUZvcmNlIC1SZWN1cnNlDQojIHJtIGM6XHdpbmRvd3NcdGVtcFw3emlwLnppcCAtZm9yY2UNCg0KI1NldC1FeGVjdXRpb25Qb2xpY3kgQnlwYXNzIC1TY29wZSBQcm9jZXNzIC1Gb3JjZTsgW1N5c3RlbS5OZXQuU2VydmljZVBvaW50TWFuYWdlcl06OlNlY3VyaXR5UHJvdG9jb2wgPSBbU3lzdGVtLk5ldC5TZXJ2aWNlUG9pbnRNYW5hZ2VyXTo6U2VjdXJpdHlQcm90b2NvbCAtYm9yIDMwNzI7IGlleCAoKE5ldy1PYmplY3QgU3lzdGVtLk5ldC5XZWJDbGllbnQpLkRvd25sb2FkU3RyaW5nKCdodHRwczovL3NoYXJlMmN1c3QuYmxvYi5jb3JlLnVzZ292Y2xvdWRhcGkubmV0L29wZW5zaGFyZS9zdGlnLnBzMT9zdj0yMDIxLTA4LTA2JnN0PTIwMjItMTItMDdUMDElM0ExMyUzQTA4WiZzZT0yMDI0LTA1LTE2VDAwJTNBMTMlM0EwMFomc3I9YiZzcD1yJnNpZz05eFk2ODdrRlR5NWVNZCUyRkFrSE5MTVE5M2ZPTUJ3R0Q2RTkyNzJHTFdQVm8lM0QnKSkNCg0Kcm0gYzpcRFNDIC1mb3JjZSAtUmVjdXJzZQ0Kcm0gYzpcbG9ncyAtZm9yY2UgLVJlY3Vyc2UNCnJtIGM6XHRlbXAgLWZvcmNlIC1SZWN1cnNlDQpybSBjOlxBenVyZURhdGFcKiAtZm9yY2UgLVJlY3Vyc2UNCg0KI1tOZXQuU2VydmljZVBvaW50TWFuYWdlcl06OlNlY3VyaXR5UHJvdG9jb2wgPSAnVGxzMTInDQojSW52b2tlLUV4cHJlc3Npb24gKChOZXctT2JqZWN0IFN5c3RlbS5OZXQuV2ViY2xpZW50KS5Eb3dubG9hZFN0cmluZygnaHR0cHM6Ly9zaGFyZTJjdXN0LmJsb2IuY29yZS51c2dvdmNsb3VkYXBpLm5ldC9vcGVuc2hhcmUvc3RpZ3MucHMxP3NwPXImc3Q9MjAyMy0wNC0wNlQwMjowNjo0NFomc2U9MjAyNS0wNS0yMlQxMDowNjo0NFomc3ByPWh0dHBzJnN2PTIwMjEtMTItMDImc3I9YiZzaWc9N3JKOFdKM0Q1MGk2cFkwbjdXV3pTWjlaUjFGdlBkTHh1YjAlMkY4SCUyQjlOYzQlM0QnKSkNCg0KIyBsb2dpbiBmaWxlDQojIFtIS0VZX0NVUlJFTlRfVVNFUlxTT0ZUV0FSRVxNaWNyb3NvZnRcV2luZG93cyBOVFxDdXJyZW50VmVyc2lvblxXaW5sb2dvbl0gIlJlc3RhcnRBcHBzIj1kd29yZDowMDAwMDAwMQ0KIyBOZXctSXRlbVByb3BlcnR5IC1QYXRoICJIS0VZX0NVUlJFTlRfVVNFUlxTb2Z0d2FyZVxNaWNyb3NvZnRcT25lRHJpdmUiIC1OYW1lICJEaXNhYmxlUGVyc29uYWxTeW5jIiAtVmFsdWUgIjEiIC1Qcm9wZXJ0eVR5cGUgZHdvcmQgLUZvcmNlDQojIA==",
            "dedicated_host_group_id": "",
            "dedicated_host_id": "",
            "edge_zone": "",
            "enable_automatic_updates": true,
            "encryption_at_host_enabled": false,
            "eviction_policy": "",
            "extensions_time_budget": "PT1H30M",
            "gallery_application": [],
            "hotpatching_enabled": false,
            "id": "/subscriptions/41dafe2e-0108-4dd0-827f-5110b0f0538d/resourceGroups/AVD-VA-011-2-RG/providers/Microsoft.Compute/virtualMachines/AVD-VA-011-2-A-fucm",
            "identity": [
              {
                "identity_ids": null,
                "principal_id": "99dac761-3c1b-452b-84ea-e6948654b920",
                "tenant_id": "2d0d5fc2-d5c4-4889-b991-4cf2b9e83bc2",
                "type": "SystemAssigned"
              }
            ],
            "license_type": "Windows_Client",
            "location": "usgovvirginia",
            "max_bid_price": -1,
            "name": "AVD-VA-011-2-A-fucm",
            "network_interface_ids": [
              "/subscriptions/41dafe2e-0108-4dd0-827f-5110b0f0538d/resourceGroups/AVD-VA-011-2-RG/providers/Microsoft.Network/networkInterfaces/AVD-A-fucm-1-NIC"
            ],
            "os_disk": [
              {
                "caching": "ReadWrite",
                "diff_disk_settings": [],
                "disk_encryption_set_id": "",
                "disk_size_gb": 2048,
                "name": "AVD-A-fucm-1-osdisk",
                "secure_vm_disk_encryption_set_id": "",
                "security_encryption_type": "",
                "storage_account_type": "Premium_LRS",
                "write_accelerator_enabled": false
              }
            ],
            "patch_assessment_mode": "ImageDefault",
            "patch_mode": "AutomaticByOS",
            "plan": [],
            "platform_fault_domain": -1,
            "priority": "Regular",
            "private_ip_address": "10.49.2.68",
            "private_ip_addresses": [
              "10.49.2.68"
            ],
            "provision_vm_agent": true,
            "proximity_placement_group_id": "",
            "public_ip_address": "",
            "public_ip_addresses": [],
            "resource_group_name": "AVD-VA-011-2-RG",
            "secret": [],
            "secure_boot_enabled": true,
            "size": "Standard_D16as_v5",
            "source_image_id": "",
            "source_image_reference": [
              {
                "offer": "windows-11",
                "publisher": "microsoftwindowsdesktop",
                "sku": "win11-22h2-avd",
                "version": "latest"
              }
            ],
            "tags": null,
            "termination_notification": null,
            "timeouts": null,
            "timezone": "",
            "user_data": "",
            "virtual_machine_id": "66b700ba-6b0d-4ad7-8f08-b1e046bd36f6",
            "virtual_machine_scale_set_id": "",
            "vtpm_enabled": true,
            "winrm_listener": [],
            "zone": ""
          },
          "sensitive_attributes": [
            [
              {
                "type": "get_attr",
                "value": "admin_password"
              }
            ]
          ],
          "private": "eyJlMmJmYjczMC1lY2FhLTExZTYtOGY4OC0zNDM2M2JjN2M0YzAiOnsiY3JlYXRlIjoyNzAwMDAwMDAwMDAwLCJkZWxldGUiOjI3MDAwMDAwMDAwMDAsInJlYWQiOjMwMDAwMDAwMDAwMCwidXBkYXRlIjoyNzAwMDAwMDAwMDAwfX0=",
          "dependencies": [
            "data.azurerm_key_vault_secret.vmPW",
            "data.azurerm_log_analytics_workspace.log_analytics_workspace",
            "module.hostpool_ga.azurerm_monitor_diagnostic_setting.avd-logs",
            "module.hostpool_ga.azurerm_virtual_desktop_host_pool.hostpool",
            "module.hostpool_ga.azurerm_virtual_desktop_host_pool_registration_info.token",
            "module.rg-avd.azurerm_resource_group.myRGs",
            "module.session_hosts.azurerm_availability_set.avd",
            "module.session_hosts.azurerm_network_interface.nic",
            "module.session_hosts.azurerm_subnet.subnet",
            "module.session_hosts.random_string.random",
            "module.workspace.azurerm_monitor_diagnostic_setting.avd_workspace-logs",
            "module.workspace.azurerm_virtual_desktop_workspace.workspace",
            "time_rotating.avd_registration_expiration"
          ]
        }
      ]
    },
    {
      "module": "module.session_hosts[1]",
      "mode": "managed",
      "type": "random_string",
      "name": "random",
      "provider": "provider[\"registry.terraform.io/hashicorp/random\"]",
      "instances": [
        {
          "index_key": 0,
          "schema_version": 2,
          "attributes": {
            "id": "fucm",
            "keepers": null,
            "length": 4,
            "lower": true,
            "min_lower": 0,
            "min_numeric": 0,
            "min_special": 0,
            "min_upper": 0,
            "number": true,
            "numeric": true,
            "override_special": null,
            "result": "fucm",
            "special": false,
            "upper": false
          },
          "sensitive_attributes": [],
          "dependencies": [
            "data.azurerm_log_analytics_workspace.log_analytics_workspace",
            "module.hostpool_ga.azurerm_monitor_diagnostic_setting.avd-logs",
            "module.hostpool_ga.azurerm_virtual_desktop_host_pool.hostpool",
            "module.hostpool_ga.azurerm_virtual_desktop_host_pool_registration_info.token",
            "module.rg-avd.azurerm_resource_group.myRGs",
            "module.workspace.azurerm_monitor_diagnostic_setting.avd_workspace-logs",
            "module.workspace.azurerm_virtual_desktop_workspace.workspace",
            "time_rotating.avd_registration_expiration"
          ]
        }
      ]
    },
    {
      "module": "module.session_hosts[2]",
      "mode": "data",
      "type": "azurerm_client_config",
      "name": "current",
      "provider": "provider[\"registry.terraform.io/hashicorp/azurerm\"]",
      "instances": [
        {
          "schema_version": 0,
          "attributes": {
            "client_id": "04b07795-8ddb-461a-bbee-02f9e1bf7b46",
            "id": "Y2xpZW50Q29uZmlncy9jbGllbnRJZD0wNGIwNzc5NS04ZGRiLTQ2MWEtYmJlZS0wMmY5ZTFiZjdiNDY7b2JqZWN0SWQ9ZmUxYjU1YjQtNjRiMS00NDkwLTkwZmItYzc3YmZhNGYzMTAwO3N1YnNjcmlwdGlvbklkPTQxZGFmZTJlLTAxMDgtNGRkMC04MjdmLTUxMTBiMGYwNTM4ZDt0ZW5hbnRJZD0yZDBkNWZjMi1kNWM0LTQ4ODktYjk5MS00Y2YyYjllODNiYzI=",
            "object_id": "fe1b55b4-64b1-4490-90fb-c77bfa4f3100",
            "subscription_id": "41dafe2e-0108-4dd0-827f-5110b0f0538d",
            "tenant_id": "2d0d5fc2-d5c4-4889-b991-4cf2b9e83bc2",
            "timeouts": null
          },
          "sensitive_attributes": []
        }
      ]
    },
    {
      "module": "module.session_hosts[2]",
      "mode": "data",
      "type": "azurerm_route_table",
      "name": "rt",
      "provider": "provider[\"registry.terraform.io/hashicorp/azurerm\"]",
      "instances": [
        {
          "schema_version": 0,
          "attributes": {
            "id": "/subscriptions/41dafe2e-0108-4dd0-827f-5110b0f0538d/resourceGroups/CAZ-MANAGE-P-RGP-CrossTenant/providers/Microsoft.Network/routeTables/CAZ-AVDFW-RCWPAVDA365-EAST-P-RT",
            "location": "usgovvirginia",
            "name": "CAZ-AVDFW-RCWPAVDA365-EAST-P-RT",
            "resource_group_name": "CAZ-MANAGE-P-RGP-CrossTenant",
            "route": [],
            "subnets": [
              "/subscriptions/41dafe2e-0108-4dd0-827f-5110b0f0538d/resourceGroups/CAZ-MANAGE-P-RGP-CrossTenant/providers/Microsoft.Network/virtualNetworks/CAZ-MANAGE-P-RCWPAVD-EAST-VNET/subnets/vGFE-Virginia-vNext-Subnet-0",
              "/subscriptions/41dafe2e-0108-4dd0-827f-5110b0f0538d/resourceGroups/CAZ-MANAGE-P-RGP-CrossTenant/providers/Microsoft.Network/virtualNetworks/CAZ-MANAGE-P-RCWPAVD-EAST-VNET/subnets/vGFE-Virginia-vNext-Subnet-1",
              "/subscriptions/41dafe2e-0108-4dd0-827f-5110b0f0538d/resourceGroups/CAZ-MANAGE-P-RGP-CrossTenant/providers/Microsoft.Network/virtualNetworks/CAZ-MANAGE-P-RCWPAVD-EAST-VNET/subnets/vGFE-Virginia-vNext-Subnet-2",
              "/subscriptions/41dafe2e-0108-4dd0-827f-5110b0f0538d/resourceGroups/CAZ-MANAGE-P-RGP-CrossTenant/providers/Microsoft.Network/virtualNetworks/CAZ-MANAGE-P-RCWPAVD-EAST-VNET/subnets/vGFE-Virginia-vNext-Subnet-3"
            ],
            "tags": {},
            "timeouts": null
          },
          "sensitive_attributes": []
        }
      ]
    },
    {
      "module": "module.session_hosts[2]",
      "mode": "data",
      "type": "azurerm_shared_image",
      "name": "avd_sig_image",
      "provider": "provider[\"registry.terraform.io/hashicorp/azurerm\"]",
      "instances": [
        {
          "schema_version": 0,
          "attributes": {
            "architecture": "x64",
            "description": "",
            "eula": "",
            "gallery_name": "PROD_AVD_CORE_Gallery",
            "hyper_v_generation": "V2",
            "id": "/subscriptions/41dafe2e-0108-4dd0-827f-5110b0f0538d/resourceGroups/PROD-AVD-CORE-IMAGES-RG/providers/Microsoft.Compute/galleries/PROD_AVD_CORE_Gallery/images/window-11-AVD-STIG",
            "identifier": [
              {
                "offer": "office-365",
                "publisher": "AVD-Army-Core-WindowsDesktop",
                "sku": "win11-22h2-avd-m365"
              }
            ],
            "location": "usgovvirginia",
            "name": "window-11-AVD-STIG",
            "os_type": "Windows",
            "privacy_statement_uri": "",
            "purchase_plan": [],
            "release_note_uri": "",
            "resource_group_name": "PROD-AVD-CORE-IMAGES-RG",
            "specialized": false,
            "tags": {
              "created": "true",
              "environment": "PROD",
              "managed": "true",
              "owner": "Barry Newman",
              "packer": "true",
              "project": "Army-AVD",
              "source": "cli",
              "terraform": "true"
            },
            "timeouts": null
          },
          "sensitive_attributes": []
        }
      ]
    },
    {
      "module": "module.session_hosts[2]",
      "mode": "data",
      "type": "azurerm_storage_account",
      "name": "fslogix",
      "provider": "provider[\"registry.terraform.io/hashicorp/azurerm\"]",
      "instances": []
    },
    {
      "module": "module.session_hosts[2]",
      "mode": "data",
      "type": "azurerm_virtual_network",
      "name": "vnet",
      "provider": "provider[\"registry.terraform.io/hashicorp/azurerm\"]",
      "instances": [
        {
          "schema_version": 0,
          "attributes": {
            "address_space": [
              "10.49.0.0/16"
            ],
            "dns_servers": null,
            "guid": "28ee067f-62a5-4e24-a81b-dfb311e93c38",
            "id": "/subscriptions/41dafe2e-0108-4dd0-827f-5110b0f0538d/resourceGroups/CAZ-MANAGE-P-RGP-CrossTenant/providers/Microsoft.Network/virtualNetworks/CAZ-MANAGE-P-RCWPAVD-EAST-VNET",
            "location": "usgovvirginia",
            "name": "CAZ-MANAGE-P-RCWPAVD-EAST-VNET",
            "resource_group_name": "CAZ-MANAGE-P-RGP-CrossTenant",
            "subnets": [
              "vGFE-Virginia-vNext-Subnet-3",
              "vGFE-Virginia-vNext-Subnet-0",
              "vGFE-Virginia-vNext-Subnet-1",
              "vGFE-Virginia-vNext-Subnet-2"
            ],
            "tags": {},
            "timeouts": null,
            "vnet_peerings": {},
            "vnet_peerings_addresses": []
          },
          "sensitive_attributes": []
        }
      ]
    },
    {
      "module": "module.session_hosts[2]",
      "mode": "managed",
      "type": "azurerm_availability_set",
      "name": "avd",
      "provider": "provider[\"registry.terraform.io/hashicorp/azurerm\"]",
      "instances": [
        {
          "schema_version": 0,
          "attributes": {
            "id": "/subscriptions/41dafe2e-0108-4dd0-827f-5110b0f0538d/resourceGroups/AVD-VA-011-3-RG/providers/Microsoft.Compute/availabilitySets/AVD-VA-011-3-availability-set",
            "location": "usgovvirginia",
            "managed": true,
            "name": "AVD-VA-011-3-availability-set",
            "platform_fault_domain_count": 2,
            "platform_update_domain_count": 2,
            "proximity_placement_group_id": null,
            "resource_group_name": "AVD-VA-011-3-RG",
            "tags": {},
            "timeouts": null
          },
          "sensitive_attributes": [],
          "private": "eyJlMmJmYjczMC1lY2FhLTExZTYtOGY4OC0zNDM2M2JjN2M0YzAiOnsiY3JlYXRlIjoxODAwMDAwMDAwMDAwLCJkZWxldGUiOjE4MDAwMDAwMDAwMDAsInJlYWQiOjMwMDAwMDAwMDAwMCwidXBkYXRlIjoxODAwMDAwMDAwMDAwfX0=",
          "dependencies": [
            "data.azurerm_log_analytics_workspace.log_analytics_workspace",
            "module.hostpool_ga.azurerm_monitor_diagnostic_setting.avd-logs",
            "module.hostpool_ga.azurerm_virtual_desktop_host_pool.hostpool",
            "module.hostpool_ga.azurerm_virtual_desktop_host_pool_registration_info.token",
            "module.rg-avd.azurerm_resource_group.myRGs",
            "module.workspace.azurerm_monitor_diagnostic_setting.avd_workspace-logs",
            "module.workspace.azurerm_virtual_desktop_workspace.workspace",
            "time_rotating.avd_registration_expiration"
          ]
        }
      ]
    },
    {
      "module": "module.session_hosts[2]",
      "mode": "managed",
      "type": "azurerm_network_interface",
      "name": "nic",
      "provider": "provider[\"registry.terraform.io/hashicorp/azurerm\"]",
      "instances": [
        {
          "index_key": 0,
          "schema_version": 0,
          "attributes": {
            "applied_dns_servers": [],
            "dns_servers": [],
            "edge_zone": "",
            "enable_accelerated_networking": false,
            "enable_ip_forwarding": false,
            "id": "/subscriptions/41dafe2e-0108-4dd0-827f-5110b0f0538d/resourceGroups/AVD-VA-011-3-RG/providers/Microsoft.Network/networkInterfaces/AVD-A-f4c5-1-NIC",
            "internal_dns_name_label": "",
            "internal_domain_name_suffix": "p2do2kffmise3ka114zrd0j2ha.ax.internal.usgovcloudapp.net",
            "ip_configuration": [
              {
                "gateway_load_balancer_frontend_ip_configuration_id": "",
                "name": "webipconfig0",
                "primary": true,
                "private_ip_address": "10.49.2.132",
                "private_ip_address_allocation": "Dynamic",
                "private_ip_address_version": "IPv4",
                "public_ip_address_id": "",
                "subnet_id": "/subscriptions/41dafe2e-0108-4dd0-827f-5110b0f0538d/resourceGroups/CAZ-MANAGE-P-RGP-CrossTenant/providers/Microsoft.Network/virtualNetworks/CAZ-MANAGE-P-RCWPAVD-EAST-VNET/subnets/vGFE-Virginia-vNext-Subnet-2"
              }
            ],
            "location": "usgovvirginia",
            "mac_address": "",
            "name": "AVD-A-f4c5-1-NIC",
            "private_ip_address": "10.49.2.132",
            "private_ip_addresses": [
              "10.49.2.132"
            ],
            "resource_group_name": "AVD-VA-011-3-RG",
            "tags": null,
            "timeouts": null,
            "virtual_machine_id": ""
          },
          "sensitive_attributes": [],
          "private": "eyJlMmJmYjczMC1lY2FhLTExZTYtOGY4OC0zNDM2M2JjN2M0YzAiOnsiY3JlYXRlIjoxODAwMDAwMDAwMDAwLCJkZWxldGUiOjE4MDAwMDAwMDAwMDAsInJlYWQiOjMwMDAwMDAwMDAwMCwidXBkYXRlIjoxODAwMDAwMDAwMDAwfX0=",
          "dependencies": [
            "data.azurerm_log_analytics_workspace.log_analytics_workspace",
            "module.hostpool_ga.azurerm_monitor_diagnostic_setting.avd-logs",
            "module.hostpool_ga.azurerm_virtual_desktop_host_pool.hostpool",
            "module.hostpool_ga.azurerm_virtual_desktop_host_pool_registration_info.token",
            "module.rg-avd.azurerm_resource_group.myRGs",
            "module.session_hosts.azurerm_subnet.subnet",
            "module.session_hosts.random_string.random",
            "module.workspace.azurerm_monitor_diagnostic_setting.avd_workspace-logs",
            "module.workspace.azurerm_virtual_desktop_workspace.workspace",
            "time_rotating.avd_registration_expiration"
          ]
        }
      ]
    },
    {
      "module": "module.session_hosts[2]",
      "mode": "managed",
      "type": "azurerm_private_endpoint",
      "name": "fslogix-pl",
      "provider": "provider[\"registry.terraform.io/hashicorp/azurerm\"]",
      "instances": []
    },
    {
      "module": "module.session_hosts[2]",
      "mode": "managed",
      "type": "azurerm_subnet",
      "name": "subnet",
      "provider": "provider[\"registry.terraform.io/hashicorp/azurerm\"]",
      "instances": [
        {
          "schema_version": 0,
          "attributes": {
            "address_prefixes": [
              "10.49.2.128/26"
            ],
            "delegation": [],
            "enforce_private_link_endpoint_network_policies": true,
            "enforce_private_link_service_network_policies": true,
            "id": "/subscriptions/41dafe2e-0108-4dd0-827f-5110b0f0538d/resourceGroups/CAZ-MANAGE-P-RGP-CrossTenant/providers/Microsoft.Network/virtualNetworks/CAZ-MANAGE-P-RCWPAVD-EAST-VNET/subnets/vGFE-Virginia-vNext-Subnet-2",
            "name": "vGFE-Virginia-vNext-Subnet-2",
            "private_endpoint_network_policies_enabled": false,
            "private_link_service_network_policies_enabled": false,
            "resource_group_name": "CAZ-MANAGE-P-RGP-CrossTenant",
            "service_endpoint_policy_ids": [],
            "service_endpoints": [],
            "timeouts": null,
            "virtual_network_name": "CAZ-MANAGE-P-RCWPAVD-EAST-VNET"
          },
          "sensitive_attributes": [],
          "private": "eyJlMmJmYjczMC1lY2FhLTExZTYtOGY4OC0zNDM2M2JjN2M0YzAiOnsiY3JlYXRlIjoxODAwMDAwMDAwMDAwLCJkZWxldGUiOjE4MDAwMDAwMDAwMDAsInJlYWQiOjMwMDAwMDAwMDAwMCwidXBkYXRlIjoxODAwMDAwMDAwMDAwfX0=",
          "dependencies": [
            "data.azurerm_log_analytics_workspace.log_analytics_workspace",
            "module.hostpool_ga.azurerm_monitor_diagnostic_setting.avd-logs",
            "module.hostpool_ga.azurerm_virtual_desktop_host_pool.hostpool",
            "module.hostpool_ga.azurerm_virtual_desktop_host_pool_registration_info.token",
            "module.rg-avd.azurerm_resource_group.myRGs",
            "module.session_hosts.data.azurerm_virtual_network.vnet",
            "module.workspace.azurerm_monitor_diagnostic_setting.avd_workspace-logs",
            "module.workspace.azurerm_virtual_desktop_workspace.workspace",
            "time_rotating.avd_registration_expiration"
          ]
        }
      ]
    },
    {
      "module": "module.session_hosts[2]",
      "mode": "managed",
      "type": "azurerm_subnet_route_table_association",
      "name": "session_hosts",
      "provider": "provider[\"registry.terraform.io/hashicorp/azurerm\"]",
      "instances": [
        {
          "schema_version": 0,
          "attributes": {
            "id": "/subscriptions/41dafe2e-0108-4dd0-827f-5110b0f0538d/resourceGroups/CAZ-MANAGE-P-RGP-CrossTenant/providers/Microsoft.Network/virtualNetworks/CAZ-MANAGE-P-RCWPAVD-EAST-VNET/subnets/vGFE-Virginia-vNext-Subnet-2",
            "route_table_id": "/subscriptions/41dafe2e-0108-4dd0-827f-5110b0f0538d/resourceGroups/CAZ-MANAGE-P-RGP-CrossTenant/providers/Microsoft.Network/routeTables/CAZ-AVDFW-RCWPAVDA365-EAST-P-RT",
            "subnet_id": "/subscriptions/41dafe2e-0108-4dd0-827f-5110b0f0538d/resourceGroups/CAZ-MANAGE-P-RGP-CrossTenant/providers/Microsoft.Network/virtualNetworks/CAZ-MANAGE-P-RCWPAVD-EAST-VNET/subnets/vGFE-Virginia-vNext-Subnet-2",
            "timeouts": null
          },
          "sensitive_attributes": [],
          "private": "eyJlMmJmYjczMC1lY2FhLTExZTYtOGY4OC0zNDM2M2JjN2M0YzAiOnsiY3JlYXRlIjoxODAwMDAwMDAwMDAwLCJkZWxldGUiOjE4MDAwMDAwMDAwMDAsInJlYWQiOjMwMDAwMDAwMDAwMCwidXBkYXRlIjoxODAwMDAwMDAwMDAwfX0=",
          "dependencies": [
            "data.azurerm_log_analytics_workspace.log_analytics_workspace",
            "module.hostpool_ga.azurerm_monitor_diagnostic_setting.avd-logs",
            "module.hostpool_ga.azurerm_virtual_desktop_host_pool.hostpool",
            "module.hostpool_ga.azurerm_virtual_desktop_host_pool_registration_info.token",
            "module.rg-avd.azurerm_resource_group.myRGs",
            "module.session_hosts.azurerm_subnet.subnet",
            "module.session_hosts.data.azurerm_route_table.rt",
            "module.session_hosts.data.azurerm_virtual_network.vnet",
            "module.workspace.azurerm_monitor_diagnostic_setting.avd_workspace-logs",
            "module.workspace.azurerm_virtual_desktop_workspace.workspace",
            "time_rotating.avd_registration_expiration"
          ]
        }
      ]
    },
    {
      "module": "module.session_hosts[2]",
      "mode": "managed",
      "type": "azurerm_virtual_machine_extension",
      "name": "bootstrap",
      "provider": "provider[\"registry.terraform.io/hashicorp/azurerm\"]",
      "instances": [
        {
          "index_key": 0,
          "schema_version": 0,
          "attributes": {
            "auto_upgrade_minor_version": true,
            "automatic_upgrade_enabled": false,
            "failure_suppression_enabled": false,
            "id": "/subscriptions/41dafe2e-0108-4dd0-827f-5110b0f0538d/resourceGroups/AVD-VA-011-3-RG/providers/Microsoft.Compute/virtualMachines/AVD-VA-011-3-A-f4c5/extensions/ext-custom-FileBootstrap",
            "name": "ext-custom-FileBootstrap",
            "protected_settings": "    {\r\n        \"commandToExecute\": \"powershell.exe -ExecutionPolicy Unrestricted -NoProfile -NonInteractive -command \\\"cp c:/azuredata/customdata.bin c:/azuredata/dscpak.ps1;\\\"\"\r\n    }\r\n",
            "protected_settings_from_key_vault": [],
            "publisher": "Microsoft.Compute",
            "settings": null,
            "tags": null,
            "timeouts": {
              "create": "60m",
              "delete": null,
              "read": null,
              "update": null
            },
            "type": "CustomScriptExtension",
            "type_handler_version": "1.10",
            "virtual_machine_id": "/subscriptions/41dafe2e-0108-4dd0-827f-5110b0f0538d/resourceGroups/AVD-VA-011-3-RG/providers/Microsoft.Compute/virtualMachines/AVD-VA-011-3-A-f4c5"
          },
          "sensitive_attributes": [],
          "private": "eyJlMmJmYjczMC1lY2FhLTExZTYtOGY4OC0zNDM2M2JjN2M0YzAiOnsiY3JlYXRlIjozNjAwMDAwMDAwMDAwLCJkZWxldGUiOjE4MDAwMDAwMDAwMDAsInJlYWQiOjMwMDAwMDAwMDAwMCwidXBkYXRlIjoxODAwMDAwMDAwMDAwfX0=",
          "dependencies": [
            "data.azurerm_key_vault_secret.vmPW",
            "data.azurerm_log_analytics_workspace.log_analytics_workspace",
            "module.hostpool_ga.azurerm_monitor_diagnostic_setting.avd-logs",
            "module.hostpool_ga.azurerm_virtual_desktop_host_pool.hostpool",
            "module.hostpool_ga.azurerm_virtual_desktop_host_pool_registration_info.token",
            "module.rg-avd.azurerm_resource_group.myRGs",
            "module.session_hosts.azurerm_availability_set.avd",
            "module.session_hosts.azurerm_network_interface.nic",
            "module.session_hosts.azurerm_subnet.subnet",
            "module.session_hosts.azurerm_virtual_machine_extension.joinsessionhost",
            "module.session_hosts.azurerm_virtual_machine_extension.monitoragent",
            "module.session_hosts.azurerm_windows_virtual_machine.vm",
            "module.session_hosts.random_string.random",
            "module.workspace.azurerm_monitor_diagnostic_setting.avd_workspace-logs",
            "module.workspace.azurerm_virtual_desktop_workspace.workspace",
            "time_rotating.avd_registration_expiration"
          ]
        }
      ]
    },
    {
      "module": "module.session_hosts[2]",
      "mode": "managed",
      "type": "azurerm_virtual_machine_extension",
      "name": "joinsessionhost",
      "provider": "provider[\"registry.terraform.io/hashicorp/azurerm\"]",
      "instances": [
        {
          "index_key": 0,
          "schema_version": 0,
          "attributes": {
            "auto_upgrade_minor_version": true,
            "automatic_upgrade_enabled": false,
            "failure_suppression_enabled": false,
            "id": "/subscriptions/41dafe2e-0108-4dd0-827f-5110b0f0538d/resourceGroups/AVD-VA-011-3-RG/providers/Microsoft.Compute/virtualMachines/AVD-VA-011-3-A-f4c5/extensions/ext-joinsessionhost",
            "name": "ext-joinsessionhost",
            "protected_settings": "  {\r\n    \"properties\": {\r\n      \"registrationInfoToken\": \"eyJhbGciOiJSUzI1NiIsImtpZCI6IjE4NjBBQzc5NTc2MUM1QUI0NUVERkJBMzQxNjVDOTlDRDNFM0FGNEMiLCJ0eXAiOiJKV1QifQ.eyJSZWdpc3RyYXRpb25JZCI6IjA0N2Y2ZDQ1LTEyYzgtNGE2MC1iMjlkLWI3MGNkMzU4MzIzNiIsIkJyb2tlclVyaSI6Imh0dHBzOi8vcmRicm9rZXItZy11c2ctcjEud3ZkLmF6dXJlLnVzLyIsIkRpYWdub3N0aWNzVXJpIjoiaHR0cHM6Ly9yZGRpYWdub3N0aWNzLWctdXNnLXIxLnd2ZC5henVyZS51cy8iLCJFbmRwb2ludFBvb2xJZCI6IjhmNzJlMzk4LTc4NmQtNDAwZS1iNzJiLTQ0MmViODFmN2FlZSIsIkdsb2JhbEJyb2tlclVyaSI6Imh0dHBzOi8vcmRicm9rZXIud3ZkLmF6dXJlLnVzLyIsIkdlb2dyYXBoeSI6IlVTRyIsIkdsb2JhbEJyb2tlclJlc291cmNlSWRVcmkiOiJodHRwczovLzhmNzJlMzk4LTc4NmQtNDAwZS1iNzJiLTQ0MmViODFmN2FlZS5yZGJyb2tlci53dmQuYXp1cmUudXMvIiwiQnJva2VyUmVzb3VyY2VJZFVyaSI6Imh0dHBzOi8vOGY3MmUzOTgtNzg2ZC00MDBlLWI3MmItNDQyZWI4MWY3YWVlLnJkYnJva2VyLWctdXNnLXIxLnd2ZC5henVyZS51cy8iLCJEaWFnbm9zdGljc1Jlc291cmNlSWRVcmkiOiJodHRwczovLzhmNzJlMzk4LTc4NmQtNDAwZS1iNzJiLTQ0MmViODFmN2FlZS5yZGRpYWdub3N0aWNzLWctdXNnLXIxLnd2ZC5henVyZS51cy8iLCJBQURUZW5hbnRJZCI6IjJkMGQ1ZmMyLWQ1YzQtNDg4OS1iOTkxLTRjZjJiOWU4M2JjMiIsIm5iZiI6MTY4NjIxODkyNywiZXhwIjoxNjg4ODEwODA2LCJpc3MiOiJSREluZnJhVG9rZW5NYW5hZ2VyIiwiYXVkIjoiUkRtaSJ9.Uv_ojjnN9MeKwA4R4I-VUJhgtTBEL4X4RQR10je3U-E7OVM_t3W1IpMji1WY85z1M0V7n-tTLfhoxl92a8XyPKxqw0E0Lsd6k4HJlk2RlG6KIPRKBw0s99tE0d6HYTYSoRHPRYwbTydzKeOEcWolUv6rVJNNZ76GUe5dy_fDP2eD43TvNCK6ziXoqeBP2TIWIg4e1_DE3XQu6PjqzR2y9pczXvTYRSvQyB48DpfrOu0_NIapamiDN95pDuLnQ-2ogwFiOCyp-7H7AuPBFUrZgGhbranEZCfbzRMOtY5sALCIbiG5kzUhMz5yk8c7p-bM0pTUMo4hjIPJG4sTic4Opg\"\r\n    }\r\n  }\r\n",
            "protected_settings_from_key_vault": [],
            "publisher": "Microsoft.Powershell",
            "settings": "{\"configurationFunction\":\"Configuration.ps1\\\\AddSessionHost\",\"modulesUrl\":\"https://wvdportalstorageblob.blob.core.windows.net/galleryartifacts/Configuration_09-08-2022.zip\",\"properties\":{\"HostPoolName\":\"AVD-VA-011-3-HP-GA\"}}",
            "tags": null,
            "timeouts": null,
            "type": "DSC",
            "type_handler_version": "2.73",
            "virtual_machine_id": "/subscriptions/41dafe2e-0108-4dd0-827f-5110b0f0538d/resourceGroups/AVD-VA-011-3-RG/providers/Microsoft.Compute/virtualMachines/AVD-VA-011-3-A-f4c5"
          },
          "sensitive_attributes": [
            [
              {
                "type": "get_attr",
                "value": "protected_settings"
              }
            ]
          ],
          "private": "eyJlMmJmYjczMC1lY2FhLTExZTYtOGY4OC0zNDM2M2JjN2M0YzAiOnsiY3JlYXRlIjoxODAwMDAwMDAwMDAwLCJkZWxldGUiOjE4MDAwMDAwMDAwMDAsInJlYWQiOjMwMDAwMDAwMDAwMCwidXBkYXRlIjoxODAwMDAwMDAwMDAwfX0=",
          "dependencies": [
            "data.azurerm_key_vault_secret.vmPW",
            "data.azurerm_log_analytics_workspace.log_analytics_workspace",
            "module.hostpool_ga.azurerm_monitor_diagnostic_setting.avd-logs",
            "module.hostpool_ga.azurerm_virtual_desktop_host_pool.hostpool",
            "module.hostpool_ga.azurerm_virtual_desktop_host_pool_registration_info.token",
            "module.rg-avd.azurerm_resource_group.myRGs",
            "module.session_hosts.azurerm_availability_set.avd",
            "module.session_hosts.azurerm_network_interface.nic",
            "module.session_hosts.azurerm_subnet.subnet",
            "module.session_hosts.azurerm_windows_virtual_machine.vm",
            "module.session_hosts.random_string.random",
            "module.workspace.azurerm_monitor_diagnostic_setting.avd_workspace-logs",
            "module.workspace.azurerm_virtual_desktop_workspace.workspace",
            "time_rotating.avd_registration_expiration"
          ]
        }
      ]
    },
    {
      "module": "module.session_hosts[2]",
      "mode": "managed",
      "type": "azurerm_virtual_machine_extension",
      "name": "monitoragent",
      "provider": "provider[\"registry.terraform.io/hashicorp/azurerm\"]",
      "instances": [
        {
          "index_key": 0,
          "schema_version": 0,
          "attributes": {
            "auto_upgrade_minor_version": true,
            "automatic_upgrade_enabled": false,
            "failure_suppression_enabled": false,
            "id": "/subscriptions/41dafe2e-0108-4dd0-827f-5110b0f0538d/resourceGroups/AVD-VA-011-3-RG/providers/Microsoft.Compute/virtualMachines/AVD-VA-011-3-A-f4c5/extensions/ext-MicrosoftMonitoringAgent",
            "name": "ext-MicrosoftMonitoringAgent",
            "protected_settings": "    {\r\n      \"workspaceKey\": \"tmPX5J9cvDhTVQnvfvrppS6O5vC4iVhaOyTTP4vuNgLLltZv79Zzp1FiM3LkUx3ozIIIFusv8xXDPriVljThaA==\"\r\n    }\r\n",
            "protected_settings_from_key_vault": [],
            "publisher": "Microsoft.EnterpriseCloud.Monitoring",
            "settings": "{\"workspaceId\":\"2094c0ff-1ff5-4136-94d5-20e87bce4405\"}",
            "tags": null,
            "timeouts": null,
            "type": "MicrosoftMonitoringAgent",
            "type_handler_version": "1.0",
            "virtual_machine_id": "/subscriptions/41dafe2e-0108-4dd0-827f-5110b0f0538d/resourceGroups/AVD-VA-011-3-RG/providers/Microsoft.Compute/virtualMachines/AVD-VA-011-3-A-f4c5"
          },
          "sensitive_attributes": [
            [
              {
                "type": "get_attr",
                "value": "protected_settings"
              }
            ]
          ],
          "private": "eyJlMmJmYjczMC1lY2FhLTExZTYtOGY4OC0zNDM2M2JjN2M0YzAiOnsiY3JlYXRlIjoxODAwMDAwMDAwMDAwLCJkZWxldGUiOjE4MDAwMDAwMDAwMDAsInJlYWQiOjMwMDAwMDAwMDAwMCwidXBkYXRlIjoxODAwMDAwMDAwMDAwfX0=",
          "dependencies": [
            "data.azurerm_key_vault_secret.vmPW",
            "data.azurerm_log_analytics_workspace.log_analytics_workspace",
            "module.hostpool_ga.azurerm_monitor_diagnostic_setting.avd-logs",
            "module.hostpool_ga.azurerm_virtual_desktop_host_pool.hostpool",
            "module.hostpool_ga.azurerm_virtual_desktop_host_pool_registration_info.token",
            "module.rg-avd.azurerm_resource_group.myRGs",
            "module.session_hosts.azurerm_availability_set.avd",
            "module.session_hosts.azurerm_network_interface.nic",
            "module.session_hosts.azurerm_subnet.subnet",
            "module.session_hosts.azurerm_virtual_machine_extension.joinsessionhost",
            "module.session_hosts.azurerm_windows_virtual_machine.vm",
            "module.session_hosts.random_string.random",
            "module.workspace.azurerm_monitor_diagnostic_setting.avd_workspace-logs",
            "module.workspace.azurerm_virtual_desktop_workspace.workspace",
            "time_rotating.avd_registration_expiration"
          ]
        }
      ]
    },
    {
      "module": "module.session_hosts[2]",
      "mode": "managed",
      "type": "azurerm_windows_virtual_machine",
      "name": "vm",
      "provider": "provider[\"registry.terraform.io/hashicorp/azurerm\"]",
      "instances": [
        {
          "index_key": 0,
          "schema_version": 0,
          "attributes": {
            "additional_capabilities": [],
            "additional_unattend_content": [],
            "admin_password": "1qaz!QAZ2wsx@WSX",
            "admin_username": "localadmin",
            "allow_extension_operations": true,
            "availability_set_id": "/subscriptions/41dafe2e-0108-4dd0-827f-5110b0f0538d/resourceGroups/AVD-VA-011-3-RG/providers/Microsoft.Compute/availabilitySets/AVD-VA-011-3-AVAILABILITY-SET",
            "boot_diagnostics": [],
            "capacity_reservation_group_id": "",
            "computer_name": "AVD-A-f4c51",
            "custom_data": "W0NtZGxldGJpbmRpbmcoKV0NClBhcmFtKA0KICAgIFtwYXJhbWV0ZXIoTWFuZGF0b3J5KV0NCiAgICBbc3RyaW5nXQ0KICAgICRmc2xvZ2l4X2hvc3RuYW1lLA0KDQogICAgW3BhcmFtZXRlcihNYW5kYXRvcnkpXQ0KICAgIFtzdHJpbmddDQogICAgJGZzbG9naXhfa2V5DQoNCikNCg0KDQpmdW5jdGlvbiBHZXQtV2ViRmlsZQ0Kew0KICAgIHBhcmFtKA0KICAgICAgICBbcGFyYW1ldGVyKE1hbmRhdG9yeSldDQogICAgICAgIFtzdHJpbmddJEZpbGVOYW1lLA0KDQogICAgICAgIFtwYXJhbWV0ZXIoTWFuZGF0b3J5KV0NCiAgICAgICAgW3N0cmluZ10kVVJMDQogICAgKQ0KICAgICRDb3VudGVyID0gMA0KICAgIGRvDQogICAgew0KICAgICAgICBJbnZva2UtV2ViUmVxdWVzdCAtVXJpICRVUkwgLU91dEZpbGUgJEZpbGVOYW1lIC1FcnJvckFjdGlvbiAnU2lsZW50bHlDb250aW51ZScNCiAgICAgICAgaWYoJENvdW50ZXIgLWd0IDApDQogICAgICAgIHsNCiAgICAgICAgICAgIFN0YXJ0LVNsZWVwIC1TZWNvbmRzIDMwDQogICAgICAgIH0NCiAgICAgICAgJENvdW50ZXIrKw0KICAgIH0NCiAgICB1bnRpbCgoVGVzdC1QYXRoICRGaWxlTmFtZSkgLW9yICRDb3VudGVyIC1lcSA5KQ0KfQ0KDQpmdW5jdGlvbiBXcml0ZS1Mb2cNCnsNCiAgICBwYXJhbSgNCiAgICAgICAgW3BhcmFtZXRlcihNYW5kYXRvcnkpXQ0KICAgICAgICBbc3RyaW5nXSRNZXNzYWdlLA0KICAgICAgICANCiAgICAgICAgW3BhcmFtZXRlcihNYW5kYXRvcnkpXQ0KICAgICAgICBbc3RyaW5nXSRUeXBlDQogICAgKQ0KICAgICRQYXRoID0gJ0M6XHdpbmRvd3NcdGVtcFxhcHBsb2cudHh0Jw0KICAgIGlmKCEoVGVzdC1QYXRoIC1QYXRoICRQYXRoKSkNCiAgICB7DQogICAgICAgIE5ldy1JdGVtIC1QYXRoICdDOlx3aW5kb3dzXHRlbXBcJyAtTmFtZSAnYXBwbG9nLnR4dCcgfCBPdXQtTnVsbA0KICAgIH0NCiAgICAkVGltZXN0YW1wID0gR2V0LURhdGUgLUZvcm1hdCAnTU0vZGQveXl5eSBISDptbTpzcy5mZicNCiAgICAkRW50cnkgPSAnWycgKyAkVGltZXN0YW1wICsgJ10gWycgKyAkVHlwZSArICddICcgKyAkTWVzc2FnZQ0KICAgICRFbnRyeSB8IE91dC1GaWxlIC1GaWxlUGF0aCAkUGF0aCAtQXBwZW5kDQp9DQojIHdyaXRlLWhvc3QgInNldHRpbmcgaG9zdHMiDQojICRIb3N0RmlsZSA9ICJDOlxXaW5kb3dzXHN5c3RlbTMyXGRyaXZlcnNcZXRjXGhvc3RzIg0KIyAkZGF0ZUZvcm1hdCA9IChHZXQtRGF0ZSkuVG9TdHJpbmcoJ2RkLU1NLXl5eXkgaGgtbW0tc3MnKQ0KIyAkRmlsZUNvcHkgPSAkSG9zdEZpbGUgKyAnLicgKyAkZGF0ZUZvcm1hdCAgKyAnLmNvcHknDQojIE1vdmUtSXRlbSAkSG9zdEZpbGUgLURlc3RpbmF0aW9uICRGaWxlQ29weQ0KI0hvc3RzIHRvIEFkZA0KDQpJbnZva2UtV2ViUmVxdWVzdCAnaHR0cHM6Ly9wZXJzaXN0YXZkLmJsb2IuY29yZS51c2dvdmNsb3VkYXBpLm5ldC9zaGFyZXMvbGdwb3Bhay56aXA/c3Y9MjAyMS0xMC0wNCZzdD0yMDIzLTAyLTIyVDIwJTNBMjglM0EzNFomc2U9MjAyNS0wNC0yNFQyMCUzQTI4JTNBMDBaJnNyPWImc3A9ciZzaWc9ZG5tJTJCU1R2ckJmNjFRcjlHeXFvblolMkZsJTJCVVhBcEs1VDl2ampnNDAxNzVKWSUzRCcgLU91dEZpbGUgYzpcd2luZG93c1x0ZW1wXGxncG9wYWsuemlwDQpFeHBhbmQtQXJjaGl2ZSBDOlxXaW5kb3dzXFRlbXBcbGdwb3Bhay56aXAgQzpcV2luZG93c1xUZW1wXCAtZm9yY2UNCmNwIEM6XHdpbmRvd3NcVGVtcFxsZ3BvcGFrXGRlcHNcTEdQTy5leGUgQzpcV2luZG93cw0KDQojIFdyaXRlLU91dHB1dCAiJGZzbG9naXhfaXAgJGZzbG9naXhfaG9zdG5hbWUuYmxvYi5jb3JlLnVzZ292Y2xvdWRhcGkubmV0IiA+ICRIb3N0RmlsZQ0KIyBXcml0ZS1PdXRwdXQgIiRwZXJzaXN0YXZkX2lwIHBlcnNpc3RhdmQuYmxvYi5jb3JlLnVzZ292Y2xvdWRhcGkubmV0IiA+PiAkSG9zdEZpbGUNCg0KI1dyaXRlLU91dHB1dCAiJGtleXZhdWx0X2lkICRrZXl2YXVsdF9ob3N0bmFtZS5ibG9iLmNvcmUudXNnb3ZjbG91ZGFwaS5uZXQiID4+ICRIb3N0RmlsZQ0KDQpJbnZva2UtV2ViUmVxdWVzdCAiaHR0cHM6Ly9wZXJzaXN0YXZkLmJsb2IuY29yZS51c2dvdmNsb3VkYXBpLm5ldC9zaGFyZXMvRUNNQS1XQ0YtVFJVU1RFRC5jcnQ/c3Y9MjAyMS0xMC0wNCZzdD0yMDIzLTAyLTIyVDAwJTNBMjIlM0E0NFomc2U9MjAyNS0wMi0yNlQwMCUzQTIyJTNBMDBaJnNyPWImc3A9ciZzaWc9VyUyRjFOQkpxdUliWTUwVEtTOFZsSGN1N0FaMUFTeFJuWXQlMkZVVExlRWxhNjAlM0QiIC1vdXRmaWxlIGM6XHdpbmRvd3NcdGVtcFxFQ01BLVdDRi1UUlVTVEVELmNydA0KSW1wb3J0LUNlcnRpZmljYXRlIC1GaWxlUGF0aCBjOlx3aW5kb3dzXHRlbXBcRUNNQS1XQ0YtVFJVU1RFRC5jcnQgLUNlcnRTdG9yZUxvY2F0aW9uIENlcnQ6XExvY2FsTWFjaGluZVxyb290DQogICAgDQp3cml0ZS1ob3N0ICJzZXR0aW5ndXAgZnNsb2dpYyINCiMgJERyaXZlTGV0dGVyID0gJ2YnDQokRlNMb2dpeEFkbWlucyA9ICdhZG1pbmlzdHJhdG9ycycNCiRGU0xvZ2l4VXNlcnMgPSAndXNlcnMnDQokcHJvZmlsZUxvY2F0aW9uID0gIkM6XFByb2dyYW0gRmlsZXNcRlNMb2dpeCINCiRmc2xvZ2l4UGF0aCA9ICJIS0xNOlxTb2Z0d2FyZVxGU0xvZ2l4XFByb2ZpbGVzIg0KDQokc2l6ZSA9IChHZXQtUGFydGl0aW9uU3VwcG9ydGVkU2l6ZSAtRHJpdmVMZXR0ZXIgYykgDQpSZXNpemUtUGFydGl0aW9uIGANCiAgICAtRHJpdmVMZXR0ZXIgYyBgDQogICAgLVNpemUgJHNpemUuU2l6ZU1heA0KDQojIEdldC1EaXNrIHwgV2hlcmUgUGFydGl0aW9uU3R5bGUgLWVxICdyYXcnIHwNCiMgICAgIEluaXRpYWxpemUtRGlzayAtUGFydGl0aW9uU3R5bGUgTUJSIC1QYXNzVGhydSB8DQojICAgICBOZXctUGFydGl0aW9uIC1Bc3NpZ25Ecml2ZUxldHRlciAtVXNlTWF4aW11bVNpemUgfA0KIyAgICAgRm9ybWF0LVZvbHVtZSAtRmlsZVN5c3RlbSBOVEZTIC1OZXdGaWxlU3lzdGVtTGFiZWwgImZzbG9naXhkYXRhIiAtQ29uZmlybTokZmFsc2UNCg0KIyBHZXQtUGFydGl0aW9uIC1kaXNrbnVtYmVyIDEgfCBzZXQtcGFydGl0aW9uIC1uZXdkcml2ZWxldHRlciAkRHJpdmVMZXR0ZXINCg0KIyBta2RpciAkcHJvZmlsZUxvY2F0aW9uDQoNCiMgJEZTTG9naXhGb2xkZXIgPSAkcHJvZmlsZUxvY2F0aW9uDQoNCiMgSUNBQ0xTICgiZjpcIikgL3Jlc2V0DQojIElDQUNMUyAoIkY6XCIpIC9kZW55IEV2ZXJ5b25lOihPSSkoQ0kpRiAvdCAvYw0KIyBJQ0FDTFMgKCJGOlwiKSAvZGVueSBVc2VyczooT0kpKENJKUYgL3QgL2MNCiMgSUNBQ0xTICgiRjpcIikgL2luaGVyaXRhbmNlOnINCg0KIyAjQ2xlYXIgYWxsIEV4cGxpY2l0IFBlcm1pc3Npb25zIG9uIHRoZSBmb2xkZXINCiMgSUNBQ0xTICgiJEZTTG9naXhGb2xkZXIiKSAvcmVzZXQNCg0KIyAjQWRkIENSRUFUT1IgT1dORVIgcGVybWlzc2lvbg0KIyBJQ0FDTFMgKCIkRlNMb2dpeEZvbGRlciIpIC9ncmFudCAoIkNSRUFUT1IgT1dORVIiICsgJzooT0kpKENJKShJTylGJykNCg0KIyAjQWRkIFNZU1RFTSBwZXJtaXNzaW9uDQojIElDQUNMUyAoIiRGU0xvZ2l4Rm9sZGVyIikgL2dyYW50ICgiU1lTVEVNIiArICc6KE9JKShDSSlGJykNCg0KIyAjR2l2ZSBEb21haW4gQWRtaW5zIEZ1bGwgQ29udHJvbA0KIyBJQ0FDTFMgKCIkRlNMb2dpeEZvbGRlciIpIC9ncmFudCAoIiRGU0xvZ2l4QWRtaW5zIiArICc6KE9JKShDSSlGJykNCg0KIyAjQXBwbHkgQ3JlYXRlIEZvbGRlci9BcHBlbmQgRGF0YSwgTGlzdCBGb2xkZXIvUmVhZCBEYXRhLCBSZWFkIEF0dHJpYnV0ZXMsIFRyYXZlcnNlIEZvbGRlci9FeGVjdXRlIEZpbGUsIFJlYWQgcGVybWlzc2lvbnMgdG8gdGhpcyBmb2xkZXIgb25seS4gU3luY2hyb25pemUgaXMgcmVxdWlyZWQgaW4gb3JkZXIgZm9yIHRoZSBwZXJtaXNzaW9ucyB0byB3b3JrDQojIElDQUNMUyAoIiRGU0xvZ2l4Rm9sZGVyIikgL2dyYW50ICgiJEZTTG9naXhVc2VycyIgKyAnOihBRCxSRUEsUkEsWCxSQyxSRCxTKScpDQoNCiMgI0Rpc2FibGUgSW5oZXJpdGFuY2Ugb24gdGhlIEZvbGRlci4gVGhpcyBpcyBkb25lIGxhc3QgdG8gYXZvaWQgcGVybWlzc2lvbiBlcnJvcnMuDQojIElDQUNMUyAoIiRGU0xvZ2l4Rm9sZGVyIikgL2luaGVyaXRhbmNlOnINCg0KIyBpZiAoIShUZXN0LVBhdGggJGZzbG9naXhQYXRoKSkgew0KIyAgICAgTmV3LUl0ZW0gLVBhdGggJGZzbG9naXhQYXRoIC1Gb3JjZSB8IE91dC1OdWxsDQojIH0NCg0KTmV3LUl0ZW1Qcm9wZXJ0eSAtUGF0aCAkZnNsb2dpeFBhdGggLU5hbWUgRW5hYmxlZCAtVmFsdWUgMSAtUHJvcGVydHlUeXBlIERXT1JEIC1Gb3JjZSB8IE91dC1OdWxsDQpOZXctSXRlbVByb3BlcnR5IC1QYXRoICRmc2xvZ2l4UGF0aCAtTmFtZSBGbGlwRmxvcFByb2ZpbGVEaXJlY3RvcnlOYW1lIC1WYWx1ZSAxIC1Qcm9wZXJ0eVR5cGUgRFdPUkQgLUZvcmNlIHwgT3V0LU51bGwNClNldC1JdGVtUHJvcGVydHkgLVBhdGggJ0hLTE06XFNPRlRXQVJFXEZTTG9naXhcUHJvZmlsZXMnIC1OYW1lICdQcmV2ZW50TG9naW5XaXRoRmFpbHVyZScgLVZhbHVlIDEgLUZvcmNlDQpTZXQtSXRlbVByb3BlcnR5IC1QYXRoICdIS0xNOlxTT0ZUV0FSRVxGU0xvZ2l4XFByb2ZpbGVzJyAtTmFtZSAnUHJldmVudExvZ2luV2l0aFRlbXBQcm9maWxlJyAtVmFsdWUgMSAtRm9yY2UNClNldC1JdGVtUHJvcGVydHkgLVBhdGggJ0hLTE06XFNPRlRXQVJFXEZTTG9naXhcUHJvZmlsZXMnIC1OYW1lICdFbmFibGVkJyAtVmFsdWUgMSAtRm9yY2UNClNldC1JdGVtUHJvcGVydHkgLVBhdGggJ0hLTE06XFNvZnR3YXJlXEZTTG9naXhcUHJvZmlsZXMnIC1OYW1lIEluc3RhbGxBcHB4UGFja2FnZXMgLVZhbHVlIDAgLUZvcmNlDQoNClNldC1JdGVtUHJvcGVydHkgLVBhdGggJ0hLTE06XFNvZnR3YXJlXFBvbGljaWVzXEZTTG9naXhcUHJvZmlsZXMnIC1uYW1lICJSZW1vdmVPcnBoYW5lZE9TVEZpbGVzT25Mb2dvZmYiIC1WYWx1ZSAxIC1Gb3JjZQ0KU2V0LUl0ZW1Qcm9wZXJ0eSAtUGF0aCAnSEtMTTpcU29mdHdhcmVcUG9saWNpZXNcRlNMb2dpeFxQcm9maWxlcycgLU5hbWUgIlZvbHVtZVR5cGUiIC1WYWx1ZSBWRE1YIC1Gb3JjZQ0KU2V0LUl0ZW1Qcm9wZXJ0eSAtUGF0aCAnSEtMTTpcU29mdHdhcmVcUG9saWNpZXNcRlNMb2dpeFxQcm9maWxlcycgLU5hbWUgIlZIRFhTZWN0b3JTaXplIiAtVmFsdWUgIjQwOTYiIC1Gb3JjZQ0KU2V0LUl0ZW1Qcm9wZXJ0eSAtUGF0aCAnSEtMTTpcU09GVFdBUkVcUG9saWNpZXNcRlNMb2dpeFxPREZDJyAtTmFtZSAiQ2xlYXJDYWNoZU9uTG9nb2ZmIiAtVmFsdWUgMSAtRm9yY2UNCg0KQWRkLUxvY2FsR3JvdXBNZW1iZXIgLUdyb3VwICdGU0xvZ2l4IFByb2ZpbGUgRXhjbHVkZSBMaXN0JyAtTWVtYmVyICdsb2NhbGFkbWluJ3wgT3V0LU51bGwNCkFkZC1Mb2NhbEdyb3VwTWVtYmVyIC1Hcm91cCAnRlNMb2dpeCBPREZDIEV4Y2x1ZGUgTGlzdCcgLU1lbWJlciAnbG9jYWxhZG1pbid8IE91dC1OdWxsDQoNCkFkZC1Mb2NhbEdyb3VwTWVtYmVyIC1Hcm91cCAnRlNMb2dpeCBQcm9maWxlIEV4Y2x1ZGUgTGlzdCcgLU1lbWJlciAnQWRtaW5pc3RyYXRvcnMnfCBPdXQtTnVsbA0KQWRkLUxvY2FsR3JvdXBNZW1iZXIgLUdyb3VwICdGU0xvZ2l4IE9ERkMgRXhjbHVkZSBMaXN0JyAtTWVtYmVyICdBZG1pbmlzdHJhdG9ycycgfCBPdXQtTnVsbA0KV3JpdGUtT3V0cHV0ICJFbmZvcmNlbWVudCBTZXQgIiRlbnY6Q09NUFVURVJOQU1FIi4uLiINCg0KJGNvbm5lY3Rpb25zdHJpbmcgPSAnIkRlZmF1bHRFbmRwb2ludHNQcm90b2NvbD1odHRwczsnICsgIkFjY291bnROYW1lPSRmc2xvZ2l4X2hvc3RuYW1lOyIgKyAiQWNjb3VudEtleT0kZnNsb2dpeF9rZXk7IiArICdFbmRwb2ludFN1ZmZpeD1jb3JlLnVzZ292Y2xvdWRhcGkubmV0IicNCiYgJ0M6XFByb2dyYW0gRmlsZXNcRlNMb2dpeFxBcHBzXGZyeC5leGUnIGFkZC1zZWN1cmUta2V5IC1rZXkgY29ubmVjdGlvbnN0cmluZyAtdmFsdWUgJGNvbm5lY3Rpb25zdHJpbmcNCk5ldy1JdGVtUHJvcGVydHkgLVBhdGggJGZzbG9naXhQYXRoIC1Gb3JjZSAtTmFtZSBDQ0RMb2NhdGlvbnMgLVByb3BlcnR5VHlwZSBtdWx0aXN0cmluZyAtVmFsdWUgInR5cGU9YXp1cmUsY29ubmVjdGlvblN0cmluZz18ZnNsb2dpeC9jb25uZWN0aW9uc3RyaW5nfCJ8IE91dC1OdWxsDQoNCk5ldy1JdGVtUHJvcGVydHkgLVBhdGggJGZzbG9naXhQYXRoIC1OYW1lIERlbGV0ZUxvY2FsUHJvZmlsZVdoZW5WSERTaG91bGRBcHBseSAtVmFsdWUgMSAtUHJvcGVydHlUeXBlIERXT1JEIC1Gb3JjZSB8IE91dC1OdWxsDQojTmV3LUl0ZW1Qcm9wZXJ0eSAtUGF0aCBIS0xNOlNZU1RFTVxDdXJyZW50Q29udHJvbFNldFxTZXJ2aWNlc1xmcnhjY2RcUGFyYW1ldGVycyAtTmFtZSBDYWNoZURpcmVjdG9yeSAtVmFsdWUgJHByb2ZpbGVMb2NhdGlvbiAtUHJvcGVydHlUeXBlIFN0cmluZyAtRm9yY2UgfCBPdXQtTnVsbA0KV3JpdGUtSW5mb3JtYXRpb24gIkNvbmZpZ3VyaW5nIGZzbG9naXggcHJvZmlsZSBsb2NhdGlvbiINCg0KDQojIyMNCldyaXRlLVZlcmJvc2UgIkFkZCBSZWRpclhNTFNvdXJjZUZvbGRlciBGb2xkZXJhbmQgY29udGVudC4uIg0KTmV3LUl0ZW0gJHByb2ZpbGVMb2NhdGlvblxSZWRpclhNTFNvdXJjZUZvbGRlciAtSXRlbVR5cGUgRGlyZWN0b3J5IHwgT3V0LU51bGwNCg0KaWYgKCEodGVzdC1wYXRoIC1wYXRoICRwcm9maWxlTG9jYXRpb25cUmVkaXJYTUxTb3VyY2VGb2xkZXJcUmVkaXJlY3Rpb25zLnhtbCkpIHtuZXctaXRlbSAtcGF0aCAkcHJvZmlsZUxvY2F0aW9uXFJlZGlyWE1MU291cmNlRm9sZGVyIC1uYW1lIFJlZGlyZWN0aW9ucy54bWwgLUl0ZW1UeXBlIEZpbGUgLVZhbHVlICcNCjw/eG1sIHZlcnNpb249IjEuMCIgZW5jb2Rpbmc9IlVURi04Ij8+DQoNCjxGcnhQcm9maWxlRm9sZGVyUmVkaXJlY3Rpb24gRXhjbHVkZUNvbW1vbkZvbGRlcnM9IjAiPg0KCQ0KPEV4Y2x1ZGVzPgkJDQogPEV4Y2x1ZGUgQ29weT0iMCI+QXBwRGF0YVxMb2NhbFxHb29nbGVcQ2hyb21lXFVzZXIgRGF0YVxEZWZhdWx0XENhY2hlPC9FeGNsdWRlPg0KIDxFeGNsdWRlIENvcHk9IjAiPkFwcERhdGFcTG9jYWxcR29vZ2xlXENocm9tZVxVc2VyIERhdGFcRGVmYXVsdFxDYWNoZWQgVGhlbWUgSW1hZ2U8L0V4Y2x1ZGU+DQogPEV4Y2x1ZGUgQ29weT0iMCI+QXBwRGF0YVxMb2NhbFxHb29nbGVcQ2hyb21lXFVzZXIgRGF0YVxEZWZhdWx0XEp1bXBMaXN0SWNvbnM8L0V4Y2x1ZGU+DQogPEV4Y2x1ZGUgQ29weT0iMCI+QXBwRGF0YVxMb2NhbFxHb29nbGVcQ2hyb21lXFVzZXIgRGF0YVxEZWZhdWx0XEp1bXBMaXN0SWNvbnNPbGQ8L0V4Y2x1ZGU+DQogPEV4Y2x1ZGUgQ29weT0iMCI+QXBwRGF0YVxMb2NhbFxHb29nbGVcQ2hyb21lXFVzZXIgRGF0YVxEZWZhdWx0XFN0b3JhZ2U8L0V4Y2x1ZGU+DQogPEV4Y2x1ZGUgQ29weT0iMCI+QXBwRGF0YVxMb2NhbFxHb29nbGVcQ2hyb21lXFVzZXIgRGF0YVxEZWZhdWx0XExvY2FsIFN0b3JhZ2U8L0V4Y2x1ZGU+DQogPEV4Y2x1ZGUgQ29weT0iMCI+QXBwRGF0YVxMb2NhbFxHb29nbGVcQ2hyb21lXFVzZXIgRGF0YVxEZWZhdWx0XFNlc3Npb25TdG9yYWdlPC9FeGNsdWRlPg0KIDxFeGNsdWRlIENvcHk9IjAiPkFwcERhdGFcTG9jYWxcR29vZ2xlXENocm9tZVxVc2VyIERhdGFcRGVmYXVsdFxNZWRpYSBDYWNoZTwvRXhjbHVkZT4NCiA8RXhjbHVkZSBDb3B5PSIwIj5BcHBEYXRhXExvY2FsXEdvb2dsZVxDaHJvbWVcVXNlciBEYXRhXERlZmF1bHRcR1BVQ2FjaGU8L0V4Y2x1ZGU+DQogPEV4Y2x1ZGUgQ29weT0iMCI+QXBwRGF0YVxMb2NhbFxHb29nbGVcQ2hyb21lXFVzZXIgRGF0YVxEZWZhdWx0XFdlYkFwcGxpY2F0aW9uczwvRXhjbHVkZT4NCiA8RXhjbHVkZSBDb3B5PSIwIj5BcHBEYXRhXExvY2FsXEdvb2dsZVxDaHJvbWVcVXNlciBEYXRhXERlZmF1bHRcU3luY0RhdGE8L0V4Y2x1ZGU+DQogPEV4Y2x1ZGUgQ29weT0iMCI+QXBwRGF0YVxMb2NhbFxHb29nbGVcQ2hyb21lXFVzZXIgRGF0YVxEZWZhdWx0XFN5bmNEYXRhQmFja3VwPC9FeGNsdWRlPg0KIDxFeGNsdWRlIENvcHk9IjAiPkFwcERhdGFcTG9jYWxcR29vZ2xlXENocm9tZVxVc2VyIERhdGFcRGVmYXVsdFxQZXBwZXIgRGF0YVxTaG9ja3dhdmUgRmxhc2hcQ2FjaGVXcml0ZWFibGVBZG9iZVJvb3Q8L0V4Y2x1ZGU+DQogPEV4Y2x1ZGUgQ29weT0iMCI+QXBwRGF0YVxMb2NhbFxHb29nbGVcQ2hyb21lXFVzZXIgRGF0YVxXaWRldmluZUNETTwvRXhjbHVkZT4NCiA8RXhjbHVkZSBDb3B5PSIwIj5BcHBEYXRhXExvY2FsXEdvb2dsZVxDaHJvbWVcVXNlciBEYXRhXEVWV2hpdGVsaXN0PC9FeGNsdWRlPg0KIDxFeGNsdWRlIENvcHk9IjAiPkFwcERhdGFcTG9jYWxcR29vZ2xlXENocm9tZVxVc2VyIERhdGFccG5hY2w8L0V4Y2x1ZGU+DQogPEV4Y2x1ZGUgQ29weT0iMCI+QXBwRGF0YVxMb2NhbFxHb29nbGVcQ2hyb21lXFVzZXIgRGF0YVxyZWNvdmVyeTwvRXhjbHVkZT4NCiA8RXhjbHVkZSBDb3B5PSIwIj5BcHBEYXRhXExvY2FsXEdvb2dsZVxDaHJvbWVcVXNlciBEYXRhXFNoYWRlckNhY2hlPC9FeGNsdWRlPg0KIDxFeGNsdWRlIENvcHk9IjAiPkFwcERhdGFcTG9jYWxcR29vZ2xlXENocm9tZVxVc2VyIERhdGFcU3dSZXBvcnRlcjwvRXhjbHVkZT4NCiA8RXhjbHVkZSBDb3B5PSIwIj5BcHBEYXRhXExvY2FsXEdvb2dsZVxDaHJvbWVcVXNlciBEYXRhXFN3aWZ0U2hhZGVyPC9FeGNsdWRlPg0KIDxFeGNsdWRlIENvcHk9IjAiPkFwcERhdGFcTG9jYWxcR29vZ2xlXENocm9tZVxVc2VyIERhdGFcUGVwcGVyRmxhc2g8L0V4Y2x1ZGU+DQogPEV4Y2x1ZGUgQ29weT0iMCI+QXBwRGF0YVxMb2NhbFxNaWNyb3NvZnRcRWRnZVxVc2VyIERhdGFcRGVmYXVsdFxDYWNoZTwvRXhjbHVkZT4NCiA8RXhjbHVkZSBDb3B5PSIwIj5BcHBEYXRhXExvY2FsXFBhY2thZ2VzXE1pY3Jvc29mdC5NaWNyb3NvZnRFZGdlXzh3ZWt5YjNkOGJid2VcQUNcTWljcm9zb2Z0RWRnZVxDYWNoZTwvRXhjbHVkZT4NCiA8RXhjbHVkZSBDb3B5PSIwIj5BcHBEYXRhXExvY2FsXEJyYXZlU29mdHdhcmVcQnJhdmUtQnJvd3NlclxVc2VyIERhdGFcRGVmYXVsdFxDYWNoZTwvRXhjbHVkZT4NCiA8RXhjbHVkZSBDb3B5PSIwIj5BcHBEYXRhXExvY2FsXE1pY3Jvc29mdFxXaW5kb3dzXFdFUjwvRXhjbHVkZT4NCiA8RXhjbHVkZSBDb3B5PSIwIj5BcHBEYXRhXExvY2FsXE1pY3Jvc29mdFxUZXJtaW5hbCBTZXJ2ZXIgQ2xpZW50XENhY2hlPC9FeGNsdWRlPg0KIDxFeGNsdWRlIENvcHk9IjAiPkFwcERhdGFcUm9hbWluZ1xEb3dubG9hZGVkIEluc3RhbGxhdGlvbnM8L0V4Y2x1ZGU+DQogPEV4Y2x1ZGUgQ29weT0iMCI+QXBwRGF0YVxMb2NhbFxEb3dubG9hZGVkIEluc3RhbGxhdGlvbnM8L0V4Y2x1ZGU+DQogPEV4Y2x1ZGUgQ29weT0iMCI+QXBwRGF0YVxMb2NhbFxNaWNyb3NvZnRcT2ZmaWNlXDE2LjBcTHluY1xUcmFjaW5nPC9FeGNsdWRlPg0KIDxFeGNsdWRlIENvcHk9IjAiPkFwcERhdGFcTG9jYWxcTWljcm9zb2Z0XE1TT0lkZW50aXR5Q1JMXFRyYWNpbmc8L0V4Y2x1ZGU+DQogPEV4Y2x1ZGUgQ29weT0iMCI+QXBwRGF0YVxMb2NhbFxNaWNyb3NvZnRcT25lTm90ZVwxNi4wXEJhY2t1cDwvRXhjbHVkZT4NCiA8RXhjbHVkZSBDb3B5PSIwIj5BcHBEYXRhXExvY2FsXENyYXNoRHVtcHM8L0V4Y2x1ZGU+DQogPEV4Y2x1ZGUgQ29weT0iMCI+QXBwRGF0YVxMb2NhbFxTcXVpcnJlbFRlbXA8L0V4Y2x1ZGU+DQogPEV4Y2x1ZGUgQ29weT0iMCI+QXBwRGF0YVxMb2NhbFxNaWNyb3NvZnRcVGVhbXNcQ3VycmVudFxMb2NhbGVzPC9FeGNsdWRlPg0KIDxFeGNsdWRlIENvcHk9IjAiPkFwcERhdGFcTG9jYWxcTWljcm9zb2Z0XFRlYW1zXFBhY2thZ2VzXFNxdWlycmVsVGVtcDwvRXhjbHVkZT4NCiA8RXhjbHVkZSBDb3B5PSIwIj5BcHBEYXRhXExvY2FsXE1pY3Jvc29mdFxUZWFtc1xjdXJyZW50XHJlc291cmNlc1xsb2NhbGVzPC9FeGNsdWRlPg0KIDxFeGNsdWRlIENvcHk9IjAiPkFwcERhdGFcTG9jYWxcTWljcm9zb2Z0XFRlYW1zXEN1cnJlbnRcTG9jYWxlczwvRXhjbHVkZT4NCiA8RXhjbHVkZSBDb3B5PSIwIj5BcHBEYXRhXFJvYW1pbmdcTWljcm9zb2Z0XFRlYW1zXFNlcnZpY2UgV29ya2VyXENhY2hlU3RvcmFnZTwvRXhjbHVkZT4NCiA8RXhjbHVkZSBDb3B5PSIwIj5BcHBEYXRhXFJvYW1pbmdcTWljcm9zb2Z0XFRlYW1zXEFwcGxpY2F0aW9uIENhY2hlPC9FeGNsdWRlPg0KIDxFeGNsdWRlIENvcHk9IjAiPkFwcERhdGFcUm9hbWluZ1xNaWNyb3NvZnRcVGVhbXNcQ2FjaGU8L0V4Y2x1ZGU+DQogPEV4Y2x1ZGUgQ29weT0iMCI+QXBwRGF0YVxSb2FtaW5nXE1pY3Jvc29mdCBUZWFtc1xMb2dzPC9FeGNsdWRlPg0KIDxFeGNsdWRlIENvcHk9IjAiPkFwcERhdGFcUm9hbWluZ1xNaWNyb3NvZnRcVGVhbXNcbWVkaWEtc3RhY2s8L0V4Y2x1ZGU+DQo8L0V4Y2x1ZGVzPg0KICANCjxJbmNsdWRlcz4NCiA8SW5jbHVkZSBDb3B5PSIzIj5BcHBEYXRhXExvY2FsTG93XFN1blxKYXZhXERlcGxveW1lbnRcc2VjdXJpdHk8L0luY2x1ZGU+DQo8L0luY2x1ZGVzPg0KDQo8L0ZyeFByb2ZpbGVGb2xkZXJSZWRpcmVjdGlvbj4nDQp9DQoNCiMjIyBPZmZpY2UgSW5zdGFsbA0KIyB3cml0ZS1ob3N0ICJJbnN0YWxsIE9mZmljZSINCiMgd2dldCAiaHR0cHM6Ly9zaGFyZTJjdXN0LmJsb2IuY29yZS51c2dvdmNsb3VkYXBpLm5ldC9vcGVuc2hhcmUvT2ZmaWNlLnppcD9zdj0yMDIxLTEwLTA0JnN0PTIwMjItMTItMjhUMTklM0ExNCUzQTM0WiZzZT0yMDI0LTEyLTI2VDE5JTNBMTQlM0EwMFomc3I9YiZzcD1yJnNpZz1ickJpQyUyRmdVZTNZb1FKZ25ZRU44VGNhald2TyUyRlROZVZjTXlnUEZQbFM1dyUzRCIgLU91dEZpbGUgQzpcV2luZG93c1xUZW1wXE9mZmljZS56aXANCiMgRXhwYW5kLUFyY2hpdmUgLUxpdGVyYWxQYXRoIEM6XFdpbmRvd3NcVGVtcFxPZmZpY2UuemlwIC1EZXN0aW5hdGlvblBhdGggQzpcV2luZG93c1xUZW1wXE9mZmljZSAtRm9yY2UNCiMgcm0gQzpcV2luZG93c1xUZW1wXE9mZmljZS56aXAgLUZvcmNlDQojIFN0YXJ0LVByb2Nlc3MgLUZpbGVQYXRoICdDOlx3aW5kb3dzXHRlbXBcb2ZmaWNlXHNldHVwLmV4ZScgLUFyZ3VtZW50TGlzdCAiL2NvbmZpZ3VyZSBDOlx3aW5kb3dzXHRlbXBcb2ZmaWNlXGNvbmZpZ3VyYXRpb24tT2ZmaWNlMzY1LXg2NC54bWwiIC1XYWl0IC1QYXNzVGhydQ0KIyBXcml0ZS1Ib3N0ICdJbnN0YWxsZWQgTWljcm9zb2Z0IFByb2plY3QgJiBWaXNpbycNCiMgcm0gQzpcV2luZG93c1xUZW1wXG9mZmljZSAgLUZvcmNlIC1SZWN1cnNlDQoNCg0KU2V0LUl0ZW1Qcm9wZXJ0eSAtUGF0aCAnSEtMTTpcU29mdHdhcmVcRlNMb2dpeFxQcm9maWxlcycgLU5hbWUgUmVkaXJYTUxTb3VyY2VGb2xkZXIgLVZhbHVlICIkcHJvZmlsZUxvY2F0aW9uXFJlZGlyWE1MU291cmNlRm9sZGVyIiAtRm9yY2UNCiMjIyBwcm9maWxlIHJlZGlyZXQNCg0KIyNyZW1vdmUgZGVza3RvcCBhcHBzDQpSZW1vdmUtSXRlbSBjOlx1c2Vyc1xwdWJsaWNcRGVza3RvcFwqIC1Gb3JjZQ0KDQoNCiNTZXQgV2luZG93cyBEZWZlbmRlciBFeGNsdXNpb25zIGZvciBGU0xvZ2l4DQpBZGQtTXBQcmVmZXJlbmNlIC1FeGNsdXNpb25QYXRoICIlUHJvZ3JhbUZpbGVzJVxGU0xvZ2l4XEFwcHNcZnJ4ZHJ2LnN5cyINCkFkZC1NcFByZWZlcmVuY2UgLUV4Y2x1c2lvblBhdGggIiVQcm9ncmFtRmlsZXMlXEZTTG9naXhcQXBwc1xmcnhkcnZ2dC5zeXMiDQpBZGQtTXBQcmVmZXJlbmNlIC1FeGNsdXNpb25QYXRoICIlUHJvZ3JhbUZpbGVzJVxGU0xvZ2l4XEFwcHNcZnJ4Y2NkLnN5cyINCkFkZC1NcFByZWZlcmVuY2UgLUV4Y2x1c2lvblBhdGggIiVURU1QJVwqLlZIRCINCkFkZC1NcFByZWZlcmVuY2UgLUV4Y2x1c2lvblBhdGggIiVURU1QJVwqLlZIRFgiDQpBZGQtTXBQcmVmZXJlbmNlIC1FeGNsdXNpb25QYXRoICIlV2luZGlyJVxURU1QXCouVkhEIg0KQWRkLU1wUHJlZmVyZW5jZSAtRXhjbHVzaW9uUGF0aCAiJVdpbmRpciVcVEVNUFwqLlZIRFgiDQpBZGQtTXBQcmVmZXJlbmNlIC1FeGNsdXNpb25QYXRoICIkcHJvZmlsZUxvY2F0aW9uXCoqLlZIRCINCkFkZC1NcFByZWZlcmVuY2UgLUV4Y2x1c2lvblBhdGggIiRwcm9maWxlTG9jYXRpb25cKiouVkhEWCINCg0KQWRkLU1wUHJlZmVyZW5jZSAtRXhjbHVzaW9uUHJvY2VzcyAiJVByb2dyYW1GaWxlcyVcRlNMb2dpeFxBcHBzXGZyeGNjZC5leGUiDQpBZGQtTXBQcmVmZXJlbmNlIC1FeGNsdXNpb25Qcm9jZXNzICIlUHJvZ3JhbUZpbGVzJVxGU0xvZ2l4XEFwcHNcZnJ4Y2Nkcy5leGUiDQpBZGQtTXBQcmVmZXJlbmNlIC1FeGNsdXNpb25Qcm9jZXNzICIlUHJvZ3JhbUZpbGVzJVxGU0xvZ2l4XEFwcHNcZnJ4c3ZjLmV4ZSINCg0KIyMjIHJlbW92ZSBwdWJsaWMgYWNjZXNzDQpJQ0FDTFMgKCJDOlx1c2Vyc1xQdWJsaWMiKSAvcmVzZXQNCklDQUNMUyAoIkM6XHVzZXJzXFB1YmxpYyIpIC9kZW55IEV2ZXJ5b25lOihPSSkoQ0kpRiAvdCAvYw0KSUNBQ0xTICgiQzpcdXNlcnNcUHVibGljIikgL2dyYW50ICgiU1lTVEVNIiArICc6KE9JKShDSSlGJykNCklDQUNMUyAoIiRGU0xvZ2l4Rm9sZGVyIikgL2RlbnkgKCJDUkVBVE9SIE9XTkVSIiArICc6KE9JKShDSSkoSU8pRicpDQpJQ0FDTFMgKCJDOlx1c2Vyc1xQdWJsaWMiKSAvZ3JhbnQgKCIkRlNMb2dpeEFkbWlucyIgKyAnOihPSSkoQ0kpRicpDQoNCiMgZGlzYWJsZSBtZW51IHNlYXJjaA0KIyBOZXctSXRlbSAtcGF0aCAiSEtMTTpcU09GVFdBUkVcUG9saWNpZXNcTWljcm9zb2Z0XFdpbmRvd3NcRXhwbG9yZXIiIC1OYW1lICJEaXNhYmxlU2VhcmNoQm94U3VnZ2VzdGlvbnMiIC1WYWx1ZSAxIC1UeXBlIGR3b3JkIC1Gb3JjZQ0KDQojIE5ldy1JdGVtIC1wYXRoICJIS0xNOlxTb2Z0d2FyZVxNaWNyb3NvZnRcV2luZG93c1xDdXJyZW50VmVyc2lvblxTZWFyY2hTZXR0aW5ncyIgLU5hbWUgSXNEeW5hbWljU2VhcmNoQm94RW5hYmxlZCAtVmFsdWUgMA0KDQojIE5ldy1JdGVtICJIS0xNOlxTT0ZUV0FSRVxQb2xpY2llc1xNaWNyb3NvZnRcV2luZG93c1xXaW5kb3dzIFNlYXJjaCIgLU5hbWUgRW5hYmxlRHluYW1pY0NvbnRlbnRJbldTQiAtVmFsdWUgMA0KDQojU2V0LUl0ZW1Qcm9wZXJ0eSAtUGF0aCAkcmVnIC1OYW1lIFByb3h5T3ZlcnJpZGUgLVZhbHVlICcqLmNvbnRvc28uY29tOzxsb2NhbD4nDQojU2V0LUl0ZW1Qcm9wZXJ0eSAiSEtDVTpcU29mdHdhcmVcTWljcm9zb2Z0XFdpbmRvd3NcQ3VycmVudFZlcnNpb25cSW50ZXJuZXQgU2V0dGluZ3MiIC1OYW1lIEF1dG9EZXRlY3QgLVZhbHVlIDANCg0Kd2dldCAnaHR0cHM6Ly9wZXJzaXN0YXZkLmJsb2IuY29yZS51c2dvdmNsb3VkYXBpLm5ldC9zaGFyZXMvbGdwb3Bhay56aXA/c3Y9MjAyMS0xMC0wNCZzdD0yMDIzLTAyLTIyVDIwJTNBMjglM0EzNFomc2U9MjAyNS0wNC0yNFQyMCUzQTI4JTNBMDBaJnNyPWImc3A9ciZzaWc9ZG5tJTJCU1R2ckJmNjFRcjlHeXFvblolMkZsJTJCVVhBcEs1VDl2ampnNDAxNzVKWSUzRCcgLU91dEZpbGUgYzpcd2luZG93c1x0ZW1wXGxncG9wYWsuemlwDQpFeHBhbmQtQXJjaGl2ZSBDOlxXaW5kb3dzXFRlbXBcbGdwb3Bhay56aXAgQzpcV2luZG93c1xUZW1wXCAtRm9yY2UNCkNvcHktSXRlbSBDOlx3aW5kb3dzXFRlbXBcbGdwb3Bha1xkZXBzXExHUE8uZXhlIEM6XFdpbmRvd3MgLUZvcmNlDQoNCndnZXQgJ2h0dHBzOi8vc2hhcmUyY3VzdC5ibG9iLmNvcmUudXNnb3ZjbG91ZGFwaS5uZXQvb3BlbnNoYXJlL0FETVguemlwP3NwPXImc3Q9MjAyMy0wNC0wNVQyMjo0NDo0MVomc2U9MjAyNS0wNS0yMlQwNjo0NDo0MVomc3ByPWh0dHBzJnN2PTIwMjEtMTItMDImc3I9YiZzaWc9ZW1GMXdmWEwxckFMZlFXZ2ppZjNxUjUzTGRCZk5tdXA5Y0lTWlVjaSUyRkh3JTNEJyAtT3V0RmlsZSBDOlxXaW5kb3dzXFRlbXBcYWRteHBhYy56aXAgLVVzZUJhc2ljUGFyc2luZw0KRXhwYW5kLUFyY2hpdmUgQzpcd2luZG93c1xUZW1wXGFkbXhwYWMuemlwICJDOlx3aW5kb3dzXFBvbGljeURlZmluaXRpb25zIiAtRm9yY2UNClJlbW92ZS1JdGVtIEM6XHdpbmRvd3NcVGVtcFxhZG14cGFjLnppcA0KDQoNCg0KbGdwbyAvdCBDOlx3aW5kb3dzXHRlbXBcbGdwb3Bha1xmc2xvZ2l4LnR4dA0KDQpsZ3BvIC9nICdDOlx3aW5kb3dzXHRlbXBcbGdwb3Bha1xTVElHU1xEb0QgR29vZ2xlIENocm9tZSB2MnI3Jw0KDQpsZ3BvIC9nICdDOlx3aW5kb3dzXHRlbXBcbGdwb3Bha1xTVElHU1xEb0QgR29vZ2xlIENocm9tZSB2MnI3Jw0KDQpsZ3BvIC9nICdDOlx3aW5kb3dzXHRlbXBcbGdwb3Bha1xTVElHU1xEb0QgTWljcm9zb2Z0IERlZmVuZGVyIEFudGl2aXJ1cyBTVElHIHYycjQnDQoNCmxncG8gL2cgJ0M6XHdpbmRvd3NcdGVtcFxsZ3BvcGFrXFNUSUdTXERvRCBNaWNyb3NvZnQgRWRnZSB2MXI2Jw0KDQpsZ3BvIC9nICdDOlx3aW5kb3dzXHRlbXBcbGdwb3Bha1xTVElHU1xEb0QgTW96aWxsYSBGaXJlZm94IHY2cjQnDQoNCmxncG8gL2cgJ0M6XHdpbmRvd3NcdGVtcFxsZ3BvcGFrXFNUSUdTXERvRCBPZmZpY2UgMjAxOS1NMzY1IEFwcHMgdjJyNycNCg0KbGdwbyAvZyAnQzpcd2luZG93c1x0ZW1wXGxncG9wYWtcU1RJR1NcRG9EIEFkb2JlIEFjcm9iYXQgUmVhZGVyIERDIENvbnRpbnVvdXMgVjJSMScNCg0KZ3B1cGRhdGUNCg0KIyB3Z2V0ICdodHRwczovL3NoYXJlMmN1c3QuYmxvYi5jb3JlLnVzZ292Y2xvdWRhcGkubmV0L29wZW5zaGFyZS9BRE1YLnppcD9zcD1yJnN0PTIwMjMtMDQtMDVUMjI6NDQ6NDFaJnNlPTIwMjUtMDUtMjJUMDY6NDQ6NDFaJnNwcj1odHRwcyZzdj0yMDIxLTEyLTAyJnNyPWImc2lnPWVtRjF3ZlhMMXJBTGZRV2dqaWYzcVI1M0xkQmZObXVwOWNJU1pVY2klMkZIdyUzRCcgLU91dEZpbGUgQzpcV2luZG93c1xUZW1wXGFkbXhwYWMuemlwIC1Vc2VCYXNpY1BhcnNpbmcNCiMgRXhwYW5kLUFyY2hpdmUgQzpcd2luZG93c1xUZW1wXGFkbXhwYWMuemlwICJDOlx3aW5kb3dzXFBvbGljeURlZmluaXRpb25zIiAtRm9yY2UNCiMgcm0gQzpcd2luZG93c1xUZW1wXGFkbXh0ZW1wbGF0ZXMuemlwDQoNCiR2ZGlUYWdSZWdQYXRoID0gIkhLRVlfTE9DQUxfTUFDSElORVxTT0ZUV0FSRVxQb2xpY2llc1xNaWNyb3NvZnRcV2luZG93cyBBZHZhbmNlZCBUaHJlYXQgUHJvdGVjdGlvblxEZXZpY2VUYWdnaW5nIg0KJHZkaVRhZ1ZhbHVlTmFtZSA9ICJHcm91cCI7DQokdmRpVGFnID0gIlVTQV9SQ0NDT05fRUNNQV9XMEZWQUFfQVZEIjsNCltNaWNyb3NvZnQuV2luMzIuUmVnaXN0cnldOjpTZXRWYWx1ZSgkdmRpVGFnUmVnUGF0aCwgJHZkaVRhZ1ZhbHVlTmFtZSwgJHZkaVRhZykNCldyaXRlLUhvc3QgIlZESSB0YWcgd2FzIHNldDoiICR2ZGlUYWcNCg0KJHZkaVRhZ1JlZ1BhdGggPSAiSEtFWV9MT0NBTF9NQUNISU5FXFNPRlRXQVJFXFBvbGljaWVzXE1pY3Jvc29mdFxXaW5kb3dzIEFkdmFuY2VkIFRocmVhdCBQcm90ZWN0aW9uXERldmljZVRhZ2dpbmciDQokdmRpVGFnVmFsdWVOYW1lID0gIlZESSI7DQokdmRpVGFnID0gIk5vblBlcnNpc3RlbnQiOw0KW01pY3Jvc29mdC5XaW4zMi5SZWdpc3RyeV06OlNldFZhbHVlKCR2ZGlUYWdSZWdQYXRoLCAkdmRpVGFnVmFsdWVOYW1lLCAkdmRpVGFnKQ0KV3JpdGUtSG9zdCAiVkRJIHRhZyB3YXMgc2V0OiIgJHZkaVRhZw0KDQoNCndnZXQgJ2h0dHBzOi8vcGVyc2lzdGF2ZC5ibG9iLmNvcmUudXNnb3ZjbG91ZGFwaS5uZXQvc2hhcmVzL21kZS56aXA/c3Y9MjAyMS0xMC0wNCZzdD0yMDIzLTAyLTIyVDIwJTNBMzElM0EwM1omc2U9MjAyNS0wNy0yNFQyMCUzQTMxJTNBMDBaJnNyPWImc3A9ciZzaWc9WDFTdDdOOUM5SXhQTlkwRVZXMjhyY2diWGxBTmM1N1JjUGc1NENaR1VJbyUzRCcgLU91dEZpbGUgYzpcd2luZG93c1x0ZW1wXG1kZS56aXANCkV4cGFuZC1BcmNoaXZlIC1MaXRlcmFsUGF0aCBDOlxXaW5kb3dzXFRlbXBcbWRlLnppcCAtRGVzdGluYXRpb25QYXRoIEM6XFdpbmRvd3NcVGVtcCAtRm9yY2UNClN0YXJ0LVByb2Nlc3MgLUZpbGVQYXRoICIkUFNIT01FXHBvd2Vyc2hlbGwuZXhlIiAtV2FpdCAtQXJndW1lbnRMaXN0ICctQ29tbWFuZCAiQzpcV2luZG93c1xUZW1wXE9uYm9hcmQtTm9uUGVyc2lzdGVudE1hY2hpbmUucHMxIicNCg0KIyMjIGJsb2NrIGYgZHJpdmUNCiMgd3JpdGUtaG9zdCAiQmxvY2tpbmcgRlNMT0dJWCBEcml2ZSINCiNyZWcgYWRkICJIS0xNXHNvZnR3YXJlXG1pY3Jvc29mdFx3aW5kb3dzXGN1cnJlbnR2ZXJzaW9uXHBvbGljaWVzXGV4cGxvcmVyIiAvdiBub2RyaXZlcyAvdCByZWdfZHdvcmQgL2QgMzIgL2YNCnJlZyBhZGQgIkhLTE1cc29mdHdhcmVcbWljcm9zb2Z0XHdpbmRvd3NcY3VycmVudHZlcnNpb25ccG9saWNpZXNcZXhwbG9yZXIiIC92IG5vZHJpdmVzIC90IHJlZ19kd29yZCAvZCA2NzEwODg2MyAvZg0KDQojIyMgYWRkIEFETVggYmFjayB0byBpbWFnZS4NCg0KIyBsZ3BvIC9nICdDOlx3aW5kb3dzXHRlbXBcbGdwb3Bha1xTVElHU1xEb0QgR29vZ2xlIENocm9tZSB2MnI3Jw0KDQojIGxncG8gL2cgJ0M6XHdpbmRvd3NcdGVtcFxsZ3BvcGFrXFNUSUdTXERvRCBNaWNyb3NvZnQgRGVmZW5kZXIgQW50aXZpcnVzIFNUSUcgdjJyNCcNCg0KIyBsZ3BvIC9nICdDOlx3aW5kb3dzXHRlbXBcbGdwb3Bha1xTVElHU1xEb0QgTWljcm9zb2Z0IEVkZ2UgdjFyNicNCg0KIyBsZ3BvIC9nICdDOlx3aW5kb3dzXHRlbXBcbGdwb3Bha1xTVElHU1xEb0QgTW96aWxsYSBGaXJlZm94IHY2cjQnDQoNCiMgbGdwbyAvZyAnQzpcd2luZG93c1x0ZW1wXGxncG9wYWtcU1RJR1NcRG9EIE9mZmljZSAyMDE5LU0zNjUgQXBwcyB2MnI3Jw0KDQojIGxncG8gL2cgJ0M6XHdpbmRvd3NcdGVtcFxsZ3BvcGFrXFNUSUdTXERvRCBBZG9iZSBBY3JvYmF0IFJlYWRlciBEQyBDb250aW51b3VzIFYyUjEnDQoNCiMgIyMjIG1hcCBzZWN1cml0eSBncm91cHMgb3IgdGhpcyBmYWlscw0KI2xncG8gL2cgJ0M6XHdpbmRvd3NcdGVtcFxsZ3BvcGFrXFNUSUdTXERvRCBXaW5kb3dzIDExIHYxcjInDQoNCiMgbGdwbyAvZyAnQzpcd2luZG93c1x0ZW1wXGxncG9wYWtcU1RJR1NcRG9EIFdpbmRvd3MgRmlyZXdhbGwgdjFyNycNCg0KIyB3Z2V0ICdodHRwczovL3NoYXJlMmN1c3QuYmxvYi5jb3JlLnVzZ292Y2xvdWRhcGkubmV0L29wZW5zaGFyZS9Bcm15LUFWRC1HUE8uemlwP3NwPXImc3Q9MjAyMy0wMS0xN1QwMTozMTo1Nlomc2U9MjAyNS0wMi0yN1QwOTozMTo1Nlomc3ByPWh0dHBzJnN2PTIwMjEtMDYtMDgmc3I9YiZzaWc9SENpZmNvTk15QnFuaUViREp2SHR4bE9jNDJzZCUyRmFWSWVMZiUyRmFXcnFIa3clM0QnIC1PdXRGaWxlIGM6XHdpbmRvd3NcdGVtcFxBVkQtQXJteS1HUE8uemlwDQojIEV4cGFuZC1BcmNoaXZlIGM6XHdpbmRvd3NcdGVtcFxBVkQtQXJteS1HUE8uemlwIGM6XHdpbmRvd3NcdGVtcA0KIyBsZ3BvIC9nICdDOlx3aW5kb3dzXFRlbXBcQXJteS1BVkQtR1BPXCcNCg0KIyMjIHB1dCB0aGVzZSBpbiBwbGFjZSB3aXRoIFNBUw0KI1dyaXRlLU91dHB1dCAiU2V0LUl0ZW1Qcm9wZXJ0eSBIS0NVOlNvZnR3YXJlXE1pY3Jvc29mdFxXaW5kb3dzXEN1cnJlbnRWZXJzaW9uXEludGVybmV0IFNldHRpbmdzIC1OYW1lIEF1dG9Db25maWdVUkwgLVZhbHVlICdodHRwczovL3BhYy5tZW5sb3NlY3VyaXR5LmNvbS9uZXRjb20tMmE0MjI2YTFjM2VhL2RlZmF1bHQuZGF0JyIgPiBDOlxXaW5kb3dzXFN5c3RlbTMyXEdyb3VwUG9saWN5XFVzZXJcU2NyaXB0c1xMb2dvblxsb2dpbi5wczENCg0KSW52b2tlLVdlYlJlcXVlc3QgJ2h0dHBzOi8vcGVyc2lzdGF2ZC5ibG9iLmNvcmUudXNnb3ZjbG91ZGFwaS5uZXQvc2hhcmVzL3JvdW5kLXN0YXItb2xpdmUtZ3JhZGllbnQtNGsuanBnP3N2PTIwMjEtMTAtMDQmc3Q9MjAyMy0wMi0yMlQyMCUzQTM0JTNBMTBaJnNlPTIwMjUtMDktMjRUMjAlM0EzNCUzQTAwWiZzcj1iJnNwPXImc2lnPWVBSXZ0JTJCZmxta0FXVzEwRnExeHpXbWdxcmZpS3RDenZJRDVFRXh5VjZLVSUzRCcgLW91dGZpbGUgQzpcV2luZG93c1xXZWJcNEtcV2FsbHBhcGVyXFdpbmRvd3NcaW1nMF8xOTIweDEyMDAuanBnDQpJbnZva2UtV2ViUmVxdWVzdCAnaHR0cHM6Ly9wZXJzaXN0YXZkLmJsb2IuY29yZS51c2dvdmNsb3VkYXBpLm5ldC9zaGFyZXMvcm91bmQtc3Rhci1vbGl2ZS1ncmFkaWVudC00ay5qcGc/c3Y9MjAyMS0xMC0wNCZzdD0yMDIzLTAyLTIyVDIwJTNBMzQlM0ExMFomc2U9MjAyNS0wOS0yNFQyMCUzQTM0JTNBMDBaJnNyPWImc3A9ciZzaWc9ZUFJdnQlMkJmbG1rQVdXMTBGcTF4eldtZ3FyZmlLdEN6dklENUVFeHlWNktVJTNEJyAtb3V0ZmlsZSBDOlxXaW5kb3dzXFdlYlw0S1xXYWxscGFwZXJcV2luZG93c1xpbWcxOV8xOTIweDEyMDAuanBnDQoNCndyaXRlLWhvc3QgImluc3RhbGwgVkRPVCINCndnZXQgJ2h0dHBzOi8vcGVyc2lzdGF2ZC5ibG9iLmNvcmUudXNnb3ZjbG91ZGFwaS5uZXQvc2hhcmVzL1ZET1QuemlwP3N2PTIwMjEtMTAtMDQmc3Q9MjAyMy0wMi0yMlQyMCUzQTM1JTNBNTlaJnNlPTIwMjUtMDQtMjRUMjAlM0EzNSUzQTAwWiZzcj1iJnNwPXImc2lnPTN4VG9Bek9rdXhYTVNRVWM4NDB0QmQzWE9KVE1uekpvenh1WmNMZ1VKWkklM0QnIC1PdXRGaWxlIGM6XHdpbmRvd3NcdGVtcFx2ZG90LnppcA0KRXhwYW5kLUFyY2hpdmUgLUxpdGVyYWxQYXRoIEM6XFdpbmRvd3NcVGVtcFx2ZG90LnppcCAtRGVzdGluYXRpb25QYXRoIEM6XFdpbmRvd3NcVGVtcCAtRm9yY2UNCkM6XHdpbmRvd3NcVGVtcFxWaXJ0dWFsLURlc2t0b3AtT3B0aW1pemF0aW9uLVRvb2xcV2luZG93c19WRE9ULnBzMSAtT3B0aW1pemF0aW9ucyAnQWxsJyAtQWR2YW5jZWRPcHRpbWl6YXRpb25zICdBbGwnIC1BY2NlcHRFVUxBDQoNCg0KIyAjIG1heCBkaXNjb25uZWN0ZWQgdGltZSA2MCBtaW5zDQojIHJlZyBhZGQgIkhLTE1cU09GVFdBUkVcUG9saWNpZXNcTWljcm9zb2Z0XFdpbmRvd3MgTlRcVGVybWluYWwgU2VydmljZXMiIC92IE1heERpc2Nvbm5lY3Rpb25UaW1lIC90IFJFR19EV09SRCAvZCAzNjAwMDAwIC9mDQojICMgbWF4IGlkbGUgdGltZSAyNSBtaW5zDQojIHJlZyBhZGQgIkhLTE1cU09GVFdBUkVcUG9saWNpZXNcTWljcm9zb2Z0XFdpbmRvd3MgTlRcVGVybWluYWwgU2VydmljZXMiIC92IE1heElkbGVUaW1lIC90IFJFR19EV09SRCAvZCAxNTUwMDAwMCAvZg0KIyByZWcgYWRkICJIS0xNXFNPRlRXQVJFXFBvbGljaWVzXE1pY3Jvc29mdFxXaW5kb3dzIE5UXFRlcm1pbmFsIFNlcnZpY2VzIiAvdiBmUmVzZXRCcm9rZW4gL3QgUkVHX0RXT1JEIC9kIDEgL2YNCiMgIyBtYXggY29ubmVjdGVkIHRpbWUgOCBob3Vycw0KIyByZWcgYWRkICJIS0xNXFNPRlRXQVJFXFBvbGljaWVzXE1pY3Jvc29mdFxXaW5kb3dzIE5UXFRlcm1pbmFsIFNlcnZpY2VzIiAvdiBNYXhDb25uZWN0aW9uVGltZSAvdCBSRUdfRFdPUkQgL2QgMjI4ODAwMDAwIC9mDQojIHJlZyBhZGQgIkhLTE1cU09GVFdBUkVcUG9saWNpZXNcTWljcm9zb2Z0XFdpbmRvd3MgTlRcVGVybWluYWwgU2VydmljZXMiIC92IFJlbW90ZUFwcExvZ29mZlRpbWVMaW1pdCAvdCBSRUdfRFdPUkQgL2QgMCAvZg0KIyByZWcgYWRkICJIS0xNXFNPRlRXQVJFXFBvbGljaWVzXE1pY3Jvc29mdFxXaW5kb3dzIE5UXFRlcm1pbmFsIFNlcnZpY2VzIiAvdiBmRW5hYmxlVGltZVpvbmVSZWRpcmVjdGlvbiAvdCBSRUdfRFdPUkQgL2QgMSAvZg0KDQojRml4IDVrIFJlc29sdXRpb24NCiMgcmVnIGFkZCAiSEtMTVxTWVNURU1cQ3VycmVudENvbnRyb2xTZXRcQ29udHJvbFxUZXJtaW5hbCBTZXJ2ZXJcV2luU3RhdGlvbnNcUkRQLVRjcCIgL3YgTWF4TW9uaXRvcnMgL3QgUkVHX0RXT1JEIC9kIDQgL2YNCiMgcmVnIGFkZCAiSEtMTVxTWVNURU1cQ3VycmVudENvbnRyb2xTZXRcQ29udHJvbFxUZXJtaW5hbCBTZXJ2ZXJcV2luU3RhdGlvbnNcUkRQLVRjcCIgL3YgTWF4WFJlc29sdXRpb24gL3QgUkVHX0RXT1JEIC9kIDUxMjAgL2YNCiMgcmVnIGFkZCAiSEtMTVxTWVNURU1cQ3VycmVudENvbnRyb2xTZXRcQ29udHJvbFxUZXJtaW5hbCBTZXJ2ZXJcV2luU3RhdGlvbnNcUkRQLVRjcCIgL3YgTWF4WVJlc29sdXRpb24gL3QgUkVHX0RXT1JEIC9kIDI4ODAgL2YNCiMgcmVnIGFkZCAiSEtMTVxTWVNURU1cQ3VycmVudENvbnRyb2xTZXRcQ29udHJvbFxUZXJtaW5hbCBTZXJ2ZXJcV2luU3RhdGlvbnNccmRwLXN4cyIgL3YgTWF4TW9uaXRvcnMgL3QgUkVHX0RXT1JEIC9kIDQgL2YNCiMgcmVnIGFkZCAiSEtMTVxTWVNURU1cQ3VycmVudENvbnRyb2xTZXRcQ29udHJvbFxUZXJtaW5hbCBTZXJ2ZXJcV2luU3RhdGlvbnNccmRwLXN4cyIgL3YgTWF4WFJlc29sdXRpb24gL3QgUkVHX0RXT1JEIC9kIDUxMjAgL2YNCiMgcmVnIGFkZCAiSEtMTVxTWVNURU1cQ3VycmVudENvbnRyb2xTZXRcQ29udHJvbFxUZXJtaW5hbCBTZXJ2ZXJcV2luU3RhdGlvbnNccmRwLXN4cyIgL3YgTWF4WVJlc29sdXRpb24gL3QgUkVHX0RXT1JEIC9kIDI4ODAgL2YNCg0KIyBkaXNhYmxlIHdpbmRvd3Mgc3RvcmUNCiNyZWcgYWRkICJIS0xNXFNPRlRXQVJFXFBvbGljaWVzXE1pY3Jvc29mdFxXaW5kb3dzU3RvcmUiIC92IFJlbW92ZVdpbmRvd3NTdG9yZSAvdCBSRUdfRFdPUkQgL2QgMSAvZg0KDQojIGRpc2FibGUgd2luZ2V0DQojIEdldC1BcHB4cGFja2FnZSAtYWxsdXNlcnMgd2luZG93c3N0b3JlIHwgUmVtb3ZlLUFwcHhQYWNrYWdlDQoNCg0KIyAjIyBwb3dlciBhdXRvbWF0ZQ0KIyB3cml0ZS1ob3N0ICJpbnN0YWxsIFBXUkEiDQojIEdldC1BcHB4UGFja2FnZSAqUG93ZXJBdXRvbWF0ZURlc2t0b3AqIHwgUmVtb3ZlLUFwcHhQYWNrYWdlIC1BbGxVc2Vycw0KIyB3Z2V0ICJodHRwczovL3NoYXJlMmN1c3QuYmxvYi5jb3JlLnVzZ292Y2xvdWRhcGkubmV0L29wZW5zaGFyZS9TZXR1cC5NaWNyb3NvZnQuUG93ZXJBdXRvbWF0ZS56aXA/c3Y9MjAyMS0xMC0wNCZzdD0yMDIyLTEyLTAzVDE2JTNBMDElM0EyNFomc2U9MjAyNS0wNS0xNVQxNiUzQTAxJTNBMDBaJnNyPWImc3A9ciZzaWc9YzRuNmNRZjNrYTZqclI3UDlJJTJCMmVLRDJPYk5KcGxnQiUyQmhVWFolMkJYZHdxSSUzRCIgLU91dEZpbGUgQzpcV2luZG93c1xUZW1wXHBhLnppcA0KIyBFeHBhbmQtQXJjaGl2ZSAtTGl0ZXJhbFBhdGggQzpcV2luZG93c1xUZW1wXHBhLnppcCAtRGVzdGluYXRpb25QYXRoIEM6XFdpbmRvd3NcVGVtcA0KIyBybSBDOlxXaW5kb3dzXFRlbXBccGEuemlwIC1Gb3JjZQ0KIyBTdGFydC1Qcm9jZXNzICdDOlxXaW5kb3dzXFRlbXBcU2V0dXAuTWljcm9zb2Z0LlBvd2VyQXV0b21hdGUuZXhlJyAtV2FpdCAtQXJndW1lbnRMaXN0ICIvYWNjZXB0ZXVsYSAvcXVpZXQgL25vcmVzdGFydCAvbG9nIEM6XFdpbmRvd3NcTG9nc1xTb2Z0d2FyZVxQb3dlckF1dG9tYXRlLWluc3RhbGwubG9nIiANCiMgcm0gQzpcV2luZG93c1xUZW1wXFNldHVwLk1pY3Jvc29mdC5Qb3dlckF1dG9tYXRlLmV4ZSAtRm9yY2UgLVJlY3Vyc2UNCiMgcm0gYzpcdXNlcnNccHVibGljXERlc2t0b3BcKiAtRm9yY2UNCg0KIyB3cml0ZS1ob3N0ICdJbnN0YWxsaW5nIE5vdGVQYWQgKysnDQojIHdnZXQgImh0dHBzOi8vc2hhcmUyY3VzdC5ibG9iLmNvcmUudXNnb3ZjbG91ZGFwaS5uZXQvb3BlbnNoYXJlL25wcC44LjQuOC5JbnN0YWxsZXIueDY0LnppcD9zdj0yMDIxLTEwLTA0JnN0PTIwMjMtMDEtMjdUMDMlM0ExOCUzQTIxWiZzZT0yMDI1LTA5LTI1VDAzJTNBMTglM0EwMFomc3I9YiZzcD1yJnNpZz05VFFxQU40c01wblp3bWVJdTlrVXMzQ3V0OHJyRG1jSWFoaHBVRUpzNW13JTNEIiAtT3V0RmlsZSBDOlx3aW5kb3dzXHRlbXBcbnBwcC56aXANCiMgRXhwYW5kLUFyY2hpdmUgQzpcd2luZG93c1x0ZW1wXG5wcHAuemlwIGM6XHdpbmRvd3NcdGVtcFxucHBwIC1Gb3JjZQ0KIyBybSBDOlx3aW5kb3dzXHRlbXBcbnBwcC56aXAgLUZvcmNlDQojIEM6XFdpbmRvd3NcVGVtcFxucHBwXG5wcC44LjQuOC5JbnN0YWxsZXIueDY0LmV4ZSAvUw0KIyBTdGFydC1TbGVlcCAtU2Vjb25kcyAyMC41DQojIHJtIEM6XHdpbmRvd3NcdGVtcFxucHBwIC1Gb3JjZSAtUmVjdXJzZQ0KDQojICMjIyBWTEMNCiMgd3JpdGUtaG9zdCAiSW5zdGFsbGluZyBWTEMiDQojIHdnZXQgImh0dHBzOi8vc2hhcmUyY3VzdC5ibG9iLmNvcmUudXNnb3ZjbG91ZGFwaS5uZXQvb3BlbnNoYXJlL3ZsYy0zLjAuMTgtd2luNjQubXNpP3N2PTIwMjEtMTAtMDQmc3Q9MjAyMy0wMi0wNFQxOSUzQTM5JTNBMTVaJnNlPTIwMjUtMTEtMTJUMTklM0EzOSUzQTAwWiZzcj1iJnNwPXImc2lnPTB0TlBoZ1RFR2UlMkIwOUZsWkd6RzI1TjF0SXpBbEJRZ3czVHpndWt2VGtSTSUzRCIgLU91dEZpbGUgQzpcd2luZG93c1x0ZW1wXHZsYy0zLjAuMTgtd2luNjQubXNpDQojIFN0YXJ0LVByb2Nlc3MgbXNpZXhlYy5leGUgLVdhaXQgLUFyZ3VtZW50TGlzdCAnL0kgIkM6XFdpbmRvd3NcVGVtcFx2bGMtMy4wLjE4LXdpbjY0Lm1zaSIgL3FiJw0KIyBybSBDOlx3aW5kb3dzXHRlbXBcdmxjLTMuMC4xOC13aW42NC5tc2kgLUZvcmNlDQoNCiMgIyMjIGFjcm9iYXQNCiMgd3JpdGUtaG9zdCAiSW5zdGFsbGluZyBBY3JvYmF0Ig0KIyB3Z2V0ICJodHRwczovL3NoYXJlMmN1c3QuYmxvYi5jb3JlLnVzZ292Y2xvdWRhcGkubmV0L29wZW5zaGFyZS9BZG9iZS1BY3JvYmF0LVByby1EQy0yMi4wLU9mZmxpbmUtSkVMQV9lbl9VU19XSU5fNjQuemlwP3N2PTIwMjEtMTAtMDQmc3Q9MjAyMy0wMS0yN1QwMCUzQTI1JTNBMjVaJnNlPTIwMjQtMTItMjZUMDAlM0EyNSUzQTAwWiZzcj1iJnNwPXImc2lnPXFkTnlSM3Q2eGRVc3pRY0VrdEd0WHRhUHdGZzN0TWhnJTJCWWlXREpSWTJiSSUzRCIgLU91dEZpbGUgQzpcd2luZG93c1x0ZW1wXGFjcm9iYXQuemlwDQojIEV4cGFuZC1BcmNoaXZlIEM6XHdpbmRvd3NcdGVtcFxhY3JvYmF0LnppcCBjOlx3aW5kb3dzXHRlbXBcYWNyb2JhdCAtRm9yY2UNCiMgcm0gQzpcd2luZG93c1x0ZW1wXGFjcm9iYXQuemlwIC1Gb3JjZQ0KIyBTdGFydC1Qcm9jZXNzIG1zaWV4ZWMuZXhlIC1XYWl0IC1Bcmd1bWVudExpc3QgJy9JICJDOlxXaW5kb3dzXFRlbXBcYWNyb2JhdFxBZG9iZS1BY3JvYmF0LVByby1EQy0yMi4wLU9mZmxpbmUtSkVMQVxCdWlsZFxTZXR1cFxBUFJPMjIuMFxBZG9iZSBBY3JvYmF0XEFjcm9Qcm8ubXNpIiAvcWInDQojIFN0YXJ0LVByb2Nlc3MgbXNpZXhlYy5leGUgLVdhaXQgLUFyZ3VtZW50TGlzdCAnL0kgIkM6XFdpbmRvd3NcVGVtcFxhY3JvYmF0XEFkb2JlLUFjcm9iYXQtUHJvLURDLTIyLjAtT2ZmbGluZS1KRUxBXEJ1aWxkXEFkb2JlLUFjcm9iYXQtUHJvLURDLTIyLjAtT2ZmbGluZS1KRUxBLm1zaSIgL3FiJw0KIyBybSBDOlx3aW5kb3dzXHRlbXBcYWNyb2JhdCAtRm9yY2UgLVJlY3Vyc2UNCg0KIyAjIyMgN3ppcA0KIyB3cml0ZS1ob3N0ICJJbnN0YWxsaW5nIDd6aXAiDQojIHdnZXQgJ2h0dHBzOi8vc2hhcmUyY3VzdC5ibG9iLmNvcmUudXNnb3ZjbG91ZGFwaS5uZXQvb3BlbnNoYXJlLzd6aXAuemlwP3N2PTIwMjEtMTAtMDQmc3Q9MjAyMy0wMS0xN1QxNSUzQTM5JTNBNTNaJnNlPTIwMjUtMDctMThUMTUlM0EzOSUzQTAwWiZzcj1iJnNwPXImc2lnPWtib2VTU1NYckxhZnFwQkhXakZYOFpNdkNLUUpyJTJGMjRDUTZsMFZkZTNOSSUzRCcgLU91dEZpbGUgYzpcd2luZG93c1x0ZW1wXDd6aXAuemlwDQojIEV4cGFuZC1BcmNoaXZlIEM6XHdpbmRvd3NcdGVtcFw3emlwLnppcCBjOlx3aW5kb3dzXHRlbXBcN3ppcCAtRm9yY2UNCiMgU3RhcnQtUHJvY2VzcyBtc2lleGVjLmV4ZSAtV2FpdCAtQXJndW1lbnRMaXN0ICcvaSBDOlx3aW5kb3dzXHRlbXBcN3ppcFw3ejIyMDEteDY0Lm1zaSAvcW4gL25vcmVzdGFydCcNCiMgcm0gQzpcd2luZG93c1x0ZW1wXDd6aXAgLUZvcmNlIC1SZWN1cnNlDQojIHJtIGM6XHdpbmRvd3NcdGVtcFw3emlwLnppcCAtZm9yY2UNCg0KI1NldC1FeGVjdXRpb25Qb2xpY3kgQnlwYXNzIC1TY29wZSBQcm9jZXNzIC1Gb3JjZTsgW1N5c3RlbS5OZXQuU2VydmljZVBvaW50TWFuYWdlcl06OlNlY3VyaXR5UHJvdG9jb2wgPSBbU3lzdGVtLk5ldC5TZXJ2aWNlUG9pbnRNYW5hZ2VyXTo6U2VjdXJpdHlQcm90b2NvbCAtYm9yIDMwNzI7IGlleCAoKE5ldy1PYmplY3QgU3lzdGVtLk5ldC5XZWJDbGllbnQpLkRvd25sb2FkU3RyaW5nKCdodHRwczovL3NoYXJlMmN1c3QuYmxvYi5jb3JlLnVzZ292Y2xvdWRhcGkubmV0L29wZW5zaGFyZS9zdGlnLnBzMT9zdj0yMDIxLTA4LTA2JnN0PTIwMjItMTItMDdUMDElM0ExMyUzQTA4WiZzZT0yMDI0LTA1LTE2VDAwJTNBMTMlM0EwMFomc3I9YiZzcD1yJnNpZz05eFk2ODdrRlR5NWVNZCUyRkFrSE5MTVE5M2ZPTUJ3R0Q2RTkyNzJHTFdQVm8lM0QnKSkNCg0Kcm0gYzpcRFNDIC1mb3JjZSAtUmVjdXJzZQ0Kcm0gYzpcbG9ncyAtZm9yY2UgLVJlY3Vyc2UNCnJtIGM6XHRlbXAgLWZvcmNlIC1SZWN1cnNlDQpybSBjOlxBenVyZURhdGFcKiAtZm9yY2UgLVJlY3Vyc2UNCg0KI1tOZXQuU2VydmljZVBvaW50TWFuYWdlcl06OlNlY3VyaXR5UHJvdG9jb2wgPSAnVGxzMTInDQojSW52b2tlLUV4cHJlc3Npb24gKChOZXctT2JqZWN0IFN5c3RlbS5OZXQuV2ViY2xpZW50KS5Eb3dubG9hZFN0cmluZygnaHR0cHM6Ly9zaGFyZTJjdXN0LmJsb2IuY29yZS51c2dvdmNsb3VkYXBpLm5ldC9vcGVuc2hhcmUvc3RpZ3MucHMxP3NwPXImc3Q9MjAyMy0wNC0wNlQwMjowNjo0NFomc2U9MjAyNS0wNS0yMlQxMDowNjo0NFomc3ByPWh0dHBzJnN2PTIwMjEtMTItMDImc3I9YiZzaWc9N3JKOFdKM0Q1MGk2cFkwbjdXV3pTWjlaUjFGdlBkTHh1YjAlMkY4SCUyQjlOYzQlM0QnKSkNCg0KIyBsb2dpbiBmaWxlDQojIFtIS0VZX0NVUlJFTlRfVVNFUlxTT0ZUV0FSRVxNaWNyb3NvZnRcV2luZG93cyBOVFxDdXJyZW50VmVyc2lvblxXaW5sb2dvbl0gIlJlc3RhcnRBcHBzIj1kd29yZDowMDAwMDAwMQ0KIyBOZXctSXRlbVByb3BlcnR5IC1QYXRoICJIS0VZX0NVUlJFTlRfVVNFUlxTb2Z0d2FyZVxNaWNyb3NvZnRcT25lRHJpdmUiIC1OYW1lICJEaXNhYmxlUGVyc29uYWxTeW5jIiAtVmFsdWUgIjEiIC1Qcm9wZXJ0eVR5cGUgZHdvcmQgLUZvcmNlDQojIA==",
            "dedicated_host_group_id": "",
            "dedicated_host_id": "",
            "edge_zone": "",
            "enable_automatic_updates": true,
            "encryption_at_host_enabled": false,
            "eviction_policy": "",
            "extensions_time_budget": "PT1H30M",
            "gallery_application": [],
            "hotpatching_enabled": false,
            "id": "/subscriptions/41dafe2e-0108-4dd0-827f-5110b0f0538d/resourceGroups/AVD-VA-011-3-RG/providers/Microsoft.Compute/virtualMachines/AVD-VA-011-3-A-f4c5",
            "identity": [
              {
                "identity_ids": null,
                "principal_id": "2f8d041f-96f1-49b9-9041-473fb0bcf5af",
                "tenant_id": "2d0d5fc2-d5c4-4889-b991-4cf2b9e83bc2",
                "type": "SystemAssigned"
              }
            ],
            "license_type": "Windows_Client",
            "location": "usgovvirginia",
            "max_bid_price": -1,
            "name": "AVD-VA-011-3-A-f4c5",
            "network_interface_ids": [
              "/subscriptions/41dafe2e-0108-4dd0-827f-5110b0f0538d/resourceGroups/AVD-VA-011-3-RG/providers/Microsoft.Network/networkInterfaces/AVD-A-f4c5-1-NIC"
            ],
            "os_disk": [
              {
                "caching": "ReadWrite",
                "diff_disk_settings": [],
                "disk_encryption_set_id": "",
                "disk_size_gb": 2048,
                "name": "AVD-A-f4c5-1-osdisk",
                "secure_vm_disk_encryption_set_id": "",
                "security_encryption_type": "",
                "storage_account_type": "Premium_LRS",
                "write_accelerator_enabled": false
              }
            ],
            "patch_assessment_mode": "ImageDefault",
            "patch_mode": "AutomaticByOS",
            "plan": [],
            "platform_fault_domain": -1,
            "priority": "Regular",
            "private_ip_address": "10.49.2.132",
            "private_ip_addresses": [
              "10.49.2.132"
            ],
            "provision_vm_agent": true,
            "proximity_placement_group_id": "",
            "public_ip_address": "",
            "public_ip_addresses": [],
            "resource_group_name": "AVD-VA-011-3-RG",
            "secret": [],
            "secure_boot_enabled": true,
            "size": "Standard_D16as_v5",
            "source_image_id": "",
            "source_image_reference": [
              {
                "offer": "windows-11",
                "publisher": "microsoftwindowsdesktop",
                "sku": "win11-22h2-avd",
                "version": "latest"
              }
            ],
            "tags": null,
            "termination_notification": null,
            "timeouts": null,
            "timezone": "",
            "user_data": "",
            "virtual_machine_id": "efa53c3a-78a9-4168-88dd-54aa35d84e14",
            "virtual_machine_scale_set_id": "",
            "vtpm_enabled": true,
            "winrm_listener": [],
            "zone": ""
          },
          "sensitive_attributes": [
            [
              {
                "type": "get_attr",
                "value": "admin_password"
              }
            ]
          ],
          "private": "eyJlMmJmYjczMC1lY2FhLTExZTYtOGY4OC0zNDM2M2JjN2M0YzAiOnsiY3JlYXRlIjoyNzAwMDAwMDAwMDAwLCJkZWxldGUiOjI3MDAwMDAwMDAwMDAsInJlYWQiOjMwMDAwMDAwMDAwMCwidXBkYXRlIjoyNzAwMDAwMDAwMDAwfX0=",
          "dependencies": [
            "data.azurerm_key_vault_secret.vmPW",
            "data.azurerm_log_analytics_workspace.log_analytics_workspace",
            "module.hostpool_ga.azurerm_monitor_diagnostic_setting.avd-logs",
            "module.hostpool_ga.azurerm_virtual_desktop_host_pool.hostpool",
            "module.hostpool_ga.azurerm_virtual_desktop_host_pool_registration_info.token",
            "module.rg-avd.azurerm_resource_group.myRGs",
            "module.session_hosts.azurerm_availability_set.avd",
            "module.session_hosts.azurerm_network_interface.nic",
            "module.session_hosts.azurerm_subnet.subnet",
            "module.session_hosts.random_string.random",
            "module.workspace.azurerm_monitor_diagnostic_setting.avd_workspace-logs",
            "module.workspace.azurerm_virtual_desktop_workspace.workspace",
            "time_rotating.avd_registration_expiration"
          ]
        }
      ]
    },
    {
      "module": "module.session_hosts[2]",
      "mode": "managed",
      "type": "random_string",
      "name": "random",
      "provider": "provider[\"registry.terraform.io/hashicorp/random\"]",
      "instances": [
        {
          "index_key": 0,
          "schema_version": 2,
          "attributes": {
            "id": "f4c5",
            "keepers": null,
            "length": 4,
            "lower": true,
            "min_lower": 0,
            "min_numeric": 0,
            "min_special": 0,
            "min_upper": 0,
            "number": true,
            "numeric": true,
            "override_special": null,
            "result": "f4c5",
            "special": false,
            "upper": false
          },
          "sensitive_attributes": [],
          "dependencies": [
            "data.azurerm_log_analytics_workspace.log_analytics_workspace",
            "module.hostpool_ga.azurerm_monitor_diagnostic_setting.avd-logs",
            "module.hostpool_ga.azurerm_virtual_desktop_host_pool.hostpool",
            "module.hostpool_ga.azurerm_virtual_desktop_host_pool_registration_info.token",
            "module.rg-avd.azurerm_resource_group.myRGs",
            "module.workspace.azurerm_monitor_diagnostic_setting.avd_workspace-logs",
            "module.workspace.azurerm_virtual_desktop_workspace.workspace",
            "time_rotating.avd_registration_expiration"
          ]
        }
      ]
    },
    {
      "module": "module.session_hosts[3]",
      "mode": "data",
      "type": "azurerm_client_config",
      "name": "current",
      "provider": "provider[\"registry.terraform.io/hashicorp/azurerm\"]",
      "instances": [
        {
          "schema_version": 0,
          "attributes": {
            "client_id": "04b07795-8ddb-461a-bbee-02f9e1bf7b46",
            "id": "Y2xpZW50Q29uZmlncy9jbGllbnRJZD0wNGIwNzc5NS04ZGRiLTQ2MWEtYmJlZS0wMmY5ZTFiZjdiNDY7b2JqZWN0SWQ9ZmUxYjU1YjQtNjRiMS00NDkwLTkwZmItYzc3YmZhNGYzMTAwO3N1YnNjcmlwdGlvbklkPTQxZGFmZTJlLTAxMDgtNGRkMC04MjdmLTUxMTBiMGYwNTM4ZDt0ZW5hbnRJZD0yZDBkNWZjMi1kNWM0LTQ4ODktYjk5MS00Y2YyYjllODNiYzI=",
            "object_id": "fe1b55b4-64b1-4490-90fb-c77bfa4f3100",
            "subscription_id": "41dafe2e-0108-4dd0-827f-5110b0f0538d",
            "tenant_id": "2d0d5fc2-d5c4-4889-b991-4cf2b9e83bc2",
            "timeouts": null
          },
          "sensitive_attributes": []
        }
      ]
    },
    {
      "module": "module.session_hosts[3]",
      "mode": "data",
      "type": "azurerm_route_table",
      "name": "rt",
      "provider": "provider[\"registry.terraform.io/hashicorp/azurerm\"]",
      "instances": [
        {
          "schema_version": 0,
          "attributes": {
            "id": "/subscriptions/41dafe2e-0108-4dd0-827f-5110b0f0538d/resourceGroups/CAZ-MANAGE-P-RGP-CrossTenant/providers/Microsoft.Network/routeTables/CAZ-AVDFW-RCWPAVDA365-EAST-P-RT",
            "location": "usgovvirginia",
            "name": "CAZ-AVDFW-RCWPAVDA365-EAST-P-RT",
            "resource_group_name": "CAZ-MANAGE-P-RGP-CrossTenant",
            "route": [],
            "subnets": [
              "/subscriptions/41dafe2e-0108-4dd0-827f-5110b0f0538d/resourceGroups/CAZ-MANAGE-P-RGP-CrossTenant/providers/Microsoft.Network/virtualNetworks/CAZ-MANAGE-P-RCWPAVD-EAST-VNET/subnets/vGFE-Virginia-vNext-Subnet-0",
              "/subscriptions/41dafe2e-0108-4dd0-827f-5110b0f0538d/resourceGroups/CAZ-MANAGE-P-RGP-CrossTenant/providers/Microsoft.Network/virtualNetworks/CAZ-MANAGE-P-RCWPAVD-EAST-VNET/subnets/vGFE-Virginia-vNext-Subnet-1",
              "/subscriptions/41dafe2e-0108-4dd0-827f-5110b0f0538d/resourceGroups/CAZ-MANAGE-P-RGP-CrossTenant/providers/Microsoft.Network/virtualNetworks/CAZ-MANAGE-P-RCWPAVD-EAST-VNET/subnets/vGFE-Virginia-vNext-Subnet-2",
              "/subscriptions/41dafe2e-0108-4dd0-827f-5110b0f0538d/resourceGroups/CAZ-MANAGE-P-RGP-CrossTenant/providers/Microsoft.Network/virtualNetworks/CAZ-MANAGE-P-RCWPAVD-EAST-VNET/subnets/vGFE-Virginia-vNext-Subnet-3"
            ],
            "tags": {},
            "timeouts": null
          },
          "sensitive_attributes": []
        }
      ]
    },
    {
      "module": "module.session_hosts[3]",
      "mode": "data",
      "type": "azurerm_shared_image",
      "name": "avd_sig_image",
      "provider": "provider[\"registry.terraform.io/hashicorp/azurerm\"]",
      "instances": [
        {
          "schema_version": 0,
          "attributes": {
            "architecture": "x64",
            "description": "",
            "eula": "",
            "gallery_name": "PROD_AVD_CORE_Gallery",
            "hyper_v_generation": "V2",
            "id": "/subscriptions/41dafe2e-0108-4dd0-827f-5110b0f0538d/resourceGroups/PROD-AVD-CORE-IMAGES-RG/providers/Microsoft.Compute/galleries/PROD_AVD_CORE_Gallery/images/window-11-AVD-STIG",
            "identifier": [
              {
                "offer": "office-365",
                "publisher": "AVD-Army-Core-WindowsDesktop",
                "sku": "win11-22h2-avd-m365"
              }
            ],
            "location": "usgovvirginia",
            "name": "window-11-AVD-STIG",
            "os_type": "Windows",
            "privacy_statement_uri": "",
            "purchase_plan": [],
            "release_note_uri": "",
            "resource_group_name": "PROD-AVD-CORE-IMAGES-RG",
            "specialized": false,
            "tags": {
              "created": "true",
              "environment": "PROD",
              "managed": "true",
              "owner": "Barry Newman",
              "packer": "true",
              "project": "Army-AVD",
              "source": "cli",
              "terraform": "true"
            },
            "timeouts": null
          },
          "sensitive_attributes": []
        }
      ]
    },
    {
      "module": "module.session_hosts[3]",
      "mode": "data",
      "type": "azurerm_storage_account",
      "name": "fslogix",
      "provider": "provider[\"registry.terraform.io/hashicorp/azurerm\"]",
      "instances": []
    },
    {
      "module": "module.session_hosts[3]",
      "mode": "data",
      "type": "azurerm_virtual_network",
      "name": "vnet",
      "provider": "provider[\"registry.terraform.io/hashicorp/azurerm\"]",
      "instances": [
        {
          "schema_version": 0,
          "attributes": {
            "address_space": [
              "10.49.0.0/16"
            ],
            "dns_servers": null,
            "guid": "28ee067f-62a5-4e24-a81b-dfb311e93c38",
            "id": "/subscriptions/41dafe2e-0108-4dd0-827f-5110b0f0538d/resourceGroups/CAZ-MANAGE-P-RGP-CrossTenant/providers/Microsoft.Network/virtualNetworks/CAZ-MANAGE-P-RCWPAVD-EAST-VNET",
            "location": "usgovvirginia",
            "name": "CAZ-MANAGE-P-RCWPAVD-EAST-VNET",
            "resource_group_name": "CAZ-MANAGE-P-RGP-CrossTenant",
            "subnets": [
              "vGFE-Virginia-vNext-Subnet-3",
              "vGFE-Virginia-vNext-Subnet-0",
              "vGFE-Virginia-vNext-Subnet-1",
              "vGFE-Virginia-vNext-Subnet-2"
            ],
            "tags": {},
            "timeouts": null,
            "vnet_peerings": {},
            "vnet_peerings_addresses": []
          },
          "sensitive_attributes": []
        }
      ]
    },
    {
      "module": "module.session_hosts[3]",
      "mode": "managed",
      "type": "azurerm_availability_set",
      "name": "avd",
      "provider": "provider[\"registry.terraform.io/hashicorp/azurerm\"]",
      "instances": [
        {
          "schema_version": 0,
          "attributes": {
            "id": "/subscriptions/41dafe2e-0108-4dd0-827f-5110b0f0538d/resourceGroups/AVD-VA-011-4-RG/providers/Microsoft.Compute/availabilitySets/AVD-VA-011-4-availability-set",
            "location": "usgovvirginia",
            "managed": true,
            "name": "AVD-VA-011-4-availability-set",
            "platform_fault_domain_count": 2,
            "platform_update_domain_count": 2,
            "proximity_placement_group_id": null,
            "resource_group_name": "AVD-VA-011-4-RG",
            "tags": {},
            "timeouts": null
          },
          "sensitive_attributes": [],
          "private": "eyJlMmJmYjczMC1lY2FhLTExZTYtOGY4OC0zNDM2M2JjN2M0YzAiOnsiY3JlYXRlIjoxODAwMDAwMDAwMDAwLCJkZWxldGUiOjE4MDAwMDAwMDAwMDAsInJlYWQiOjMwMDAwMDAwMDAwMCwidXBkYXRlIjoxODAwMDAwMDAwMDAwfX0=",
          "dependencies": [
            "data.azurerm_log_analytics_workspace.log_analytics_workspace",
            "module.hostpool_ga.azurerm_monitor_diagnostic_setting.avd-logs",
            "module.hostpool_ga.azurerm_virtual_desktop_host_pool.hostpool",
            "module.hostpool_ga.azurerm_virtual_desktop_host_pool_registration_info.token",
            "module.rg-avd.azurerm_resource_group.myRGs",
            "module.workspace.azurerm_monitor_diagnostic_setting.avd_workspace-logs",
            "module.workspace.azurerm_virtual_desktop_workspace.workspace",
            "time_rotating.avd_registration_expiration"
          ]
        }
      ]
    },
    {
      "module": "module.session_hosts[3]",
      "mode": "managed",
      "type": "azurerm_network_interface",
      "name": "nic",
      "provider": "provider[\"registry.terraform.io/hashicorp/azurerm\"]",
      "instances": [
        {
          "index_key": 0,
          "schema_version": 0,
          "attributes": {
            "applied_dns_servers": [],
            "dns_servers": [],
            "edge_zone": "",
            "enable_accelerated_networking": false,
            "enable_ip_forwarding": false,
            "id": "/subscriptions/41dafe2e-0108-4dd0-827f-5110b0f0538d/resourceGroups/AVD-VA-011-4-RG/providers/Microsoft.Network/networkInterfaces/AVD-A-yxxb-1-NIC",
            "internal_dns_name_label": "",
            "internal_domain_name_suffix": "p2do2kffmise3ka114zrd0j2ha.ax.internal.usgovcloudapp.net",
            "ip_configuration": [
              {
                "gateway_load_balancer_frontend_ip_configuration_id": "",
                "name": "webipconfig0",
                "primary": true,
                "private_ip_address": "10.49.2.196",
                "private_ip_address_allocation": "Dynamic",
                "private_ip_address_version": "IPv4",
                "public_ip_address_id": "",
                "subnet_id": "/subscriptions/41dafe2e-0108-4dd0-827f-5110b0f0538d/resourceGroups/CAZ-MANAGE-P-RGP-CrossTenant/providers/Microsoft.Network/virtualNetworks/CAZ-MANAGE-P-RCWPAVD-EAST-VNET/subnets/vGFE-Virginia-vNext-Subnet-3"
              }
            ],
            "location": "usgovvirginia",
            "mac_address": "",
            "name": "AVD-A-yxxb-1-NIC",
            "private_ip_address": "10.49.2.196",
            "private_ip_addresses": [
              "10.49.2.196"
            ],
            "resource_group_name": "AVD-VA-011-4-RG",
            "tags": null,
            "timeouts": null,
            "virtual_machine_id": ""
          },
          "sensitive_attributes": [],
          "private": "eyJlMmJmYjczMC1lY2FhLTExZTYtOGY4OC0zNDM2M2JjN2M0YzAiOnsiY3JlYXRlIjoxODAwMDAwMDAwMDAwLCJkZWxldGUiOjE4MDAwMDAwMDAwMDAsInJlYWQiOjMwMDAwMDAwMDAwMCwidXBkYXRlIjoxODAwMDAwMDAwMDAwfX0=",
          "dependencies": [
            "data.azurerm_log_analytics_workspace.log_analytics_workspace",
            "module.hostpool_ga.azurerm_monitor_diagnostic_setting.avd-logs",
            "module.hostpool_ga.azurerm_virtual_desktop_host_pool.hostpool",
            "module.hostpool_ga.azurerm_virtual_desktop_host_pool_registration_info.token",
            "module.rg-avd.azurerm_resource_group.myRGs",
            "module.session_hosts.azurerm_subnet.subnet",
            "module.session_hosts.random_string.random",
            "module.workspace.azurerm_monitor_diagnostic_setting.avd_workspace-logs",
            "module.workspace.azurerm_virtual_desktop_workspace.workspace",
            "time_rotating.avd_registration_expiration"
          ]
        }
      ]
    },
    {
      "module": "module.session_hosts[3]",
      "mode": "managed",
      "type": "azurerm_private_endpoint",
      "name": "fslogix-pl",
      "provider": "provider[\"registry.terraform.io/hashicorp/azurerm\"]",
      "instances": []
    },
    {
      "module": "module.session_hosts[3]",
      "mode": "managed",
      "type": "azurerm_subnet",
      "name": "subnet",
      "provider": "provider[\"registry.terraform.io/hashicorp/azurerm\"]",
      "instances": [
        {
          "schema_version": 0,
          "attributes": {
            "address_prefixes": [
              "10.49.2.192/26"
            ],
            "delegation": [],
            "enforce_private_link_endpoint_network_policies": true,
            "enforce_private_link_service_network_policies": true,
            "id": "/subscriptions/41dafe2e-0108-4dd0-827f-5110b0f0538d/resourceGroups/CAZ-MANAGE-P-RGP-CrossTenant/providers/Microsoft.Network/virtualNetworks/CAZ-MANAGE-P-RCWPAVD-EAST-VNET/subnets/vGFE-Virginia-vNext-Subnet-3",
            "name": "vGFE-Virginia-vNext-Subnet-3",
            "private_endpoint_network_policies_enabled": false,
            "private_link_service_network_policies_enabled": false,
            "resource_group_name": "CAZ-MANAGE-P-RGP-CrossTenant",
            "service_endpoint_policy_ids": [],
            "service_endpoints": [],
            "timeouts": null,
            "virtual_network_name": "CAZ-MANAGE-P-RCWPAVD-EAST-VNET"
          },
          "sensitive_attributes": [],
          "private": "eyJlMmJmYjczMC1lY2FhLTExZTYtOGY4OC0zNDM2M2JjN2M0YzAiOnsiY3JlYXRlIjoxODAwMDAwMDAwMDAwLCJkZWxldGUiOjE4MDAwMDAwMDAwMDAsInJlYWQiOjMwMDAwMDAwMDAwMCwidXBkYXRlIjoxODAwMDAwMDAwMDAwfX0=",
          "dependencies": [
            "data.azurerm_log_analytics_workspace.log_analytics_workspace",
            "module.hostpool_ga.azurerm_monitor_diagnostic_setting.avd-logs",
            "module.hostpool_ga.azurerm_virtual_desktop_host_pool.hostpool",
            "module.hostpool_ga.azurerm_virtual_desktop_host_pool_registration_info.token",
            "module.rg-avd.azurerm_resource_group.myRGs",
            "module.session_hosts.data.azurerm_virtual_network.vnet",
            "module.workspace.azurerm_monitor_diagnostic_setting.avd_workspace-logs",
            "module.workspace.azurerm_virtual_desktop_workspace.workspace",
            "time_rotating.avd_registration_expiration"
          ]
        }
      ]
    },
    {
      "module": "module.session_hosts[3]",
      "mode": "managed",
      "type": "azurerm_subnet_route_table_association",
      "name": "session_hosts",
      "provider": "provider[\"registry.terraform.io/hashicorp/azurerm\"]",
      "instances": [
        {
          "schema_version": 0,
          "attributes": {
            "id": "/subscriptions/41dafe2e-0108-4dd0-827f-5110b0f0538d/resourceGroups/CAZ-MANAGE-P-RGP-CrossTenant/providers/Microsoft.Network/virtualNetworks/CAZ-MANAGE-P-RCWPAVD-EAST-VNET/subnets/vGFE-Virginia-vNext-Subnet-3",
            "route_table_id": "/subscriptions/41dafe2e-0108-4dd0-827f-5110b0f0538d/resourceGroups/CAZ-MANAGE-P-RGP-CrossTenant/providers/Microsoft.Network/routeTables/CAZ-AVDFW-RCWPAVDA365-EAST-P-RT",
            "subnet_id": "/subscriptions/41dafe2e-0108-4dd0-827f-5110b0f0538d/resourceGroups/CAZ-MANAGE-P-RGP-CrossTenant/providers/Microsoft.Network/virtualNetworks/CAZ-MANAGE-P-RCWPAVD-EAST-VNET/subnets/vGFE-Virginia-vNext-Subnet-3",
            "timeouts": null
          },
          "sensitive_attributes": [],
          "private": "eyJlMmJmYjczMC1lY2FhLTExZTYtOGY4OC0zNDM2M2JjN2M0YzAiOnsiY3JlYXRlIjoxODAwMDAwMDAwMDAwLCJkZWxldGUiOjE4MDAwMDAwMDAwMDAsInJlYWQiOjMwMDAwMDAwMDAwMCwidXBkYXRlIjoxODAwMDAwMDAwMDAwfX0=",
          "dependencies": [
            "data.azurerm_log_analytics_workspace.log_analytics_workspace",
            "module.hostpool_ga.azurerm_monitor_diagnostic_setting.avd-logs",
            "module.hostpool_ga.azurerm_virtual_desktop_host_pool.hostpool",
            "module.hostpool_ga.azurerm_virtual_desktop_host_pool_registration_info.token",
            "module.rg-avd.azurerm_resource_group.myRGs",
            "module.session_hosts.azurerm_subnet.subnet",
            "module.session_hosts.data.azurerm_route_table.rt",
            "module.session_hosts.data.azurerm_virtual_network.vnet",
            "module.workspace.azurerm_monitor_diagnostic_setting.avd_workspace-logs",
            "module.workspace.azurerm_virtual_desktop_workspace.workspace",
            "time_rotating.avd_registration_expiration"
          ]
        }
      ]
    },
    {
      "module": "module.session_hosts[3]",
      "mode": "managed",
      "type": "azurerm_virtual_machine_extension",
      "name": "bootstrap",
      "provider": "provider[\"registry.terraform.io/hashicorp/azurerm\"]",
      "instances": [
        {
          "index_key": 0,
          "schema_version": 0,
          "attributes": {
            "auto_upgrade_minor_version": true,
            "automatic_upgrade_enabled": false,
            "failure_suppression_enabled": false,
            "id": "/subscriptions/41dafe2e-0108-4dd0-827f-5110b0f0538d/resourceGroups/AVD-VA-011-4-RG/providers/Microsoft.Compute/virtualMachines/AVD-VA-011-4-A-yxxb/extensions/ext-custom-FileBootstrap",
            "name": "ext-custom-FileBootstrap",
            "protected_settings": "    {\r\n        \"commandToExecute\": \"powershell.exe -ExecutionPolicy Unrestricted -NoProfile -NonInteractive -command \\\"cp c:/azuredata/customdata.bin c:/azuredata/dscpak.ps1;\\\"\"\r\n    }\r\n",
            "protected_settings_from_key_vault": [],
            "publisher": "Microsoft.Compute",
            "settings": null,
            "tags": null,
            "timeouts": {
              "create": "60m",
              "delete": null,
              "read": null,
              "update": null
            },
            "type": "CustomScriptExtension",
            "type_handler_version": "1.10",
            "virtual_machine_id": "/subscriptions/41dafe2e-0108-4dd0-827f-5110b0f0538d/resourceGroups/AVD-VA-011-4-RG/providers/Microsoft.Compute/virtualMachines/AVD-VA-011-4-A-yxxb"
          },
          "sensitive_attributes": [],
          "private": "eyJlMmJmYjczMC1lY2FhLTExZTYtOGY4OC0zNDM2M2JjN2M0YzAiOnsiY3JlYXRlIjozNjAwMDAwMDAwMDAwLCJkZWxldGUiOjE4MDAwMDAwMDAwMDAsInJlYWQiOjMwMDAwMDAwMDAwMCwidXBkYXRlIjoxODAwMDAwMDAwMDAwfX0=",
          "dependencies": [
            "data.azurerm_key_vault_secret.vmPW",
            "data.azurerm_log_analytics_workspace.log_analytics_workspace",
            "module.hostpool_ga.azurerm_monitor_diagnostic_setting.avd-logs",
            "module.hostpool_ga.azurerm_virtual_desktop_host_pool.hostpool",
            "module.hostpool_ga.azurerm_virtual_desktop_host_pool_registration_info.token",
            "module.rg-avd.azurerm_resource_group.myRGs",
            "module.session_hosts.azurerm_availability_set.avd",
            "module.session_hosts.azurerm_network_interface.nic",
            "module.session_hosts.azurerm_subnet.subnet",
            "module.session_hosts.azurerm_virtual_machine_extension.joinsessionhost",
            "module.session_hosts.azurerm_virtual_machine_extension.monitoragent",
            "module.session_hosts.azurerm_windows_virtual_machine.vm",
            "module.session_hosts.random_string.random",
            "module.workspace.azurerm_monitor_diagnostic_setting.avd_workspace-logs",
            "module.workspace.azurerm_virtual_desktop_workspace.workspace",
            "time_rotating.avd_registration_expiration"
          ]
        }
      ]
    },
    {
      "module": "module.session_hosts[3]",
      "mode": "managed",
      "type": "azurerm_virtual_machine_extension",
      "name": "joinsessionhost",
      "provider": "provider[\"registry.terraform.io/hashicorp/azurerm\"]",
      "instances": [
        {
          "index_key": 0,
          "schema_version": 0,
          "attributes": {
            "auto_upgrade_minor_version": true,
            "automatic_upgrade_enabled": false,
            "failure_suppression_enabled": false,
            "id": "/subscriptions/41dafe2e-0108-4dd0-827f-5110b0f0538d/resourceGroups/AVD-VA-011-4-RG/providers/Microsoft.Compute/virtualMachines/AVD-VA-011-4-A-yxxb/extensions/ext-joinsessionhost",
            "name": "ext-joinsessionhost",
            "protected_settings": "  {\r\n    \"properties\": {\r\n      \"registrationInfoToken\": \"eyJhbGciOiJSUzI1NiIsImtpZCI6IjE4NjBBQzc5NTc2MUM1QUI0NUVERkJBMzQxNjVDOTlDRDNFM0FGNEMiLCJ0eXAiOiJKV1QifQ.eyJSZWdpc3RyYXRpb25JZCI6ImYwNDIzZTU3LWZlNzItNDc3Mi1hOGM1LWRlZWY1ZjdkYTE4YSIsIkJyb2tlclVyaSI6Imh0dHBzOi8vcmRicm9rZXItZy11c2ctcjEud3ZkLmF6dXJlLnVzLyIsIkRpYWdub3N0aWNzVXJpIjoiaHR0cHM6Ly9yZGRpYWdub3N0aWNzLWctdXNnLXIxLnd2ZC5henVyZS51cy8iLCJFbmRwb2ludFBvb2xJZCI6Ijg4ZGY4YTM4LWY4YjEtNDlhYi1iYjAwLTY1NjRhMDM4ODA3OSIsIkdsb2JhbEJyb2tlclVyaSI6Imh0dHBzOi8vcmRicm9rZXIud3ZkLmF6dXJlLnVzLyIsIkdlb2dyYXBoeSI6IlVTRyIsIkdsb2JhbEJyb2tlclJlc291cmNlSWRVcmkiOiJodHRwczovLzg4ZGY4YTM4LWY4YjEtNDlhYi1iYjAwLTY1NjRhMDM4ODA3OS5yZGJyb2tlci53dmQuYXp1cmUudXMvIiwiQnJva2VyUmVzb3VyY2VJZFVyaSI6Imh0dHBzOi8vODhkZjhhMzgtZjhiMS00OWFiLWJiMDAtNjU2NGEwMzg4MDc5LnJkYnJva2VyLWctdXNnLXIxLnd2ZC5henVyZS51cy8iLCJEaWFnbm9zdGljc1Jlc291cmNlSWRVcmkiOiJodHRwczovLzg4ZGY4YTM4LWY4YjEtNDlhYi1iYjAwLTY1NjRhMDM4ODA3OS5yZGRpYWdub3N0aWNzLWctdXNnLXIxLnd2ZC5henVyZS51cy8iLCJBQURUZW5hbnRJZCI6IjJkMGQ1ZmMyLWQ1YzQtNDg4OS1iOTkxLTRjZjJiOWU4M2JjMiIsIm5iZiI6MTY4NjIxODkyNywiZXhwIjoxNjg4ODEwODA2LCJpc3MiOiJSREluZnJhVG9rZW5NYW5hZ2VyIiwiYXVkIjoiUkRtaSJ9.ekeM0atZ_O0mg-jRtzYa20f8Y9wFKOu5ZTuLo0FVlPpcBOI6T44kPF_ktWcwAPUMQF3ngLSNm6BHwMp21hTfKeonbPBQ5JuXRlVKamjSbVK6jcYeb3_TsmNmR7BthcTgy-PRQxRsnMy4g_vFPXeqDDf39r_A8-gg--0tiZRbwn7DacXY5itXghdl294l_Xaxc-mCW9b3_ErjTTttoN7w1B0jqENx8pmYZSOkgNP5R0zI0JN21YS-YhChjacuG6fhLrKX4uo2rmnELaOmfoAZdRBHaWImB7ETsREhzhkWds1tzp9_qcxfFhm6anPLnXUt6oAIfYAgvqQKGJCxUUdYlA\"\r\n    }\r\n  }\r\n",
            "protected_settings_from_key_vault": [],
            "publisher": "Microsoft.Powershell",
            "settings": "{\"configurationFunction\":\"Configuration.ps1\\\\AddSessionHost\",\"modulesUrl\":\"https://wvdportalstorageblob.blob.core.windows.net/galleryartifacts/Configuration_09-08-2022.zip\",\"properties\":{\"HostPoolName\":\"AVD-VA-011-4-HP-GA\"}}",
            "tags": null,
            "timeouts": null,
            "type": "DSC",
            "type_handler_version": "2.73",
            "virtual_machine_id": "/subscriptions/41dafe2e-0108-4dd0-827f-5110b0f0538d/resourceGroups/AVD-VA-011-4-RG/providers/Microsoft.Compute/virtualMachines/AVD-VA-011-4-A-yxxb"
          },
          "sensitive_attributes": [
            [
              {
                "type": "get_attr",
                "value": "protected_settings"
              }
            ]
          ],
          "private": "eyJlMmJmYjczMC1lY2FhLTExZTYtOGY4OC0zNDM2M2JjN2M0YzAiOnsiY3JlYXRlIjoxODAwMDAwMDAwMDAwLCJkZWxldGUiOjE4MDAwMDAwMDAwMDAsInJlYWQiOjMwMDAwMDAwMDAwMCwidXBkYXRlIjoxODAwMDAwMDAwMDAwfX0=",
          "dependencies": [
            "data.azurerm_key_vault_secret.vmPW",
            "data.azurerm_log_analytics_workspace.log_analytics_workspace",
            "module.hostpool_ga.azurerm_monitor_diagnostic_setting.avd-logs",
            "module.hostpool_ga.azurerm_virtual_desktop_host_pool.hostpool",
            "module.hostpool_ga.azurerm_virtual_desktop_host_pool_registration_info.token",
            "module.rg-avd.azurerm_resource_group.myRGs",
            "module.session_hosts.azurerm_availability_set.avd",
            "module.session_hosts.azurerm_network_interface.nic",
            "module.session_hosts.azurerm_subnet.subnet",
            "module.session_hosts.azurerm_windows_virtual_machine.vm",
            "module.session_hosts.random_string.random",
            "module.workspace.azurerm_monitor_diagnostic_setting.avd_workspace-logs",
            "module.workspace.azurerm_virtual_desktop_workspace.workspace",
            "time_rotating.avd_registration_expiration"
          ]
        }
      ]
    },
    {
      "module": "module.session_hosts[3]",
      "mode": "managed",
      "type": "azurerm_virtual_machine_extension",
      "name": "monitoragent",
      "provider": "provider[\"registry.terraform.io/hashicorp/azurerm\"]",
      "instances": [
        {
          "index_key": 0,
          "schema_version": 0,
          "attributes": {
            "auto_upgrade_minor_version": true,
            "automatic_upgrade_enabled": false,
            "failure_suppression_enabled": false,
            "id": "/subscriptions/41dafe2e-0108-4dd0-827f-5110b0f0538d/resourceGroups/AVD-VA-011-4-RG/providers/Microsoft.Compute/virtualMachines/AVD-VA-011-4-A-yxxb/extensions/ext-MicrosoftMonitoringAgent",
            "name": "ext-MicrosoftMonitoringAgent",
            "protected_settings": "    {\r\n      \"workspaceKey\": \"tmPX5J9cvDhTVQnvfvrppS6O5vC4iVhaOyTTP4vuNgLLltZv79Zzp1FiM3LkUx3ozIIIFusv8xXDPriVljThaA==\"\r\n    }\r\n",
            "protected_settings_from_key_vault": [],
            "publisher": "Microsoft.EnterpriseCloud.Monitoring",
            "settings": "{\"workspaceId\":\"2094c0ff-1ff5-4136-94d5-20e87bce4405\"}",
            "tags": null,
            "timeouts": null,
            "type": "MicrosoftMonitoringAgent",
            "type_handler_version": "1.0",
            "virtual_machine_id": "/subscriptions/41dafe2e-0108-4dd0-827f-5110b0f0538d/resourceGroups/AVD-VA-011-4-RG/providers/Microsoft.Compute/virtualMachines/AVD-VA-011-4-A-yxxb"
          },
          "sensitive_attributes": [
            [
              {
                "type": "get_attr",
                "value": "protected_settings"
              }
            ]
          ],
          "private": "eyJlMmJmYjczMC1lY2FhLTExZTYtOGY4OC0zNDM2M2JjN2M0YzAiOnsiY3JlYXRlIjoxODAwMDAwMDAwMDAwLCJkZWxldGUiOjE4MDAwMDAwMDAwMDAsInJlYWQiOjMwMDAwMDAwMDAwMCwidXBkYXRlIjoxODAwMDAwMDAwMDAwfX0=",
          "dependencies": [
            "data.azurerm_key_vault_secret.vmPW",
            "data.azurerm_log_analytics_workspace.log_analytics_workspace",
            "module.hostpool_ga.azurerm_monitor_diagnostic_setting.avd-logs",
            "module.hostpool_ga.azurerm_virtual_desktop_host_pool.hostpool",
            "module.hostpool_ga.azurerm_virtual_desktop_host_pool_registration_info.token",
            "module.rg-avd.azurerm_resource_group.myRGs",
            "module.session_hosts.azurerm_availability_set.avd",
            "module.session_hosts.azurerm_network_interface.nic",
            "module.session_hosts.azurerm_subnet.subnet",
            "module.session_hosts.azurerm_virtual_machine_extension.joinsessionhost",
            "module.session_hosts.azurerm_windows_virtual_machine.vm",
            "module.session_hosts.random_string.random",
            "module.workspace.azurerm_monitor_diagnostic_setting.avd_workspace-logs",
            "module.workspace.azurerm_virtual_desktop_workspace.workspace",
            "time_rotating.avd_registration_expiration"
          ]
        }
      ]
    },
    {
      "module": "module.session_hosts[3]",
      "mode": "managed",
      "type": "azurerm_windows_virtual_machine",
      "name": "vm",
      "provider": "provider[\"registry.terraform.io/hashicorp/azurerm\"]",
      "instances": [
        {
          "index_key": 0,
          "schema_version": 0,
          "attributes": {
            "additional_capabilities": [],
            "additional_unattend_content": [],
            "admin_password": "1qaz!QAZ2wsx@WSX",
            "admin_username": "localadmin",
            "allow_extension_operations": true,
            "availability_set_id": "/subscriptions/41dafe2e-0108-4dd0-827f-5110b0f0538d/resourceGroups/AVD-VA-011-4-RG/providers/Microsoft.Compute/availabilitySets/AVD-VA-011-4-AVAILABILITY-SET",
            "boot_diagnostics": [],
            "capacity_reservation_group_id": "",
            "computer_name": "AVD-A-yxxb1",
            "custom_data": "W0NtZGxldGJpbmRpbmcoKV0NClBhcmFtKA0KICAgIFtwYXJhbWV0ZXIoTWFuZGF0b3J5KV0NCiAgICBbc3RyaW5nXQ0KICAgICRmc2xvZ2l4X2hvc3RuYW1lLA0KDQogICAgW3BhcmFtZXRlcihNYW5kYXRvcnkpXQ0KICAgIFtzdHJpbmddDQogICAgJGZzbG9naXhfa2V5DQoNCikNCg0KDQpmdW5jdGlvbiBHZXQtV2ViRmlsZQ0Kew0KICAgIHBhcmFtKA0KICAgICAgICBbcGFyYW1ldGVyKE1hbmRhdG9yeSldDQogICAgICAgIFtzdHJpbmddJEZpbGVOYW1lLA0KDQogICAgICAgIFtwYXJhbWV0ZXIoTWFuZGF0b3J5KV0NCiAgICAgICAgW3N0cmluZ10kVVJMDQogICAgKQ0KICAgICRDb3VudGVyID0gMA0KICAgIGRvDQogICAgew0KICAgICAgICBJbnZva2UtV2ViUmVxdWVzdCAtVXJpICRVUkwgLU91dEZpbGUgJEZpbGVOYW1lIC1FcnJvckFjdGlvbiAnU2lsZW50bHlDb250aW51ZScNCiAgICAgICAgaWYoJENvdW50ZXIgLWd0IDApDQogICAgICAgIHsNCiAgICAgICAgICAgIFN0YXJ0LVNsZWVwIC1TZWNvbmRzIDMwDQogICAgICAgIH0NCiAgICAgICAgJENvdW50ZXIrKw0KICAgIH0NCiAgICB1bnRpbCgoVGVzdC1QYXRoICRGaWxlTmFtZSkgLW9yICRDb3VudGVyIC1lcSA5KQ0KfQ0KDQpmdW5jdGlvbiBXcml0ZS1Mb2cNCnsNCiAgICBwYXJhbSgNCiAgICAgICAgW3BhcmFtZXRlcihNYW5kYXRvcnkpXQ0KICAgICAgICBbc3RyaW5nXSRNZXNzYWdlLA0KICAgICAgICANCiAgICAgICAgW3BhcmFtZXRlcihNYW5kYXRvcnkpXQ0KICAgICAgICBbc3RyaW5nXSRUeXBlDQogICAgKQ0KICAgICRQYXRoID0gJ0M6XHdpbmRvd3NcdGVtcFxhcHBsb2cudHh0Jw0KICAgIGlmKCEoVGVzdC1QYXRoIC1QYXRoICRQYXRoKSkNCiAgICB7DQogICAgICAgIE5ldy1JdGVtIC1QYXRoICdDOlx3aW5kb3dzXHRlbXBcJyAtTmFtZSAnYXBwbG9nLnR4dCcgfCBPdXQtTnVsbA0KICAgIH0NCiAgICAkVGltZXN0YW1wID0gR2V0LURhdGUgLUZvcm1hdCAnTU0vZGQveXl5eSBISDptbTpzcy5mZicNCiAgICAkRW50cnkgPSAnWycgKyAkVGltZXN0YW1wICsgJ10gWycgKyAkVHlwZSArICddICcgKyAkTWVzc2FnZQ0KICAgICRFbnRyeSB8IE91dC1GaWxlIC1GaWxlUGF0aCAkUGF0aCAtQXBwZW5kDQp9DQojIHdyaXRlLWhvc3QgInNldHRpbmcgaG9zdHMiDQojICRIb3N0RmlsZSA9ICJDOlxXaW5kb3dzXHN5c3RlbTMyXGRyaXZlcnNcZXRjXGhvc3RzIg0KIyAkZGF0ZUZvcm1hdCA9IChHZXQtRGF0ZSkuVG9TdHJpbmcoJ2RkLU1NLXl5eXkgaGgtbW0tc3MnKQ0KIyAkRmlsZUNvcHkgPSAkSG9zdEZpbGUgKyAnLicgKyAkZGF0ZUZvcm1hdCAgKyAnLmNvcHknDQojIE1vdmUtSXRlbSAkSG9zdEZpbGUgLURlc3RpbmF0aW9uICRGaWxlQ29weQ0KI0hvc3RzIHRvIEFkZA0KDQpJbnZva2UtV2ViUmVxdWVzdCAnaHR0cHM6Ly9wZXJzaXN0YXZkLmJsb2IuY29yZS51c2dvdmNsb3VkYXBpLm5ldC9zaGFyZXMvbGdwb3Bhay56aXA/c3Y9MjAyMS0xMC0wNCZzdD0yMDIzLTAyLTIyVDIwJTNBMjglM0EzNFomc2U9MjAyNS0wNC0yNFQyMCUzQTI4JTNBMDBaJnNyPWImc3A9ciZzaWc9ZG5tJTJCU1R2ckJmNjFRcjlHeXFvblolMkZsJTJCVVhBcEs1VDl2ampnNDAxNzVKWSUzRCcgLU91dEZpbGUgYzpcd2luZG93c1x0ZW1wXGxncG9wYWsuemlwDQpFeHBhbmQtQXJjaGl2ZSBDOlxXaW5kb3dzXFRlbXBcbGdwb3Bhay56aXAgQzpcV2luZG93c1xUZW1wXCAtZm9yY2UNCmNwIEM6XHdpbmRvd3NcVGVtcFxsZ3BvcGFrXGRlcHNcTEdQTy5leGUgQzpcV2luZG93cw0KDQojIFdyaXRlLU91dHB1dCAiJGZzbG9naXhfaXAgJGZzbG9naXhfaG9zdG5hbWUuYmxvYi5jb3JlLnVzZ292Y2xvdWRhcGkubmV0IiA+ICRIb3N0RmlsZQ0KIyBXcml0ZS1PdXRwdXQgIiRwZXJzaXN0YXZkX2lwIHBlcnNpc3RhdmQuYmxvYi5jb3JlLnVzZ292Y2xvdWRhcGkubmV0IiA+PiAkSG9zdEZpbGUNCg0KI1dyaXRlLU91dHB1dCAiJGtleXZhdWx0X2lkICRrZXl2YXVsdF9ob3N0bmFtZS5ibG9iLmNvcmUudXNnb3ZjbG91ZGFwaS5uZXQiID4+ICRIb3N0RmlsZQ0KDQpJbnZva2UtV2ViUmVxdWVzdCAiaHR0cHM6Ly9wZXJzaXN0YXZkLmJsb2IuY29yZS51c2dvdmNsb3VkYXBpLm5ldC9zaGFyZXMvRUNNQS1XQ0YtVFJVU1RFRC5jcnQ/c3Y9MjAyMS0xMC0wNCZzdD0yMDIzLTAyLTIyVDAwJTNBMjIlM0E0NFomc2U9MjAyNS0wMi0yNlQwMCUzQTIyJTNBMDBaJnNyPWImc3A9ciZzaWc9VyUyRjFOQkpxdUliWTUwVEtTOFZsSGN1N0FaMUFTeFJuWXQlMkZVVExlRWxhNjAlM0QiIC1vdXRmaWxlIGM6XHdpbmRvd3NcdGVtcFxFQ01BLVdDRi1UUlVTVEVELmNydA0KSW1wb3J0LUNlcnRpZmljYXRlIC1GaWxlUGF0aCBjOlx3aW5kb3dzXHRlbXBcRUNNQS1XQ0YtVFJVU1RFRC5jcnQgLUNlcnRTdG9yZUxvY2F0aW9uIENlcnQ6XExvY2FsTWFjaGluZVxyb290DQogICAgDQp3cml0ZS1ob3N0ICJzZXR0aW5ndXAgZnNsb2dpYyINCiMgJERyaXZlTGV0dGVyID0gJ2YnDQokRlNMb2dpeEFkbWlucyA9ICdhZG1pbmlzdHJhdG9ycycNCiRGU0xvZ2l4VXNlcnMgPSAndXNlcnMnDQokcHJvZmlsZUxvY2F0aW9uID0gIkM6XFByb2dyYW0gRmlsZXNcRlNMb2dpeCINCiRmc2xvZ2l4UGF0aCA9ICJIS0xNOlxTb2Z0d2FyZVxGU0xvZ2l4XFByb2ZpbGVzIg0KDQokc2l6ZSA9IChHZXQtUGFydGl0aW9uU3VwcG9ydGVkU2l6ZSAtRHJpdmVMZXR0ZXIgYykgDQpSZXNpemUtUGFydGl0aW9uIGANCiAgICAtRHJpdmVMZXR0ZXIgYyBgDQogICAgLVNpemUgJHNpemUuU2l6ZU1heA0KDQojIEdldC1EaXNrIHwgV2hlcmUgUGFydGl0aW9uU3R5bGUgLWVxICdyYXcnIHwNCiMgICAgIEluaXRpYWxpemUtRGlzayAtUGFydGl0aW9uU3R5bGUgTUJSIC1QYXNzVGhydSB8DQojICAgICBOZXctUGFydGl0aW9uIC1Bc3NpZ25Ecml2ZUxldHRlciAtVXNlTWF4aW11bVNpemUgfA0KIyAgICAgRm9ybWF0LVZvbHVtZSAtRmlsZVN5c3RlbSBOVEZTIC1OZXdGaWxlU3lzdGVtTGFiZWwgImZzbG9naXhkYXRhIiAtQ29uZmlybTokZmFsc2UNCg0KIyBHZXQtUGFydGl0aW9uIC1kaXNrbnVtYmVyIDEgfCBzZXQtcGFydGl0aW9uIC1uZXdkcml2ZWxldHRlciAkRHJpdmVMZXR0ZXINCg0KIyBta2RpciAkcHJvZmlsZUxvY2F0aW9uDQoNCiMgJEZTTG9naXhGb2xkZXIgPSAkcHJvZmlsZUxvY2F0aW9uDQoNCiMgSUNBQ0xTICgiZjpcIikgL3Jlc2V0DQojIElDQUNMUyAoIkY6XCIpIC9kZW55IEV2ZXJ5b25lOihPSSkoQ0kpRiAvdCAvYw0KIyBJQ0FDTFMgKCJGOlwiKSAvZGVueSBVc2VyczooT0kpKENJKUYgL3QgL2MNCiMgSUNBQ0xTICgiRjpcIikgL2luaGVyaXRhbmNlOnINCg0KIyAjQ2xlYXIgYWxsIEV4cGxpY2l0IFBlcm1pc3Npb25zIG9uIHRoZSBmb2xkZXINCiMgSUNBQ0xTICgiJEZTTG9naXhGb2xkZXIiKSAvcmVzZXQNCg0KIyAjQWRkIENSRUFUT1IgT1dORVIgcGVybWlzc2lvbg0KIyBJQ0FDTFMgKCIkRlNMb2dpeEZvbGRlciIpIC9ncmFudCAoIkNSRUFUT1IgT1dORVIiICsgJzooT0kpKENJKShJTylGJykNCg0KIyAjQWRkIFNZU1RFTSBwZXJtaXNzaW9uDQojIElDQUNMUyAoIiRGU0xvZ2l4Rm9sZGVyIikgL2dyYW50ICgiU1lTVEVNIiArICc6KE9JKShDSSlGJykNCg0KIyAjR2l2ZSBEb21haW4gQWRtaW5zIEZ1bGwgQ29udHJvbA0KIyBJQ0FDTFMgKCIkRlNMb2dpeEZvbGRlciIpIC9ncmFudCAoIiRGU0xvZ2l4QWRtaW5zIiArICc6KE9JKShDSSlGJykNCg0KIyAjQXBwbHkgQ3JlYXRlIEZvbGRlci9BcHBlbmQgRGF0YSwgTGlzdCBGb2xkZXIvUmVhZCBEYXRhLCBSZWFkIEF0dHJpYnV0ZXMsIFRyYXZlcnNlIEZvbGRlci9FeGVjdXRlIEZpbGUsIFJlYWQgcGVybWlzc2lvbnMgdG8gdGhpcyBmb2xkZXIgb25seS4gU3luY2hyb25pemUgaXMgcmVxdWlyZWQgaW4gb3JkZXIgZm9yIHRoZSBwZXJtaXNzaW9ucyB0byB3b3JrDQojIElDQUNMUyAoIiRGU0xvZ2l4Rm9sZGVyIikgL2dyYW50ICgiJEZTTG9naXhVc2VycyIgKyAnOihBRCxSRUEsUkEsWCxSQyxSRCxTKScpDQoNCiMgI0Rpc2FibGUgSW5oZXJpdGFuY2Ugb24gdGhlIEZvbGRlci4gVGhpcyBpcyBkb25lIGxhc3QgdG8gYXZvaWQgcGVybWlzc2lvbiBlcnJvcnMuDQojIElDQUNMUyAoIiRGU0xvZ2l4Rm9sZGVyIikgL2luaGVyaXRhbmNlOnINCg0KIyBpZiAoIShUZXN0LVBhdGggJGZzbG9naXhQYXRoKSkgew0KIyAgICAgTmV3LUl0ZW0gLVBhdGggJGZzbG9naXhQYXRoIC1Gb3JjZSB8IE91dC1OdWxsDQojIH0NCg0KTmV3LUl0ZW1Qcm9wZXJ0eSAtUGF0aCAkZnNsb2dpeFBhdGggLU5hbWUgRW5hYmxlZCAtVmFsdWUgMSAtUHJvcGVydHlUeXBlIERXT1JEIC1Gb3JjZSB8IE91dC1OdWxsDQpOZXctSXRlbVByb3BlcnR5IC1QYXRoICRmc2xvZ2l4UGF0aCAtTmFtZSBGbGlwRmxvcFByb2ZpbGVEaXJlY3RvcnlOYW1lIC1WYWx1ZSAxIC1Qcm9wZXJ0eVR5cGUgRFdPUkQgLUZvcmNlIHwgT3V0LU51bGwNClNldC1JdGVtUHJvcGVydHkgLVBhdGggJ0hLTE06XFNPRlRXQVJFXEZTTG9naXhcUHJvZmlsZXMnIC1OYW1lICdQcmV2ZW50TG9naW5XaXRoRmFpbHVyZScgLVZhbHVlIDEgLUZvcmNlDQpTZXQtSXRlbVByb3BlcnR5IC1QYXRoICdIS0xNOlxTT0ZUV0FSRVxGU0xvZ2l4XFByb2ZpbGVzJyAtTmFtZSAnUHJldmVudExvZ2luV2l0aFRlbXBQcm9maWxlJyAtVmFsdWUgMSAtRm9yY2UNClNldC1JdGVtUHJvcGVydHkgLVBhdGggJ0hLTE06XFNPRlRXQVJFXEZTTG9naXhcUHJvZmlsZXMnIC1OYW1lICdFbmFibGVkJyAtVmFsdWUgMSAtRm9yY2UNClNldC1JdGVtUHJvcGVydHkgLVBhdGggJ0hLTE06XFNvZnR3YXJlXEZTTG9naXhcUHJvZmlsZXMnIC1OYW1lIEluc3RhbGxBcHB4UGFja2FnZXMgLVZhbHVlIDAgLUZvcmNlDQoNClNldC1JdGVtUHJvcGVydHkgLVBhdGggJ0hLTE06XFNvZnR3YXJlXFBvbGljaWVzXEZTTG9naXhcUHJvZmlsZXMnIC1uYW1lICJSZW1vdmVPcnBoYW5lZE9TVEZpbGVzT25Mb2dvZmYiIC1WYWx1ZSAxIC1Gb3JjZQ0KU2V0LUl0ZW1Qcm9wZXJ0eSAtUGF0aCAnSEtMTTpcU29mdHdhcmVcUG9saWNpZXNcRlNMb2dpeFxQcm9maWxlcycgLU5hbWUgIlZvbHVtZVR5cGUiIC1WYWx1ZSBWRE1YIC1Gb3JjZQ0KU2V0LUl0ZW1Qcm9wZXJ0eSAtUGF0aCAnSEtMTTpcU29mdHdhcmVcUG9saWNpZXNcRlNMb2dpeFxQcm9maWxlcycgLU5hbWUgIlZIRFhTZWN0b3JTaXplIiAtVmFsdWUgIjQwOTYiIC1Gb3JjZQ0KU2V0LUl0ZW1Qcm9wZXJ0eSAtUGF0aCAnSEtMTTpcU09GVFdBUkVcUG9saWNpZXNcRlNMb2dpeFxPREZDJyAtTmFtZSAiQ2xlYXJDYWNoZU9uTG9nb2ZmIiAtVmFsdWUgMSAtRm9yY2UNCg0KQWRkLUxvY2FsR3JvdXBNZW1iZXIgLUdyb3VwICdGU0xvZ2l4IFByb2ZpbGUgRXhjbHVkZSBMaXN0JyAtTWVtYmVyICdsb2NhbGFkbWluJ3wgT3V0LU51bGwNCkFkZC1Mb2NhbEdyb3VwTWVtYmVyIC1Hcm91cCAnRlNMb2dpeCBPREZDIEV4Y2x1ZGUgTGlzdCcgLU1lbWJlciAnbG9jYWxhZG1pbid8IE91dC1OdWxsDQoNCkFkZC1Mb2NhbEdyb3VwTWVtYmVyIC1Hcm91cCAnRlNMb2dpeCBQcm9maWxlIEV4Y2x1ZGUgTGlzdCcgLU1lbWJlciAnQWRtaW5pc3RyYXRvcnMnfCBPdXQtTnVsbA0KQWRkLUxvY2FsR3JvdXBNZW1iZXIgLUdyb3VwICdGU0xvZ2l4IE9ERkMgRXhjbHVkZSBMaXN0JyAtTWVtYmVyICdBZG1pbmlzdHJhdG9ycycgfCBPdXQtTnVsbA0KV3JpdGUtT3V0cHV0ICJFbmZvcmNlbWVudCBTZXQgIiRlbnY6Q09NUFVURVJOQU1FIi4uLiINCg0KJGNvbm5lY3Rpb25zdHJpbmcgPSAnIkRlZmF1bHRFbmRwb2ludHNQcm90b2NvbD1odHRwczsnICsgIkFjY291bnROYW1lPSRmc2xvZ2l4X2hvc3RuYW1lOyIgKyAiQWNjb3VudEtleT0kZnNsb2dpeF9rZXk7IiArICdFbmRwb2ludFN1ZmZpeD1jb3JlLnVzZ292Y2xvdWRhcGkubmV0IicNCiYgJ0M6XFByb2dyYW0gRmlsZXNcRlNMb2dpeFxBcHBzXGZyeC5leGUnIGFkZC1zZWN1cmUta2V5IC1rZXkgY29ubmVjdGlvbnN0cmluZyAtdmFsdWUgJGNvbm5lY3Rpb25zdHJpbmcNCk5ldy1JdGVtUHJvcGVydHkgLVBhdGggJGZzbG9naXhQYXRoIC1Gb3JjZSAtTmFtZSBDQ0RMb2NhdGlvbnMgLVByb3BlcnR5VHlwZSBtdWx0aXN0cmluZyAtVmFsdWUgInR5cGU9YXp1cmUsY29ubmVjdGlvblN0cmluZz18ZnNsb2dpeC9jb25uZWN0aW9uc3RyaW5nfCJ8IE91dC1OdWxsDQoNCk5ldy1JdGVtUHJvcGVydHkgLVBhdGggJGZzbG9naXhQYXRoIC1OYW1lIERlbGV0ZUxvY2FsUHJvZmlsZVdoZW5WSERTaG91bGRBcHBseSAtVmFsdWUgMSAtUHJvcGVydHlUeXBlIERXT1JEIC1Gb3JjZSB8IE91dC1OdWxsDQojTmV3LUl0ZW1Qcm9wZXJ0eSAtUGF0aCBIS0xNOlNZU1RFTVxDdXJyZW50Q29udHJvbFNldFxTZXJ2aWNlc1xmcnhjY2RcUGFyYW1ldGVycyAtTmFtZSBDYWNoZURpcmVjdG9yeSAtVmFsdWUgJHByb2ZpbGVMb2NhdGlvbiAtUHJvcGVydHlUeXBlIFN0cmluZyAtRm9yY2UgfCBPdXQtTnVsbA0KV3JpdGUtSW5mb3JtYXRpb24gIkNvbmZpZ3VyaW5nIGZzbG9naXggcHJvZmlsZSBsb2NhdGlvbiINCg0KDQojIyMNCldyaXRlLVZlcmJvc2UgIkFkZCBSZWRpclhNTFNvdXJjZUZvbGRlciBGb2xkZXJhbmQgY29udGVudC4uIg0KTmV3LUl0ZW0gJHByb2ZpbGVMb2NhdGlvblxSZWRpclhNTFNvdXJjZUZvbGRlciAtSXRlbVR5cGUgRGlyZWN0b3J5IHwgT3V0LU51bGwNCg0KaWYgKCEodGVzdC1wYXRoIC1wYXRoICRwcm9maWxlTG9jYXRpb25cUmVkaXJYTUxTb3VyY2VGb2xkZXJcUmVkaXJlY3Rpb25zLnhtbCkpIHtuZXctaXRlbSAtcGF0aCAkcHJvZmlsZUxvY2F0aW9uXFJlZGlyWE1MU291cmNlRm9sZGVyIC1uYW1lIFJlZGlyZWN0aW9ucy54bWwgLUl0ZW1UeXBlIEZpbGUgLVZhbHVlICcNCjw/eG1sIHZlcnNpb249IjEuMCIgZW5jb2Rpbmc9IlVURi04Ij8+DQoNCjxGcnhQcm9maWxlRm9sZGVyUmVkaXJlY3Rpb24gRXhjbHVkZUNvbW1vbkZvbGRlcnM9IjAiPg0KCQ0KPEV4Y2x1ZGVzPgkJDQogPEV4Y2x1ZGUgQ29weT0iMCI+QXBwRGF0YVxMb2NhbFxHb29nbGVcQ2hyb21lXFVzZXIgRGF0YVxEZWZhdWx0XENhY2hlPC9FeGNsdWRlPg0KIDxFeGNsdWRlIENvcHk9IjAiPkFwcERhdGFcTG9jYWxcR29vZ2xlXENocm9tZVxVc2VyIERhdGFcRGVmYXVsdFxDYWNoZWQgVGhlbWUgSW1hZ2U8L0V4Y2x1ZGU+DQogPEV4Y2x1ZGUgQ29weT0iMCI+QXBwRGF0YVxMb2NhbFxHb29nbGVcQ2hyb21lXFVzZXIgRGF0YVxEZWZhdWx0XEp1bXBMaXN0SWNvbnM8L0V4Y2x1ZGU+DQogPEV4Y2x1ZGUgQ29weT0iMCI+QXBwRGF0YVxMb2NhbFxHb29nbGVcQ2hyb21lXFVzZXIgRGF0YVxEZWZhdWx0XEp1bXBMaXN0SWNvbnNPbGQ8L0V4Y2x1ZGU+DQogPEV4Y2x1ZGUgQ29weT0iMCI+QXBwRGF0YVxMb2NhbFxHb29nbGVcQ2hyb21lXFVzZXIgRGF0YVxEZWZhdWx0XFN0b3JhZ2U8L0V4Y2x1ZGU+DQogPEV4Y2x1ZGUgQ29weT0iMCI+QXBwRGF0YVxMb2NhbFxHb29nbGVcQ2hyb21lXFVzZXIgRGF0YVxEZWZhdWx0XExvY2FsIFN0b3JhZ2U8L0V4Y2x1ZGU+DQogPEV4Y2x1ZGUgQ29weT0iMCI+QXBwRGF0YVxMb2NhbFxHb29nbGVcQ2hyb21lXFVzZXIgRGF0YVxEZWZhdWx0XFNlc3Npb25TdG9yYWdlPC9FeGNsdWRlPg0KIDxFeGNsdWRlIENvcHk9IjAiPkFwcERhdGFcTG9jYWxcR29vZ2xlXENocm9tZVxVc2VyIERhdGFcRGVmYXVsdFxNZWRpYSBDYWNoZTwvRXhjbHVkZT4NCiA8RXhjbHVkZSBDb3B5PSIwIj5BcHBEYXRhXExvY2FsXEdvb2dsZVxDaHJvbWVcVXNlciBEYXRhXERlZmF1bHRcR1BVQ2FjaGU8L0V4Y2x1ZGU+DQogPEV4Y2x1ZGUgQ29weT0iMCI+QXBwRGF0YVxMb2NhbFxHb29nbGVcQ2hyb21lXFVzZXIgRGF0YVxEZWZhdWx0XFdlYkFwcGxpY2F0aW9uczwvRXhjbHVkZT4NCiA8RXhjbHVkZSBDb3B5PSIwIj5BcHBEYXRhXExvY2FsXEdvb2dsZVxDaHJvbWVcVXNlciBEYXRhXERlZmF1bHRcU3luY0RhdGE8L0V4Y2x1ZGU+DQogPEV4Y2x1ZGUgQ29weT0iMCI+QXBwRGF0YVxMb2NhbFxHb29nbGVcQ2hyb21lXFVzZXIgRGF0YVxEZWZhdWx0XFN5bmNEYXRhQmFja3VwPC9FeGNsdWRlPg0KIDxFeGNsdWRlIENvcHk9IjAiPkFwcERhdGFcTG9jYWxcR29vZ2xlXENocm9tZVxVc2VyIERhdGFcRGVmYXVsdFxQZXBwZXIgRGF0YVxTaG9ja3dhdmUgRmxhc2hcQ2FjaGVXcml0ZWFibGVBZG9iZVJvb3Q8L0V4Y2x1ZGU+DQogPEV4Y2x1ZGUgQ29weT0iMCI+QXBwRGF0YVxMb2NhbFxHb29nbGVcQ2hyb21lXFVzZXIgRGF0YVxXaWRldmluZUNETTwvRXhjbHVkZT4NCiA8RXhjbHVkZSBDb3B5PSIwIj5BcHBEYXRhXExvY2FsXEdvb2dsZVxDaHJvbWVcVXNlciBEYXRhXEVWV2hpdGVsaXN0PC9FeGNsdWRlPg0KIDxFeGNsdWRlIENvcHk9IjAiPkFwcERhdGFcTG9jYWxcR29vZ2xlXENocm9tZVxVc2VyIERhdGFccG5hY2w8L0V4Y2x1ZGU+DQogPEV4Y2x1ZGUgQ29weT0iMCI+QXBwRGF0YVxMb2NhbFxHb29nbGVcQ2hyb21lXFVzZXIgRGF0YVxyZWNvdmVyeTwvRXhjbHVkZT4NCiA8RXhjbHVkZSBDb3B5PSIwIj5BcHBEYXRhXExvY2FsXEdvb2dsZVxDaHJvbWVcVXNlciBEYXRhXFNoYWRlckNhY2hlPC9FeGNsdWRlPg0KIDxFeGNsdWRlIENvcHk9IjAiPkFwcERhdGFcTG9jYWxcR29vZ2xlXENocm9tZVxVc2VyIERhdGFcU3dSZXBvcnRlcjwvRXhjbHVkZT4NCiA8RXhjbHVkZSBDb3B5PSIwIj5BcHBEYXRhXExvY2FsXEdvb2dsZVxDaHJvbWVcVXNlciBEYXRhXFN3aWZ0U2hhZGVyPC9FeGNsdWRlPg0KIDxFeGNsdWRlIENvcHk9IjAiPkFwcERhdGFcTG9jYWxcR29vZ2xlXENocm9tZVxVc2VyIERhdGFcUGVwcGVyRmxhc2g8L0V4Y2x1ZGU+DQogPEV4Y2x1ZGUgQ29weT0iMCI+QXBwRGF0YVxMb2NhbFxNaWNyb3NvZnRcRWRnZVxVc2VyIERhdGFcRGVmYXVsdFxDYWNoZTwvRXhjbHVkZT4NCiA8RXhjbHVkZSBDb3B5PSIwIj5BcHBEYXRhXExvY2FsXFBhY2thZ2VzXE1pY3Jvc29mdC5NaWNyb3NvZnRFZGdlXzh3ZWt5YjNkOGJid2VcQUNcTWljcm9zb2Z0RWRnZVxDYWNoZTwvRXhjbHVkZT4NCiA8RXhjbHVkZSBDb3B5PSIwIj5BcHBEYXRhXExvY2FsXEJyYXZlU29mdHdhcmVcQnJhdmUtQnJvd3NlclxVc2VyIERhdGFcRGVmYXVsdFxDYWNoZTwvRXhjbHVkZT4NCiA8RXhjbHVkZSBDb3B5PSIwIj5BcHBEYXRhXExvY2FsXE1pY3Jvc29mdFxXaW5kb3dzXFdFUjwvRXhjbHVkZT4NCiA8RXhjbHVkZSBDb3B5PSIwIj5BcHBEYXRhXExvY2FsXE1pY3Jvc29mdFxUZXJtaW5hbCBTZXJ2ZXIgQ2xpZW50XENhY2hlPC9FeGNsdWRlPg0KIDxFeGNsdWRlIENvcHk9IjAiPkFwcERhdGFcUm9hbWluZ1xEb3dubG9hZGVkIEluc3RhbGxhdGlvbnM8L0V4Y2x1ZGU+DQogPEV4Y2x1ZGUgQ29weT0iMCI+QXBwRGF0YVxMb2NhbFxEb3dubG9hZGVkIEluc3RhbGxhdGlvbnM8L0V4Y2x1ZGU+DQogPEV4Y2x1ZGUgQ29weT0iMCI+QXBwRGF0YVxMb2NhbFxNaWNyb3NvZnRcT2ZmaWNlXDE2LjBcTHluY1xUcmFjaW5nPC9FeGNsdWRlPg0KIDxFeGNsdWRlIENvcHk9IjAiPkFwcERhdGFcTG9jYWxcTWljcm9zb2Z0XE1TT0lkZW50aXR5Q1JMXFRyYWNpbmc8L0V4Y2x1ZGU+DQogPEV4Y2x1ZGUgQ29weT0iMCI+QXBwRGF0YVxMb2NhbFxNaWNyb3NvZnRcT25lTm90ZVwxNi4wXEJhY2t1cDwvRXhjbHVkZT4NCiA8RXhjbHVkZSBDb3B5PSIwIj5BcHBEYXRhXExvY2FsXENyYXNoRHVtcHM8L0V4Y2x1ZGU+DQogPEV4Y2x1ZGUgQ29weT0iMCI+QXBwRGF0YVxMb2NhbFxTcXVpcnJlbFRlbXA8L0V4Y2x1ZGU+DQogPEV4Y2x1ZGUgQ29weT0iMCI+QXBwRGF0YVxMb2NhbFxNaWNyb3NvZnRcVGVhbXNcQ3VycmVudFxMb2NhbGVzPC9FeGNsdWRlPg0KIDxFeGNsdWRlIENvcHk9IjAiPkFwcERhdGFcTG9jYWxcTWljcm9zb2Z0XFRlYW1zXFBhY2thZ2VzXFNxdWlycmVsVGVtcDwvRXhjbHVkZT4NCiA8RXhjbHVkZSBDb3B5PSIwIj5BcHBEYXRhXExvY2FsXE1pY3Jvc29mdFxUZWFtc1xjdXJyZW50XHJlc291cmNlc1xsb2NhbGVzPC9FeGNsdWRlPg0KIDxFeGNsdWRlIENvcHk9IjAiPkFwcERhdGFcTG9jYWxcTWljcm9zb2Z0XFRlYW1zXEN1cnJlbnRcTG9jYWxlczwvRXhjbHVkZT4NCiA8RXhjbHVkZSBDb3B5PSIwIj5BcHBEYXRhXFJvYW1pbmdcTWljcm9zb2Z0XFRlYW1zXFNlcnZpY2UgV29ya2VyXENhY2hlU3RvcmFnZTwvRXhjbHVkZT4NCiA8RXhjbHVkZSBDb3B5PSIwIj5BcHBEYXRhXFJvYW1pbmdcTWljcm9zb2Z0XFRlYW1zXEFwcGxpY2F0aW9uIENhY2hlPC9FeGNsdWRlPg0KIDxFeGNsdWRlIENvcHk9IjAiPkFwcERhdGFcUm9hbWluZ1xNaWNyb3NvZnRcVGVhbXNcQ2FjaGU8L0V4Y2x1ZGU+DQogPEV4Y2x1ZGUgQ29weT0iMCI+QXBwRGF0YVxSb2FtaW5nXE1pY3Jvc29mdCBUZWFtc1xMb2dzPC9FeGNsdWRlPg0KIDxFeGNsdWRlIENvcHk9IjAiPkFwcERhdGFcUm9hbWluZ1xNaWNyb3NvZnRcVGVhbXNcbWVkaWEtc3RhY2s8L0V4Y2x1ZGU+DQo8L0V4Y2x1ZGVzPg0KICANCjxJbmNsdWRlcz4NCiA8SW5jbHVkZSBDb3B5PSIzIj5BcHBEYXRhXExvY2FsTG93XFN1blxKYXZhXERlcGxveW1lbnRcc2VjdXJpdHk8L0luY2x1ZGU+DQo8L0luY2x1ZGVzPg0KDQo8L0ZyeFByb2ZpbGVGb2xkZXJSZWRpcmVjdGlvbj4nDQp9DQoNCiMjIyBPZmZpY2UgSW5zdGFsbA0KIyB3cml0ZS1ob3N0ICJJbnN0YWxsIE9mZmljZSINCiMgd2dldCAiaHR0cHM6Ly9zaGFyZTJjdXN0LmJsb2IuY29yZS51c2dvdmNsb3VkYXBpLm5ldC9vcGVuc2hhcmUvT2ZmaWNlLnppcD9zdj0yMDIxLTEwLTA0JnN0PTIwMjItMTItMjhUMTklM0ExNCUzQTM0WiZzZT0yMDI0LTEyLTI2VDE5JTNBMTQlM0EwMFomc3I9YiZzcD1yJnNpZz1ickJpQyUyRmdVZTNZb1FKZ25ZRU44VGNhald2TyUyRlROZVZjTXlnUEZQbFM1dyUzRCIgLU91dEZpbGUgQzpcV2luZG93c1xUZW1wXE9mZmljZS56aXANCiMgRXhwYW5kLUFyY2hpdmUgLUxpdGVyYWxQYXRoIEM6XFdpbmRvd3NcVGVtcFxPZmZpY2UuemlwIC1EZXN0aW5hdGlvblBhdGggQzpcV2luZG93c1xUZW1wXE9mZmljZSAtRm9yY2UNCiMgcm0gQzpcV2luZG93c1xUZW1wXE9mZmljZS56aXAgLUZvcmNlDQojIFN0YXJ0LVByb2Nlc3MgLUZpbGVQYXRoICdDOlx3aW5kb3dzXHRlbXBcb2ZmaWNlXHNldHVwLmV4ZScgLUFyZ3VtZW50TGlzdCAiL2NvbmZpZ3VyZSBDOlx3aW5kb3dzXHRlbXBcb2ZmaWNlXGNvbmZpZ3VyYXRpb24tT2ZmaWNlMzY1LXg2NC54bWwiIC1XYWl0IC1QYXNzVGhydQ0KIyBXcml0ZS1Ib3N0ICdJbnN0YWxsZWQgTWljcm9zb2Z0IFByb2plY3QgJiBWaXNpbycNCiMgcm0gQzpcV2luZG93c1xUZW1wXG9mZmljZSAgLUZvcmNlIC1SZWN1cnNlDQoNCg0KU2V0LUl0ZW1Qcm9wZXJ0eSAtUGF0aCAnSEtMTTpcU29mdHdhcmVcRlNMb2dpeFxQcm9maWxlcycgLU5hbWUgUmVkaXJYTUxTb3VyY2VGb2xkZXIgLVZhbHVlICIkcHJvZmlsZUxvY2F0aW9uXFJlZGlyWE1MU291cmNlRm9sZGVyIiAtRm9yY2UNCiMjIyBwcm9maWxlIHJlZGlyZXQNCg0KIyNyZW1vdmUgZGVza3RvcCBhcHBzDQpSZW1vdmUtSXRlbSBjOlx1c2Vyc1xwdWJsaWNcRGVza3RvcFwqIC1Gb3JjZQ0KDQoNCiNTZXQgV2luZG93cyBEZWZlbmRlciBFeGNsdXNpb25zIGZvciBGU0xvZ2l4DQpBZGQtTXBQcmVmZXJlbmNlIC1FeGNsdXNpb25QYXRoICIlUHJvZ3JhbUZpbGVzJVxGU0xvZ2l4XEFwcHNcZnJ4ZHJ2LnN5cyINCkFkZC1NcFByZWZlcmVuY2UgLUV4Y2x1c2lvblBhdGggIiVQcm9ncmFtRmlsZXMlXEZTTG9naXhcQXBwc1xmcnhkcnZ2dC5zeXMiDQpBZGQtTXBQcmVmZXJlbmNlIC1FeGNsdXNpb25QYXRoICIlUHJvZ3JhbUZpbGVzJVxGU0xvZ2l4XEFwcHNcZnJ4Y2NkLnN5cyINCkFkZC1NcFByZWZlcmVuY2UgLUV4Y2x1c2lvblBhdGggIiVURU1QJVwqLlZIRCINCkFkZC1NcFByZWZlcmVuY2UgLUV4Y2x1c2lvblBhdGggIiVURU1QJVwqLlZIRFgiDQpBZGQtTXBQcmVmZXJlbmNlIC1FeGNsdXNpb25QYXRoICIlV2luZGlyJVxURU1QXCouVkhEIg0KQWRkLU1wUHJlZmVyZW5jZSAtRXhjbHVzaW9uUGF0aCAiJVdpbmRpciVcVEVNUFwqLlZIRFgiDQpBZGQtTXBQcmVmZXJlbmNlIC1FeGNsdXNpb25QYXRoICIkcHJvZmlsZUxvY2F0aW9uXCoqLlZIRCINCkFkZC1NcFByZWZlcmVuY2UgLUV4Y2x1c2lvblBhdGggIiRwcm9maWxlTG9jYXRpb25cKiouVkhEWCINCg0KQWRkLU1wUHJlZmVyZW5jZSAtRXhjbHVzaW9uUHJvY2VzcyAiJVByb2dyYW1GaWxlcyVcRlNMb2dpeFxBcHBzXGZyeGNjZC5leGUiDQpBZGQtTXBQcmVmZXJlbmNlIC1FeGNsdXNpb25Qcm9jZXNzICIlUHJvZ3JhbUZpbGVzJVxGU0xvZ2l4XEFwcHNcZnJ4Y2Nkcy5leGUiDQpBZGQtTXBQcmVmZXJlbmNlIC1FeGNsdXNpb25Qcm9jZXNzICIlUHJvZ3JhbUZpbGVzJVxGU0xvZ2l4XEFwcHNcZnJ4c3ZjLmV4ZSINCg0KIyMjIHJlbW92ZSBwdWJsaWMgYWNjZXNzDQpJQ0FDTFMgKCJDOlx1c2Vyc1xQdWJsaWMiKSAvcmVzZXQNCklDQUNMUyAoIkM6XHVzZXJzXFB1YmxpYyIpIC9kZW55IEV2ZXJ5b25lOihPSSkoQ0kpRiAvdCAvYw0KSUNBQ0xTICgiQzpcdXNlcnNcUHVibGljIikgL2dyYW50ICgiU1lTVEVNIiArICc6KE9JKShDSSlGJykNCklDQUNMUyAoIiRGU0xvZ2l4Rm9sZGVyIikgL2RlbnkgKCJDUkVBVE9SIE9XTkVSIiArICc6KE9JKShDSSkoSU8pRicpDQpJQ0FDTFMgKCJDOlx1c2Vyc1xQdWJsaWMiKSAvZ3JhbnQgKCIkRlNMb2dpeEFkbWlucyIgKyAnOihPSSkoQ0kpRicpDQoNCiMgZGlzYWJsZSBtZW51IHNlYXJjaA0KIyBOZXctSXRlbSAtcGF0aCAiSEtMTTpcU09GVFdBUkVcUG9saWNpZXNcTWljcm9zb2Z0XFdpbmRvd3NcRXhwbG9yZXIiIC1OYW1lICJEaXNhYmxlU2VhcmNoQm94U3VnZ2VzdGlvbnMiIC1WYWx1ZSAxIC1UeXBlIGR3b3JkIC1Gb3JjZQ0KDQojIE5ldy1JdGVtIC1wYXRoICJIS0xNOlxTb2Z0d2FyZVxNaWNyb3NvZnRcV2luZG93c1xDdXJyZW50VmVyc2lvblxTZWFyY2hTZXR0aW5ncyIgLU5hbWUgSXNEeW5hbWljU2VhcmNoQm94RW5hYmxlZCAtVmFsdWUgMA0KDQojIE5ldy1JdGVtICJIS0xNOlxTT0ZUV0FSRVxQb2xpY2llc1xNaWNyb3NvZnRcV2luZG93c1xXaW5kb3dzIFNlYXJjaCIgLU5hbWUgRW5hYmxlRHluYW1pY0NvbnRlbnRJbldTQiAtVmFsdWUgMA0KDQojU2V0LUl0ZW1Qcm9wZXJ0eSAtUGF0aCAkcmVnIC1OYW1lIFByb3h5T3ZlcnJpZGUgLVZhbHVlICcqLmNvbnRvc28uY29tOzxsb2NhbD4nDQojU2V0LUl0ZW1Qcm9wZXJ0eSAiSEtDVTpcU29mdHdhcmVcTWljcm9zb2Z0XFdpbmRvd3NcQ3VycmVudFZlcnNpb25cSW50ZXJuZXQgU2V0dGluZ3MiIC1OYW1lIEF1dG9EZXRlY3QgLVZhbHVlIDANCg0Kd2dldCAnaHR0cHM6Ly9wZXJzaXN0YXZkLmJsb2IuY29yZS51c2dvdmNsb3VkYXBpLm5ldC9zaGFyZXMvbGdwb3Bhay56aXA/c3Y9MjAyMS0xMC0wNCZzdD0yMDIzLTAyLTIyVDIwJTNBMjglM0EzNFomc2U9MjAyNS0wNC0yNFQyMCUzQTI4JTNBMDBaJnNyPWImc3A9ciZzaWc9ZG5tJTJCU1R2ckJmNjFRcjlHeXFvblolMkZsJTJCVVhBcEs1VDl2ampnNDAxNzVKWSUzRCcgLU91dEZpbGUgYzpcd2luZG93c1x0ZW1wXGxncG9wYWsuemlwDQpFeHBhbmQtQXJjaGl2ZSBDOlxXaW5kb3dzXFRlbXBcbGdwb3Bhay56aXAgQzpcV2luZG93c1xUZW1wXCAtRm9yY2UNCkNvcHktSXRlbSBDOlx3aW5kb3dzXFRlbXBcbGdwb3Bha1xkZXBzXExHUE8uZXhlIEM6XFdpbmRvd3MgLUZvcmNlDQoNCndnZXQgJ2h0dHBzOi8vc2hhcmUyY3VzdC5ibG9iLmNvcmUudXNnb3ZjbG91ZGFwaS5uZXQvb3BlbnNoYXJlL0FETVguemlwP3NwPXImc3Q9MjAyMy0wNC0wNVQyMjo0NDo0MVomc2U9MjAyNS0wNS0yMlQwNjo0NDo0MVomc3ByPWh0dHBzJnN2PTIwMjEtMTItMDImc3I9YiZzaWc9ZW1GMXdmWEwxckFMZlFXZ2ppZjNxUjUzTGRCZk5tdXA5Y0lTWlVjaSUyRkh3JTNEJyAtT3V0RmlsZSBDOlxXaW5kb3dzXFRlbXBcYWRteHBhYy56aXAgLVVzZUJhc2ljUGFyc2luZw0KRXhwYW5kLUFyY2hpdmUgQzpcd2luZG93c1xUZW1wXGFkbXhwYWMuemlwICJDOlx3aW5kb3dzXFBvbGljeURlZmluaXRpb25zIiAtRm9yY2UNClJlbW92ZS1JdGVtIEM6XHdpbmRvd3NcVGVtcFxhZG14cGFjLnppcA0KDQoNCg0KbGdwbyAvdCBDOlx3aW5kb3dzXHRlbXBcbGdwb3Bha1xmc2xvZ2l4LnR4dA0KDQpsZ3BvIC9nICdDOlx3aW5kb3dzXHRlbXBcbGdwb3Bha1xTVElHU1xEb0QgR29vZ2xlIENocm9tZSB2MnI3Jw0KDQpsZ3BvIC9nICdDOlx3aW5kb3dzXHRlbXBcbGdwb3Bha1xTVElHU1xEb0QgR29vZ2xlIENocm9tZSB2MnI3Jw0KDQpsZ3BvIC9nICdDOlx3aW5kb3dzXHRlbXBcbGdwb3Bha1xTVElHU1xEb0QgTWljcm9zb2Z0IERlZmVuZGVyIEFudGl2aXJ1cyBTVElHIHYycjQnDQoNCmxncG8gL2cgJ0M6XHdpbmRvd3NcdGVtcFxsZ3BvcGFrXFNUSUdTXERvRCBNaWNyb3NvZnQgRWRnZSB2MXI2Jw0KDQpsZ3BvIC9nICdDOlx3aW5kb3dzXHRlbXBcbGdwb3Bha1xTVElHU1xEb0QgTW96aWxsYSBGaXJlZm94IHY2cjQnDQoNCmxncG8gL2cgJ0M6XHdpbmRvd3NcdGVtcFxsZ3BvcGFrXFNUSUdTXERvRCBPZmZpY2UgMjAxOS1NMzY1IEFwcHMgdjJyNycNCg0KbGdwbyAvZyAnQzpcd2luZG93c1x0ZW1wXGxncG9wYWtcU1RJR1NcRG9EIEFkb2JlIEFjcm9iYXQgUmVhZGVyIERDIENvbnRpbnVvdXMgVjJSMScNCg0KZ3B1cGRhdGUNCg0KIyB3Z2V0ICdodHRwczovL3NoYXJlMmN1c3QuYmxvYi5jb3JlLnVzZ292Y2xvdWRhcGkubmV0L29wZW5zaGFyZS9BRE1YLnppcD9zcD1yJnN0PTIwMjMtMDQtMDVUMjI6NDQ6NDFaJnNlPTIwMjUtMDUtMjJUMDY6NDQ6NDFaJnNwcj1odHRwcyZzdj0yMDIxLTEyLTAyJnNyPWImc2lnPWVtRjF3ZlhMMXJBTGZRV2dqaWYzcVI1M0xkQmZObXVwOWNJU1pVY2klMkZIdyUzRCcgLU91dEZpbGUgQzpcV2luZG93c1xUZW1wXGFkbXhwYWMuemlwIC1Vc2VCYXNpY1BhcnNpbmcNCiMgRXhwYW5kLUFyY2hpdmUgQzpcd2luZG93c1xUZW1wXGFkbXhwYWMuemlwICJDOlx3aW5kb3dzXFBvbGljeURlZmluaXRpb25zIiAtRm9yY2UNCiMgcm0gQzpcd2luZG93c1xUZW1wXGFkbXh0ZW1wbGF0ZXMuemlwDQoNCiR2ZGlUYWdSZWdQYXRoID0gIkhLRVlfTE9DQUxfTUFDSElORVxTT0ZUV0FSRVxQb2xpY2llc1xNaWNyb3NvZnRcV2luZG93cyBBZHZhbmNlZCBUaHJlYXQgUHJvdGVjdGlvblxEZXZpY2VUYWdnaW5nIg0KJHZkaVRhZ1ZhbHVlTmFtZSA9ICJHcm91cCI7DQokdmRpVGFnID0gIlVTQV9SQ0NDT05fRUNNQV9XMEZWQUFfQVZEIjsNCltNaWNyb3NvZnQuV2luMzIuUmVnaXN0cnldOjpTZXRWYWx1ZSgkdmRpVGFnUmVnUGF0aCwgJHZkaVRhZ1ZhbHVlTmFtZSwgJHZkaVRhZykNCldyaXRlLUhvc3QgIlZESSB0YWcgd2FzIHNldDoiICR2ZGlUYWcNCg0KJHZkaVRhZ1JlZ1BhdGggPSAiSEtFWV9MT0NBTF9NQUNISU5FXFNPRlRXQVJFXFBvbGljaWVzXE1pY3Jvc29mdFxXaW5kb3dzIEFkdmFuY2VkIFRocmVhdCBQcm90ZWN0aW9uXERldmljZVRhZ2dpbmciDQokdmRpVGFnVmFsdWVOYW1lID0gIlZESSI7DQokdmRpVGFnID0gIk5vblBlcnNpc3RlbnQiOw0KW01pY3Jvc29mdC5XaW4zMi5SZWdpc3RyeV06OlNldFZhbHVlKCR2ZGlUYWdSZWdQYXRoLCAkdmRpVGFnVmFsdWVOYW1lLCAkdmRpVGFnKQ0KV3JpdGUtSG9zdCAiVkRJIHRhZyB3YXMgc2V0OiIgJHZkaVRhZw0KDQoNCndnZXQgJ2h0dHBzOi8vcGVyc2lzdGF2ZC5ibG9iLmNvcmUudXNnb3ZjbG91ZGFwaS5uZXQvc2hhcmVzL21kZS56aXA/c3Y9MjAyMS0xMC0wNCZzdD0yMDIzLTAyLTIyVDIwJTNBMzElM0EwM1omc2U9MjAyNS0wNy0yNFQyMCUzQTMxJTNBMDBaJnNyPWImc3A9ciZzaWc9WDFTdDdOOUM5SXhQTlkwRVZXMjhyY2diWGxBTmM1N1JjUGc1NENaR1VJbyUzRCcgLU91dEZpbGUgYzpcd2luZG93c1x0ZW1wXG1kZS56aXANCkV4cGFuZC1BcmNoaXZlIC1MaXRlcmFsUGF0aCBDOlxXaW5kb3dzXFRlbXBcbWRlLnppcCAtRGVzdGluYXRpb25QYXRoIEM6XFdpbmRvd3NcVGVtcCAtRm9yY2UNClN0YXJ0LVByb2Nlc3MgLUZpbGVQYXRoICIkUFNIT01FXHBvd2Vyc2hlbGwuZXhlIiAtV2FpdCAtQXJndW1lbnRMaXN0ICctQ29tbWFuZCAiQzpcV2luZG93c1xUZW1wXE9uYm9hcmQtTm9uUGVyc2lzdGVudE1hY2hpbmUucHMxIicNCg0KIyMjIGJsb2NrIGYgZHJpdmUNCiMgd3JpdGUtaG9zdCAiQmxvY2tpbmcgRlNMT0dJWCBEcml2ZSINCiNyZWcgYWRkICJIS0xNXHNvZnR3YXJlXG1pY3Jvc29mdFx3aW5kb3dzXGN1cnJlbnR2ZXJzaW9uXHBvbGljaWVzXGV4cGxvcmVyIiAvdiBub2RyaXZlcyAvdCByZWdfZHdvcmQgL2QgMzIgL2YNCnJlZyBhZGQgIkhLTE1cc29mdHdhcmVcbWljcm9zb2Z0XHdpbmRvd3NcY3VycmVudHZlcnNpb25ccG9saWNpZXNcZXhwbG9yZXIiIC92IG5vZHJpdmVzIC90IHJlZ19kd29yZCAvZCA2NzEwODg2MyAvZg0KDQojIyMgYWRkIEFETVggYmFjayB0byBpbWFnZS4NCg0KIyBsZ3BvIC9nICdDOlx3aW5kb3dzXHRlbXBcbGdwb3Bha1xTVElHU1xEb0QgR29vZ2xlIENocm9tZSB2MnI3Jw0KDQojIGxncG8gL2cgJ0M6XHdpbmRvd3NcdGVtcFxsZ3BvcGFrXFNUSUdTXERvRCBNaWNyb3NvZnQgRGVmZW5kZXIgQW50aXZpcnVzIFNUSUcgdjJyNCcNCg0KIyBsZ3BvIC9nICdDOlx3aW5kb3dzXHRlbXBcbGdwb3Bha1xTVElHU1xEb0QgTWljcm9zb2Z0IEVkZ2UgdjFyNicNCg0KIyBsZ3BvIC9nICdDOlx3aW5kb3dzXHRlbXBcbGdwb3Bha1xTVElHU1xEb0QgTW96aWxsYSBGaXJlZm94IHY2cjQnDQoNCiMgbGdwbyAvZyAnQzpcd2luZG93c1x0ZW1wXGxncG9wYWtcU1RJR1NcRG9EIE9mZmljZSAyMDE5LU0zNjUgQXBwcyB2MnI3Jw0KDQojIGxncG8gL2cgJ0M6XHdpbmRvd3NcdGVtcFxsZ3BvcGFrXFNUSUdTXERvRCBBZG9iZSBBY3JvYmF0IFJlYWRlciBEQyBDb250aW51b3VzIFYyUjEnDQoNCiMgIyMjIG1hcCBzZWN1cml0eSBncm91cHMgb3IgdGhpcyBmYWlscw0KI2xncG8gL2cgJ0M6XHdpbmRvd3NcdGVtcFxsZ3BvcGFrXFNUSUdTXERvRCBXaW5kb3dzIDExIHYxcjInDQoNCiMgbGdwbyAvZyAnQzpcd2luZG93c1x0ZW1wXGxncG9wYWtcU1RJR1NcRG9EIFdpbmRvd3MgRmlyZXdhbGwgdjFyNycNCg0KIyB3Z2V0ICdodHRwczovL3NoYXJlMmN1c3QuYmxvYi5jb3JlLnVzZ292Y2xvdWRhcGkubmV0L29wZW5zaGFyZS9Bcm15LUFWRC1HUE8uemlwP3NwPXImc3Q9MjAyMy0wMS0xN1QwMTozMTo1Nlomc2U9MjAyNS0wMi0yN1QwOTozMTo1Nlomc3ByPWh0dHBzJnN2PTIwMjEtMDYtMDgmc3I9YiZzaWc9SENpZmNvTk15QnFuaUViREp2SHR4bE9jNDJzZCUyRmFWSWVMZiUyRmFXcnFIa3clM0QnIC1PdXRGaWxlIGM6XHdpbmRvd3NcdGVtcFxBVkQtQXJteS1HUE8uemlwDQojIEV4cGFuZC1BcmNoaXZlIGM6XHdpbmRvd3NcdGVtcFxBVkQtQXJteS1HUE8uemlwIGM6XHdpbmRvd3NcdGVtcA0KIyBsZ3BvIC9nICdDOlx3aW5kb3dzXFRlbXBcQXJteS1BVkQtR1BPXCcNCg0KIyMjIHB1dCB0aGVzZSBpbiBwbGFjZSB3aXRoIFNBUw0KI1dyaXRlLU91dHB1dCAiU2V0LUl0ZW1Qcm9wZXJ0eSBIS0NVOlNvZnR3YXJlXE1pY3Jvc29mdFxXaW5kb3dzXEN1cnJlbnRWZXJzaW9uXEludGVybmV0IFNldHRpbmdzIC1OYW1lIEF1dG9Db25maWdVUkwgLVZhbHVlICdodHRwczovL3BhYy5tZW5sb3NlY3VyaXR5LmNvbS9uZXRjb20tMmE0MjI2YTFjM2VhL2RlZmF1bHQuZGF0JyIgPiBDOlxXaW5kb3dzXFN5c3RlbTMyXEdyb3VwUG9saWN5XFVzZXJcU2NyaXB0c1xMb2dvblxsb2dpbi5wczENCg0KSW52b2tlLVdlYlJlcXVlc3QgJ2h0dHBzOi8vcGVyc2lzdGF2ZC5ibG9iLmNvcmUudXNnb3ZjbG91ZGFwaS5uZXQvc2hhcmVzL3JvdW5kLXN0YXItb2xpdmUtZ3JhZGllbnQtNGsuanBnP3N2PTIwMjEtMTAtMDQmc3Q9MjAyMy0wMi0yMlQyMCUzQTM0JTNBMTBaJnNlPTIwMjUtMDktMjRUMjAlM0EzNCUzQTAwWiZzcj1iJnNwPXImc2lnPWVBSXZ0JTJCZmxta0FXVzEwRnExeHpXbWdxcmZpS3RDenZJRDVFRXh5VjZLVSUzRCcgLW91dGZpbGUgQzpcV2luZG93c1xXZWJcNEtcV2FsbHBhcGVyXFdpbmRvd3NcaW1nMF8xOTIweDEyMDAuanBnDQpJbnZva2UtV2ViUmVxdWVzdCAnaHR0cHM6Ly9wZXJzaXN0YXZkLmJsb2IuY29yZS51c2dvdmNsb3VkYXBpLm5ldC9zaGFyZXMvcm91bmQtc3Rhci1vbGl2ZS1ncmFkaWVudC00ay5qcGc/c3Y9MjAyMS0xMC0wNCZzdD0yMDIzLTAyLTIyVDIwJTNBMzQlM0ExMFomc2U9MjAyNS0wOS0yNFQyMCUzQTM0JTNBMDBaJnNyPWImc3A9ciZzaWc9ZUFJdnQlMkJmbG1rQVdXMTBGcTF4eldtZ3FyZmlLdEN6dklENUVFeHlWNktVJTNEJyAtb3V0ZmlsZSBDOlxXaW5kb3dzXFdlYlw0S1xXYWxscGFwZXJcV2luZG93c1xpbWcxOV8xOTIweDEyMDAuanBnDQoNCndyaXRlLWhvc3QgImluc3RhbGwgVkRPVCINCndnZXQgJ2h0dHBzOi8vcGVyc2lzdGF2ZC5ibG9iLmNvcmUudXNnb3ZjbG91ZGFwaS5uZXQvc2hhcmVzL1ZET1QuemlwP3N2PTIwMjEtMTAtMDQmc3Q9MjAyMy0wMi0yMlQyMCUzQTM1JTNBNTlaJnNlPTIwMjUtMDQtMjRUMjAlM0EzNSUzQTAwWiZzcj1iJnNwPXImc2lnPTN4VG9Bek9rdXhYTVNRVWM4NDB0QmQzWE9KVE1uekpvenh1WmNMZ1VKWkklM0QnIC1PdXRGaWxlIGM6XHdpbmRvd3NcdGVtcFx2ZG90LnppcA0KRXhwYW5kLUFyY2hpdmUgLUxpdGVyYWxQYXRoIEM6XFdpbmRvd3NcVGVtcFx2ZG90LnppcCAtRGVzdGluYXRpb25QYXRoIEM6XFdpbmRvd3NcVGVtcCAtRm9yY2UNCkM6XHdpbmRvd3NcVGVtcFxWaXJ0dWFsLURlc2t0b3AtT3B0aW1pemF0aW9uLVRvb2xcV2luZG93c19WRE9ULnBzMSAtT3B0aW1pemF0aW9ucyAnQWxsJyAtQWR2YW5jZWRPcHRpbWl6YXRpb25zICdBbGwnIC1BY2NlcHRFVUxBDQoNCg0KIyAjIG1heCBkaXNjb25uZWN0ZWQgdGltZSA2MCBtaW5zDQojIHJlZyBhZGQgIkhLTE1cU09GVFdBUkVcUG9saWNpZXNcTWljcm9zb2Z0XFdpbmRvd3MgTlRcVGVybWluYWwgU2VydmljZXMiIC92IE1heERpc2Nvbm5lY3Rpb25UaW1lIC90IFJFR19EV09SRCAvZCAzNjAwMDAwIC9mDQojICMgbWF4IGlkbGUgdGltZSAyNSBtaW5zDQojIHJlZyBhZGQgIkhLTE1cU09GVFdBUkVcUG9saWNpZXNcTWljcm9zb2Z0XFdpbmRvd3MgTlRcVGVybWluYWwgU2VydmljZXMiIC92IE1heElkbGVUaW1lIC90IFJFR19EV09SRCAvZCAxNTUwMDAwMCAvZg0KIyByZWcgYWRkICJIS0xNXFNPRlRXQVJFXFBvbGljaWVzXE1pY3Jvc29mdFxXaW5kb3dzIE5UXFRlcm1pbmFsIFNlcnZpY2VzIiAvdiBmUmVzZXRCcm9rZW4gL3QgUkVHX0RXT1JEIC9kIDEgL2YNCiMgIyBtYXggY29ubmVjdGVkIHRpbWUgOCBob3Vycw0KIyByZWcgYWRkICJIS0xNXFNPRlRXQVJFXFBvbGljaWVzXE1pY3Jvc29mdFxXaW5kb3dzIE5UXFRlcm1pbmFsIFNlcnZpY2VzIiAvdiBNYXhDb25uZWN0aW9uVGltZSAvdCBSRUdfRFdPUkQgL2QgMjI4ODAwMDAwIC9mDQojIHJlZyBhZGQgIkhLTE1cU09GVFdBUkVcUG9saWNpZXNcTWljcm9zb2Z0XFdpbmRvd3MgTlRcVGVybWluYWwgU2VydmljZXMiIC92IFJlbW90ZUFwcExvZ29mZlRpbWVMaW1pdCAvdCBSRUdfRFdPUkQgL2QgMCAvZg0KIyByZWcgYWRkICJIS0xNXFNPRlRXQVJFXFBvbGljaWVzXE1pY3Jvc29mdFxXaW5kb3dzIE5UXFRlcm1pbmFsIFNlcnZpY2VzIiAvdiBmRW5hYmxlVGltZVpvbmVSZWRpcmVjdGlvbiAvdCBSRUdfRFdPUkQgL2QgMSAvZg0KDQojRml4IDVrIFJlc29sdXRpb24NCiMgcmVnIGFkZCAiSEtMTVxTWVNURU1cQ3VycmVudENvbnRyb2xTZXRcQ29udHJvbFxUZXJtaW5hbCBTZXJ2ZXJcV2luU3RhdGlvbnNcUkRQLVRjcCIgL3YgTWF4TW9uaXRvcnMgL3QgUkVHX0RXT1JEIC9kIDQgL2YNCiMgcmVnIGFkZCAiSEtMTVxTWVNURU1cQ3VycmVudENvbnRyb2xTZXRcQ29udHJvbFxUZXJtaW5hbCBTZXJ2ZXJcV2luU3RhdGlvbnNcUkRQLVRjcCIgL3YgTWF4WFJlc29sdXRpb24gL3QgUkVHX0RXT1JEIC9kIDUxMjAgL2YNCiMgcmVnIGFkZCAiSEtMTVxTWVNURU1cQ3VycmVudENvbnRyb2xTZXRcQ29udHJvbFxUZXJtaW5hbCBTZXJ2ZXJcV2luU3RhdGlvbnNcUkRQLVRjcCIgL3YgTWF4WVJlc29sdXRpb24gL3QgUkVHX0RXT1JEIC9kIDI4ODAgL2YNCiMgcmVnIGFkZCAiSEtMTVxTWVNURU1cQ3VycmVudENvbnRyb2xTZXRcQ29udHJvbFxUZXJtaW5hbCBTZXJ2ZXJcV2luU3RhdGlvbnNccmRwLXN4cyIgL3YgTWF4TW9uaXRvcnMgL3QgUkVHX0RXT1JEIC9kIDQgL2YNCiMgcmVnIGFkZCAiSEtMTVxTWVNURU1cQ3VycmVudENvbnRyb2xTZXRcQ29udHJvbFxUZXJtaW5hbCBTZXJ2ZXJcV2luU3RhdGlvbnNccmRwLXN4cyIgL3YgTWF4WFJlc29sdXRpb24gL3QgUkVHX0RXT1JEIC9kIDUxMjAgL2YNCiMgcmVnIGFkZCAiSEtMTVxTWVNURU1cQ3VycmVudENvbnRyb2xTZXRcQ29udHJvbFxUZXJtaW5hbCBTZXJ2ZXJcV2luU3RhdGlvbnNccmRwLXN4cyIgL3YgTWF4WVJlc29sdXRpb24gL3QgUkVHX0RXT1JEIC9kIDI4ODAgL2YNCg0KIyBkaXNhYmxlIHdpbmRvd3Mgc3RvcmUNCiNyZWcgYWRkICJIS0xNXFNPRlRXQVJFXFBvbGljaWVzXE1pY3Jvc29mdFxXaW5kb3dzU3RvcmUiIC92IFJlbW92ZVdpbmRvd3NTdG9yZSAvdCBSRUdfRFdPUkQgL2QgMSAvZg0KDQojIGRpc2FibGUgd2luZ2V0DQojIEdldC1BcHB4cGFja2FnZSAtYWxsdXNlcnMgd2luZG93c3N0b3JlIHwgUmVtb3ZlLUFwcHhQYWNrYWdlDQoNCg0KIyAjIyBwb3dlciBhdXRvbWF0ZQ0KIyB3cml0ZS1ob3N0ICJpbnN0YWxsIFBXUkEiDQojIEdldC1BcHB4UGFja2FnZSAqUG93ZXJBdXRvbWF0ZURlc2t0b3AqIHwgUmVtb3ZlLUFwcHhQYWNrYWdlIC1BbGxVc2Vycw0KIyB3Z2V0ICJodHRwczovL3NoYXJlMmN1c3QuYmxvYi5jb3JlLnVzZ292Y2xvdWRhcGkubmV0L29wZW5zaGFyZS9TZXR1cC5NaWNyb3NvZnQuUG93ZXJBdXRvbWF0ZS56aXA/c3Y9MjAyMS0xMC0wNCZzdD0yMDIyLTEyLTAzVDE2JTNBMDElM0EyNFomc2U9MjAyNS0wNS0xNVQxNiUzQTAxJTNBMDBaJnNyPWImc3A9ciZzaWc9YzRuNmNRZjNrYTZqclI3UDlJJTJCMmVLRDJPYk5KcGxnQiUyQmhVWFolMkJYZHdxSSUzRCIgLU91dEZpbGUgQzpcV2luZG93c1xUZW1wXHBhLnppcA0KIyBFeHBhbmQtQXJjaGl2ZSAtTGl0ZXJhbFBhdGggQzpcV2luZG93c1xUZW1wXHBhLnppcCAtRGVzdGluYXRpb25QYXRoIEM6XFdpbmRvd3NcVGVtcA0KIyBybSBDOlxXaW5kb3dzXFRlbXBccGEuemlwIC1Gb3JjZQ0KIyBTdGFydC1Qcm9jZXNzICdDOlxXaW5kb3dzXFRlbXBcU2V0dXAuTWljcm9zb2Z0LlBvd2VyQXV0b21hdGUuZXhlJyAtV2FpdCAtQXJndW1lbnRMaXN0ICIvYWNjZXB0ZXVsYSAvcXVpZXQgL25vcmVzdGFydCAvbG9nIEM6XFdpbmRvd3NcTG9nc1xTb2Z0d2FyZVxQb3dlckF1dG9tYXRlLWluc3RhbGwubG9nIiANCiMgcm0gQzpcV2luZG93c1xUZW1wXFNldHVwLk1pY3Jvc29mdC5Qb3dlckF1dG9tYXRlLmV4ZSAtRm9yY2UgLVJlY3Vyc2UNCiMgcm0gYzpcdXNlcnNccHVibGljXERlc2t0b3BcKiAtRm9yY2UNCg0KIyB3cml0ZS1ob3N0ICdJbnN0YWxsaW5nIE5vdGVQYWQgKysnDQojIHdnZXQgImh0dHBzOi8vc2hhcmUyY3VzdC5ibG9iLmNvcmUudXNnb3ZjbG91ZGFwaS5uZXQvb3BlbnNoYXJlL25wcC44LjQuOC5JbnN0YWxsZXIueDY0LnppcD9zdj0yMDIxLTEwLTA0JnN0PTIwMjMtMDEtMjdUMDMlM0ExOCUzQTIxWiZzZT0yMDI1LTA5LTI1VDAzJTNBMTglM0EwMFomc3I9YiZzcD1yJnNpZz05VFFxQU40c01wblp3bWVJdTlrVXMzQ3V0OHJyRG1jSWFoaHBVRUpzNW13JTNEIiAtT3V0RmlsZSBDOlx3aW5kb3dzXHRlbXBcbnBwcC56aXANCiMgRXhwYW5kLUFyY2hpdmUgQzpcd2luZG93c1x0ZW1wXG5wcHAuemlwIGM6XHdpbmRvd3NcdGVtcFxucHBwIC1Gb3JjZQ0KIyBybSBDOlx3aW5kb3dzXHRlbXBcbnBwcC56aXAgLUZvcmNlDQojIEM6XFdpbmRvd3NcVGVtcFxucHBwXG5wcC44LjQuOC5JbnN0YWxsZXIueDY0LmV4ZSAvUw0KIyBTdGFydC1TbGVlcCAtU2Vjb25kcyAyMC41DQojIHJtIEM6XHdpbmRvd3NcdGVtcFxucHBwIC1Gb3JjZSAtUmVjdXJzZQ0KDQojICMjIyBWTEMNCiMgd3JpdGUtaG9zdCAiSW5zdGFsbGluZyBWTEMiDQojIHdnZXQgImh0dHBzOi8vc2hhcmUyY3VzdC5ibG9iLmNvcmUudXNnb3ZjbG91ZGFwaS5uZXQvb3BlbnNoYXJlL3ZsYy0zLjAuMTgtd2luNjQubXNpP3N2PTIwMjEtMTAtMDQmc3Q9MjAyMy0wMi0wNFQxOSUzQTM5JTNBMTVaJnNlPTIwMjUtMTEtMTJUMTklM0EzOSUzQTAwWiZzcj1iJnNwPXImc2lnPTB0TlBoZ1RFR2UlMkIwOUZsWkd6RzI1TjF0SXpBbEJRZ3czVHpndWt2VGtSTSUzRCIgLU91dEZpbGUgQzpcd2luZG93c1x0ZW1wXHZsYy0zLjAuMTgtd2luNjQubXNpDQojIFN0YXJ0LVByb2Nlc3MgbXNpZXhlYy5leGUgLVdhaXQgLUFyZ3VtZW50TGlzdCAnL0kgIkM6XFdpbmRvd3NcVGVtcFx2bGMtMy4wLjE4LXdpbjY0Lm1zaSIgL3FiJw0KIyBybSBDOlx3aW5kb3dzXHRlbXBcdmxjLTMuMC4xOC13aW42NC5tc2kgLUZvcmNlDQoNCiMgIyMjIGFjcm9iYXQNCiMgd3JpdGUtaG9zdCAiSW5zdGFsbGluZyBBY3JvYmF0Ig0KIyB3Z2V0ICJodHRwczovL3NoYXJlMmN1c3QuYmxvYi5jb3JlLnVzZ292Y2xvdWRhcGkubmV0L29wZW5zaGFyZS9BZG9iZS1BY3JvYmF0LVByby1EQy0yMi4wLU9mZmxpbmUtSkVMQV9lbl9VU19XSU5fNjQuemlwP3N2PTIwMjEtMTAtMDQmc3Q9MjAyMy0wMS0yN1QwMCUzQTI1JTNBMjVaJnNlPTIwMjQtMTItMjZUMDAlM0EyNSUzQTAwWiZzcj1iJnNwPXImc2lnPXFkTnlSM3Q2eGRVc3pRY0VrdEd0WHRhUHdGZzN0TWhnJTJCWWlXREpSWTJiSSUzRCIgLU91dEZpbGUgQzpcd2luZG93c1x0ZW1wXGFjcm9iYXQuemlwDQojIEV4cGFuZC1BcmNoaXZlIEM6XHdpbmRvd3NcdGVtcFxhY3JvYmF0LnppcCBjOlx3aW5kb3dzXHRlbXBcYWNyb2JhdCAtRm9yY2UNCiMgcm0gQzpcd2luZG93c1x0ZW1wXGFjcm9iYXQuemlwIC1Gb3JjZQ0KIyBTdGFydC1Qcm9jZXNzIG1zaWV4ZWMuZXhlIC1XYWl0IC1Bcmd1bWVudExpc3QgJy9JICJDOlxXaW5kb3dzXFRlbXBcYWNyb2JhdFxBZG9iZS1BY3JvYmF0LVByby1EQy0yMi4wLU9mZmxpbmUtSkVMQVxCdWlsZFxTZXR1cFxBUFJPMjIuMFxBZG9iZSBBY3JvYmF0XEFjcm9Qcm8ubXNpIiAvcWInDQojIFN0YXJ0LVByb2Nlc3MgbXNpZXhlYy5leGUgLVdhaXQgLUFyZ3VtZW50TGlzdCAnL0kgIkM6XFdpbmRvd3NcVGVtcFxhY3JvYmF0XEFkb2JlLUFjcm9iYXQtUHJvLURDLTIyLjAtT2ZmbGluZS1KRUxBXEJ1aWxkXEFkb2JlLUFjcm9iYXQtUHJvLURDLTIyLjAtT2ZmbGluZS1KRUxBLm1zaSIgL3FiJw0KIyBybSBDOlx3aW5kb3dzXHRlbXBcYWNyb2JhdCAtRm9yY2UgLVJlY3Vyc2UNCg0KIyAjIyMgN3ppcA0KIyB3cml0ZS1ob3N0ICJJbnN0YWxsaW5nIDd6aXAiDQojIHdnZXQgJ2h0dHBzOi8vc2hhcmUyY3VzdC5ibG9iLmNvcmUudXNnb3ZjbG91ZGFwaS5uZXQvb3BlbnNoYXJlLzd6aXAuemlwP3N2PTIwMjEtMTAtMDQmc3Q9MjAyMy0wMS0xN1QxNSUzQTM5JTNBNTNaJnNlPTIwMjUtMDctMThUMTUlM0EzOSUzQTAwWiZzcj1iJnNwPXImc2lnPWtib2VTU1NYckxhZnFwQkhXakZYOFpNdkNLUUpyJTJGMjRDUTZsMFZkZTNOSSUzRCcgLU91dEZpbGUgYzpcd2luZG93c1x0ZW1wXDd6aXAuemlwDQojIEV4cGFuZC1BcmNoaXZlIEM6XHdpbmRvd3NcdGVtcFw3emlwLnppcCBjOlx3aW5kb3dzXHRlbXBcN3ppcCAtRm9yY2UNCiMgU3RhcnQtUHJvY2VzcyBtc2lleGVjLmV4ZSAtV2FpdCAtQXJndW1lbnRMaXN0ICcvaSBDOlx3aW5kb3dzXHRlbXBcN3ppcFw3ejIyMDEteDY0Lm1zaSAvcW4gL25vcmVzdGFydCcNCiMgcm0gQzpcd2luZG93c1x0ZW1wXDd6aXAgLUZvcmNlIC1SZWN1cnNlDQojIHJtIGM6XHdpbmRvd3NcdGVtcFw3emlwLnppcCAtZm9yY2UNCg0KI1NldC1FeGVjdXRpb25Qb2xpY3kgQnlwYXNzIC1TY29wZSBQcm9jZXNzIC1Gb3JjZTsgW1N5c3RlbS5OZXQuU2VydmljZVBvaW50TWFuYWdlcl06OlNlY3VyaXR5UHJvdG9jb2wgPSBbU3lzdGVtLk5ldC5TZXJ2aWNlUG9pbnRNYW5hZ2VyXTo6U2VjdXJpdHlQcm90b2NvbCAtYm9yIDMwNzI7IGlleCAoKE5ldy1PYmplY3QgU3lzdGVtLk5ldC5XZWJDbGllbnQpLkRvd25sb2FkU3RyaW5nKCdodHRwczovL3NoYXJlMmN1c3QuYmxvYi5jb3JlLnVzZ292Y2xvdWRhcGkubmV0L29wZW5zaGFyZS9zdGlnLnBzMT9zdj0yMDIxLTA4LTA2JnN0PTIwMjItMTItMDdUMDElM0ExMyUzQTA4WiZzZT0yMDI0LTA1LTE2VDAwJTNBMTMlM0EwMFomc3I9YiZzcD1yJnNpZz05eFk2ODdrRlR5NWVNZCUyRkFrSE5MTVE5M2ZPTUJ3R0Q2RTkyNzJHTFdQVm8lM0QnKSkNCg0Kcm0gYzpcRFNDIC1mb3JjZSAtUmVjdXJzZQ0Kcm0gYzpcbG9ncyAtZm9yY2UgLVJlY3Vyc2UNCnJtIGM6XHRlbXAgLWZvcmNlIC1SZWN1cnNlDQpybSBjOlxBenVyZURhdGFcKiAtZm9yY2UgLVJlY3Vyc2UNCg0KI1tOZXQuU2VydmljZVBvaW50TWFuYWdlcl06OlNlY3VyaXR5UHJvdG9jb2wgPSAnVGxzMTInDQojSW52b2tlLUV4cHJlc3Npb24gKChOZXctT2JqZWN0IFN5c3RlbS5OZXQuV2ViY2xpZW50KS5Eb3dubG9hZFN0cmluZygnaHR0cHM6Ly9zaGFyZTJjdXN0LmJsb2IuY29yZS51c2dvdmNsb3VkYXBpLm5ldC9vcGVuc2hhcmUvc3RpZ3MucHMxP3NwPXImc3Q9MjAyMy0wNC0wNlQwMjowNjo0NFomc2U9MjAyNS0wNS0yMlQxMDowNjo0NFomc3ByPWh0dHBzJnN2PTIwMjEtMTItMDImc3I9YiZzaWc9N3JKOFdKM0Q1MGk2cFkwbjdXV3pTWjlaUjFGdlBkTHh1YjAlMkY4SCUyQjlOYzQlM0QnKSkNCg0KIyBsb2dpbiBmaWxlDQojIFtIS0VZX0NVUlJFTlRfVVNFUlxTT0ZUV0FSRVxNaWNyb3NvZnRcV2luZG93cyBOVFxDdXJyZW50VmVyc2lvblxXaW5sb2dvbl0gIlJlc3RhcnRBcHBzIj1kd29yZDowMDAwMDAwMQ0KIyBOZXctSXRlbVByb3BlcnR5IC1QYXRoICJIS0VZX0NVUlJFTlRfVVNFUlxTb2Z0d2FyZVxNaWNyb3NvZnRcT25lRHJpdmUiIC1OYW1lICJEaXNhYmxlUGVyc29uYWxTeW5jIiAtVmFsdWUgIjEiIC1Qcm9wZXJ0eVR5cGUgZHdvcmQgLUZvcmNlDQojIA==",
            "dedicated_host_group_id": "",
            "dedicated_host_id": "",
            "edge_zone": "",
            "enable_automatic_updates": true,
            "encryption_at_host_enabled": false,
            "eviction_policy": "",
            "extensions_time_budget": "PT1H30M",
            "gallery_application": [],
            "hotpatching_enabled": false,
            "id": "/subscriptions/41dafe2e-0108-4dd0-827f-5110b0f0538d/resourceGroups/AVD-VA-011-4-RG/providers/Microsoft.Compute/virtualMachines/AVD-VA-011-4-A-yxxb",
            "identity": [
              {
                "identity_ids": null,
                "principal_id": "bc99b215-eafe-4c61-bea3-475c1ad36570",
                "tenant_id": "2d0d5fc2-d5c4-4889-b991-4cf2b9e83bc2",
                "type": "SystemAssigned"
              }
            ],
            "license_type": "Windows_Client",
            "location": "usgovvirginia",
            "max_bid_price": -1,
            "name": "AVD-VA-011-4-A-yxxb",
            "network_interface_ids": [
              "/subscriptions/41dafe2e-0108-4dd0-827f-5110b0f0538d/resourceGroups/AVD-VA-011-4-RG/providers/Microsoft.Network/networkInterfaces/AVD-A-yxxb-1-NIC"
            ],
            "os_disk": [
              {
                "caching": "ReadWrite",
                "diff_disk_settings": [],
                "disk_encryption_set_id": "",
                "disk_size_gb": 2048,
                "name": "AVD-A-yxxb-1-osdisk",
                "secure_vm_disk_encryption_set_id": "",
                "security_encryption_type": "",
                "storage_account_type": "Premium_LRS",
                "write_accelerator_enabled": false
              }
            ],
            "patch_assessment_mode": "ImageDefault",
            "patch_mode": "AutomaticByOS",
            "plan": [],
            "platform_fault_domain": -1,
            "priority": "Regular",
            "private_ip_address": "10.49.2.196",
            "private_ip_addresses": [
              "10.49.2.196"
            ],
            "provision_vm_agent": true,
            "proximity_placement_group_id": "",
            "public_ip_address": "",
            "public_ip_addresses": [],
            "resource_group_name": "AVD-VA-011-4-RG",
            "secret": [],
            "secure_boot_enabled": true,
            "size": "Standard_D16as_v5",
            "source_image_id": "",
            "source_image_reference": [
              {
                "offer": "windows-11",
                "publisher": "microsoftwindowsdesktop",
                "sku": "win11-22h2-avd",
                "version": "latest"
              }
            ],
            "tags": null,
            "termination_notification": null,
            "timeouts": null,
            "timezone": "",
            "user_data": "",
            "virtual_machine_id": "a7092211-b90f-4314-8fdf-9f42fed4aae7",
            "virtual_machine_scale_set_id": "",
            "vtpm_enabled": true,
            "winrm_listener": [],
            "zone": ""
          },
          "sensitive_attributes": [
            [
              {
                "type": "get_attr",
                "value": "admin_password"
              }
            ]
          ],
          "private": "eyJlMmJmYjczMC1lY2FhLTExZTYtOGY4OC0zNDM2M2JjN2M0YzAiOnsiY3JlYXRlIjoyNzAwMDAwMDAwMDAwLCJkZWxldGUiOjI3MDAwMDAwMDAwMDAsInJlYWQiOjMwMDAwMDAwMDAwMCwidXBkYXRlIjoyNzAwMDAwMDAwMDAwfX0=",
          "dependencies": [
            "data.azurerm_key_vault_secret.vmPW",
            "data.azurerm_log_analytics_workspace.log_analytics_workspace",
            "module.hostpool_ga.azurerm_monitor_diagnostic_setting.avd-logs",
            "module.hostpool_ga.azurerm_virtual_desktop_host_pool.hostpool",
            "module.hostpool_ga.azurerm_virtual_desktop_host_pool_registration_info.token",
            "module.rg-avd.azurerm_resource_group.myRGs",
            "module.session_hosts.azurerm_availability_set.avd",
            "module.session_hosts.azurerm_network_interface.nic",
            "module.session_hosts.azurerm_subnet.subnet",
            "module.session_hosts.random_string.random",
            "module.workspace.azurerm_monitor_diagnostic_setting.avd_workspace-logs",
            "module.workspace.azurerm_virtual_desktop_workspace.workspace",
            "time_rotating.avd_registration_expiration"
          ]
        }
      ]
    },
    {
      "module": "module.session_hosts[3]",
      "mode": "managed",
      "type": "random_string",
      "name": "random",
      "provider": "provider[\"registry.terraform.io/hashicorp/random\"]",
      "instances": [
        {
          "index_key": 0,
          "schema_version": 2,
          "attributes": {
            "id": "yxxb",
            "keepers": null,
            "length": 4,
            "lower": true,
            "min_lower": 0,
            "min_numeric": 0,
            "min_special": 0,
            "min_upper": 0,
            "number": true,
            "numeric": true,
            "override_special": null,
            "result": "yxxb",
            "special": false,
            "upper": false
          },
          "sensitive_attributes": [],
          "dependencies": [
            "data.azurerm_log_analytics_workspace.log_analytics_workspace",
            "module.hostpool_ga.azurerm_monitor_diagnostic_setting.avd-logs",
            "module.hostpool_ga.azurerm_virtual_desktop_host_pool.hostpool",
            "module.hostpool_ga.azurerm_virtual_desktop_host_pool_registration_info.token",
            "module.rg-avd.azurerm_resource_group.myRGs",
            "module.workspace.azurerm_monitor_diagnostic_setting.avd_workspace-logs",
            "module.workspace.azurerm_virtual_desktop_workspace.workspace",
            "time_rotating.avd_registration_expiration"
          ]
        }
      ]
    },
    {
      "module": "module.workspace[0]",
      "mode": "managed",
      "type": "azurerm_monitor_diagnostic_setting",
      "name": "avd_workspace-logs",
      "provider": "provider[\"registry.terraform.io/hashicorp/azurerm\"]",
      "instances": [
        {
          "schema_version": 0,
          "attributes": {
            "enabled_log": [
              {
                "category": "Checkpoint",
                "category_group": "",
                "retention_policy": [
                  {
                    "days": 0,
                    "enabled": false
                  }
                ]
              },
              {
                "category": "Error",
                "category_group": "",
                "retention_policy": [
                  {
                    "days": 0,
                    "enabled": false
                  }
                ]
              },
              {
                "category": "Feed",
                "category_group": "",
                "retention_policy": [
                  {
                    "days": 0,
                    "enabled": false
                  }
                ]
              },
              {
                "category": "Management",
                "category_group": "",
                "retention_policy": [
                  {
                    "days": 0,
                    "enabled": false
                  }
                ]
              }
            ],
            "eventhub_authorization_rule_id": "",
            "eventhub_name": "",
            "id": "/subscriptions/41dafe2e-0108-4dd0-827f-5110b0f0538d/resourceGroups/AVD-VA-011-1-RG/providers/Microsoft.DesktopVirtualization/workspaces/Army 365 AVD Workspace - Virginia|AVD-ENG1-diag-prod-army-avd-workspace",
            "log": [
              {
                "category": "Checkpoint",
                "category_group": "",
                "enabled": true,
                "retention_policy": [
                  {
                    "days": 0,
                    "enabled": false
                  }
                ]
              },
              {
                "category": "Error",
                "category_group": "",
                "enabled": true,
                "retention_policy": [
                  {
                    "days": 0,
                    "enabled": false
                  }
                ]
              },
              {
                "category": "Feed",
                "category_group": "",
                "enabled": true,
                "retention_policy": [
                  {
                    "days": 0,
                    "enabled": false
                  }
                ]
              },
              {
                "category": "Management",
                "category_group": "",
                "enabled": true,
                "retention_policy": [
                  {
                    "days": 0,
                    "enabled": false
                  }
                ]
              }
            ],
            "log_analytics_destination_type": "",
            "log_analytics_workspace_id": "/subscriptions/41dafe2e-0108-4dd0-827f-5110b0f0538d/resourceGroups/CAZ-RCWPAVD-P-RGP-LAW-RG/providers/Microsoft.OperationalInsights/workspaces/CAZ-RCWPAVD-P-RGP-LAW-01",
            "metric": [],
            "name": "AVD-ENG1-diag-prod-army-avd-workspace",
            "partner_solution_id": null,
            "storage_account_id": null,
            "target_resource_id": "/subscriptions/41dafe2e-0108-4dd0-827f-5110b0f0538d/resourceGroups/AVD-VA-011-1-RG/providers/Microsoft.DesktopVirtualization/workspaces/Army 365 AVD Workspace - Virginia",
            "timeouts": null
          },
          "sensitive_attributes": [],
          "private": "eyJlMmJmYjczMC1lY2FhLTExZTYtOGY4OC0zNDM2M2JjN2M0YzAiOnsiY3JlYXRlIjoxODAwMDAwMDAwMDAwLCJkZWxldGUiOjM2MDAwMDAwMDAwMDAsInJlYWQiOjMwMDAwMDAwMDAwMCwidXBkYXRlIjoxODAwMDAwMDAwMDAwfX0=",
          "dependencies": [
            "data.azurerm_log_analytics_workspace.log_analytics_workspace",
            "module.rg-avd.azurerm_resource_group.myRGs",
            "module.workspace.azurerm_virtual_desktop_workspace.workspace"
          ]
        }
      ]
    },
    {
      "module": "module.workspace[0]",
      "mode": "managed",
      "type": "azurerm_virtual_desktop_workspace",
      "name": "workspace",
      "provider": "provider[\"registry.terraform.io/hashicorp/azurerm\"]",
      "instances": [
        {
          "schema_version": 1,
          "attributes": {
            "description": "",
            "friendly_name": "",
            "id": "/subscriptions/41dafe2e-0108-4dd0-827f-5110b0f0538d/resourceGroups/AVD-VA-011-1-RG/providers/Microsoft.DesktopVirtualization/workspaces/Army 365 AVD Workspace - Virginia",
            "location": "usgovvirginia",
            "name": "Army 365 AVD Workspace - Virginia",
            "resource_group_name": "AVD-VA-011-1-RG",
            "tags": {},
            "timeouts": null
          },
          "sensitive_attributes": [],
          "private": "eyJlMmJmYjczMC1lY2FhLTExZTYtOGY4OC0zNDM2M2JjN2M0YzAiOnsiY3JlYXRlIjozNjAwMDAwMDAwMDAwLCJkZWxldGUiOjM2MDAwMDAwMDAwMDAsInJlYWQiOjMwMDAwMDAwMDAwMCwidXBkYXRlIjozNjAwMDAwMDAwMDAwfSwic2NoZW1hX3ZlcnNpb24iOiIxIn0=",
          "dependencies": [
            "module.rg-avd.azurerm_resource_group.myRGs"
          ]
        }
      ]
    },
    {
      "module": "module.workspace[1]",
      "mode": "managed",
      "type": "azurerm_monitor_diagnostic_setting",
      "name": "avd_workspace-logs",
      "provider": "provider[\"registry.terraform.io/hashicorp/azurerm\"]",
      "instances": [
        {
          "schema_version": 0,
          "attributes": {
            "enabled_log": [
              {
                "category": "Checkpoint",
                "category_group": "",
                "retention_policy": [
                  {
                    "days": 0,
                    "enabled": false
                  }
                ]
              },
              {
                "category": "Error",
                "category_group": "",
                "retention_policy": [
                  {
                    "days": 0,
                    "enabled": false
                  }
                ]
              },
              {
                "category": "Feed",
                "category_group": "",
                "retention_policy": [
                  {
                    "days": 0,
                    "enabled": false
                  }
                ]
              },
              {
                "category": "Management",
                "category_group": "",
                "retention_policy": [
                  {
                    "days": 0,
                    "enabled": false
                  }
                ]
              }
            ],
            "eventhub_authorization_rule_id": "",
            "eventhub_name": "",
            "id": "/subscriptions/41dafe2e-0108-4dd0-827f-5110b0f0538d/resourceGroups/AVD-VA-011-2-RG/providers/Microsoft.DesktopVirtualization/workspaces/Army 365 AVD Workspace - Virginia|AVD-ENG2-diag-prod-army-avd-workspace",
            "log": [
              {
                "category": "Checkpoint",
                "category_group": "",
                "enabled": true,
                "retention_policy": [
                  {
                    "days": 0,
                    "enabled": false
                  }
                ]
              },
              {
                "category": "Error",
                "category_group": "",
                "enabled": true,
                "retention_policy": [
                  {
                    "days": 0,
                    "enabled": false
                  }
                ]
              },
              {
                "category": "Feed",
                "category_group": "",
                "enabled": true,
                "retention_policy": [
                  {
                    "days": 0,
                    "enabled": false
                  }
                ]
              },
              {
                "category": "Management",
                "category_group": "",
                "enabled": true,
                "retention_policy": [
                  {
                    "days": 0,
                    "enabled": false
                  }
                ]
              }
            ],
            "log_analytics_destination_type": "",
            "log_analytics_workspace_id": "/subscriptions/41dafe2e-0108-4dd0-827f-5110b0f0538d/resourceGroups/CAZ-RCWPAVD-P-RGP-LAW-RG/providers/Microsoft.OperationalInsights/workspaces/CAZ-RCWPAVD-P-RGP-LAW-01",
            "metric": [],
            "name": "AVD-ENG2-diag-prod-army-avd-workspace",
            "partner_solution_id": null,
            "storage_account_id": null,
            "target_resource_id": "/subscriptions/41dafe2e-0108-4dd0-827f-5110b0f0538d/resourceGroups/AVD-VA-011-2-RG/providers/Microsoft.DesktopVirtualization/workspaces/Army 365 AVD Workspace - Virginia",
            "timeouts": null
          },
          "sensitive_attributes": [],
          "private": "eyJlMmJmYjczMC1lY2FhLTExZTYtOGY4OC0zNDM2M2JjN2M0YzAiOnsiY3JlYXRlIjoxODAwMDAwMDAwMDAwLCJkZWxldGUiOjM2MDAwMDAwMDAwMDAsInJlYWQiOjMwMDAwMDAwMDAwMCwidXBkYXRlIjoxODAwMDAwMDAwMDAwfX0=",
          "dependencies": [
            "data.azurerm_log_analytics_workspace.log_analytics_workspace",
            "module.rg-avd.azurerm_resource_group.myRGs",
            "module.workspace.azurerm_virtual_desktop_workspace.workspace"
          ]
        }
      ]
    },
    {
      "module": "module.workspace[1]",
      "mode": "managed",
      "type": "azurerm_virtual_desktop_workspace",
      "name": "workspace",
      "provider": "provider[\"registry.terraform.io/hashicorp/azurerm\"]",
      "instances": [
        {
          "schema_version": 1,
          "attributes": {
            "description": "",
            "friendly_name": "",
            "id": "/subscriptions/41dafe2e-0108-4dd0-827f-5110b0f0538d/resourceGroups/AVD-VA-011-2-RG/providers/Microsoft.DesktopVirtualization/workspaces/Army 365 AVD Workspace - Virginia",
            "location": "usgovvirginia",
            "name": "Army 365 AVD Workspace - Virginia",
            "resource_group_name": "AVD-VA-011-2-RG",
            "tags": {},
            "timeouts": null
          },
          "sensitive_attributes": [],
          "private": "eyJlMmJmYjczMC1lY2FhLTExZTYtOGY4OC0zNDM2M2JjN2M0YzAiOnsiY3JlYXRlIjozNjAwMDAwMDAwMDAwLCJkZWxldGUiOjM2MDAwMDAwMDAwMDAsInJlYWQiOjMwMDAwMDAwMDAwMCwidXBkYXRlIjozNjAwMDAwMDAwMDAwfSwic2NoZW1hX3ZlcnNpb24iOiIxIn0=",
          "dependencies": [
            "module.rg-avd.azurerm_resource_group.myRGs"
          ]
        }
      ]
    },
    {
      "module": "module.workspace[2]",
      "mode": "managed",
      "type": "azurerm_monitor_diagnostic_setting",
      "name": "avd_workspace-logs",
      "provider": "provider[\"registry.terraform.io/hashicorp/azurerm\"]",
      "instances": [
        {
          "schema_version": 0,
          "attributes": {
            "enabled_log": [
              {
                "category": "Checkpoint",
                "category_group": "",
                "retention_policy": [
                  {
                    "days": 0,
                    "enabled": false
                  }
                ]
              },
              {
                "category": "Error",
                "category_group": "",
                "retention_policy": [
                  {
                    "days": 0,
                    "enabled": false
                  }
                ]
              },
              {
                "category": "Feed",
                "category_group": "",
                "retention_policy": [
                  {
                    "days": 0,
                    "enabled": false
                  }
                ]
              },
              {
                "category": "Management",
                "category_group": "",
                "retention_policy": [
                  {
                    "days": 0,
                    "enabled": false
                  }
                ]
              }
            ],
            "eventhub_authorization_rule_id": "",
            "eventhub_name": "",
            "id": "/subscriptions/41dafe2e-0108-4dd0-827f-5110b0f0538d/resourceGroups/AVD-VA-011-3-RG/providers/Microsoft.DesktopVirtualization/workspaces/Army 365 AVD Workspace - Virginia|AVD-ENG3-diag-prod-army-avd-workspace",
            "log": [
              {
                "category": "Checkpoint",
                "category_group": "",
                "enabled": true,
                "retention_policy": [
                  {
                    "days": 0,
                    "enabled": false
                  }
                ]
              },
              {
                "category": "Error",
                "category_group": "",
                "enabled": true,
                "retention_policy": [
                  {
                    "days": 0,
                    "enabled": false
                  }
                ]
              },
              {
                "category": "Feed",
                "category_group": "",
                "enabled": true,
                "retention_policy": [
                  {
                    "days": 0,
                    "enabled": false
                  }
                ]
              },
              {
                "category": "Management",
                "category_group": "",
                "enabled": true,
                "retention_policy": [
                  {
                    "days": 0,
                    "enabled": false
                  }
                ]
              }
            ],
            "log_analytics_destination_type": "",
            "log_analytics_workspace_id": "/subscriptions/41dafe2e-0108-4dd0-827f-5110b0f0538d/resourceGroups/CAZ-RCWPAVD-P-RGP-LAW-RG/providers/Microsoft.OperationalInsights/workspaces/CAZ-RCWPAVD-P-RGP-LAW-01",
            "metric": [],
            "name": "AVD-ENG3-diag-prod-army-avd-workspace",
            "partner_solution_id": null,
            "storage_account_id": null,
            "target_resource_id": "/subscriptions/41dafe2e-0108-4dd0-827f-5110b0f0538d/resourceGroups/AVD-VA-011-3-RG/providers/Microsoft.DesktopVirtualization/workspaces/Army 365 AVD Workspace - Virginia",
            "timeouts": null
          },
          "sensitive_attributes": [],
          "private": "eyJlMmJmYjczMC1lY2FhLTExZTYtOGY4OC0zNDM2M2JjN2M0YzAiOnsiY3JlYXRlIjoxODAwMDAwMDAwMDAwLCJkZWxldGUiOjM2MDAwMDAwMDAwMDAsInJlYWQiOjMwMDAwMDAwMDAwMCwidXBkYXRlIjoxODAwMDAwMDAwMDAwfX0=",
          "dependencies": [
            "data.azurerm_log_analytics_workspace.log_analytics_workspace",
            "module.rg-avd.azurerm_resource_group.myRGs",
            "module.workspace.azurerm_virtual_desktop_workspace.workspace"
          ]
        }
      ]
    },
    {
      "module": "module.workspace[2]",
      "mode": "managed",
      "type": "azurerm_virtual_desktop_workspace",
      "name": "workspace",
      "provider": "provider[\"registry.terraform.io/hashicorp/azurerm\"]",
      "instances": [
        {
          "schema_version": 1,
          "attributes": {
            "description": "",
            "friendly_name": "",
            "id": "/subscriptions/41dafe2e-0108-4dd0-827f-5110b0f0538d/resourceGroups/AVD-VA-011-3-RG/providers/Microsoft.DesktopVirtualization/workspaces/Army 365 AVD Workspace - Virginia",
            "location": "usgovvirginia",
            "name": "Army 365 AVD Workspace - Virginia",
            "resource_group_name": "AVD-VA-011-3-RG",
            "tags": {},
            "timeouts": null
          },
          "sensitive_attributes": [],
          "private": "eyJlMmJmYjczMC1lY2FhLTExZTYtOGY4OC0zNDM2M2JjN2M0YzAiOnsiY3JlYXRlIjozNjAwMDAwMDAwMDAwLCJkZWxldGUiOjM2MDAwMDAwMDAwMDAsInJlYWQiOjMwMDAwMDAwMDAwMCwidXBkYXRlIjozNjAwMDAwMDAwMDAwfSwic2NoZW1hX3ZlcnNpb24iOiIxIn0=",
          "dependencies": [
            "module.rg-avd.azurerm_resource_group.myRGs"
          ]
        }
      ]
    },
    {
      "module": "module.workspace[3]",
      "mode": "managed",
      "type": "azurerm_monitor_diagnostic_setting",
      "name": "avd_workspace-logs",
      "provider": "provider[\"registry.terraform.io/hashicorp/azurerm\"]",
      "instances": [
        {
          "schema_version": 0,
          "attributes": {
            "enabled_log": [
              {
                "category": "Checkpoint",
                "category_group": "",
                "retention_policy": [
                  {
                    "days": 0,
                    "enabled": false
                  }
                ]
              },
              {
                "category": "Error",
                "category_group": "",
                "retention_policy": [
                  {
                    "days": 0,
                    "enabled": false
                  }
                ]
              },
              {
                "category": "Feed",
                "category_group": "",
                "retention_policy": [
                  {
                    "days": 0,
                    "enabled": false
                  }
                ]
              },
              {
                "category": "Management",
                "category_group": "",
                "retention_policy": [
                  {
                    "days": 0,
                    "enabled": false
                  }
                ]
              }
            ],
            "eventhub_authorization_rule_id": "",
            "eventhub_name": "",
            "id": "/subscriptions/41dafe2e-0108-4dd0-827f-5110b0f0538d/resourceGroups/AVD-VA-011-4-RG/providers/Microsoft.DesktopVirtualization/workspaces/Army 365 AVD Workspace - Virginia|AVD-ENG4-diag-prod-army-avd-workspace",
            "log": [
              {
                "category": "Checkpoint",
                "category_group": "",
                "enabled": true,
                "retention_policy": [
                  {
                    "days": 0,
                    "enabled": false
                  }
                ]
              },
              {
                "category": "Error",
                "category_group": "",
                "enabled": true,
                "retention_policy": [
                  {
                    "days": 0,
                    "enabled": false
                  }
                ]
              },
              {
                "category": "Feed",
                "category_group": "",
                "enabled": true,
                "retention_policy": [
                  {
                    "days": 0,
                    "enabled": false
                  }
                ]
              },
              {
                "category": "Management",
                "category_group": "",
                "enabled": true,
                "retention_policy": [
                  {
                    "days": 0,
                    "enabled": false
                  }
                ]
              }
            ],
            "log_analytics_destination_type": "",
            "log_analytics_workspace_id": "/subscriptions/41dafe2e-0108-4dd0-827f-5110b0f0538d/resourceGroups/CAZ-RCWPAVD-P-RGP-LAW-RG/providers/Microsoft.OperationalInsights/workspaces/CAZ-RCWPAVD-P-RGP-LAW-01",
            "metric": [],
            "name": "AVD-ENG4-diag-prod-army-avd-workspace",
            "partner_solution_id": null,
            "storage_account_id": null,
            "target_resource_id": "/subscriptions/41dafe2e-0108-4dd0-827f-5110b0f0538d/resourceGroups/AVD-VA-011-4-RG/providers/Microsoft.DesktopVirtualization/workspaces/Army 365 AVD Workspace - Virginia",
            "timeouts": null
          },
          "sensitive_attributes": [],
          "private": "eyJlMmJmYjczMC1lY2FhLTExZTYtOGY4OC0zNDM2M2JjN2M0YzAiOnsiY3JlYXRlIjoxODAwMDAwMDAwMDAwLCJkZWxldGUiOjM2MDAwMDAwMDAwMDAsInJlYWQiOjMwMDAwMDAwMDAwMCwidXBkYXRlIjoxODAwMDAwMDAwMDAwfX0=",
          "dependencies": [
            "data.azurerm_log_analytics_workspace.log_analytics_workspace",
            "module.rg-avd.azurerm_resource_group.myRGs",
            "module.workspace.azurerm_virtual_desktop_workspace.workspace"
          ]
        }
      ]
    },
    {
      "module": "module.workspace[3]",
      "mode": "managed",
      "type": "azurerm_virtual_desktop_workspace",
      "name": "workspace",
      "provider": "provider[\"registry.terraform.io/hashicorp/azurerm\"]",
      "instances": [
        {
          "schema_version": 1,
          "attributes": {
            "description": "",
            "friendly_name": "",
            "id": "/subscriptions/41dafe2e-0108-4dd0-827f-5110b0f0538d/resourceGroups/AVD-VA-011-4-RG/providers/Microsoft.DesktopVirtualization/workspaces/Army 365 AVD Workspace - Virginia",
            "location": "usgovvirginia",
            "name": "Army 365 AVD Workspace - Virginia",
            "resource_group_name": "AVD-VA-011-4-RG",
            "tags": {},
            "timeouts": null
          },
          "sensitive_attributes": [],
          "private": "eyJlMmJmYjczMC1lY2FhLTExZTYtOGY4OC0zNDM2M2JjN2M0YzAiOnsiY3JlYXRlIjozNjAwMDAwMDAwMDAwLCJkZWxldGUiOjM2MDAwMDAwMDAwMDAsInJlYWQiOjMwMDAwMDAwMDAwMCwidXBkYXRlIjozNjAwMDAwMDAwMDAwfSwic2NoZW1hX3ZlcnNpb24iOiIxIn0=",
          "dependencies": [
            "module.rg-avd.azurerm_resource_group.myRGs"
          ]
        }
      ]
    }
  ],
  "check_results": null
}
